{
  "version": 4,
  "terraform_version": "1.2.3",
  "serial": 6,
  "lineage": "8686b318-b349-2e98-3781-5e19ff5de8f7",
  "outputs": {
    "aws_security_group_http_server_details": {
      "value": {
        "arn": "arn:aws:ec2:us-east-1:480147011371:security-group/sg-0d6b44b09286e6e53",
        "description": "Managed by Terraform",
        "egress": [
          {
            "cidr_blocks": [
              "0.0.0.0/0"
            ],
            "description": "",
            "from_port": 0,
            "ipv6_cidr_blocks": [],
            "prefix_list_ids": [],
            "protocol": "-1",
            "security_groups": [],
            "self": false,
            "to_port": 0
          }
        ],
        "id": "sg-0d6b44b09286e6e53",
        "ingress": [
          {
            "cidr_blocks": [
              "0.0.0.0/0"
            ],
            "description": "",
            "from_port": 22,
            "ipv6_cidr_blocks": [],
            "prefix_list_ids": [],
            "protocol": "tcp",
            "security_groups": [],
            "self": false,
            "to_port": 22
          },
          {
            "cidr_blocks": [
              "0.0.0.0/0"
            ],
            "description": "",
            "from_port": 80,
            "ipv6_cidr_blocks": [],
            "prefix_list_ids": [],
            "protocol": "tcp",
            "security_groups": [],
            "self": false,
            "to_port": 80
          }
        ],
        "name": "http_server_sg",
        "name_prefix": "",
        "owner_id": "480147011371",
        "revoke_rules_on_delete": false,
        "tags": {
          "name": "http_server_sg"
        },
        "tags_all": {
          "name": "http_server_sg"
        },
        "timeouts": null,
        "vpc_id": "vpc-07347224f92fd6768"
      },
      "type": [
        "object",
        {
          "arn": "string",
          "description": "string",
          "egress": [
            "set",
            [
              "object",
              {
                "cidr_blocks": [
                  "list",
                  "string"
                ],
                "description": "string",
                "from_port": "number",
                "ipv6_cidr_blocks": [
                  "list",
                  "string"
                ],
                "prefix_list_ids": [
                  "list",
                  "string"
                ],
                "protocol": "string",
                "security_groups": [
                  "set",
                  "string"
                ],
                "self": "bool",
                "to_port": "number"
              }
            ]
          ],
          "id": "string",
          "ingress": [
            "set",
            [
              "object",
              {
                "cidr_blocks": [
                  "list",
                  "string"
                ],
                "description": "string",
                "from_port": "number",
                "ipv6_cidr_blocks": [
                  "list",
                  "string"
                ],
                "prefix_list_ids": [
                  "list",
                  "string"
                ],
                "protocol": "string",
                "security_groups": [
                  "set",
                  "string"
                ],
                "self": "bool",
                "to_port": "number"
              }
            ]
          ],
          "name": "string",
          "name_prefix": "string",
          "owner_id": "string",
          "revoke_rules_on_delete": "bool",
          "tags": [
            "map",
            "string"
          ],
          "tags_all": [
            "map",
            "string"
          ],
          "timeouts": [
            "object",
            {
              "create": "string",
              "delete": "string"
            }
          ],
          "vpc_id": "string"
        }
      ]
    },
    "http_server_public_dns": {
      "value": [
        "ec2-54-237-103-37.compute-1.amazonaws.com",
        "ec2-54-161-239-192.compute-1.amazonaws.com"
      ],
      "type": [
        "tuple",
        [
          "string",
          "string"
        ]
      ]
    }
  },
  "resources": [
    {
      "mode": "data",
      "type": "aws_ami",
      "name": "aws_linux_2_latest",
      "provider": "provider[\"registry.terraform.io/hashicorp/aws\"]",
      "instances": [
        {
          "schema_version": 0,
          "attributes": {
            "architecture": "x86_64",
            "arn": "arn:aws:ec2:us-east-1::image/ami-06eecef118bbf9259",
            "block_device_mappings": [
              {
                "device_name": "/dev/xvda",
                "ebs": {
                  "delete_on_termination": "true",
                  "encrypted": "false",
                  "iops": "0",
                  "snapshot_id": "snap-00da65dccf27cf3ae",
                  "throughput": "0",
                  "volume_size": "8",
                  "volume_type": "gp2"
                },
                "no_device": "",
                "virtual_name": ""
              }
            ],
            "boot_mode": "",
            "creation_date": "2022-04-28T21:39:50.000Z",
            "deprecation_time": "2024-04-28T21:39:50.000Z",
            "description": "Amazon Linux 2 AMI 2.0.20220426.0 x86_64 HVM gp2",
            "ena_support": true,
            "executable_users": null,
            "filter": [
              {
                "name": "name",
                "values": [
                  "amzn2-ami-hvm-*"
                ]
              }
            ],
            "hypervisor": "xen",
            "id": "ami-06eecef118bbf9259",
            "image_id": "ami-06eecef118bbf9259",
            "image_location": "amazon/amzn2-ami-hvm-2.0.20220426.0-x86_64-gp2",
            "image_owner_alias": "amazon",
            "image_type": "machine",
            "kernel_id": "",
            "most_recent": true,
            "name": "amzn2-ami-hvm-2.0.20220426.0-x86_64-gp2",
            "name_regex": null,
            "owner_id": "137112412989",
            "owners": [
              "amazon"
            ],
            "platform": "",
            "platform_details": "Linux/UNIX",
            "product_codes": [],
            "public": true,
            "ramdisk_id": "",
            "root_device_name": "/dev/xvda",
            "root_device_type": "ebs",
            "root_snapshot_id": "snap-00da65dccf27cf3ae",
            "sriov_net_support": "simple",
            "state": "available",
            "state_reason": {
              "code": "UNSET",
              "message": "UNSET"
            },
            "tags": {},
            "tpm_support": "",
            "usage_operation": "RunInstances",
            "virtualization_type": "hvm"
          },
          "sensitive_attributes": []
        }
      ]
    },
    {
      "mode": "data",
      "type": "aws_ami_ids",
      "name": "aws_linux_2_latest_ids",
      "provider": "provider[\"registry.terraform.io/hashicorp/aws\"]",
      "instances": [
        {
          "schema_version": 0,
          "attributes": {
            "executable_users": null,
            "filter": null,
            "id": "3395604195",
            "ids": [
              "ami-0e851e0c119a41e00",
              "ami-0f3d9b73e05ab4f63",
              "ami-045ec2d305baa26ef",
              "ami-09c7f99eb2d36ee53",
              "ami-0eced8a4616a63879",
              "ami-01e43538baa182c9b",
              "ami-07c7030d7a59ba897",
              "ami-0de9e89b0be6e31d4",
              "ami-06f7a17059d62886e",
              "ami-093316e0ba5efbc5a",
              "ami-0cc5e4e2b811c848f",
              "ami-0bfa603c6e0056bb8",
              "ami-03440c166c85453a3",
              "ami-05dbb5daf398263a4",
              "ami-0f85101cadfcfb785",
              "ami-0ac2427b8c6d557dd",
              "ami-075e21e9745b43882",
              "ami-01f62c18c8edffb6e",
              "ami-01aec2ab6c0a6868b",
              "ami-063837d93cc97ef02",
              "ami-03c638cc04d15236b",
              "ami-0ba07db8e0d85a005",
              "ami-0c13cbcc05b065bab",
              "ami-033443a62e2e9b862",
              "ami-02cfea2e2b1ccddbc",
              "ami-0df32f8302dfe67df",
              "ami-0f34fc3a0aad7da55",
              "ami-0d3e26c18c4e9f290",
              "ami-031cdacfa6a16ee9a",
              "ami-02f89f854f9eef752",
              "ami-0029c208c77549091",
              "ami-01152cc4db9635866",
              "ami-03a33ee12b3fc6def",
              "ami-04f8f1dc7d73fae04",
              "ami-00d8ff770ef3fc4dd",
              "ami-0868ed291944bf5a1",
              "ami-05222570ea25e3ed4",
              "ami-00f80aac7e37f6c88",
              "ami-052c0ff94e18f7f05",
              "ami-0a4ee58c7c4260be7",
              "ami-067f01fc84ea60714",
              "ami-04e9fe897899c7a41",
              "ami-07b76aeed74b22304",
              "ami-06d34c36e06556503",
              "ami-08de6f24a46464aff",
              "ami-091870aa8c1b7e352",
              "ami-0d0da10bec629d686",
              "ami-03bac39db5de2f828",
              "ami-0a0ed1c613e4c247c",
              "ami-031118784a2fe4935",
              "ami-0bb07358181ff0b06",
              "ami-04bf00d7cfa3d8c3b",
              "ami-096aac8ea03353289",
              "ami-03400b60894f15cf2",
              "ami-0946edc811e6b701e",
              "ami-020bcec4813155a9b",
              "ami-03a3e0ef2c122f116",
              "ami-0520fc8d6c5e59e55",
              "ami-001e2b47832bbf1e2",
              "ami-0c2b98084db6e587e",
              "ami-0ca2653d7cd1ebb79",
              "ami-036f86f502b7da780",
              "ami-0829f303cea4ddbdd",
              "ami-04582cca42f8ba971",
              "ami-03192f36042422a35",
              "ami-02d7fb16edafbd3d4",
              "ami-0c1fdba84cddde132",
              "ami-00b1919d8c0bba3c3",
              "ami-0da0fbd4f2abe1e76",
              "ami-0b15740eb93e67207",
              "ami-0a8f4899e70dbfda1",
              "ami-08e504eb429ef1d6b",
              "ami-0ab0c02538ad82487",
              "ami-0fe981aa44779f849",
              "ami-0c65f93ac3baecc5b",
              "ami-059f5e7bddfdb7f15",
              "ami-00c73216628b21a2e",
              "ami-06b8c337a3321f089",
              "ami-033e28fa623f770d0",
              "ami-0f68ba007ffb6c799",
              "ami-0dd6adfad4ad37eec",
              "ami-07a426026735fabce",
              "ami-0cbcc8a08d325cd39",
              "ami-08b83fd1ef044585d",
              "ami-0500f14ebd295a660",
              "ami-0457b620d5798da16",
              "ami-02ea5ace1b70c6d72",
              "ami-047f5566b7a001bef",
              "ami-0b247fb7dc510ce35",
              "ami-00d2ad85144bf1918",
              "ami-0372bfc0aacd887fb",
              "ami-049f43ef9dfbaaa88",
              "ami-0513ab9118c270e4e",
              "ami-01d76cdc4c7fe0d95",
              "ami-0c74f98681873a169",
              "ami-07a158d99060e3fe5",
              "ami-08b70f8ad9fecb612",
              "ami-03ba3bf24ef7ec268",
              "ami-0abba0832b1e621d6",
              "ami-07c24734e33d50535",
              "ami-0e25070430824932c",
              "ami-08eb8432b58108c1d",
              "ami-0e1c09b3d6804d10b",
              "ami-081f02401565dd712",
              "ami-0355dfabf7e019619",
              "ami-099a8f6139d2ec3aa",
              "ami-070216a6389712228",
              "ami-012760cbfaabdbf93",
              "ami-06195cc5867416e7f",
              "ami-0d49eb02afc9d3387",
              "ami-06505cfe53b67ae54",
              "ami-081178d89982cbabd",
              "ami-0ebe84223cbf51325",
              "ami-013fed33ef933ee5b",
              "ami-089d74f2508aa50bc",
              "ami-063841e6c96d47c84",
              "ami-0b3a771a7205f5fe0",
              "ami-0a047931e1d42fdb3",
              "ami-0b3b597a0ca346370",
              "ami-0f863d7367abe5d6f",
              "ami-00af9e80fcf43db34",
              "ami-08082daa93b1efbcb",
              "ami-0e3aca90d46eda6a4",
              "ami-0d8b8e60b73dadb4a",
              "ami-081e5220e0117443a",
              "ami-02ec3986cbfff26a2",
              "ami-01f74b53dd60b8f8e",
              "ami-04a841412de68a843",
              "ami-0aaa00fbab9b9c855",
              "ami-0b2d2230cc4b8ed2e",
              "ami-0a8da6bd1a4df4ebd",
              "ami-022a0907f8da479a8",
              "ami-00b341e002d37bff4",
              "ami-06ea60a18e28bc0d2",
              "ami-0859871fb61eae672",
              "ami-05f553283d2d656e7",
              "ami-00078d57e23b15ce7",
              "ami-0d21a07467797f047",
              "ami-07492683ce059beab",
              "ami-0340c3e0b58ac3f47",
              "ami-08fc755fdbb41f113",
              "ami-0ef487fe7bf6bf634",
              "ami-0d4f03b36b6ffbe9b",
              "ami-04ff3b97e4a48d8e0",
              "ami-0cc64754e3a1e05d6",
              "ami-07d2a375de094f591",
              "ami-0a965e58c481fc409",
              "ami-0e08064b1c76dbc24",
              "ami-00ab1614b421d5575",
              "ami-0e31a464e02c60a0d",
              "ami-0a6ac4d7d006668f4",
              "ami-0788506a76f4ebe12",
              "ami-0827fa0b915b8671a",
              "ami-0ad2b7bfabfb9a447",
              "ami-06e2516b21425b95e",
              "ami-04261778300576a86",
              "ami-0d7ed957050b0f93a",
              "ami-0345002d9d6cc967e",
              "ami-0200609fdff0418fe",
              "ami-02402fe3f6a16d815",
              "ami-05acd4900785ce720",
              "ami-0fef5ca9298909d94",
              "ami-001575a0aa90040fe",
              "ami-07472540bccce2b49",
              "ami-02dc8810f3abf87a9",
              "ami-019b06f21e38e50c6",
              "ami-0d5c5cd1ef0569ca1",
              "ami-0db463d774bd04221",
              "ami-0ad2c917a188de42c",
              "ami-01f2d7472d1919ea1",
              "ami-0918727138bbbcb1c",
              "ami-084ea14b86b1bea6e",
              "ami-07c59a37b15cfc647",
              "ami-0d06e279992b388c2",
              "ami-044238dc0ff5b8208",
              "ami-0e38121894bff4806",
              "ami-0f21ef25a58d33522",
              "ami-0d266cb6950b46bab",
              "ami-0d91a7c2ab81726af",
              "ami-07ea7b498e099cc90",
              "ami-0f9d660408642c4fc",
              "ami-0c07b1a067a2c05be",
              "ami-064fd0da2146c96a1",
              "ami-0e0550223ebafd32f",
              "ami-0c3933454f46df31a",
              "ami-02da89ddc4cc9ed18",
              "ami-09fff39455eafe6ab",
              "ami-02d8fb5b56e401a0b",
              "ami-0768f26d5345787aa",
              "ami-06a8057d9b6a06ee6",
              "ami-00a02643ec6a10051",
              "ami-0bb413b5899398d73",
              "ami-0486cafbb8f4a618e",
              "ami-0d26b3d2376da2e53",
              "ami-04907af6ce6795cea",
              "ami-01a6c22fe6621a9a2",
              "ami-0184e674549ab8432",
              "ami-0b97289ac33e1aaf2",
              "ami-0fc26e846ce548077",
              "ami-0e0a149dce83862fc",
              "ami-0b414b505acbdc189",
              "ami-0b7603ecf39425754",
              "ami-08487642d5398ccf3",
              "ami-07273539c54685a2a",
              "ami-06b2bca3b3c329a06",
              "ami-01f344794919fc830",
              "ami-047bd0908a07b7fcb",
              "ami-07c31dd1de1769d89",
              "ami-0b9bf20e7cd585238",
              "ami-02d89446511f3fa49",
              "ami-09e505bfef09904d2",
              "ami-0e59e908b64edd1dd",
              "ami-0c34d85c5fdcceb7b",
              "ami-0b65eeb138ba44899",
              "ami-0f91f3a7362d0e44f",
              "ami-077339cc9dd60f9e0",
              "ami-0457ba0e9e04cd315",
              "ami-0536cb669c97e13fc",
              "ami-085af88671594876b",
              "ami-0f7796daf2ff9a426",
              "ami-0c97c2ad9e1c63d9e",
              "ami-0d617685b6deb3cbe",
              "ami-0d77b6b2e3edb8765",
              "ami-0f5738f270e78fa16",
              "ami-054bdd7f6d1084c99",
              "ami-07a0f396e6eb97c9f",
              "ami-05a67547556730c75",
              "ami-0f376b16c0a4bdd8e",
              "ami-0398a05f04b20566c",
              "ami-0dca74cd0f033f168",
              "ami-0f74ce9db2c90aa4a",
              "ami-063a70ff88cb43329",
              "ami-08d1ffae19577bd95",
              "ami-06ef24a6f58466eea",
              "ami-08bb1c666289c7bd3",
              "ami-0aa47912073a62710",
              "ami-02ff69fdbb826bef8",
              "ami-0d0f0878b87f468aa",
              "ami-0c0b9b4a61edacdad",
              "ami-09171e3b66a4cb408",
              "ami-0e8fb4ba57526f696",
              "ami-0ae8879d1d4fba7b6",
              "ami-017d0b9c719f1d992",
              "ami-0269f318311f079c4",
              "ami-0ac44af394b7d6689",
              "ami-062093ccaa805fd0d",
              "ami-05837ea3e41f3fde3",
              "ami-0152463cdcae9baf1",
              "ami-08eb0efab992765d6",
              "ami-0c3c17933e1cb9b6c",
              "ami-034d9417f727bdd71",
              "ami-0a12a4494f6b14e04",
              "ami-0882c933a188c1902",
              "ami-033a621a1f315f8dc",
              "ami-08543da0fc90d199a",
              "ami-0fff11e75d7435c30",
              "ami-00d4cbf083d7c6854",
              "ami-0b79a5c3250a0f245",
              "ami-0369488ed9b93c51b",
              "ami-0c430af2eb4302d85",
              "ami-0533df6ed3c4d1f98",
              "ami-00e46ffdc37c0760a",
              "ami-064c6774ec9c21611",
              "ami-0f0a63748ba609fce",
              "ami-018d224045890d471",
              "ami-0e17d1569dde1e7d7",
              "ami-0756ca10fa763b487",
              "ami-033bc1401e1fca0ae",
              "ami-0ab4f1fde5c2f8431",
              "ami-02a044d3e24575a0f",
              "ami-01868e18da2f10368",
              "ami-03aefa4b41d2a37ec",
              "ami-0b5ef7c3304cb717b",
              "ami-04eec31cc2d4cabc9",
              "ami-095b4f8b96917b713",
              "ami-0538e57979ef42a94",
              "ami-044f8ec41dad645cb",
              "ami-0844c8f26c69751e2",
              "ami-0cd18a4687ae827f2",
              "ami-0f962356bb0917b32",
              "ami-08833d3c4c74d6815",
              "ami-056dc9c41fb85fcb6",
              "ami-0cb76e0c1cbc5716d",
              "ami-049e205afb10d29d0",
              "ami-045951e27aacc0bdc",
              "ami-00e54f850bd20e025",
              "ami-059c0cb474d960608",
              "ami-0ffa06c61d147be8f",
              "ami-0b2bbe5a5c3872714",
              "ami-0b14c489ee0e10d8a",
              "ami-0afc0921fcecc1071",
              "ami-015de69addd49d09f",
              "ami-0f1a6f5938ab01fb7",
              "ami-08738c42d7ac2c3f4",
              "ami-0f90ba78e9168ae67",
              "ami-0850e52a656c22b76",
              "ami-062ead93e93b31f50",
              "ami-04a305ee3af8c09bc",
              "ami-02bdccf369e1b7bbc",
              "ami-01595c66a3329f420",
              "ami-03cb6f250341f66e0",
              "ami-0a9a06b7d91a7d758",
              "ami-0078ae238a0adba8e",
              "ami-0fee3401de192bbc7",
              "ami-07025b3e51616c8af",
              "ami-096d5420da31a602e",
              "ami-06d3124379cb4d518",
              "ami-052b4c6fb13c22114",
              "ami-07e30edb2fbfc382f",
              "ami-0f42ff9c83ca9702e",
              "ami-0b2da2e42c4e697c9",
              "ami-098ff43402367aedd",
              "ami-09594f4da73161279",
              "ami-0ed630bd5d6b9a0b8",
              "ami-01fe7cc55d117bbae",
              "ami-058380049f7679190",
              "ami-01b25a4bba90d0d78",
              "ami-0a23ca0c35ba561df",
              "ami-053f3a16e8927e547",
              "ami-0a46edac1f3d31fbc",
              "ami-00dbe1d319bd8dd5a",
              "ami-032b04caf3905f64e",
              "ami-0bed7fc32f2b75aa7",
              "ami-0875467154abf7077",
              "ami-0e034d57bdcaf94e4",
              "ami-09700631e8174b353",
              "ami-0d6794e48cae3dd53",
              "ami-0bed1231ee997f2c5",
              "ami-0f0f292faa5438605",
              "ami-002fa04c7baa04a1f",
              "ami-0674f3aba319a3ed3",
              "ami-0c137cf08df352639",
              "ami-0a56d3a7721e6cb20",
              "ami-0b4564f20f5577b9c",
              "ami-04e4474dc2553188a",
              "ami-07ca6e5dc7b23b4e1",
              "ami-043d68236f0f90150",
              "ami-0c54d1ef00a55321b",
              "ami-0b8a4eb04d2ee4f9f",
              "ami-0cd9c2fcb4cc7a48c",
              "ami-05112a5aee3ebb852",
              "ami-05c0fe4e39af9e870",
              "ami-0635af0ae9eb75361",
              "ami-0ed065d9b4a5539d7",
              "ami-004b55806a2aba418",
              "ami-08b1b75cc59aa655a",
              "ami-0616550fbe4d57549",
              "ami-05a3a6636bfd51186",
              "ami-061f99b1fa5cb1e2d",
              "ami-0aa24431e405238e1",
              "ami-08064fd24f2d03448",
              "ami-0d4035ea49ad10378",
              "ami-0aa08b39477923f70",
              "ami-0048334d1d571dc74",
              "ami-034834e9f6c860483",
              "ami-0704369fe8fc00ef0",
              "ami-0a0fbf5f1da6d6c98",
              "ami-009cbcca1d1b84124",
              "ami-06ecf805d86c8be7e",
              "ami-0d38164c77af0595e",
              "ami-02238393043fa2612",
              "ami-0656b0e4276ee68cb",
              "ami-0cc5b1912fbcf6cbc",
              "ami-05cb17c0e5564b42a",
              "ami-07cd0d9e07fa5911b",
              "ami-0ed1dfbda2b71e807",
              "ami-00c4c7a1da2f25c62",
              "ami-0d617ee4a874b3794",
              "ami-03b46658e1e95d689",
              "ami-07d78b8d1764fbfbb",
              "ami-0dbc29183b1591751",
              "ami-0f9fb31256cee1232",
              "ami-09cbfc65e167f3dfe",
              "ami-07a519681152c0da6",
              "ami-0b73f424d1205aa9f",
              "ami-024f09b7f3ee049e5",
              "ami-08920a681354d6ff8",
              "ami-031905a6256d976fb",
              "ami-095e876fea68e4f27",
              "ami-0d4d5159be2c8c8d0",
              "ami-0c3332745c4a1e0b6",
              "ami-0af5c9bc4aa83678b",
              "ami-08ff40f4ed2e02705",
              "ami-082589aca6eff3b02",
              "ami-0f359647bd92c27c7",
              "ami-0f945e94780b65766",
              "ami-0fef6b148917f83b1",
              "ami-068f36e29ac6a06c3",
              "ami-017941bb1cacdbc87",
              "ami-03b810175bc5f7e7a",
              "ami-072c41012aa88d09e",
              "ami-0b73c46cfc7cb3941",
              "ami-079977aaf2261f8a0",
              "ami-030132a6a36577361",
              "ami-06d8f2daaba885ff2",
              "ami-0016889009161fac8",
              "ami-04c5378c896609f4c",
              "ami-01eb5aef23f8d2982",
              "ami-0e9214ff3ff5e6d9f",
              "ami-0344b7cbb5238b1ba",
              "ami-098ea4e6b07d6cfc5",
              "ami-03a2bcd4103210749",
              "ami-0dbca7665a542629c",
              "ami-03bb71a449a3af312",
              "ami-0c92b16cc4f401ece",
              "ami-01c3c35b5891610d8",
              "ami-0564c5764d4d83ca4",
              "ami-0193dcf9aa4f5654e",
              "ami-0f4c562f07f3fa84f",
              "ami-03b7fa1396b1d0798",
              "ami-014a69cf745226523",
              "ami-0e126fce07e8d971c",
              "ami-0a3e63235fa7df6e3",
              "ami-091ea311bdd0e9179",
              "ami-016995e3df13cd941",
              "ami-020e61352a2a5ec2b",
              "ami-0e77c00fb6e955fd0",
              "ami-00b79da31d85ea82c",
              "ami-0478081d310f174d4",
              "ami-07f109bebde27a136",
              "ami-0c6c8add1758ff451",
              "ami-0d9e7b48cda618964",
              "ami-08f9fcb50b4b2d037",
              "ami-030118a0d72b03b23",
              "ami-0de13dba7e2efc71f",
              "ami-05fa039d5fb493d12",
              "ami-0697d676b71a4e16e",
              "ami-02d89ba9707066c47",
              "ami-0ad941a4939f89416",
              "ami-06b466c5d89675580",
              "ami-086ff37ca113e4f7d",
              "ami-0e41b7cd302246225",
              "ami-0fa418f3720e14cb4",
              "ami-0a4d5d5602e7e7066",
              "ami-0a7bd8535a4f9b3e3",
              "ami-01ca9bd2601cc4823",
              "ami-079debff38d6b8f2a",
              "ami-09dc72c609ab98323",
              "ami-0b407e55d91ab85df",
              "ami-0cc06f15bf58b48b2",
              "ami-051017b4e19ae0d94",
              "ami-0b3e94d0b2e9c9d81",
              "ami-02161fd93506e0d66",
              "ami-097e46b7e2dd949d7",
              "ami-0aaa5ace5f637c9d6",
              "ami-01d1cab1ad5d84d42",
              "ami-06e4a25081c26abbf",
              "ami-083032d19c9bca052",
              "ami-07f9a5399cb8e9977",
              "ami-0b3ac2242c30e87fb",
              "ami-0cc9e30fcff9ae72e",
              "ami-0f0af9e976a245bc3",
              "ami-06da30c14820a61ec",
              "ami-0e37c4d5055f31832",
              "ami-0cbb9b17bc40a11c1",
              "ami-0854796e5f311fa2e",
              "ami-0c3116d9422b88801",
              "ami-077b9b1e96c8e0705",
              "ami-01ab6b53d5fcadfe4",
              "ami-078c0f36b65c40eb0",
              "ami-0cb8c95e9da89abed",
              "ami-035dde26a799cdfaf",
              "ami-04f457875e88adb7b",
              "ami-019e13bf21f3f3fea",
              "ami-034193d20f553fcc2",
              "ami-0681ba157e0badc55",
              "ami-0dc3d4b8e17cbcb57",
              "ami-0dff731a8363ee594",
              "ami-0d9aeafa145844a55",
              "ami-0e4eb3558ed6398c8",
              "ami-0201802283859d29e",
              "ami-064325b918ee60235",
              "ami-01ccdf32cd1a8e7b9",
              "ami-02b20c721872d8c26",
              "ami-08727b6d7108669b1",
              "ami-00f3cd5c2ec1a2d95",
              "ami-0315a0f9a2eebb0c4",
              "ami-08ef49151e4857468",
              "ami-032933c4f7c4660fa",
              "ami-0c4c1e8038501db69",
              "ami-003b228d23fc61e2b",
              "ami-0734457800e123841",
              "ami-00fb2afa8b6f18940",
              "ami-0fbd9ddecc786a3d5",
              "ami-08de45d538c40ad02",
              "ami-03a1f6578ae14030b",
              "ami-0102d7284c31d3d46",
              "ami-04ea137270a0c7aa6",
              "ami-0136a3aef5b2db392",
              "ami-0918648acdfc47701",
              "ami-0c2949c0d8a8d1744",
              "ami-08835d59b6f23ebad",
              "ami-0bffccbabe3f1d03b",
              "ami-0ebc2adbceeb131f1",
              "ami-05bca58cd6d020874",
              "ami-0dd3aca9f59a11265",
              "ami-0aa8a833af5be22bd",
              "ami-0be27581a63488bd1",
              "ami-00a79574b24fa771d",
              "ami-047c4f197473f647e",
              "ami-0e5a7471421549a12",
              "ami-00e1e913444ffe5d8",
              "ami-0b0e701401342c3b3",
              "ami-0e602b4b317d9f9fe",
              "ami-098e2d2d225d29caf",
              "ami-03a74c417ea858212",
              "ami-05bb72652431a983d",
              "ami-0048f400c8444eebb",
              "ami-0ea57bf4c0ca8c07f",
              "ami-0d4b9adc2a5e78823",
              "ami-089986b20fa4c687b",
              "ami-04e0fb8a384fddedd",
              "ami-0a7db48036de958e9",
              "ami-06bc89a3d59c3f0f8",
              "ami-0f3aeb9c75c362039",
              "ami-0bd2804ff86b35dd8",
              "ami-042af35ea75e47cad",
              "ami-0d6fc4fb144bfeac5",
              "ami-0d3ce67baaa3f812f",
              "ami-05af1d7d228ce34f0",
              "ami-06f0eefa83c08ba48",
              "ami-01af6b3abf45ec711",
              "ami-0e8b3cc8105e43eda",
              "ami-073d268abc95e332c",
              "ami-02a42cb406738df2c",
              "ami-0c8580ce7d021ae09",
              "ami-0852646d4f37b8e4d",
              "ami-0b71a8eb528d08b9b",
              "ami-0a7c6d993f1f4ce98",
              "ami-0c78ea04b64e09787",
              "ami-09f7446670e9d0e5e",
              "ami-0470dad867892d9b6",
              "ami-0cbd87a9680d5e971",
              "ami-02b34f56a71602391",
              "ami-02a53104a3b1449a5",
              "ami-07408363018ac6324",
              "ami-0b88a6f5eb7587a0b",
              "ami-0e70ed1f1258f9821",
              "ami-064778a640adaa6d5",
              "ami-0e0538ee297af01a4",
              "ami-00501be54b9c6158b",
              "ami-0744f448260298d1f",
              "ami-08268ade96f280256",
              "ami-0062b04a8c01851bf",
              "ami-07a9626a8e3cc139e",
              "ami-0a3a0883effbb4a7d",
              "ami-0fa18be53383c436e",
              "ami-0e70504ab0b25129b",
              "ami-098521ba0d1bcb9d2",
              "ami-0bab6e6e5d6d55caf",
              "ami-0475fe2c857911335",
              "ami-0bcfafb3171f1a4c5",
              "ami-0bd876e8549f33293",
              "ami-09c9c918b843db6f3",
              "ami-0a8de1daf2d346ed0",
              "ami-06828368e8b69786c",
              "ami-06216478db7086282",
              "ami-0365b32f7dba29948",
              "ami-0e39ac2990df24b25",
              "ami-0c7f08ac30310c456",
              "ami-0023b587ae8c20b2f",
              "ami-09124da4d29f9e031",
              "ami-0fd3fdc59cbf1b1b5",
              "ami-058a523fd91e514c8",
              "ami-093c97dee03de118b",
              "ami-03827c4fe4eb4e48f",
              "ami-069f48ea8d0ece906",
              "ami-02edc61f75529af43",
              "ami-0c6a5687e750bce9c",
              "ami-03ac1ceb652b26442",
              "ami-066c2180c5ec6a027",
              "ami-04ca8c64160cd4188",
              "ami-06024fd1c97983bc8",
              "ami-0e54da3c13e818ccd",
              "ami-0f5b35855288529c4",
              "ami-0b860b555a071dc60",
              "ami-04599d1c46d50b6c2",
              "ami-0365e80f9df8a2b53",
              "ami-07181d2cfc71796aa",
              "ami-082af041c6f514b04",
              "ami-07aa50c872541e092",
              "ami-0bc976d616649ef7d",
              "ami-082ef5337e086ab05",
              "ami-0fd7df4d181e83bf5",
              "ami-0c3e43c713b353339",
              "ami-022a7d4f337d6a416",
              "ami-04afd4ab5264aa159",
              "ami-0cad070a63a93874b",
              "ami-0f279706cf25db470",
              "ami-0b5de13ddb56df332",
              "ami-02e1911199bba3db0",
              "ami-08c5567eac9619288",
              "ami-080f20510f42cb03f",
              "ami-091cd7216849c6290",
              "ami-03651cbe342c63552",
              "ami-03173d9c1b7d20ca9",
              "ami-052877537134385cb",
              "ami-062b4f644bac5661d",
              "ami-007e3c10ab01a557e",
              "ami-0549f4f85cfbd4013",
              "ami-00a051832029cf09f",
              "ami-0312b62c6d43866cc",
              "ami-067c302e8c27e9b08",
              "ami-0cad44fd7969d4efa",
              "ami-09c72b700ac418196",
              "ami-08b4c8b2210e0a2d5",
              "ami-0f917472c7c7abdbf",
              "ami-082dda2826181c3a6",
              "ami-0a3458743efdf4033",
              "ami-0eea164a5d7e5c3af",
              "ami-07542506f66a5c84b",
              "ami-096fed10e633eacc8",
              "ami-0e93cce781db69a69",
              "ami-0b5027e61b47979e0",
              "ami-0016fe30a5367735a",
              "ami-0ad53c4dfdfd77ef1",
              "ami-0aa25ee7b64ffdb35",
              "ami-0cf87db1d0b059179",
              "ami-022f50fddaca06935",
              "ami-0d34dd68bafc0aa61",
              "ami-047e0f4f25e43196d",
              "ami-053d61dfb9b1d269d",
              "ami-0e7736adce19ce92d",
              "ami-06fc099e3f1e528fb",
              "ami-078409bffe99f3c91",
              "ami-0f82a79add0aa9904",
              "ami-0a884a2c0393c9088",
              "ami-0d5ea36ef4f9cd879",
              "ami-0a421eabda964a430",
              "ami-0c8511b654ca5b95d",
              "ami-0dccc7fa778e4f49b",
              "ami-036bd3bd3fdfb0801",
              "ami-053b6c7eae40b30d5",
              "ami-0c571fd2eb292b5d7",
              "ami-00fb485d8b5771a0d",
              "ami-0370ed914c0553ab8",
              "ami-0ead150522a5a30e1",
              "ami-0470217f11782897e",
              "ami-07956ba46a0e6f732",
              "ami-048f2d77855069ef2",
              "ami-0a4d1ca5b4c8a5ed1",
              "ami-04312fc2a8db15465",
              "ami-056d52066fb4db534",
              "ami-0d55d0b437e4b10db",
              "ami-0175b37bc70641a29",
              "ami-0102b570e162495bf",
              "ami-0675c917db893e743",
              "ami-0c0591dd3af777fe4",
              "ami-0ed95cedec0b98f24",
              "ami-034fa110e27f005d2",
              "ami-0f5ec0c71d19f1d81",
              "ami-059ceee9b54b93e6a",
              "ami-03b854bb3da554ee1",
              "ami-04d8dd8e8170dc6d1",
              "ami-020cb037342d0e447",
              "ami-026bea9963211488d",
              "ami-02e4099f21d40f7d8",
              "ami-0942b9e26848e970a",
              "ami-00eee4ef9f0772651",
              "ami-03dd9a454711cb08d",
              "ami-07cc709076234237d",
              "ami-098f2c600db28f9b6",
              "ami-01055947d1b9ca2ff",
              "ami-0ceae1a7b5bf77a40",
              "ami-0034b069e79674251",
              "ami-0f875285f64a7a42a",
              "ami-0f34d2562f6259c7a",
              "ami-0c43c383dc5130973",
              "ami-0b380e2bcb8f5ab8c",
              "ami-00559c46c3dbf8d7f",
              "ami-0527ee45d7d440496",
              "ami-089d525bdd93562fb",
              "ami-014fdd6d5760da34b",
              "ami-0479d3c590ea8d5ca",
              "ami-0fe8b63ab786b6a43",
              "ami-08072bab22de6539f",
              "ami-0ccafbc49672321c8",
              "ami-0873ca9f2a7e36d8d",
              "ami-0af1083408b26e8e1",
              "ami-0f14b046eb4cef9a3",
              "ami-07dea1df076b6f43c",
              "ami-0ba5056827852ccbe",
              "ami-0ffb28fec01ed24c5",
              "ami-0f22096e1abcfbce4",
              "ami-09587fdc02cfe50c6",
              "ami-0f700dcad316f60af",
              "ami-0aa6392c0deeedb31",
              "ami-029a48aeeb0596072",
              "ami-05701395899bbfce8",
              "ami-0ec13bd7762c5fe7b",
              "ami-0034b24c0e591c2f7",
              "ami-0b9fc43dff99ea5c0",
              "ami-02402bafd03c7fc92",
              "ami-099eed5edcf5e6933",
              "ami-01f486f0a3199ce33",
              "ami-08cdd560bd74c1445",
              "ami-099baa832e465d921",
              "ami-0e711f70ec953f8f2",
              "ami-06e4357586b83ac2b",
              "ami-05644b15fddb343a0",
              "ami-00ee22c481c92cf7b",
              "ami-02ae73deb828a1091",
              "ami-03eb1690a404e8b73",
              "ami-0fb4faa3d49401532",
              "ami-0896ebd640996889a",
              "ami-0a4f5fc257d9fef34",
              "ami-0e289c3122ce66ad6",
              "ami-03c1763245ea36c23",
              "ami-0ec784a667402c274",
              "ami-05dd5e62b311d689a",
              "ami-0ae66d99b91aee257",
              "ami-0d94bb6959eef040a",
              "ami-01e5e4385b72b555c",
              "ami-0b2485766e1e99c00",
              "ami-03a0577ef4d8bfeb0",
              "ami-0cad0b3ad9250ed85",
              "ami-00405c75996698e07",
              "ami-014fd4587446b281a",
              "ami-04c94b874cbc8bd56",
              "ami-02a2c18eeb1ddfd4b",
              "ami-08350b14a0472d108",
              "ami-08436bd56c9bc5239",
              "ami-06eaadb33ae7c430c",
              "ami-0380cc205a57e0de4",
              "ami-0b1c99de1c397d85e",
              "ami-0e22a08befb5360d3",
              "ami-08d65ba1023a88725",
              "ami-0cb275ed6ec10a07f",
              "ami-08ff2b71d7aee37ea",
              "ami-0145c69ad2b756a52",
              "ami-08db72ebe68e1cd97",
              "ami-089a9960ef61e1cb0",
              "ami-081895445efba4e7f",
              "ami-07017425d4044ddb1",
              "ami-0398dc41b4c13837f",
              "ami-0111068d82f73b2d7",
              "ami-0d464652d9659e4d9",
              "ami-00eadb1442fd6e421",
              "ami-00606ed298c6127d6",
              "ami-0a5579b36f4fcac1d",
              "ami-0e1499d14aaa9d754",
              "ami-04209d7ac4d899e41",
              "ami-0b5036e3ccc866bca",
              "ami-0b7f1a001e8439ddc",
              "ami-0a76e01f7229aec56",
              "ami-063c2a63aca507732",
              "ami-08ec98f415dd314fa",
              "ami-081bf736f9708df93",
              "ami-07b04f3a174edbf24",
              "ami-0699178c74c6e1ce3",
              "ami-0bfb71d1096451d64",
              "ami-0b8f83a88ccd0746a",
              "ami-028175db2aef0701b",
              "ami-0f6672711d87c5f14",
              "ami-0d76811df24b1ebd0",
              "ami-0aed13d98fd51f577",
              "ami-0d8bf2cbc6d8b6ab7",
              "ami-0363ec6cd96a49cfa",
              "ami-01e7dac0320dc398b",
              "ami-079de49b3b7342afc",
              "ami-07ff138e071e77126",
              "ami-0249834371314e719",
              "ami-0cae328581034c2dd",
              "ami-05e28d5bf15e7abce",
              "ami-009f15990e1dd067a",
              "ami-06e842b1dc9a26a46",
              "ami-07ea228a913fd48a1",
              "ami-0ec234ed01a23b9c3",
              "ami-051e4279b7c957c3e",
              "ami-02789873a7f1cebcb",
              "ami-0bfaa9d36b90757ad",
              "ami-00b30abaf87ab5345",
              "ami-058b59bf59fd072db",
              "ami-0f6c836488c3c7458",
              "ami-068a40a484b49046b",
              "ami-0be6deb4f72a6874a",
              "ami-007fbcbeed4118360",
              "ami-02806ecdd8b525444",
              "ami-05a59d830814d99b1",
              "ami-0294c5ce2b865ebab",
              "ami-00975cb5effbc5c78",
              "ami-090248c75606a5bcb",
              "ami-0cdfef3167d5c1d46",
              "ami-02f3cef56543435c1",
              "ami-0a59aa27fb9a2bfe2",
              "ami-031eb70d8d707dced",
              "ami-063a807d3c1ec8f5f",
              "ami-0c49d903945c38764",
              "ami-0c21a1d108fe7c006",
              "ami-0b52e38fa839636b3",
              "ami-0be7e2d8061a8c77e",
              "ami-071667ec7330b7e44",
              "ami-075886e4dc05ad4e7",
              "ami-04caab6fe9178d669",
              "ami-055ded8f5a381773c",
              "ami-076fda89f8c477102",
              "ami-0437321c749be298e",
              "ami-0579ff272bfa536c6",
              "ami-080e88a7cdb270826",
              "ami-0b1bd9dec28c26c09",
              "ami-08f00f48ae952c5f2",
              "ami-0fc0118394ba7a6c0",
              "ami-0d3f97e12cfefd3b5",
              "ami-0266ab8d471186ccc",
              "ami-0024ab9f02abd7902",
              "ami-0ac87813faec88d89",
              "ami-0a51826426dffaa24",
              "ami-060a4a2dbc5f593f7",
              "ami-067a1bd4d6ffa47fd",
              "ami-010e0829a43b7aa0e",
              "ami-0d4d369226e28f6b7",
              "ami-0c5edff8ac0589ae5",
              "ami-0c2b08a85a91be23d",
              "ami-06c154d9375cf2883",
              "ami-0bb5657e0bee4b7e0",
              "ami-0440fad9fa08148bb",
              "ami-020cda7b9960d5485",
              "ami-01e85243b067de6a2",
              "ami-049ef5148ddf9b38f",
              "ami-0b85d93efe198a23a",
              "ami-0451e2abdf5c68a3e",
              "ami-042b7a1753f1f2b3d",
              "ami-0107d362371df17c0",
              "ami-09757e9d3e0389066",
              "ami-0ff4b9746f340629d",
              "ami-0b19e8f9f191da1ab",
              "ami-07d236af63a1c2fb9",
              "ami-04d183ec0fdc82311",
              "ami-039f4412506ef270c",
              "ami-0f3db164edc1888e3",
              "ami-0f64b714dc8a71a3a",
              "ami-0c643397af98e0003",
              "ami-0c17ae0924e6fa89d",
              "ami-01a1851a1e69790ee",
              "ami-05493d92f45e323aa",
              "ami-00750745b687b0009",
              "ami-00f67c2a274e6e811",
              "ami-0115fc8c7a139be79",
              "ami-029687ebfc3a63872",
              "ami-02e721c62763dcdf0",
              "ami-03768d495a6affd47",
              "ami-03a603016ef08f21b",
              "ami-0d4effe822f9a26e3",
              "ami-0c2e2746bfde34f11",
              "ami-075ff29a4e708ac00",
              "ami-025040a9e779d02e7",
              "ami-06890cb45235b45de",
              "ami-0c322f098ae25a0ca",
              "ami-0bc562fb399a96f52",
              "ami-091c56ca0c7760c0e",
              "ami-0e46df7c6f784115a",
              "ami-0c24dcc8a39c5657e",
              "ami-0f5332e1113ac9d9b",
              "ami-0ca48e3a91ac50244",
              "ami-04d5595fb09fe97da",
              "ami-0b0e70754a5afa168",
              "ami-0970c224eba5db287",
              "ami-041b9f6087ab7d0d6",
              "ami-0544dbf2a08c90218",
              "ami-07902b2a8bbca67a4",
              "ami-0ff5e25edda4e5677",
              "ami-0b5b6ae7974941e43",
              "ami-038df9b9f262e796d",
              "ami-0996a3f4111c37c08",
              "ami-0145fee01b0dc3c63",
              "ami-09720301eef42b526",
              "ami-08ef82112d7a72cb4",
              "ami-0069c7d05a6ab288b",
              "ami-0946d1490c8a1cfd6",
              "ami-042a933844ba2eaf1",
              "ami-01d4e30a8d278d790",
              "ami-05db41934f04697e6",
              "ami-0a2ea997d05a08502",
              "ami-0c216cc79362c503a",
              "ami-05fc8daa9f4a9b854",
              "ami-0a712a60c2aba1b54",
              "ami-0d782ab80f60042c3",
              "ami-0bc546a1f4ef4814d",
              "ami-04983367842ecc339",
              "ami-0e41f735c0b689e10",
              "ami-0477b728ab1f7d1cc",
              "ami-05c77ea7c156c70ef",
              "ami-098e8f678290d6a31",
              "ami-077c3aaa6b1691b04",
              "ami-033594f8862b03bb2",
              "ami-033853433737ef534",
              "ami-0203e9d084b9f5024",
              "ami-0087d6f677196ea4d",
              "ami-051f7db9d2f3b9256",
              "ami-0204d23f1827b55ef",
              "ami-07064de5a9f4f1c40",
              "ami-0f09eaddb679e4464",
              "ami-04b0b3dc6f472bfeb",
              "ami-023d83814991d0c0f",
              "ami-0eff7363a06950669",
              "ami-0b9c0e78767bcdddb",
              "ami-0c4a4964e93198253",
              "ami-01a65675cbbcc9b9a",
              "ami-09963b18f4094ca7b",
              "ami-0970b8b337a083987",
              "ami-04484d2e2c206f7fa",
              "ami-09c13233d65aba737",
              "ami-092ddbf97581d9b5a",
              "ami-0d80476b50ab12a36",
              "ami-07f728d9678dc5737",
              "ami-0427ebcef81fd71e7",
              "ami-0a9df04509380ee65",
              "ami-0bed87f9d476e6349",
              "ami-0f81a2d15af75ad71",
              "ami-04660686b53864b64",
              "ami-05398002f20b108dc",
              "ami-056d414b30e5adda9",
              "ami-07a1f84ece0ac7af8",
              "ami-000d7b5ef498b8cd8",
              "ami-08c941d6f30353180",
              "ami-08352e3f39cd8e42d",
              "ami-0688ebf9358d4af10",
              "ami-04261cc4ecc7f73dc",
              "ami-0f7f88a4aafb4cce3",
              "ami-0414e3cb2dd38e6a4",
              "ami-070559fbfb52635e2",
              "ami-06cb559ef148aea52",
              "ami-08c6573a625613642",
              "ami-0b8cf8f8999700afa",
              "ami-0fd5e12246b8f3310",
              "ami-0ec22cc416273be99",
              "ami-018983228a752b26a",
              "ami-03b308c696a8c4321",
              "ami-080f38cbea2e0ee6e",
              "ami-007e84e7a22104a25",
              "ami-093e6982d9c05d00b",
              "ami-06f6947543cd5db67",
              "ami-0847d60dd40d0f41d",
              "ami-0dfa41955a7c10698",
              "ami-0dff11dfdf371cb88",
              "ami-0154e663145faa9a0",
              "ami-0e08defd7b5071798",
              "ami-08a5e0cd5fe6416df",
              "ami-059e7896da922afaf",
              "ami-04bc118e4e3bdddf5",
              "ami-09aa84772486c66b4",
              "ami-0fa8c5e86437da0af",
              "ami-0e2c8caa770b20b08",
              "ami-0135ad179df0e7b91",
              "ami-0653ee7f4546ffd37",
              "ami-06617bf3bc9d56b60",
              "ami-014f4a6613051ebc4",
              "ami-02e2a2170b34e7221",
              "ami-0a3202000db619969",
              "ami-030e54e427e3e120d",
              "ami-0c782ba67c74208dd",
              "ami-0592fd60914fec697",
              "ami-0e244fe801cf5a510",
              "ami-04e5d7fbf5e337b41",
              "ami-085ff8af4815cb22b",
              "ami-01810f8fde84746af",
              "ami-00f495e462c12d066",
              "ami-08a54cb630e8e6bf2",
              "ami-0b49965e312677767",
              "ami-018de2edc3db7bbe5",
              "ami-000d4fb03b8860121",
              "ami-0ce52eb7b1acfe538",
              "ami-0a6734a555e634504",
              "ami-0a1e5bb2b0fcfd325",
              "ami-0cea9d146828d843f",
              "ami-09589b2baa9b000e8",
              "ami-09a04dd5387349224",
              "ami-060653bd7405f26dc",
              "ami-05da97e8abd177fa5",
              "ami-00c56e5b50c43f90b",
              "ami-0aaa23b362c03c487",
              "ami-0d169d54ec0eeb141",
              "ami-0b175016fa5d61a6c",
              "ami-0e2a5ed4d04d31930",
              "ami-0610039ae01c190ef",
              "ami-07746edc1e65f4f84",
              "ami-0dce57de6dcc3a6cc",
              "ami-061c10a2cb32f3491",
              "ami-0f1f2f72bd27c72cc",
              "ami-05a6759741d19949c",
              "ami-06b8394dbc01f1c4c",
              "ami-0363e3ca2703bfe20",
              "ami-031968032c460f0cd",
              "ami-0cc795c9433c7c2e9",
              "ami-024055f2231264822",
              "ami-0ffbbab2912026aba",
              "ami-0197aa1c2cb312ab9",
              "ami-0742080191f743259",
              "ami-021d370cde2de187c",
              "ami-0a080b663dd3ed716",
              "ami-09e37faebf1206500",
              "ami-0e79bc3a5e2b5ad9e",
              "ami-0b8f7b04a83cc6f8e",
              "ami-04bd5fe407f4e9a5b",
              "ami-06375a28280adb7f3",
              "ami-0d0c4703932966c8c",
              "ami-0845e117f45fc3773",
              "ami-0e92ff042f4c4c6a8",
              "ami-0b2ad70e47a6d581c",
              "ami-05c85d1248f992c97",
              "ami-0ddf786d65d56085c",
              "ami-09d4dba4561b03d59",
              "ami-0f13458a9666ebb53",
              "ami-018b81dca4bee3376",
              "ami-0400f7f283712d5a4",
              "ami-07743da23281dbbdc",
              "ami-0395686f9bfc618cc",
              "ami-04d97598bb9e11e51",
              "ami-059bc4d22e3c06ccc",
              "ami-0121a18a8ee4951cc",
              "ami-0a3cf88a180476272",
              "ami-009c62fdd5100d0f7",
              "ami-0e3b9de2d94b98dfa",
              "ami-012e310dd2727f4d7",
              "ami-0e5060cba0e3ee67a",
              "ami-0ab91b91122ea000b",
              "ami-04a2915f7ad760aa5",
              "ami-0b67ca9db6578ebcc",
              "ami-0f0690ad7e1259ed9",
              "ami-04082fa7bfd6e4499",
              "ami-014c506b1aa27b5dd",
              "ami-02ab7a94087469ecc",
              "ami-08ccdc51c78d25995",
              "ami-0ce63599da5c81d38",
              "ami-0199dfe1a3b214d65",
              "ami-044a2e09b04936759",
              "ami-0507df004191c766a",
              "ami-088d9970428810a2a",
              "ami-0abb69e99cb18cf81",
              "ami-026cbb107b7adb228",
              "ami-0d315c292d7553100",
              "ami-020f700beed4b0611",
              "ami-073c794684438d1f0",
              "ami-02cff2ca31e416b37",
              "ami-01d70eb0761612cfc",
              "ami-0d929c724bcb411d5",
              "ami-0df8f46c91d4dae70",
              "ami-0f99682467e025a71",
              "ami-0699b0813ce498203",
              "ami-03bd6956d47cc085f",
              "ami-0d78bb672490497dd",
              "ami-0778bada272abc05a",
              "ami-0eef07a01767fc8d7",
              "ami-047e8066566f3769b",
              "ami-04355fec870c63c51",
              "ami-03f071b57e34e44e8",
              "ami-0fd9c01b73d07f275",
              "ami-0af021e99b47e0e7e",
              "ami-0fb604efcd6aaf3d5",
              "ami-0ed01d017547d7b22",
              "ami-0df6fecfa2453d0fe",
              "ami-0ad8855322abb2357",
              "ami-0592c370ca610c1d8",
              "ami-0cb5281bb6393dd16",
              "ami-033542a74e4a746d8",
              "ami-01d4c34b5c54633e1",
              "ami-060fd09253a253472",
              "ami-07a6930c99fbc9f46",
              "ami-08ccac1975f8b878b",
              "ami-013675932238b286d",
              "ami-06257b3a676e31629",
              "ami-0e53bba4c332806bf",
              "ami-0a391fdc518fc8a51",
              "ami-01dc844c25f85af9b",
              "ami-0022f774911c1d690",
              "ami-08a2c0be79d625c05",
              "ami-0d5ec226cddfdb115",
              "ami-00d518a83a74dce0a",
              "ami-06eecef118bbf9259",
              "ami-049df77f425f0665c",
              "ami-08938d43921654967",
              "ami-02ebc35a178f4c2ed",
              "ami-0616f5b10548cf238",
              "ami-0e449176cecc3e577",
              "ami-0b2cfab528e80fe30",
              "ami-0f11a00ed60d59b6a",
              "ami-090230ed0c6b13c74",
              "ami-0fdee8381d65ae840",
              "ami-03425b05eb306062f",
              "ami-0f8b99c2c5bd2b9a3",
              "ami-077f4dcd20ed5ed5d",
              "ami-0b6d1797112bee038",
              "ami-00f6c6c9a6475dfeb",
              "ami-0063be17299cc8ade",
              "ami-0f9d0bfde442d9bb3",
              "ami-034bdfda60dd7f51c",
              "ami-0e0bc4ffe41731cb8",
              "ami-02378b2c794694d64",
              "ami-0be2de120f8800216",
              "ami-01eec788c98cfb850",
              "ami-01d97fe568b9a834e",
              "ami-07d120b5b2a02cff1",
              "ami-02042030c439f33e3",
              "ami-099bc67a2500003c1",
              "ami-002c19d2da8617851",
              "ami-036011e8c8afae5c3",
              "ami-0a3ebdc9cdc8bde9e",
              "ami-0b955b5628c647156",
              "ami-0e0533ba20582be8b",
              "ami-0b84b0120f141e947",
              "ami-0a3941b56d926b546",
              "ami-0898883bb83975efa",
              "ami-06ade7001a2ca2c35",
              "ami-0166d92fb97595005",
              "ami-057a31651df053c1b",
              "ami-06f19dd9d9aa1f40e",
              "ami-00cdab02644c3447a",
              "ami-00bccc0e162784936",
              "ami-0ee25be3df686b8bd",
              "ami-08f48d82f00dfd518",
              "ami-00ef89ba4e886a731",
              "ami-0da4acb202ff31011",
              "ami-0560457afae4b657f",
              "ami-092285ac56e2744fb",
              "ami-0163ef78072b35ed7",
              "ami-0e6609d7bc4001103",
              "ami-00f38d0ecf4bdfafe",
              "ami-00e271284f6e6ae84",
              "ami-0c14cf961ee5656ea",
              "ami-0f4e907ac7bf53519",
              "ami-0affaf3737fce03b3",
              "ami-04582bbc692ca3bdb",
              "ami-03297dd2c45657fd8",
              "ami-03ac1356c97bbfcce",
              "ami-0bcade786f5b36675",
              "ami-04cb50825831c8579",
              "ami-0624095efa1370253",
              "ami-0d065597f50324b4c",
              "ami-00756b739024b9a3a",
              "ami-064378f0c6bb6ce4d",
              "ami-0888dc4fdab9f6335",
              "ami-096df4a19c1ce69d2",
              "ami-0ed8810da008c4bd4",
              "ami-03117248e76d83ec8",
              "ami-079bdd5cff6c6cb3b",
              "ami-0b2f5ede338977c46",
              "ami-099dd6ca3911ac249",
              "ami-0bb63b0c57fe838c2",
              "ami-0917ddff1368112de",
              "ami-0d19b50cf9d924fa0",
              "ami-0b7a30aead45eb4df",
              "ami-0fa127eb0906e51c5",
              "ami-04c85ee1565d2c7f7",
              "ami-00c14384e5c824c0d",
              "ami-06b886160c275a280",
              "ami-0cbc2626fc77aba9c",
              "ami-0af866e6722bb90be",
              "ami-0a0bc0528dfb10bf1",
              "ami-0b787c7cad7d89574",
              "ami-0867c5a6cf842df34",
              "ami-02aa5afb88f0fe440",
              "ami-025388664dc56be89",
              "ami-0c4f52f1b383133a9",
              "ami-0c5d22e56fcc35df0",
              "ami-0e4e813081cbf1a75",
              "ami-0d80e9361403bfaf1",
              "ami-013475b81a10663b6",
              "ami-08d2267ddd3a1e3da",
              "ami-0200e544a64a8d952",
              "ami-0c22db80d0a18b2fc",
              "ami-0cd2947c96fce3737",
              "ami-077c503148de08fcf",
              "ami-0da430fb18d67c4d0",
              "ami-0e300139e1e49ba96",
              "ami-024856aebd1c4b7c0",
              "ami-004b59cde48321881",
              "ami-0b49d946ace8b6ae6",
              "ami-024a10303c8da0cbf",
              "ami-0e9a48cd4cdb365e9",
              "ami-0a050614489600061",
              "ami-07d6015150363051c",
              "ami-0303bc357c7622b3b",
              "ami-0375814eb24dbee51",
              "ami-059f446cb7e62df83",
              "ami-0f009e0cb83522eef",
              "ami-04b8989e3add19cad",
              "ami-0a57056a33fe2ae7a",
              "ami-0178953f41bc37fea",
              "ami-0d21205f318b2a8ed",
              "ami-0f44b8ac3a9db51b3",
              "ami-09ffe039922b6bea1",
              "ami-0335c810ce25e8c94",
              "ami-00701705041ae4c8b",
              "ami-08434cb9113ad5afa",
              "ami-098213ddae9855858",
              "ami-0ad6db570b62355f0",
              "ami-0959e831ad75dd8a9",
              "ami-05eef4ef1bf6ea89c",
              "ami-0b9b27622a31d9d07",
              "ami-00417b13bff077ed8",
              "ami-0766e2a71b0cb3bad",
              "ami-0bbb38b4face1b9c4",
              "ami-08effe284ff31762d",
              "ami-085049e502ed54091",
              "ami-0d400e5842f6aba3f",
              "ami-087accf2d659b3225",
              "ami-0913ce02ce00eecee",
              "ami-0730d3e2768e9c9ff",
              "ami-01a178d343027efac",
              "ami-074226b13a8453b95",
              "ami-0ba11515c7336e7b8",
              "ami-0d971e6f99a586ea9",
              "ami-0dea158226ea7d7b4",
              "ami-0d42981428dd5a5b6",
              "ami-0e7e0d818fc0aaf8a",
              "ami-0565baab33827bf7c",
              "ami-09cae16b82dde1153",
              "ami-01a09362cdb8f50b3",
              "ami-022d3b138aab73d98",
              "ami-03b85ddc5b923bb9f",
              "ami-0ad9600b3719f8a53",
              "ami-07872f6b96fa5bccd",
              "ami-05ff34e4e99cd267b",
              "ami-05179e1815b238699",
              "ami-0281494f7c4eb37d1",
              "ami-027fb45cbec9d71a8",
              "ami-05911b9b4df1172c7",
              "ami-0e3321c1d07afe8fa",
              "ami-02de34dad8ba697ff",
              "ami-03425aeb2f345b9a9",
              "ami-01655c92ba13d5342",
              "ami-0f2058ad3e4d642c5",
              "ami-0a04a6863547b92dd",
              "ami-073d31d7657271fc7",
              "ami-0f65371bb5e5a55b1",
              "ami-0181ccc228bd0ebf6",
              "ami-0bd9fb46713e6ff06",
              "ami-0422c5a51ce3dde95",
              "ami-07f3f6dc62ff9def8",
              "ami-0454e5ba8d026d203",
              "ami-0af79a5d800ac60cd",
              "ami-0355a5abcdccc3569",
              "ami-04496adea7331bf93",
              "ami-0dbac8a3c06e561b9",
              "ami-057a2250cab72603c",
              "ami-032a1566a69bfa9c9",
              "ami-0d3472db61ef514ae",
              "ami-0ea0340eefd841b9f",
              "ami-0615ddaaeab35ac53",
              "ami-00c4d07e49e7df4f9",
              "ami-0bf81e7c71d4390e5",
              "ami-030fbdeb27aea4e8c",
              "ami-062b4944c197e9f62",
              "ami-085e959cc4bce0f19",
              "ami-0684b843e523a1165",
              "ami-0547027565db58593",
              "ami-0e54bd1b1fdc37ef9",
              "ami-076a9d97fe04b571a",
              "ami-0ecde3afc273fd8ac",
              "ami-066146ec3683c744b",
              "ami-0881c7b8893f4afc4",
              "ami-0cf4759bbc4767ce8",
              "ami-0686ef0ba451a05ed",
              "ami-0f3e5b807c2e55267",
              "ami-0b3fdf4304c081859",
              "ami-0f260fe26c2826a3d",
              "ami-0bed0a25ad1eafbac",
              "ami-0edb8463f6494619c",
              "ami-08fa5719ca4b68ff8",
              "ami-02ef5edd11a085f2e",
              "ami-0016b0cec0835d030",
              "ami-0aacd919244ce9f2c",
              "ami-02b2b56786523ff43",
              "ami-08aa5c88bd3dd4ec6",
              "ami-00ae40338fedda193",
              "ami-0bd73d9361324d1ae",
              "ami-0eee15b8096c92ba5",
              "ami-0e74e7201194cff60",
              "ami-0277383b53d4b97d3",
              "ami-091a59cfb6ed7734b",
              "ami-0df6f5de318bf7a7e",
              "ami-036bc32da7b0b5765",
              "ami-0f6f13d3afc78d73f",
              "ami-0ab920a9080faa481",
              "ami-07c6a69fc59bb7da2",
              "ami-0af728b921a4d42da",
              "ami-048a9d5e3a0d314d9",
              "ami-093d1fc1062c1ebb4",
              "ami-0ff419be951a83432",
              "ami-0b10b5f3bdb29b808",
              "ami-0d6ce4672de08cdb2",
              "ami-03ee79f29638a983b",
              "ami-0697d675c14110c54",
              "ami-05f0aee903f31946d",
              "ami-0f9fc25dd2506cf6d",
              "ami-06ddcd94d9447ad22",
              "ami-0aa0bd97f3a52e9a3",
              "ami-00db75007d6c5c578",
              "ami-0e92908cefd769607",
              "ami-0e15dbd4599fc00fa",
              "ami-0dc7f10178a3f9665",
              "ami-06b8f0fe534eceb95",
              "ami-0a5e1685292de47bb",
              "ami-02f3470b34b05464a",
              "ami-0b83df1ef2a42ae8e",
              "ami-0ef9981b6f8a038ce",
              "ami-06de185c813ab3957",
              "ami-0057e7cf7645c142a",
              "ami-024a4f91a256c327f",
              "ami-0c4db42f9a3a1a2cd",
              "ami-09d413ca89be5b225",
              "ami-0f5198b7175bb46c4",
              "ami-00a71431d5c941f20",
              "ami-0d40857e362f7183f",
              "ami-0ac4973fd719b9c31",
              "ami-0f49774d73447078e",
              "ami-09155ba78dfb53035",
              "ami-0b411a470746e76cd",
              "ami-07a1f3ffed072bcb3",
              "ami-00dd9176285e258cf",
              "ami-007b4ca0994c25336",
              "ami-0dcbd94d9370e8b1d",
              "ami-0ca61cac5ef1e2f78",
              "ami-07ae4461b498092ee",
              "ami-04625ec1368bfcad1",
              "ami-08d93133a2592adeb",
              "ami-0ee6bd1516bb4ae81",
              "ami-02105f2e27bfaf3da",
              "ami-0fc38a5ac3395ba0f",
              "ami-046ea4bd7e7e8efaa",
              "ami-0c5c339e29cbde33f",
              "ami-0021f493aaf53a59c",
              "ami-02b6fa917b993407b",
              "ami-0f7202adb8ed7676a",
              "ami-0bfc46ccca30e8f2f",
              "ami-0874d82d2138e9fd1",
              "ami-0818fa3f04b2e3151",
              "ami-0ab43aef0414849fe",
              "ami-05b76253bc95fb140",
              "ami-02160391b456f1164",
              "ami-084cba7e54c411283",
              "ami-0b41b90fa6e160a08",
              "ami-02d76d39546e4a5c6",
              "ami-0435140fca9152928",
              "ami-0a27ccaea73026b77",
              "ami-087f3c41d3cc6d156",
              "ami-0678d8cd2f83d79c6",
              "ami-0ad6fe4be402a0bd3",
              "ami-0a1118e5c76ff2c5c",
              "ami-094f921838831d72f",
              "ami-0d6152a9c8aff1f17",
              "ami-03fba3bbcd06b7d89",
              "ami-05c75d40a1954eeeb",
              "ami-0dddc64bc72740146",
              "ami-09312d8c64eda75c1",
              "ami-025e8ae92c7b6ff27",
              "ami-02ff40196edb2f285",
              "ami-0b356ed0bda55866b",
              "ami-09560ee34ce0ef262",
              "ami-0aec7e8e51922d73e",
              "ami-0456f5f6864bdc0fa",
              "ami-0fe4c5c9eb617e7a4",
              "ami-01fd188dc9f472d33",
              "ami-0fbafa7583f71a7a2",
              "ami-04c737397460d525a",
              "ami-09660d59e6da8231b",
              "ami-0a0bea0799332fe49",
              "ami-087ac639b946099fe",
              "ami-0ede473f056306f7e",
              "ami-055e02b044718b6ac",
              "ami-008ef04a75c6d8dc7",
              "ami-036f8eff9f4101382",
              "ami-0b3bfc62679b41054",
              "ami-02bdbb74d0d422b11",
              "ami-00f58b5c0a51cb424",
              "ami-074f8e793bb0275ae",
              "ami-0c590cae0742726e4",
              "ami-0f792282bf1382a80",
              "ami-0e405446bbda58e4f",
              "ami-0b3c17f1efd35f3e8",
              "ami-04bc2704e1f4ca1d4",
              "ami-01a5ed3bda7427c2a",
              "ami-0b8ccdf3f3804c164",
              "ami-0ad11176943d0db5c",
              "ami-0716f56f58281c5ee",
              "ami-05677ae1aa56f6ca2",
              "ami-02297722177e33a1f",
              "ami-03c3d70cc19bd2409",
              "ami-069b4a99d8ae97fca",
              "ami-06d5ce83eeb2bbcc3",
              "ami-06064338a5e54c981",
              "ami-0e8bbc3bfeb928d00",
              "ami-0964d780ccca09921",
              "ami-0cb052feb620a26ee",
              "ami-0d0249d0f7e852afa",
              "ami-033680dab3b032f1b",
              "ami-0d9e7ad57acfaaca2",
              "ami-0a3408958a1d247c3",
              "ami-05fb490b0d75f0626",
              "ami-0a38b271bc2b528de",
              "ami-0d242c86e6c2e86b5",
              "ami-0c257e402c4763739",
              "ami-0010e20d07cfe4c44",
              "ami-0b64222e1649cadc3",
              "ami-0e24dda25c4e3814d",
              "ami-0ad546f6b0cc80305",
              "ami-034983f69590f9b8a",
              "ami-0daa6143850b257b4",
              "ami-0d9c6fec562c36bb2",
              "ami-072afbffff56fd0cb",
              "ami-0f0f6dd1aec994fb5",
              "ami-0fb42bc39f69ccfdd",
              "ami-0d16868099064a990",
              "ami-006b294da867558e6",
              "ami-0c3be373a800e1512",
              "ami-0ef9e6d94b40a864a",
              "ami-0e7d05433a14db35d",
              "ami-061dea9294c6df41e",
              "ami-0d327752a919d9859",
              "ami-03f44e4ccd3d99dad",
              "ami-061c872994282185a",
              "ami-0870be3aae2a67715",
              "ami-0f7abf916aba4dc03",
              "ami-096e0a8b917fef162",
              "ami-01e159ec4f9b7853f",
              "ami-04b6926416992413a",
              "ami-0d76c53bcb5a57789",
              "ami-0059361f4147ad881",
              "ami-051efdf9b269b4f96",
              "ami-0f09599b3a3fea5ad",
              "ami-07d1b25f990d5ec96",
              "ami-0d80699f37bd989e3",
              "ami-08722e390e3b26534",
              "ami-06de0c5aec1f1ebfe",
              "ami-08a7e6b7fe1663431",
              "ami-0e207374ff36d8498",
              "ami-0d11f17964ebbfb2b",
              "ami-0b4a76373400fb130",
              "ami-0ac8b9dd1adc7a910",
              "ami-094aed613b7ca9f28",
              "ami-0592f30d665c3a87b",
              "ami-077af8f214f017420",
              "ami-01cf30d8a60e315d6",
              "ami-0f54cf5fa15da4a2c",
              "ami-0168b8882d5f596ab",
              "ami-04a1f404166af06c4",
              "ami-062fbd3afcd5c9f4d",
              "ami-04372fac2c4ca696b",
              "ami-077919e8b4fd17126",
              "ami-050e7f0dd302ee6e2",
              "ami-020aedaece4ee9178",
              "ami-0782b00c9d202c53f",
              "ami-0b2ef452fe887253b",
              "ami-0fb60435058821020",
              "ami-0eb52db28a124b04d",
              "ami-0d7ad28e508ad91a3",
              "ami-0940c6b332adb7b3b",
              "ami-083bf636000da24b7",
              "ami-054686f9b388f7e27",
              "ami-03cbca788dbc90f5f",
              "ami-04ced8b828970debb",
              "ami-0afe1fb70ad2e154a",
              "ami-03d76259b7c4335c3",
              "ami-072a42b0b6cd56947",
              "ami-03c6489cfef0f1743",
              "ami-0108c8f03a9fc4676",
              "ami-02c96770df54ef219",
              "ami-0fb12b1f37f750d6d",
              "ami-0c497b0d91933213b",
              "ami-015d7bf5a49a1e20e",
              "ami-07b8255ad0d942308",
              "ami-0ca4a495bd06a26d7",
              "ami-0a64a8d0e0de6826b",
              "ami-09d78c4ce90a51b2f",
              "ami-0674381d2ef6a805c",
              "ami-01b6397361ac7f35f",
              "ami-00dfeafc7e7f1c539",
              "ami-085178aa5d2433cc2",
              "ami-0649a7272f7fdf028",
              "ami-07542f04f706b3b51",
              "ami-00c4aad54f42a220d",
              "ami-09cff7bee945d38a9",
              "ami-03427ccb8dbfd8d84",
              "ami-0efabbff5cb5550a5",
              "ami-0cc3ef93ec2654af7",
              "ami-0e33bfe7109065bbc",
              "ami-0a51399a3c2a4b35e",
              "ami-04d989f8c0fbe0e90",
              "ami-0365255a274b66327",
              "ami-00576c8bb504af8ec",
              "ami-08661f8ec47cd4fe7",
              "ami-023a8171d25cc78d0",
              "ami-0044b24b138bd1a1d",
              "ami-0c6bbbcf1646f587f",
              "ami-0ff6404174f7c6ce1",
              "ami-0f2c56ac1182e0ee2",
              "ami-0b503791d3a03ef04",
              "ami-09dfe8e8989acedfb",
              "ami-057195a2ea3d667f2",
              "ami-0a850b205e8f40ded",
              "ami-049c4e2d02186fcfd",
              "ami-0b57bc62d56657330",
              "ami-0b022ae6ed9a94fdf",
              "ami-0ca3aa5f5f798cc61",
              "ami-0339de698626022dc",
              "ami-00387a9de0404d218",
              "ami-04514890d05761dec",
              "ami-090d03d01996d9b8b",
              "ami-0b348741be13f35ea",
              "ami-03c4f4f0d6e6b8f8f",
              "ami-0ff43677fdf19b811",
              "ami-018018d898272cdfc",
              "ami-0ad8e3bc325dbfe79",
              "ami-0e5d120c4fa1dbad4",
              "ami-0099836a110537f2c",
              "ami-0a84e9a9cc35ba110",
              "ami-033eb823e2419efca",
              "ami-04bd29b815cdc4832",
              "ami-0dd7c83dfbb4fdb23",
              "ami-09f4568cfbfa7d47f",
              "ami-0ce70e94de4d1e315",
              "ami-099ec44b8b11a24a2",
              "ami-04385adf36672b7aa",
              "ami-05f0ee785c9134cd0",
              "ami-0353cf38cc892bacc",
              "ami-0ecbf1678f23abb62",
              "ami-024bcf15d6474c01a",
              "ami-0f96fde2d8a5f4cbd",
              "ami-0f07558ecf5baf13c",
              "ami-05bc6ffee214f37fd",
              "ami-0d58a4cb0a6853d5a",
              "ami-06623f2b4a68838c4",
              "ami-09097aa04d649c433",
              "ami-0aa39faec46a08778",
              "ami-0568e240fbe68a412",
              "ami-03cfdfe98777e605a",
              "ami-0b00a5c4caefd2462",
              "ami-0a5d306d4622aa8f3",
              "ami-0657ca42b8c3b0748",
              "ami-05f778b92423187b3",
              "ami-056d967a15491425b",
              "ami-08c98029ee9796298",
              "ami-08aa543413d7bdc57",
              "ami-0f86fc641315a76a0",
              "ami-02e188c5eabfa5c8d",
              "ami-0a508ed40771c867a",
              "ami-0aa1e2a371e66b49d",
              "ami-020c7df42fd2e4265",
              "ami-040d9901f34a3d5b6",
              "ami-0626bca9b7a82c9e3",
              "ami-09a8658ac7a81bd94",
              "ami-09b98a59db94a36b2",
              "ami-0edecccd1e5484c0d",
              "ami-0d10fd00c55aa39a0",
              "ami-0ca551aea9640dc14",
              "ami-0d5a82637f7296ee1",
              "ami-07920d0b914c84e89",
              "ami-018f501b80ec3024e",
              "ami-0d77b9763f1a7f5c0",
              "ami-08ed5c5dd62794ec0",
              "ami-08df11527ac8c2bd4",
              "ami-08931f915e9296831",
              "ami-061f2f1a9c0444af1",
              "ami-09aa2fbb6e6c7144d",
              "ami-0e677bbde0c418d17",
              "ami-01a5c9afc50bde3f9",
              "ami-07d28342fa9409488",
              "ami-0baaccc1715b208ec",
              "ami-03bbe4d47fbb4cb8f",
              "ami-0517cff58bbced6c9",
              "ami-0f6a3a6f5c243046e",
              "ami-042db3b87d0a9d179",
              "ami-071de1b78ebe532f0",
              "ami-0c37916b383f66343",
              "ami-0d7ff51968e4a0698",
              "ami-06e688bb6c6ec56f6",
              "ami-0ddb9d38c3259bed0",
              "ami-092cb12bc33c27499",
              "ami-0750b93d5cc6dc631",
              "ami-0678d12ec6a1aa328",
              "ami-024e06c20d843f537",
              "ami-08286020118e50e0a",
              "ami-0110197fc36a82f3d",
              "ami-04746abead2bd757c",
              "ami-02485f95ec998676d",
              "ami-00c33a5f2671764ac",
              "ami-0d85bdde7d199e492",
              "ami-0ddde7e17759698a4",
              "ami-09a47959c15c0307e",
              "ami-062d4a6ca0b4e2503",
              "ami-0d03c6d9af6f313c4",
              "ami-03609ff162d24d9a6",
              "ami-08f27cf46c62ec13f",
              "ami-0d06dbbb6a385bd74",
              "ami-085adda782af79537",
              "ami-0cecdb26b6f822f9a",
              "ami-0e1fb2db09fc502ef",
              "ami-0df43c7e4a0ac9dde",
              "ami-0fb7bf1ec8f3602bc",
              "ami-03fe02556b17692cb",
              "ami-06ecbd1ea0092821a",
              "ami-02ad71b12f6c813ab",
              "ami-098a2d8d534258ab4",
              "ami-04d34cea0764f0756",
              "ami-0037ce933fd648efb",
              "ami-0fefbca317afad715",
              "ami-0f00dcd574004b106",
              "ami-080032650e8029054",
              "ami-0bcc7796fc1f46b88",
              "ami-05b606035c940befb",
              "ami-05e3a34558d65747f",
              "ami-0eef46d6497c57430",
              "ami-064f1bfbe10d079be",
              "ami-0523e4d5955b6fe3d",
              "ami-0d417be6476a09ff5",
              "ami-053ff96cc50963f1a",
              "ami-0e222121ee6bfcc52",
              "ami-03ededff12e34e59e",
              "ami-0eb7f040fe8e6172a",
              "ami-056070016ddc33404",
              "ami-0a3c14e1ddbe7f23c",
              "ami-03c8ead5922bf8082",
              "ami-07b39a23ecf25a4fc",
              "ami-06907f25f0b94ce80",
              "ami-0482730ee38e3f893",
              "ami-0c0a9ea029dc85412",
              "ami-04ee85818705ec082",
              "ami-0e03b7bbc07ec9fda",
              "ami-06aa8eb164f942909",
              "ami-0280eb4826d66c51e",
              "ami-0abfe7adcddf14e0f",
              "ami-05cd857a6ff843d22",
              "ami-02988795caaf25e29",
              "ami-03bd3740ed9940ea6",
              "ami-0cdf2d45c2157884a",
              "ami-0913031b6bfcd7b4d",
              "ami-0d62bb3fdf0b8f3c7",
              "ami-087663582da473c48",
              "ami-0b9666e29e577e02e",
              "ami-0b234f38dd35fd35c",
              "ami-087de15a22879b9ef",
              "ami-0dfda8a3ee7678578",
              "ami-09958659019a5c00a",
              "ami-0ee55c409b386b4d4",
              "ami-0ad1f44164b5bce8d",
              "ami-08b0ffd55732c3db0",
              "ami-0a6d2181a7d97da31",
              "ami-0b1fff7e2e2b0a3d2",
              "ami-0c3344bef2cee0e1f",
              "ami-08522bfcdd59426c5",
              "ami-0b509b2d152460f47",
              "ami-0547fe1b3487e40ed",
              "ami-0e94448c674213c2d",
              "ami-0f82b3d66772a4cdb",
              "ami-0ae554092ee394899",
              "ami-01b3d6430195c817d",
              "ami-063282f1aaaabb713",
              "ami-0191326ecbbd5da5a",
              "ami-082f9b90dfacf9bf0",
              "ami-021459f803b12f50f",
              "ami-0ac9a04f3b05d1f9c",
              "ami-036d82cfd2046804f",
              "ami-0e4099bc530537abc",
              "ami-05555e84caba063d8",
              "ami-01dcf3796573d6aa3",
              "ami-0c6f20e00e2f5869a",
              "ami-0de537e93c519f366",
              "ami-01706148a9940f70a",
              "ami-071ef7c1dc3932745",
              "ami-05cf91c2689ee844e",
              "ami-0d298810bbe4eba36",
              "ami-05a282ba7e9059211",
              "ami-016f263aaf31e0fb1",
              "ami-0340a9f3d41a6c1f7",
              "ami-06a97ffb4bd275b07",
              "ami-0bd36db6dd970ebd2",
              "ami-0b7818dc2a302ba0e",
              "ami-0b6e6b5d6361b7419",
              "ami-0aee57ea9efe6baa4",
              "ami-0ffd56d3fada60d5a",
              "ami-0b26e24b202db87a2",
              "ami-0a233220062b80a4b",
              "ami-0909024919c004662",
              "ami-0e06e4a097e1a33be",
              "ami-0e75925a24529ea06",
              "ami-020c55827bbe89235",
              "ami-0ed03589324acf43c",
              "ami-034c1553215e6644f",
              "ami-096f14c97490f2fc4",
              "ami-01d8eb2da15770be3",
              "ami-0c3da64f639987cfb",
              "ami-071dccebcb1eeddd8",
              "ami-0032177d5094a7a11",
              "ami-0b60272f57e4477f4",
              "ami-04700a7af08888554",
              "ami-0c4221dbfdacfda12",
              "ami-02f29c095430282d4",
              "ami-0c45cfcf6c66dd9ec",
              "ami-02b61da4b11aa96a2",
              "ami-009ad092b24cdc915",
              "ami-0b4f04242f4dfbab9",
              "ami-0b0d3acc64c7828d1",
              "ami-06262d93d31949b67",
              "ami-091eb28e92c4526ae",
              "ami-0994188d0b1ac20e6",
              "ami-000ff1d1eba261c2e",
              "ami-09eb32d4912a64b22",
              "ami-03eaa9875bac0cb34",
              "ami-055c17fd7b00e4be1",
              "ami-078236647ecf24e71",
              "ami-09bebfeddc3830457",
              "ami-03328128989b052eb",
              "ami-089ee2602a3f6436e",
              "ami-09b05cbc4614d9082",
              "ami-0403bb4876c18c180",
              "ami-0f9e53408da9abe5a",
              "ami-07b983d476a7ec371",
              "ami-0aaed5ce26cecddf2",
              "ami-06c5de47088b22227",
              "ami-0b64e85b6078c42d3",
              "ami-06cc6cb16ab9f297a",
              "ami-07194c1e59f365caf",
              "ami-0e4cdd20e9746fd90",
              "ami-0ed5aaab308ae5036",
              "ami-0719b1b7764063738",
              "ami-0ca1bb78f1514d31d",
              "ami-0de30b6e4682d85d5",
              "ami-010a32a58eaa1938a",
              "ami-08173b1550c6adcdd",
              "ami-049657437b66e6fec",
              "ami-0e9daa22dac99690c",
              "ami-0208736669a9c8d39",
              "ami-0c7575396f78f3c56",
              "ami-0f836c80c99e0688d",
              "ami-0b5ea9baf0a993446",
              "ami-00b92de195b1d5bd7",
              "ami-0607551e7783e0b29",
              "ami-0434cb15bda0692c3",
              "ami-068755c64f4b2432c",
              "ami-07f07599acde975db",
              "ami-06fffbb91c1dc6b7c",
              "ami-00ff1d11a3be6e101",
              "ami-0ed28274002aa2829",
              "ami-0426a42f991e87450",
              "ami-055bf98e6dbc4c8d3",
              "ami-0d83ded82ad083a1f",
              "ami-0fc3f7eb77994ddc2",
              "ami-0327e3670dc469229",
              "ami-02d0c8c4fadf93dd6",
              "ami-034edca8edc59f5c3",
              "ami-046673308fd36cee0",
              "ami-023d5aa1ee956059c",
              "ami-08462981a1b6038ef",
              "ami-0bfa9a0866caf99cc",
              "ami-07a5b9a5d19ee27ef",
              "ami-053655d70e193eada",
              "ami-00af10e7c1563cc8c",
              "ami-06ce7b21125acf61f",
              "ami-0ae7d87f149d40795",
              "ami-0b1abec25e1ec6aa3",
              "ami-0d1d0fa4a9e68a24f",
              "ami-0fa473b555fee32e7",
              "ami-04e0c1e4400c2fe7d",
              "ami-07e0f199a66872c8d",
              "ami-086ecb95174fa50bc",
              "ami-0643aa887902c8830",
              "ami-0188e652b6b68bb3f",
              "ami-00c3aaaeb247f4436",
              "ami-0161c603ec69070f9",
              "ami-0253fcefbf8bd3143",
              "ami-0593245f72263dc95",
              "ami-033a1d637a91be106",
              "ami-00f957b1742c9bfbc",
              "ami-059bd398537dd4efc",
              "ami-01b660152b00f2972",
              "ami-0078ff5e5ebc95592",
              "ami-095267e461557c157",
              "ami-04117601e9caa50a2",
              "ami-0381f99a2a8b95961",
              "ami-0216c594e9ce9c68c",
              "ami-0f02e4bd3ed915fa2",
              "ami-0c21ec9deb2107ed9",
              "ami-04c6fef77a908c98e",
              "ami-044d0fa1b534b130b",
              "ami-0b73054b16c5b35ea",
              "ami-03fb52e0a7ac0b3a1",
              "ami-05ca9446a22915489",
              "ami-07846c53bb75b4ab7",
              "ami-0e5c5f49b8993ee9c",
              "ami-09394a6b836507b9e",
              "ami-0f5dc20c6c2ae4506",
              "ami-0c4c5101e9351d6f0",
              "ami-02bde2cc81ceff0d0",
              "ami-0f34aa1c58209b854",
              "ami-053ecf4de61addf6e",
              "ami-06890c1cb6532d29e",
              "ami-02dd5324b6cedb0d3",
              "ami-0165b5c98d91f290d",
              "ami-0dca227cf5bb46ec4",
              "ami-0492ebb8be6f64dba",
              "ami-0dd7b00ef9852434c",
              "ami-08a47fee1ee8f70d8",
              "ami-06bebef1263e08760",
              "ami-09e0d1118e812b65a",
              "ami-0af684bf9136b5004",
              "ami-001a10a3a9c518653",
              "ami-00f0a8cd3cec595cd",
              "ami-0d77f13657b2b7ff8",
              "ami-099e8aff6215977a2",
              "ami-056efb00127cf8c92",
              "ami-09974661dc27d4c67",
              "ami-0016ed5e2246a5437",
              "ami-05badaaaee806728e",
              "ami-0c3923c9794865a9a",
              "ami-002eefae6d1a02326",
              "ami-0ff3e4e42531a5832",
              "ami-09b8ff2667bc43849",
              "ami-0eea22bd038aebc53",
              "ami-070a57308cfdb4706",
              "ami-094e350e3c5df77ed",
              "ami-0fec689b56ff52abd",
              "ami-0be66f46206f18b3c",
              "ami-0b80bb43f8ed12af7",
              "ami-0b7d86661c1895691",
              "ami-0705c5314eca868b0",
              "ami-02bc83498046dd4bb",
              "ami-081fa14a6fc82013c",
              "ami-0b1a4d1e9022cc1d5",
              "ami-0dd43ccb581f946f8",
              "ami-0a7142c6caf12ec25",
              "ami-0104d7c14c8cf5483",
              "ami-0a22324b7a2a1237a",
              "ami-0468706b0deae0645",
              "ami-01b5b47843ffd7880",
              "ami-009f7d72eb8da761a",
              "ami-02bb50a8f2994d8d7",
              "ami-0a33cebe3b27edb52",
              "ami-0a9b661e2e1edb4c6",
              "ami-0eaa18f39758dc93c",
              "ami-024041fc84b234674",
              "ami-06071de389f024be9",
              "ami-0908c171c368e86ac",
              "ami-073f5d17fb44a74cf",
              "ami-017d7d42c69a2fd3e",
              "ami-01abb7ecf8b918dc1",
              "ami-004b73b0102ad2eee",
              "ami-002217b4b46b1ce30",
              "ami-0552c2c6153634a11",
              "ami-0920971efe41ddae8",
              "ami-07f2bbfe8fc4dc8a0",
              "ami-02cf94b38acb43277",
              "ami-0e244279d2580f93e",
              "ami-0166f257a5a90abcd",
              "ami-0d1df32440a1aaf65",
              "ami-05b303b4c7139ce82",
              "ami-04273d72381237d9b",
              "ami-05d6b0c2b14aaa7c9",
              "ami-0d469fca7234720a0",
              "ami-09c16711054d3cb87",
              "ami-0cd808895fd5c5e5a",
              "ami-0fe4a3749f6382a4e",
              "ami-046eceb77c3969a02",
              "ami-0dbd640d23e03da4d",
              "ami-0fb86a73e6baaac15",
              "ami-05037cd149eb736c1",
              "ami-0add419def3066ba8",
              "ami-04fff93be46b660f6",
              "ami-0ec8b9b18b4d938f8",
              "ami-0844acfe3a1bb97f5",
              "ami-0d05c0ea843158b69",
              "ami-00947a4bc49d2b966",
              "ami-0b45f518b20eea647",
              "ami-0d73f4da8a22bed10",
              "ami-01de33fb7dc0d2de1",
              "ami-08e62108fea654561",
              "ami-00f05ac62cac7870f",
              "ami-0a69ef0c7f3f5e34f",
              "ami-0449213f2e7e3b0bc",
              "ami-04ef53772cf16e4db",
              "ami-0845795701b0de7bd",
              "ami-08a38a49eca2410e4",
              "ami-09014954a781bdab9",
              "ami-0a05b3cb481fd90a4",
              "ami-0cc21820554c57fa7",
              "ami-0f1960ab1bd56c032",
              "ami-0b784fdb4a12f014a",
              "ami-0b0d2a8551ab455f8",
              "ami-07ff608dea41b3887",
              "ami-0311582159c21fcf0",
              "ami-0f43217fc39ddeea8",
              "ami-011e912856d310e12",
              "ami-00c2cd3ec6533ff68",
              "ami-01c705eb3d97db9b3",
              "ami-0209b495aa93089b0",
              "ami-0ee77ae5398b350a7",
              "ami-0df4b2ec437db681e",
              "ami-09ca9a060265c2e3c",
              "ami-0a4bc8e2e703a9f56",
              "ami-08256f77592bab440",
              "ami-0d3e4b795daad0f89",
              "ami-07452e54e776102de",
              "ami-083d7df7fe331eedb",
              "ami-031fa35f082735010",
              "ami-023ea7280c6aaabb6",
              "ami-06e833a81a9a13ece",
              "ami-0c1e9b8af2a954de9",
              "ami-048a8d85ead34dbab",
              "ami-038f8bd265cb0ca3f",
              "ami-0fe1e77ed11beb6f2",
              "ami-073717bace106cc97",
              "ami-0398e7489f4b9f105",
              "ami-0624435cf13783b65",
              "ami-0fba4b59f460eb493",
              "ami-0db2215348bd20159",
              "ami-05c3d84b0afa1e9a1",
              "ami-099ba54106064286c",
              "ami-0916d6ae934a9331e",
              "ami-05e2116c44a4b9c9e",
              "ami-0ebf8a09d8abc9646",
              "ami-08983365ba0f43d9e",
              "ami-03b31be2eda39f849",
              "ami-0a868c87ed9af504c",
              "ami-0d05e85e96859ca74",
              "ami-0823e3605c8b556cf",
              "ami-03c7ca6b9f435b9aa",
              "ami-0e13689e6be7c46a2",
              "ami-0769f5abc4a4b51bb",
              "ami-0de8cbf2acbd82752",
              "ami-0e9d3c53b79c2cc6f",
              "ami-0040a160de7aee4ec",
              "ami-090f33f325bfb2483",
              "ami-0393da302347778ab",
              "ami-04f60ae097ef95d4a",
              "ami-0939030c2886e6937",
              "ami-0c909c5081e956d75",
              "ami-05bd3f2726af9614d",
              "ami-07d88135ecc66bc61",
              "ami-06af83348b4a81014",
              "ami-0319c884da18af515",
              "ami-010ce7f8b0303787b",
              "ami-022525b95f425af69",
              "ami-00ee0c83728a2da07",
              "ami-02f386bd9ac0005fd",
              "ami-00051224c58d840e3",
              "ami-02e3cde97274a2622",
              "ami-0a9b157f23ddf0fb6",
              "ami-0bb994f8090737217",
              "ami-058e7a15ec8642f31",
              "ami-00131b70724817da9",
              "ami-0f7bb8f4867ce83ea",
              "ami-002f67d59bd2ca0df",
              "ami-0a7ef3533255863d4",
              "ami-09c051c7ebebce17b",
              "ami-07d74924f32998f2b",
              "ami-0e6daea139dfc2c3b",
              "ami-0c631e0cc0fb42a87",
              "ami-0d22bb1973d9318bf",
              "ami-0dc00b06ab753dc64",
              "ami-0ec4a258ccf260cfd",
              "ami-02e327ce118929d4f",
              "ami-01251aa4dc9bb9be2",
              "ami-00ad1ee4c594a7c13",
              "ami-04179f0c464b1c89a",
              "ami-0bacad4395f02aa64",
              "ami-05ffc1213a971efa2",
              "ami-0222744780c3d4568",
              "ami-0a3e58432aaa22235",
              "ami-005fade9a54958821",
              "ami-0c9b880a581836d70",
              "ami-059cd2be9c27a0e81",
              "ami-06e9cd0e4c7ab0a83",
              "ami-0c02fb55956c7d316",
              "ami-0766d60510983ab7c",
              "ami-03e0b06f01d45a4eb",
              "ami-0531a9a736deee49c",
              "ami-00fc94c8acf59544a",
              "ami-057de5a067f8a9dfc",
              "ami-05d10a369d8174816",
              "ami-03190fe20ef6b1419",
              "ami-0483cca889df16641",
              "ami-018d50b368e796499",
              "ami-04106ae1c90766385",
              "ami-0c0c4491868930c34",
              "ami-02919a18481c10fe8",
              "ami-0b1922bd1926feed8",
              "ami-03232d0e35d683c7c",
              "ami-0a5582cb34fbac203",
              "ami-0658892fe123ce828",
              "ami-07959acd277df99e7",
              "ami-0e1ae1c023d8b7c43",
              "ami-07905bdf3e601a096",
              "ami-0f16d5c51a29e9835",
              "ami-0a320e6ff917c8985",
              "ami-04f7b26fb3a61a1cc",
              "ami-0aca502d6b4ac8a6e",
              "ami-04b2d00691b9eebde",
              "ami-08f4cfb5e35f9d89e",
              "ami-02422b5b7c08d9e52",
              "ami-0e9fea1e4a862d299",
              "ami-08e6b4f0196412633",
              "ami-04c5abc91f7136bda",
              "ami-0ebb706ed8414e8e7",
              "ami-0fe47d015cec63c33",
              "ami-005c410eae23aedc2",
              "ami-0ae0e308f4e5f931f",
              "ami-0c3fd09a134bc373f",
              "ami-020c164f132209dba",
              "ami-0891bd8aa34872121",
              "ami-060a48149c6b60819",
              "ami-06c3c4e6d303a8109",
              "ami-0dd8ab6273790a16e",
              "ami-0210855ae61cae868",
              "ami-0dbaa35297557c00b",
              "ami-0c2f00d388ea9f4b6",
              "ami-0f15b4393b47a2006",
              "ami-02bd6bfa216d36be2",
              "ami-03abc0ae3093a55f2",
              "ami-0572fb8c9ae6efe44",
              "ami-0e97575fbaab157a5",
              "ami-0a436d7aa6645bfaf",
              "ami-09b84c3dbdb8196b2",
              "ami-071613a644605eb20",
              "ami-080f2d911a83dc114",
              "ami-0baeb938ddcc1ceac",
              "ami-0deeadb846c267ea4",
              "ami-08e0d1264a32d4fda",
              "ami-0b77f27012fff7be4",
              "ami-0727abc0de8dfcc4f",
              "ami-059467c7f1591bf9a",
              "ami-07b3be1d38386819d",
              "ami-011a4d9f541b5cedb",
              "ami-010494237c9f7d617",
              "ami-083452d111cad02b3",
              "ami-0aad3378d4a945c8d",
              "ami-0b26a4e4e904ccfc5",
              "ami-0529e1aeb0d1058ed",
              "ami-0675d7e0de2450161",
              "ami-06103bc5723ba8a9e",
              "ami-0e06323cd65a08a84",
              "ami-08c0a489658016ca9",
              "ami-0f79b7d8beb766e83",
              "ami-01cb27da4c6e0ec99",
              "ami-0f5d7726022834a06",
              "ami-02df3db12c2299bb0",
              "ami-0aa210fd2121a98b7",
              "ami-024f0f6432f2d5859",
              "ami-01b5ccca3c8fb3015",
              "ami-04c48cb0b1e7e48d8",
              "ami-00b664aed6201102c",
              "ami-090f1fe4f197b6f85",
              "ami-06b69322039f611b7",
              "ami-07eaf2ea4b73a54f6",
              "ami-0fd8cd11e1a9b6835",
              "ami-054bebb3d552a60a5",
              "ami-0731f00285fe96df3",
              "ami-0abfaa5778698adb9",
              "ami-00b6de45dbcb6c66d",
              "ami-0428a96ad1ef2cc02",
              "ami-06f4daaac1bd5e6c0",
              "ami-00f4d877029a18131",
              "ami-0028f3e14b0b9bbc6",
              "ami-0160530b66e8f4f79",
              "ami-086aa63bc4db819b2",
              "ami-01fe1b5c6f51d7319",
              "ami-0882fd2a5fee2e181",
              "ami-0a950e8edc3c9677f",
              "ami-06d95772f2fe1b31a",
              "ami-0e1b0277f284f696f",
              "ami-0b379f7ad168ff467",
              "ami-0bd6b01442b3c4d11",
              "ami-07b89ce0636e2026d",
              "ami-054ead174331197dd",
              "ami-068c1b7bb8d8cb492",
              "ami-09f287ca1523c3479",
              "ami-0ca03685794b728f8",
              "ami-0a34d537a31391a32",
              "ami-0a0649fb369b83fe6",
              "ami-006dd0fea2de52cbd",
              "ami-05f25403653637e8f",
              "ami-0b1ac64053d09eaa8",
              "ami-0de7857c099c2d07d",
              "ami-0a518a405b08b45d0",
              "ami-0c0941320d1c0f149",
              "ami-0a99df00896e3c414",
              "ami-0e2e44ffd9150185f",
              "ami-04f1477381f7af65b",
              "ami-06255d0d56b4c526e",
              "ami-09a23528938bf12c2",
              "ami-03094a3a2e0585e96",
              "ami-067519f07817f3a56",
              "ami-08bc398a96a44f2ec",
              "ami-068aaf930da735516",
              "ami-0a8769b6faa113e77",
              "ami-0d0780b5e313b4773",
              "ami-0902f36d24c0e6e81",
              "ami-0a50161b537313b4e",
              "ami-0e4dd331bb29a4886",
              "ami-0b5e3a8d448d52c20",
              "ami-0ca27663188e92291",
              "ami-0140be6071f5ccc8f",
              "ami-0519d53dbae35e884",
              "ami-0e5f20dfb5d85153e",
              "ami-083766a1900a04cf2",
              "ami-0820314dcce7898b9",
              "ami-0da0252ce1ab70391",
              "ami-0bcb372390bdd0408",
              "ami-0cae5b85c9e36e146",
              "ami-06bc4b64ee7908a6c",
              "ami-069eac1405674b036",
              "ami-0e321c8155297e569",
              "ami-007941dc80d514253",
              "ami-06135246d3c15cd86",
              "ami-09a4a092e0d0ed511",
              "ami-0f4160a8406d07708",
              "ami-0150fc9806ef64b39",
              "ami-0aab3688565522b11",
              "ami-02f57022d57764162",
              "ami-0122b82b6a3437ac5",
              "ami-0c31524dd7e705717",
              "ami-0cf992f2ce52471b0",
              "ami-0a37fb26b4d520b25",
              "ami-081b92bb22deff37b",
              "ami-081795f9ef670eca3",
              "ami-0998538ca74513813",
              "ami-04447b242f880f90b",
              "ami-072d61e9ddff40355",
              "ami-055458ab9b06da17f",
              "ami-0c1b97c95cb6073aa",
              "ami-021496a66e65a7714",
              "ami-0e1b6f116a3733fef",
              "ami-0148d05149885f00a",
              "ami-08f70511f22be3066",
              "ami-0fd9e27ced74a79e2",
              "ami-05053d3a12132fb33",
              "ami-0ce0708abf78b1725",
              "ami-08a09ee350ae3abf2",
              "ami-03e95274717292bf1",
              "ami-04177ef5c88e80d8f",
              "ami-042845b20a9832214",
              "ami-0c62df6ea207ed574",
              "ami-02820135a333b81fd",
              "ami-07e7eefa5f7c77b06",
              "ami-01650be8817961ff5",
              "ami-00698dad22ebac5bb",
              "ami-0fb70a87623506e3e",
              "ami-0a714c64c5c86eeed",
              "ami-0729d913a335efca7",
              "ami-0fe045ce23a522500",
              "ami-06a591bc3ebda3268",
              "ami-0a6b05db833a43985",
              "ami-0a46461eb647d66bd",
              "ami-0752c5b79234e49cf",
              "ami-0b2824d01bb0c63e5",
              "ami-0a14e987d1bdb39c4",
              "ami-08ebf73416352f149",
              "ami-0473eade456b8d045",
              "ami-0a64fb05cee9fd5f2",
              "ami-07a96498177634e37",
              "ami-0b6cd601c263c9c77",
              "ami-026ceed416343abd8",
              "ami-07544f0ecd6027456",
              "ami-022ea8344b3e2c653",
              "ami-03f72771e86629131",
              "ami-00bcbbebb56fd5eb1",
              "ami-0ee44d4e203f830a2",
              "ami-0b30070a6e7b1217d",
              "ami-0fcf2346410ed90d1",
              "ami-005024ffa07f1f2ac",
              "ami-0c5a80eaf30fe03ed",
              "ami-0e04240ac2ae4a69e",
              "ami-0427234c5680e34f7",
              "ami-0379468a945458189",
              "ami-0d67474ea543d2074",
              "ami-00e15f9dcecbbfe4f",
              "ami-03bc91f1e61d9f697",
              "ami-0b03efc6b0834f41a",
              "ami-0361e59435fe1cd70",
              "ami-0e0cdae31609f1867",
              "ami-0b340ac2c26131039",
              "ami-0d751622d9dad5e0e",
              "ami-0c0d594e935253c10",
              "ami-0cba1b82a7c2a3cf6",
              "ami-03934e142c02861cf",
              "ami-057840de20d200a36",
              "ami-0f7798b9f2bc1ac07",
              "ami-0239925d5a323bbd3",
              "ami-01ec0a94905f9760c",
              "ami-0083e48bcbe84f829",
              "ami-0849a5435a6769a85",
              "ami-09183599961c3a171",
              "ami-03241d79d51918698",
              "ami-059f06e5d09025e26",
              "ami-08225fb00153075d7",
              "ami-0f1dfad881264932f",
              "ami-0ffa0b3536fd045b8",
              "ami-060b9945b69a6109f",
              "ami-0b605030a7cd5e31a",
              "ami-04c737f03d6bcb2d8",
              "ami-018850b4703927269",
              "ami-0af6fb85a7277c215",
              "ami-0aa054132195a72e8",
              "ami-0de2919fa0cef2e78",
              "ami-0d55acea7e5e715a8",
              "ami-083a556ba3d3dbab2",
              "ami-04951a427da79f84b",
              "ami-0d7752db54b1b862b",
              "ami-0a2bbe08638c45277",
              "ami-0011eecb600cac078",
              "ami-029df8ce1ec44fce2",
              "ami-0fc4901237e422ce3",
              "ami-0fa24a3784a23ded9",
              "ami-09718fb1d865f7be9",
              "ami-09ee0a9b504e7924a",
              "ami-0db0a3e3157388419",
              "ami-074516b6bcc8b2963",
              "ami-0afb75cbdcfc0c9ad",
              "ami-0e498a3d5b52798c6",
              "ami-0bc9096045dff7993",
              "ami-01471541a038f6944",
              "ami-056031c786850abb3",
              "ami-0ab6b23be01f67809",
              "ami-0515e02bcb4c772d2",
              "ami-0ded3e465f8eaf82e",
              "ami-03288cdc5371c9da0",
              "ami-0528c63fde3a42bc9",
              "ami-07ec9506a508f9bde",
              "ami-0ccb0f9e895ecc19f",
              "ami-0650ba5ee6fcf54f9",
              "ami-0ecd402065dc1bc17",
              "ami-03fc408d3b74d3ed9",
              "ami-09e4a1e7faf5a3824",
              "ami-09c809cc1d3d6dd1c",
              "ami-07a4e4c2f244e3a57",
              "ami-0526242e13f4636dd",
              "ami-0f6ca7e09006902ca",
              "ami-02e43e09eed011fdc",
              "ami-0018db321131be63a",
              "ami-087c473843d8aa283",
              "ami-025b0c5823f967433",
              "ami-021cf1db36d4b307f",
              "ami-0bbc39ae8e10c065a",
              "ami-03bc045a0ecc615c7",
              "ami-031993cefa9f95540",
              "ami-0ce28c628a2cb08ee",
              "ami-08cacc914bafe723a",
              "ami-03b454fa1e501b64a",
              "ami-0ee7329220dde4df8",
              "ami-0cbdc0578456d4929",
              "ami-0e16e0c9fbafa9e4e",
              "ami-0e1da68824079f2ed",
              "ami-0713ca27e1c9da3ab",
              "ami-096b5e128487cee5b",
              "ami-0b21af5c3646c5460",
              "ami-0af8c423ed7593cbb",
              "ami-0f13bc4e882b0d7f2",
              "ami-0a9b3aee577b87f7b",
              "ami-0c68dae5e47fd61b1",
              "ami-060b51edb611cd6c9",
              "ami-0c7b3ea50efd68b84",
              "ami-0a1327239b9977a55",
              "ami-0630cb6522d2293cd",
              "ami-045b7bd66028e8342",
              "ami-08b5a0217534694e8",
              "ami-0da8da1b51072b8f6",
              "ami-03d456065d41fba30",
              "ami-06e4091cb11017868",
              "ami-06085b6946f20a00a",
              "ami-0926cb24249123936",
              "ami-0b43141a0cbae9dd0",
              "ami-0d0f43f43dc70dde6",
              "ami-0492212189eeb4565",
              "ami-0a3ae9a1093627e50",
              "ami-0ec8d6d739faf916b",
              "ami-0f93cd96cfa42445a",
              "ami-0cc6bc8daa4593705",
              "ami-076c3f67b91e853fd",
              "ami-0784a12faa74c8600",
              "ami-085da1b47bd55e2c5",
              "ami-0af7d4ce20fd621a0",
              "ami-0137e9a7cadd7019d",
              "ami-0f99d33cec6a2d7b0",
              "ami-0fc360f78d2ced9fb",
              "ami-059ed9034a5d952d8",
              "ami-0bb1c360ce58adcce",
              "ami-08268b07a3b2b6edb",
              "ami-0fa3556f19cb5f199",
              "ami-07c299d630e722444",
              "ami-030903731d1c23cba",
              "ami-0a4a51036791b442d",
              "ami-08f76d72eda219d3d",
              "ami-070dabfe92a3f08c2",
              "ami-0d37c7466b7011445",
              "ami-05d272d231d0a97b4",
              "ami-075577057cbbf69b0",
              "ami-00504c475e61b21d1",
              "ami-08c7b3252db4f9c50",
              "ami-080e50d7d52e00315",
              "ami-0bb96c9026e2b68a9",
              "ami-06f740d47b67b467e",
              "ami-0325f0dd36408b598",
              "ami-0e1f720c921ff48d4",
              "ami-0e526cab9ad2a9135",
              "ami-0c1a0f84483abc01b",
              "ami-0ac2defe7eb8c5c30",
              "ami-0de3c954f3dc1794a",
              "ami-0a5b86bd76b26f3cf",
              "ami-02382e845f8becce9",
              "ami-070fe61043ac9d820",
              "ami-06dc93473cce6bd6c",
              "ami-07a9b6c2fb52ea3df",
              "ami-0d938d1fe8ad66899",
              "ami-0b7bdaa966aab1151",
              "ami-08df264322ab6e248",
              "ami-0499d21476ee851b3",
              "ami-014bf64a8ce63a7f3",
              "ami-01394848cb022b520",
              "ami-034cc0ea92941e5c0",
              "ami-02d2c7f881f71ec0f",
              "ami-0f5244890803b1592",
              "ami-0745142a642f5af3a",
              "ami-0dd9e6835f64ac365",
              "ami-0ec50ef5f1ac82294",
              "ami-09b21ef63a2996c3a",
              "ami-010854800a95d4411",
              "ami-07f106018a9ba6ced",
              "ami-0f9a92942448ac56f",
              "ami-014323ff1efa8a706",
              "ami-0ca476025e3309dd1",
              "ami-0d9cdd823beb0f50b",
              "ami-08db9325fad2bfdbd",
              "ami-07efbf5f04b56e7c7",
              "ami-068cbdea69a5ec21d",
              "ami-08f7e10ec68d49fd4",
              "ami-042938d06e566dc00",
              "ami-0f5cc38f92b4c3581",
              "ami-034d0e854ab367679",
              "ami-0e848308a9704d789",
              "ami-0e2394b2ee273d7ad",
              "ami-0c0e90e2b24de2970",
              "ami-0e1572298ef365f67",
              "ami-0a6ea34f133f327d6",
              "ami-0d8df002124c60cc3",
              "ami-0a8cadf195edad48f",
              "ami-09ad2730f045b9685",
              "ami-0f72eacdefd7da571",
              "ami-0acff10144aa25784",
              "ami-0607ef1fb2899441b",
              "ami-01a692132ea7577b7",
              "ami-02152475606bafc3c",
              "ami-0d7b5f42cb31a9ee9",
              "ami-01a7acb2875b6e8b2",
              "ami-0155e38ac7ce777ed",
              "ami-044291802b2d34ac2",
              "ami-00d9e5396af252a6f",
              "ami-08b9425a323bf8e03",
              "ami-0ee7e9985a695ef1e",
              "ami-0728c171aa8e41159",
              "ami-05ce326784a35384d",
              "ami-02ea3ffdc7c71fe19",
              "ami-057ca84e4c2f155e9",
              "ami-0efe3a74c4539f30d",
              "ami-08ad4b68f9e79d666",
              "ami-07aa5194c5e1af104",
              "ami-0bfda9983f8c8482e",
              "ami-0e1f5e22f377b088b",
              "ami-029bcb25d05f60fdc",
              "ami-0c479242ec473a4e6",
              "ami-000b05a79ed25223f",
              "ami-0ee8da4a5f683243b",
              "ami-06e924a4dcbdd0489",
              "ami-0527ef9fe62d3bb1e",
              "ami-0d98a296b8439ebbf",
              "ami-0301efd39e1d9fac2",
              "ami-04af7b0b86e386c59",
              "ami-074e19bbdcec4d892",
              "ami-088706b84fb78639c",
              "ami-0cb0b60341a45c5fc",
              "ami-0988a533aea615509",
              "ami-0bb131c7b27c22a3a",
              "ami-034ba38a6c81aadef",
              "ami-08a99fc3a7b12db1e",
              "ami-0d0b806503cd53d00",
              "ami-06eb1cfa00ef2a7ac",
              "ami-0bd389000800ff0c8",
              "ami-0dac26ffc29c85192",
              "ami-026e95dd47f01cf8a",
              "ami-06c44b165ff2123e8",
              "ami-0c0029ec2b13bf458",
              "ami-0a62f609768097649",
              "ami-05ca06784b4f600dd",
              "ami-0ab587604fa347700",
              "ami-0e1d30f2c40c4c701",
              "ami-0518831b4cfc1f563",
              "ami-08f84668389613ae2",
              "ami-01b20f5ea962e3fe7",
              "ami-0001fbe8650e28947",
              "ami-0ce7e9541579e5a3c",
              "ami-04ce17f5485cfc926",
              "ami-0b707cab8515ab497",
              "ami-0403fbe59b91a6b7a",
              "ami-0b18ea04522c80418",
              "ami-0b6539181920009de",
              "ami-0a12d5dc1d73c179d",
              "ami-08a2cdc58321fe37c",
              "ami-0160d333ec9d1e2ff",
              "ami-07abb2766caea801b",
              "ami-09f8e5f406af01cf5",
              "ami-09dde860d0fe25a39",
              "ami-0b7a73fbea7474e28",
              "ami-0bb273345f0961e90",
              "ami-041374cdc535f8f1c",
              "ami-09641c3e71a291ddd",
              "ami-02474d947ebba3566",
              "ami-0482373c5a9ddccf3",
              "ami-030702bd2469ba4b2",
              "ami-063c2547be8f81e77",
              "ami-0ea391e1a7f3cc810",
              "ami-0df05cc753afee00e",
              "ami-0b5cd5eb756021568",
              "ami-0fa5b17d4e6993f8b",
              "ami-0e3760be94fef1c5e",
              "ami-0355ce4d4a7f92174",
              "ami-01a9995b92963c0f3",
              "ami-0630b2898d5a32637",
              "ami-047001b1eacf31f75",
              "ami-0f84497fd56221d36",
              "ami-01802cf4d0f599d81",
              "ami-0bb4af54c24be25f0",
              "ami-09477c9341ebb21f7",
              "ami-010a1b91043ce27ad",
              "ami-020dcf696d667006b",
              "ami-04e378191645483b3",
              "ami-09b3bd2051f97a358",
              "ami-009ac2dff7814f39a",
              "ami-0e2efbf2f423aea71",
              "ami-03210533378c451d6",
              "ami-09aa2d2ed2b47b3be",
              "ami-07d1422a6d72dd381",
              "ami-0e32ae8fc19a8325a",
              "ami-05c737355660f90f7",
              "ami-0a198b414142c94eb",
              "ami-0269a7f1a55546157",
              "ami-0790d45a8a57cbeb1",
              "ami-0970ff6e0dadca6f2",
              "ami-08b7aab28e2524cd3",
              "ami-0268233b342923b1d",
              "ami-004012fa8ca20894d",
              "ami-04a4e73fc86979972",
              "ami-087ef0a6d5cf8e531",
              "ami-0caaa74c1592959c9",
              "ami-08097cdcbd9fe3b06",
              "ami-0259b5e19808d0194",
              "ami-0b470de6bb98e22d6",
              "ami-0cf78a12856c618ce",
              "ami-0c293f3f676ec4f90",
              "ami-0f02809e17dfa1835",
              "ami-0e322da50e0e90e21",
              "ami-082385576a9dd4181",
              "ami-031de1a91f8ea1c19",
              "ami-042d14ba9ada77359",
              "ami-0f6c950e5a44ab5dc",
              "ami-005d843eadb96ed7f",
              "ami-06f20d218aa783724",
              "ami-0be75c86405b3320a",
              "ami-0972a18b2ebe5a89b",
              "ami-0b932a5400d962396",
              "ami-03871d08058c687f9",
              "ami-06f112db5ab21fad5",
              "ami-00cb1747938929bc9",
              "ami-030935c0ad427990f",
              "ami-06133d39821740eba",
              "ami-058606deacdcb9926",
              "ami-0e2149a3a2b547572",
              "ami-038bd2ae2df3c16c6",
              "ami-016bd78901ab25d94",
              "ami-063be4dda59ebc2e4",
              "ami-05cb6a3cc6c48e719",
              "ami-08bc8689da86f44ee",
              "ami-0524b3b4c92d0d900",
              "ami-089491307c209232a",
              "ami-0e8998180ae520144",
              "ami-0c4740e8daa017026",
              "ami-09e5327e694d89ef4",
              "ami-0ebf7bc54b8740dc6",
              "ami-0d0de4f95f56374bc",
              "ami-0bf6d01f398f3737e",
              "ami-015cfeb4e0d6306b2",
              "ami-036f23237ce49d25b",
              "ami-0b9b0874c35f626ae",
              "ami-0ef2615d188e62a76",
              "ami-062a5b459a6a28d7f",
              "ami-04a6da135da5277d1",
              "ami-0713279c722662779",
              "ami-08610c9b78ee688b1",
              "ami-0f32b4b382ca5ec74",
              "ami-0dbbb6d2cea758f77",
              "ami-0272640e136a912e3",
              "ami-0f41539e4ac702010",
              "ami-099174951599d70f2",
              "ami-0ffd94d3ce76dd3ba",
              "ami-0ba36f980a5683a80",
              "ami-0d39177d9898c5dd4",
              "ami-007b30771cb4a5808",
              "ami-0351d490194ac5ff8",
              "ami-034acc977c9360d11",
              "ami-0c2279857bd88021c",
              "ami-0de1d774b4be25bb4",
              "ami-05618a43114baac7c",
              "ami-0963ff42afe6c21a6",
              "ami-05bae83617d5e6c57",
              "ami-040f8f080fb40c45c",
              "ami-0ee92e483be680f2c",
              "ami-033eb06b56512a90f",
              "ami-02f045c4837bc4099",
              "ami-0a64b48063bfd1e69",
              "ami-01ae8be9ef445e206",
              "ami-000482408ca8ca662",
              "ami-08d5197ba73c9cbef",
              "ami-0a5ea63477dc1e0cf",
              "ami-059418fe75ee256b1",
              "ami-0a169caaffdac4885",
              "ami-0918d32061b391530",
              "ami-0c8a5a37eb304cc91",
              "ami-07d3e51fccc6786ab",
              "ami-0c3590fe1aff06f0b",
              "ami-02d8e0effca4323bc",
              "ami-076245a28e9bbc3c3",
              "ami-064e94c27ccb95ff6",
              "ami-04df271e2958b9273",
              "ami-0961645a110c8caa1",
              "ami-0340b00cd31f926e0",
              "ami-0b506fa62e61ceb7e",
              "ami-0139c66319e7179c8",
              "ami-0a4fd5aa7895f75f7",
              "ami-0e6b855c53db52adb",
              "ami-02f1f45e79417d694",
              "ami-023ec8fb468f14b4d",
              "ami-076c80164b28ffb07",
              "ami-05dccf5b27538a8b5",
              "ami-0e9981c379a3caddf",
              "ami-0449505d2ab86859d",
              "ami-0ec195fd18cf85d43",
              "ami-04692e32290cb200e",
              "ami-072e2d6d7a20cd6e4",
              "ami-056cecfbeff4dabf7",
              "ami-018b5c4c59230b1bc",
              "ami-059c104dc707fb687",
              "ami-00edd9a2061167cad",
              "ami-059891b9d7a2c237a",
              "ami-05fe2ca3ac8ac0fce",
              "ami-01aa8c09c27cedef7",
              "ami-08fdd00a7d0141ccc",
              "ami-0dd241169ea21539c",
              "ami-02a55c6667897c36f",
              "ami-0bbea4fbb4c62691a",
              "ami-0c443c8d313de268d",
              "ami-09fc902f72c758562",
              "ami-0c2340cdffb168995",
              "ami-014051bb3fde09483",
              "ami-0d8bea52050647e0c",
              "ami-030df851d4857c086",
              "ami-0da4655020a2c670c",
              "ami-089f0a9740d50d3b4",
              "ami-064c95643a6a98c9a",
              "ami-062455a9acc5a2636",
              "ami-01d3a8b26486438fb",
              "ami-0c1b53b0949c8688e",
              "ami-0ef593c5aa66486f1",
              "ami-0b1f1a44946bb8551",
              "ami-028e314010c04ea52",
              "ami-085583c6359aaf9ef",
              "ami-01e80327e5a81b0a2",
              "ami-00e8c0331fedf8271",
              "ami-09d9f69e438ad63e4",
              "ami-04fa2dedddde51391",
              "ami-0f734eaecc9a2a18e",
              "ami-0c6159f6c28af580d",
              "ami-0faa7bb81d863c5cd",
              "ami-0051e2f5ff4c7a195",
              "ami-03009533bbb43a95a",
              "ami-0cc99a993e23d5045",
              "ami-0d5b0858df51b46f5",
              "ami-0e822cc1ea8f80679",
              "ami-0e7550b577bcfb320",
              "ami-02fc307559fd64ef4",
              "ami-0d4b8e1455f47640c",
              "ami-04568c789afa43acd",
              "ami-02d05d4d92ec2576f",
              "ami-089fec9ac8666a0f0",
              "ami-02932ae52e9c11e3f",
              "ami-0d38ea514296485ed",
              "ami-00a374875cecf2dab",
              "ami-0718c8c3de54f2f62",
              "ami-0fc2a0283b28d0d3f",
              "ami-0701b6297d5453009",
              "ami-06b83b7a00e4a3a2a",
              "ami-039cc77c74bab1434",
              "ami-07acf16699fc48a32",
              "ami-0fa7e72e9f2cb4249",
              "ami-0d32dc4d8e4e1130c",
              "ami-00ed4b202de181d9a",
              "ami-0fde585834f902832",
              "ami-0a77274247c84af89",
              "ami-05e4ef34599807bc8",
              "ami-008250fb7d9df81ea",
              "ami-07e6cddfbf1de9548",
              "ami-05fef6002522eb5fe",
              "ami-0bcdd2420c517a7a3",
              "ami-04fa04db5570b60be",
              "ami-03983968a6f3befa7",
              "ami-0f72eba059b12b3be",
              "ami-06e603415acb67908",
              "ami-098eb457c2c8c1280",
              "ami-0efed4c68e21bd0a9",
              "ami-00691fa3243defa4a",
              "ami-05698d55cbbc85f15",
              "ami-02f926ea68bd0f1ff",
              "ami-07aec01356103eb75",
              "ami-00146220703a44350",
              "ami-0a04be9874aab169c",
              "ami-0772f39b667d7ce9d",
              "ami-0ca3f8ca1149812af",
              "ami-04265a6bac218c776",
              "ami-006c3f5de587457df",
              "ami-0be9d0584da678524",
              "ami-0635261ac5a464791",
              "ami-05c33a1fb40ec3d0f",
              "ami-0e6086cf9393980fc",
              "ami-0c8116c975b34526b",
              "ami-05be76257ddd0c045",
              "ami-0ac5768eaee4324d2",
              "ami-0cb8a0e6eea7a73a4",
              "ami-08816a066090b2a8d",
              "ami-0e19f1f8901f7e014",
              "ami-0126f43e4f79220fe",
              "ami-03da509a07777d343",
              "ami-09ba8a895e3a89d0e",
              "ami-0fcae7210eca82729",
              "ami-0b6dcbe41345d6353",
              "ami-00cd50fd5b2c83900",
              "ami-053f146052044b97b",
              "ami-0a1b5f67487dac4ff",
              "ami-04e26cf86eb0e7e1b",
              "ami-0ed0e25ca7b2d19ad",
              "ami-028e45c3727aca58c",
              "ami-0671d6d9cd81e25dc",
              "ami-0d523b5cff6636dcb",
              "ami-0bf1854d88478ea27",
              "ami-0e0d4c438523ee9a0",
              "ami-07117b1348759b8db",
              "ami-0af5171e2d20a24ed",
              "ami-090997fde7064ca5d",
              "ami-0b953527706641756",
              "ami-0fa5f4c6196fa455e",
              "ami-04c8bf045411e1064",
              "ami-054eda5c5f3a905cb",
              "ami-09643158fba569e6c",
              "ami-035e8ec3c4081c620",
              "ami-0244fb70bec0cf1c8",
              "ami-03f795d99e0a6256e",
              "ami-08a0a140b8af1ff76",
              "ami-0bd99b360313dc457",
              "ami-09b4af2619e2e8db0",
              "ami-0fc98d6fb76d88f05",
              "ami-093ea402f82f573db",
              "ami-0730e3ee42dc87057",
              "ami-0e40e1d0a8e1d58fc",
              "ami-0069487db3ee305f0",
              "ami-03d8d5c676619bc9a",
              "ami-05400d468f126208d",
              "ami-0f5f83d53abf6966a",
              "ami-0c8bfd2cbe263b4fb",
              "ami-05f9254cc7bf8ee81",
              "ami-06ee42c7f0f8e9477",
              "ami-065f3a946d584fb87",
              "ami-0b9b09d6607ecd915",
              "ami-0cb59e3bbe63da716",
              "ami-0a44ba0471883c6de",
              "ami-0d876d02a2cdd9866",
              "ami-034e57cd9321b49ce",
              "ami-0f74a621510d369c5",
              "ami-01355cca5fb9dc59d",
              "ami-0247eec2fb03132c4",
              "ami-0c09a84b3bc074ba1",
              "ami-0a220e18c0171ee9e",
              "ami-0adcea2c0142bae2b",
              "ami-07e211e84d5be13f4",
              "ami-0616910eb0c9b6e51",
              "ami-0e1d24766abd24b69",
              "ami-04253fa416709bf1b",
              "ami-0af8339bfcdb0e6e7",
              "ami-0dae3579120aa193e",
              "ami-03a7218bd23952502",
              "ami-0a19565231e259d2a",
              "ami-02d537826547b8b64",
              "ami-03c6808bde8ee0dbd",
              "ami-075b5ae7661923f3c",
              "ami-055141ae98c10ea2f",
              "ami-0f13aaf9b10e64249",
              "ami-0c911c959a11290ab",
              "ami-06a10669a34ba4b10",
              "ami-0bb4ddedae1840065",
              "ami-0194114f6c24c0389",
              "ami-0e7def0ad396f6a19",
              "ami-097a744e4840af107",
              "ami-05f33059e9069b8e4",
              "ami-01f9dc0bb41d998bd",
              "ami-04298864884da5f45",
              "ami-04d04a248df9e66b4",
              "ami-0a4286445db333963",
              "ami-0ec2eb88337baf890",
              "ami-043e84268bdf62753",
              "ami-0c8dcdae94e934296",
              "ami-0ebbc233f04c4d961",
              "ami-07fb2dbaa2747596a",
              "ami-0e70b63f15574bd01",
              "ami-037ec4da7a996ee0e",
              "ami-017513fae50066a35",
              "ami-05149113442e4e5ba",
              "ami-07e1afa2446472f15",
              "ami-0b5e6d972ccb8e54d",
              "ami-0f693173220396fc0",
              "ami-03d9740b247d1fa16",
              "ami-08411b951d63b226e",
              "ami-0c7027913ee98058d",
              "ami-07cb44e856d327605",
              "ami-0b1c9c0071b306f2b",
              "ami-08fc3dee09e1dad39",
              "ami-0b8a9ebd265db5fc2",
              "ami-0c9be0d2dd4315f6b",
              "ami-0287c6e4339a2cdde",
              "ami-0f5eff4eaa47ba9ec",
              "ami-04f7bc4b804389af6",
              "ami-0be693771545328ca",
              "ami-073104c25b28c444c",
              "ami-05497fd4205c76faf",
              "ami-0bd833d1f3cded030",
              "ami-0e08e1c9d4de1491a",
              "ami-09e64b9202c525888",
              "ami-012afa06f8c31c2f3",
              "ami-031019ccb4bc5b9ca",
              "ami-0a41ebc04025dabd0",
              "ami-0c5a31c264050406c",
              "ami-0faf3d37737f52754",
              "ami-028eddfa6f1f221e8",
              "ami-049dc1714bbd77519",
              "ami-00c707b300c20b67b",
              "ami-013f9d6fb88ecd151",
              "ami-0fa00aed1d398075b",
              "ami-06e191ceb76d9baec",
              "ami-081fed2385a36293d",
              "ami-087b14892a0395078",
              "ami-0d8399df405e975cd",
              "ami-09436d83e8fda5f71",
              "ami-0a9b1fcc4f7b7b7ed",
              "ami-04c035d70d09dc6b1",
              "ami-05cb2abdfe8a3ce09",
              "ami-01dfbf223bd1b9835",
              "ami-09ac68f361e5f4a13",
              "ami-0217759e4b6dd7c88",
              "ami-0c6048d4fa0e80579",
              "ami-0e0dec01c4db2d388",
              "ami-0a2ea845b81272395",
              "ami-01034b19c29c6bcdf",
              "ami-0071b18cbf82eb83f",
              "ami-0bc644f134d28a3f3",
              "ami-0b0edeeca013f11c2",
              "ami-07f01d5cd6115798d",
              "ami-0642fb29cb199dd03",
              "ami-0778893a848813e52",
              "ami-065e0e3616293bacd",
              "ami-0d7e8e70ac8c9b4eb",
              "ami-094e9ffa71fb97363",
              "ami-0a3d96928c2ecb671",
              "ami-01da78024b1f4a680",
              "ami-03f6ca94c7ba391ad",
              "ami-0fa87f4eb63dd6b0e",
              "ami-05df417dd070a1ccd",
              "ami-0d9a2369f98732334",
              "ami-0365f1c02d110fa96",
              "ami-052783664d99ae241",
              "ami-045f329c69f27f667",
              "ami-077d338b3fea9f82d",
              "ami-0d54e86c14f9ac045",
              "ami-0bfcbe01edabbc426",
              "ami-04ff11c1098fb90e0",
              "ami-08dc5131776ec0c29",
              "ami-094fc6a957ed9ac9d",
              "ami-00ff23759dd247641",
              "ami-057c4d7e79591ab7d",
              "ami-0d452462263886f89",
              "ami-0551321ab67829180",
              "ami-0ec3a0aef12ed3e5e",
              "ami-03ab174c20b61472c",
              "ami-0a366c29fa6b5969b",
              "ami-0546868e4b84db011",
              "ami-0a5e7c9183d1cea27",
              "ami-0b602c13bd444327c",
              "ami-05959c336c38d525e",
              "ami-086be435df1b813ae",
              "ami-0379dbde4dedf6bb4",
              "ami-03ef886c325d49851",
              "ami-044428c75b69bac3d",
              "ami-098bfef0038cee555",
              "ami-082d2aa5ad739a18c",
              "ami-0a375544d163455ee",
              "ami-0607bcf7ed058cb09",
              "ami-03b5b63adfd586772",
              "ami-0fc0b1be4effdc8cc",
              "ami-073ac88108a5e035b",
              "ami-04e765e0f44e8b5ca",
              "ami-01b2c3c5f3a763304",
              "ami-07e369db09e809960",
              "ami-09b6732749b19b0e6",
              "ami-02a7060f6d1e28c17",
              "ami-055f042dfbbbd5be1",
              "ami-0f4eca3d7ac0d87f4",
              "ami-02dab663ff835e399",
              "ami-0f35fa20fca7def83",
              "ami-0e597e5d06aa857cb",
              "ami-0c721e4794d2a706d",
              "ami-061eaa7b2bd9b697a",
              "ami-0ff900168d0231cd3",
              "ami-033b95fb8079dc481",
              "ami-096ae071c30964710",
              "ami-0785ffe71ebda10d4",
              "ami-0bb86f4e673b1616e",
              "ami-064992eeab885337a",
              "ami-0e10dfd59d8ab1b55",
              "ami-08f0a1ef105af2553",
              "ami-0dd324c7f4c13fb70",
              "ami-00eee93c96998d70a",
              "ami-0279f8cdac5b941b1",
              "ami-0e31c8f10250f8981",
              "ami-0d65d5ee2a9b32160",
              "ami-0682b74d05a5c1dac",
              "ami-0cceffc9a3347ea98",
              "ami-05a948b748cc602a5",
              "ami-038b3df3312ddf25d",
              "ami-04b8d80c488f7dc0d",
              "ami-09c98e0575a0d83a9",
              "ami-0acf496a561fb790c",
              "ami-0f7691f59fd7c47af",
              "ami-0ad807bf45835042d",
              "ami-0a200d3f40a2f6ca0",
              "ami-01b66f9994a4d8384",
              "ami-09e414bc600d1f42f",
              "ami-053feec008ffd9a3e",
              "ami-02c86e71ec2ecc84c",
              "ami-0fd5bca489597fc6c",
              "ami-0344146140736f336",
              "ami-082fdc4c54ae98a32",
              "ami-0102351545748ea56",
              "ami-0e40494de4b9f8d0c",
              "ami-0b8cda19abbb22ff6",
              "ami-095b75d9963b95314",
              "ami-014e9af026317c9cb",
              "ami-098c4aff4bb3713ad",
              "ami-0a7779b908a5d55f0",
              "ami-0bb25a22f28ace9c8",
              "ami-06e3c817805a606af",
              "ami-0220803a5beabb2d1",
              "ami-0f1488ff6e01cdcff",
              "ami-0cdc28d3b0739ca40",
              "ami-0351b3d4e9be85707",
              "ami-04e4c578d500150da",
              "ami-0c8d6eec44ffe19bc",
              "ami-0fbd1f85c8e92321d",
              "ami-02a835f45d1c7659e",
              "ami-073c562d440c72063",
              "ami-0a88887cf38e9126c",
              "ami-089ff909f0e7948c1",
              "ami-0691d8067a0f68273",
              "ami-090f1827341cc5048",
              "ami-0e606f8a29cbf0fe2",
              "ami-003d40c2a0a08f387",
              "ami-08bf92f78b78a5237",
              "ami-0266e320cef659f22",
              "ami-06a66a486e0d2c95f",
              "ami-0e00ec5b36d61b477",
              "ami-0f8bd82efd257fc11",
              "ami-072fe02df5ccd8444",
              "ami-008a5ccba02906aa8",
              "ami-0655aa77043483ec1",
              "ami-091e1b934d33d8918",
              "ami-0af8e39dad4b3e929",
              "ami-0034853ff9e2bac28",
              "ami-0c392b76bef3ad225",
              "ami-0875115b7fb1704a3",
              "ami-062af9336a874ad40",
              "ami-0a4cd762f1dd3019a",
              "ami-0d87eba8ed94d542c",
              "ami-030bb84f11468f6a3",
              "ami-065703e6e4fe60faa",
              "ami-044c548f0b78834bd",
              "ami-0ecb4387340982ec0",
              "ami-0a5c175c6b44e51c2",
              "ami-05fe0b4ad49d278ef",
              "ami-073e3f58219bd85c7",
              "ami-0eb9f3b9482d2f8d8",
              "ami-08898d9d427f541f9",
              "ami-078efbcde2028f63b",
              "ami-0085a54f64fdc3e6d",
              "ami-03d4d8a11d8fe70a7",
              "ami-0f4f67b3e6d14c3ad",
              "ami-0367bcc262a56a10a",
              "ami-0d3b9cfa5c4768cbb",
              "ami-0bdf9b787757b64fe",
              "ami-0c35bb96b8cf3cff4",
              "ami-0dd33d127ca824f7e",
              "ami-083e076a7b550eb16",
              "ami-0987728484c686d86",
              "ami-0b6ed119a334516e1",
              "ami-0dc374e24e9ccf287",
              "ami-0c964e8071b0ee955",
              "ami-0dc74bb85d3e8a20c",
              "ami-0cd38d912a24e1b2c",
              "ami-0fc3dda5943efdd3d",
              "ami-0d040e3e87eb8a60d",
              "ami-0da8be870835b3832",
              "ami-06f2cf328ca196112",
              "ami-0448d2a303c17321d",
              "ami-03a45df15c20d2cfc",
              "ami-0156393b09049b0d2",
              "ami-0641730b5813694ad",
              "ami-064bca0ae9526f6dc",
              "ami-089f876309b12ead0",
              "ami-0de5887e7ea82bca7",
              "ami-01e49b3ee58db27e1",
              "ami-0605c88c4a009049c",
              "ami-0fd9b1873e98d767e",
              "ami-03466f2537d1e0b3b",
              "ami-02e5740f58d5324d2",
              "ami-09310b33c51095390",
              "ami-03980fcadcc156206",
              "ami-0a4d18ebb0d673aae",
              "ami-0ad6a449e40f011f0",
              "ami-04c65e8341251dd48",
              "ami-0cf741667112cb15c",
              "ami-051cc2d2f02aec5c9",
              "ami-0a8722817df17c92e",
              "ami-0ae874c619adf858a",
              "ami-03282aba5684629cf",
              "ami-03fd743313dccad59",
              "ami-08f3e82562a125ebe",
              "ami-0dca548bf66278548",
              "ami-0541dfce1c0e7e1f1",
              "ami-0eddefa0d1d460389",
              "ami-03e6e0991bf0813c6",
              "ami-02da8254850aad429",
              "ami-075a22ad8cbc8d504",
              "ami-0c7e9ec022cfec802",
              "ami-06177ab4e43c1d59a",
              "ami-07f6aab5dd627bf20",
              "ami-00e793a726d28b7dd",
              "ami-0c91ad0fec35e0b26",
              "ami-0af1b8aca1257f593",
              "ami-09931c9af92f11e39",
              "ami-01215a1751ea7cc1b",
              "ami-01accb753b8e1c274",
              "ami-088d319808c8e95ff",
              "ami-00633d771bf041613",
              "ami-0ff95808398f3146a",
              "ami-032a8f15d4c5c3588",
              "ami-08ed20b998e6d82a8",
              "ami-0044c67d0e4f3c150",
              "ami-01d52c2dd41814c37",
              "ami-0c587f3f129c5d90c",
              "ami-03ca2c34eb477168c",
              "ami-0562439229c7ff638",
              "ami-0729cba6ce86ed4e4",
              "ami-0fff6061025913963",
              "ami-047f826249fec7e19",
              "ami-01695f6938be10579",
              "ami-007e7d5b637fd9b02",
              "ami-047faf63de4b08775",
              "ami-0f37e251886510f1e",
              "ami-022f0517c1b46f997",
              "ami-0d66d7139c13d530a",
              "ami-051c85472d641fd44",
              "ami-080b6475728c3f4d3",
              "ami-07481e140bd1c662c",
              "ami-0a78765b4a66ed11b",
              "ami-03ec9a3861d4bc34c",
              "ami-0f47a02c25f763414",
              "ami-080c9043a90af87d5",
              "ami-069384ebd9d73cfbd",
              "ami-0277611ea609378bf",
              "ami-08334dfa7e84c16c1",
              "ami-098f1f7e27c5fa1fe",
              "ami-01f94d81f9a11035f",
              "ami-0f3d03353a4870e8c",
              "ami-0e35bddc3fe7b118c",
              "ami-0a6118a5dadf5465d",
              "ami-0b08008a7a9031401",
              "ami-0ae9fb100b89b23d4",
              "ami-09c11246a211beabe",
              "ami-0ccaebc0fd6e12389",
              "ami-071828f8563506b9b",
              "ami-0716654fd057683aa",
              "ami-03f791a169da1157d",
              "ami-0ba8d12c5a887b1ad",
              "ami-01b48709cf20e47f2",
              "ami-0154a933d97b9e3b5",
              "ami-0de4b878057a532df",
              "ami-09bb68752f2d84f3f",
              "ami-0599a196f750dfda1",
              "ami-004bb4c3a95a229f8",
              "ami-08ddf8de7a59ceef9",
              "ami-09361a01639365cdc",
              "ami-04f9e33b2a0d968b9",
              "ami-0bbafc2d8d425a26a",
              "ami-0a186ce6def683d88",
              "ami-016c6840ee54acb22",
              "ami-097b3e6b07de7a0eb",
              "ami-052f317464b5cd052",
              "ami-058caa41f4620fe97",
              "ami-0dbaa98f9e8b276aa",
              "ami-0d1bbc437cedaf7ba",
              "ami-06abc8f3a1906974f",
              "ami-0f2204228d4eb4ba5",
              "ami-0d7a93cf8d0c59f39",
              "ami-0a95f1edac507a96b",
              "ami-01c4058a3fefabcd2",
              "ami-07bc34874368f67ba",
              "ami-052142e79a2ac9d13",
              "ami-0cf0b767a3462495c",
              "ami-03018adcde3d3cfcb",
              "ami-0169bc08610efa5a3",
              "ami-0d8fbcfa60aaa06ab",
              "ami-003b69f7f20336443",
              "ami-0ee583f45398b4ae0",
              "ami-059c33ff105eb5940",
              "ami-0762d40d6ff34a942",
              "ami-000fb08f44b011941",
              "ami-0ff4df7f56c1f167f",
              "ami-02fc6d30b6cb86c94",
              "ami-083abc80c473f5d88",
              "ami-06e5cd097959105c6",
              "ami-031863ae88fab9aeb",
              "ami-01e078cb715b9243f",
              "ami-029b9bac98b618b71",
              "ami-0f18e7837f8e6ac4d",
              "ami-00e2a4a80cde2488c",
              "ami-06a684275b4d49514",
              "ami-04100b199504da97b",
              "ami-011073fcfcdae5343",
              "ami-06713058dc2d3e8e3",
              "ami-01218801d2b8d0f41",
              "ami-08bfbf829f0f4f735",
              "ami-0e6be61070e330606",
              "ami-0a90aa21acff84d7c",
              "ami-08a7f09589cbb733f",
              "ami-041977da67c62ad04",
              "ami-0e90327a274733bc7",
              "ami-0f4f75bd2209042fb",
              "ami-01afa6f11b2d83c48",
              "ami-087f93adcc763b7b8",
              "ami-083f388a63f5b7fe0",
              "ami-0774ca9ed5cdd81de",
              "ami-0e85d68cfb158fa96",
              "ami-00421591673a1eb9d",
              "ami-07250a050d56130cd",
              "ami-0772aca344eab1f54",
              "ami-0701e769b23f85ec3",
              "ami-03e82473d6c3e7905",
              "ami-0f93982de412886d5",
              "ami-0c64586288a518e20",
              "ami-0c01694aaa9293dac",
              "ami-04fb3d592618f7d67",
              "ami-0367727badf4c37b3",
              "ami-06e19cc4cec2e207c",
              "ami-0c24ef6e92b163966",
              "ami-02f6c657a3fffd6b5",
              "ami-061f99e0f5bd44e4b",
              "ami-0c90601ef6cd725b3",
              "ami-0306638b901526990",
              "ami-03555525b79aef4ab",
              "ami-064cfeec913c91b79",
              "ami-0e9091e9096f7d401",
              "ami-01fb37e2dff68277c",
              "ami-0d2d43820ad3d5f78",
              "ami-04a1bb8ce48fe8b99",
              "ami-0b16f1d09756076ba",
              "ami-07137268e719b1b6b",
              "ami-0895efd900ec462eb",
              "ami-0be7730cddec77bc8",
              "ami-06e22c32bfc27d928",
              "ami-0a8b4cd432b1c3063",
              "ami-08b0299832950f361",
              "ami-0a21595791a1872ec",
              "ami-01893222c83843146",
              "ami-097d7babc041c4123",
              "ami-008a324629a261715",
              "ami-0d2c03792347c1c09",
              "ami-0b6705f88b1f688c1",
              "ami-0dca45cca897d8535",
              "ami-0f6ef8dcbf23a4dc1",
              "ami-080a2e9584697117c",
              "ami-0e880443f3e34cdc5",
              "ami-06fdc4e8286a66277",
              "ami-05d124a62a79c9ae3",
              "ami-0356de0ac0f836762",
              "ami-0481a69ac3934b807",
              "ami-0177f85fe0c76a393",
              "ami-09f85cc9b2e07ea0f",
              "ami-0bbd7889fc0389e17",
              "ami-0d0ca1af3d20bf7b8",
              "ami-09fa85cc9d413f2d3",
              "ami-084509c9e63db1355",
              "ami-06f5a38d7adf6c519",
              "ami-01a6edebf8c1010ee",
              "ami-03524899399f5a8f2",
              "ami-0101cc702aac522e6",
              "ami-0dee768bdc796244f",
              "ami-0d1b52ddbdd329a39",
              "ami-0acd646bc91113c22",
              "ami-0f970611571a4cb30",
              "ami-01103adcb3e4db7a5",
              "ami-0d6c8b2a8562eba37",
              "ami-061cfc84ea62ca4f8",
              "ami-07c57f4106c84a3d0",
              "ami-0a04d05a5f5ed97a7",
              "ami-0aa75a6f7e6cacc49",
              "ami-0c76d0070d9970bb3",
              "ami-04774ee377f8e9fe4",
              "ami-0930ae44fb1c474b0",
              "ami-0d599dfae63ef9a11",
              "ami-057f393e54b4c6b25",
              "ami-0ad15e4b773091b32",
              "ami-003acd4f8da7e06f9",
              "ami-0d991f2c097a332e0",
              "ami-0336dab87574e7e45",
              "ami-032dc1bc3220389e7",
              "ami-0e41ba3eccc4cf2ce",
              "ami-0942ee89e456279cf",
              "ami-06fa8246cfcffc729",
              "ami-02e7ff152d9769332",
              "ami-072c4d589c5ac3965",
              "ami-012357690e3811025",
              "ami-0de0338f1dc6427ac",
              "ami-02a42f1e364a335ed",
              "ami-0ad9f485d0c307247",
              "ami-061d074328363b1ff",
              "ami-0c26ea24890219894",
              "ami-0b9b8437818d4c5a1",
              "ami-06a9f68cd0aecca2d",
              "ami-00bf0e20ed7ea8cdc",
              "ami-079f60fd9ff8b1d0d",
              "ami-0e1ce54e679f83a66",
              "ami-060df7f2f6fc82da9",
              "ami-0467d6419444c10cc",
              "ami-0cb968cfac2953904",
              "ami-08493dd6d1fcc0a30",
              "ami-0293e7a112ce88579",
              "ami-0a89c57cda4a3dba4",
              "ami-09f59f3e90ca107a5",
              "ami-041ab02ffeefd57e8",
              "ami-0541d6020e8b67c6a",
              "ami-07892bdab0583b536",
              "ami-0325dac811c085b97",
              "ami-0c42f3f6f1348ce09",
              "ami-0aba9870d9c9fbec9",
              "ami-0c2d0ba91af69c5b7",
              "ami-0c0ae63fea71e1619",
              "ami-03651a53d8de74afe",
              "ami-021440421e91c7361",
              "ami-0166b652f51915d4c",
              "ami-0d99fec2968377270",
              "ami-0ad9b9d748f51bc75",
              "ami-0c2ea52895f9b19a9",
              "ami-0f8698e52833957e5",
              "ami-03c039e72d9f0ae4e",
              "ami-0b9424c3de9ebdc31",
              "ami-07c5f4ca75769f3b0",
              "ami-0ae551d1707ac5fcf",
              "ami-0cf83c25b20962496",
              "ami-01d7e1fe1b4df52b1",
              "ami-052318f7049d87dee",
              "ami-064a0db76a81974b3",
              "ami-00ec753fbdc5bfd90",
              "ami-0efe64ad7d7746cdd",
              "ami-029da75bf468c8773",
              "ami-0eb7ab2c0827c38fb",
              "ami-0b1ada0b6af346722",
              "ami-09ee7d1b345e64811",
              "ami-0e4e17f43e9ab2dd3",
              "ami-029536273cb04d4d9",
              "ami-06ada98f5d02a2d2d",
              "ami-0c95d2cdfa25bfd0b",
              "ami-073d2c3aa43ed04b4",
              "ami-0e207fa97a81538ba",
              "ami-0b43025de63848df3",
              "ami-08120a8952bbd674e",
              "ami-0a6d89b36fab7e1d0",
              "ami-0b8514ea172997c03",
              "ami-07d7eb25e8b7986fa",
              "ami-0c19bbe364d5b47cd",
              "ami-0765a40ecc1b8a599",
              "ami-0e4c4600816eb862b",
              "ami-07792e4c3703bf717",
              "ami-0055ffc6912718217",
              "ami-0755856e280cc774a",
              "ami-0e09bf993397d63d5",
              "ami-0ad804414563854be",
              "ami-0bef3d0b729aa347c",
              "ami-0b275454031ae9b53",
              "ami-0b4210a20e17e7bf9",
              "ami-06c9c0fd5c99acedc",
              "ami-027b2e756213d7e3f",
              "ami-000471b19f4099099",
              "ami-0f14a80fa3c87fb5d",
              "ami-0cf31ee7c743a8312",
              "ami-0f90573eea2573327",
              "ami-0e1bcb3bf5bd6900e",
              "ami-02be2f5e24085cb61",
              "ami-0140f30ff5bf4608d",
              "ami-0781c8bbf632c8d81",
              "ami-02ecf374d3968530c",
              "ami-02f1906adba56495b",
              "ami-00738a3584c476150",
              "ami-09f94ce5cd5d474d9",
              "ami-00cb0a7ac1bdec8d5",
              "ami-00a0f4a038b19def9",
              "ami-0a98770abb308bd91",
              "ami-002167d4f2694ae9e",
              "ami-05c2b1575377f96eb",
              "ami-0218cb07777775bcf",
              "ami-0c37ea1c6bf8ea6bd",
              "ami-0d0aaad23e46a45f0",
              "ami-0c49b0a24687e0e98",
              "ami-049cf41ea5c9861a7",
              "ami-0de593bdbc83ceee8",
              "ami-00897c01ad93ed5ba",
              "ami-07f0ff31daafb95d1",
              "ami-08e4e35cccc6189f4",
              "ami-0626057df3f1a54df",
              "ami-083602cee93914c0c",
              "ami-0d5c3c185642c6990",
              "ami-08b0de77066601f19",
              "ami-056bdb8466782cf31",
              "ami-04defb3b2f05f11f3",
              "ami-0789681fae8b18e56",
              "ami-062b5f37ab617e3cd",
              "ami-0eb59cc9a08011df6",
              "ami-0cf1d34c09c83dc91",
              "ami-05063d00ee9f115e1",
              "ami-020b1ee00d7b168ca",
              "ami-018bbe8f522d8f092",
              "ami-01c09298dc6c2aeb3",
              "ami-0f50c44fb355ba413",
              "ami-0b1fb3868dd3fe12e",
              "ami-081b928d79c5aa1a0",
              "ami-0ac009ba17d1cee8c",
              "ami-042fd6c1cd8108d75",
              "ami-0b6a6262b543293dc",
              "ami-07bbcac9ebf1c4779",
              "ami-07dcae4c3240331c1",
              "ami-0bfdfd02ab1b764fd",
              "ami-0c7f4d2e11ab6268b",
              "ami-0729107e699743765",
              "ami-007a8f98c660228a5",
              "ami-01f7f619381e4823d",
              "ami-0b9aa52f47c7607a7",
              "ami-0209bd9b6d359842f",
              "ami-0517077708622f856",
              "ami-0193fe9cf4a8f18ed",
              "ami-06a9bda62bdc18e9e",
              "ami-0ad12ef8ffc393295",
              "ami-0cb5d200e8a67a444",
              "ami-0e6d89ad52e9bdb46",
              "ami-0217785d66d0ced0b",
              "ami-0772c02fc35eb8049",
              "ami-0c7b22d63c65a89a3",
              "ami-0fca0d518da7bf8ba",
              "ami-022b161bf69b600fe",
              "ami-09fedb7c7f82bbad6",
              "ami-0d3cd92eb7f0dbfd5",
              "ami-0df66f252f5693d17",
              "ami-0f4c91eb881453540",
              "ami-0e45c733226efe3a2",
              "ami-00fbe053ec9937c11",
              "ami-07ceb24c384211c09",
              "ami-0596893087309fbf6",
              "ami-05b53240b1396a8cc",
              "ami-0fa906163fe9c4644",
              "ami-0314c3eee70f4a36f",
              "ami-001e76b3918fba080",
              "ami-036fd4b7bcbaaa305",
              "ami-00c2c4eb1c48b8c2b",
              "ami-018d93c03ee35ad52",
              "ami-0c190daa636c21fa8",
              "ami-0e92761467ebea7f3",
              "ami-0c0ef5d18b55335e7",
              "ami-0bc9942bf4daf15b1",
              "ami-06be2ba9999437575",
              "ami-037ba8f955097be8b",
              "ami-009b8d8f48c412d7e",
              "ami-0c4b3a8143a7ef5ca",
              "ami-051d09c0c22b97192",
              "ami-05d3def966864c136",
              "ami-05c74f5606d84facf",
              "ami-044b95b7c99e8aa96",
              "ami-02f584ee72c699744",
              "ami-07f71946b85737fdb",
              "ami-0c41e221b9fc956ce",
              "ami-0aad9178a11255e38",
              "ami-0dd88a54132bf1b36",
              "ami-0c9ce1d1798bee889",
              "ami-02762aaf193916e02",
              "ami-040efa8cfe6cc61f7",
              "ami-0b54c278ef7b54887",
              "ami-0476be1b8ee2ed764",
              "ami-089c6f3b9899b3e3e",
              "ami-06774990d1ef788cd",
              "ami-00f773cfd075cdd1a",
              "ami-0bf03403a1a016fba",
              "ami-0f6d1e268ea4f1a69",
              "ami-0b401bafdf5448fa5",
              "ami-0146d165355048c34",
              "ami-0af731ea31d16ee76",
              "ami-010687a68d41e4a0b",
              "ami-0a3629c6f9f86924b",
              "ami-0cc7ea4b53bf6d3c7",
              "ami-0f9b4760171d8ef83",
              "ami-01ca02cfcb3f75308",
              "ami-00971089f1683a4d8",
              "ami-07fe5cbac04e32b2d",
              "ami-0d91fa59962c8fc8b",
              "ami-0ff24f6367ae02f92",
              "ami-092bfdac80f02e794",
              "ami-0e0ec0ba32e9b9327",
              "ami-0ac2626410c2ac75a",
              "ami-040aa59deec679b7b",
              "ami-0fea106b1dc9afe28",
              "ami-0a633d2ce607a7d58",
              "ami-0eb6945b75188fb85",
              "ami-0427488552b86c63b",
              "ami-0be76a8b99793b004",
              "ami-07e95ef318208217b",
              "ami-02d28c7b8f5537f4b",
              "ami-0f4bda3bd68272400",
              "ami-0338d3f5bf8437fa6",
              "ami-01b82b2d7bc43b18f",
              "ami-0bdb28d6296cf545b",
              "ami-0547069499dc3ce36",
              "ami-0276d298710e7c4f9",
              "ami-02ae479bc0e3f4700",
              "ami-0248a022aacb3c5cd",
              "ami-0224234e7d1b0efe6",
              "ami-09469dcc9d92cc3c4",
              "ami-0ddac684f427a25cf",
              "ami-0e067a854d52bbc91",
              "ami-0c1d4d799f9e067e6",
              "ami-0e495e51083700d12",
              "ami-0b331a9baeb8467ca",
              "ami-004b823fa528179fb",
              "ami-0192cf25bf5367cc8",
              "ami-042b432b930cdde04",
              "ami-015a41c88cc563b7b",
              "ami-0b0d629781c1a29b8",
              "ami-068812c240fba1572",
              "ami-0230aba74330fed22",
              "ami-0ac373e2d284f3746",
              "ami-0a6727443d8877389",
              "ami-010adf670f83c278f",
              "ami-07ba39e9443373740",
              "ami-09ba30999a22d99e4",
              "ami-05aa92f1dd0c89382",
              "ami-06e79a44e7ec015a2",
              "ami-0ab25ecf96f7f3e80",
              "ami-04a262e293dcb4cfe",
              "ami-0f4e57b3ab804fba9",
              "ami-0b2f6e61cf049aac4",
              "ami-08f51c889487703c5",
              "ami-0af2a8e01ae44677f",
              "ami-0dc4f4548859947e7",
              "ami-0f469b7572419275a",
              "ami-01626d394f9468acf",
              "ami-09f83b3846927e042",
              "ami-0b8cc8df92337db48",
              "ami-0324681357ba6e662",
              "ami-01a5ccc7864c31d4c",
              "ami-01446161550208593",
              "ami-0c612dbca6fb3f1e7",
              "ami-0e8baa0ce92efc107",
              "ami-048a792c53aa5659a",
              "ami-037745083dc206c15",
              "ami-0f372ca8b6f96f330",
              "ami-02a1d1e6bbda55538",
              "ami-08cece1822efa77b2",
              "ami-0b3151701a8d5a9b7",
              "ami-0e8da02e0fa2fad56",
              "ami-054e6b13725ebeca4",
              "ami-05d9a5cd456740750",
              "ami-0827f3a4b40892849",
              "ami-0f5c716ce2ef6d2f4",
              "ami-0b7ff2b8c24a56547",
              "ami-0ca204a0d8bba829d",
              "ami-09d8dd0f6ae412155",
              "ami-03b2119d7752ecee6",
              "ami-0e2aaffee83eb2e58",
              "ami-0bdee2b7446e4fffe",
              "ami-0dd9448aefa60616f",
              "ami-0c65039d08fea77c7",
              "ami-023f647bfb99d138d",
              "ami-09eb6cf9935d6a653",
              "ami-02b65e81edf512e81",
              "ami-048c2d912b9d01581",
              "ami-0e67f39fef6e776f2",
              "ami-0dd49378bb4dd0f2c",
              "ami-0abfd868f654b92be",
              "ami-0258171ea60537df6",
              "ami-0ccb3b69cdad8ee21",
              "ami-03e69d2308938a547",
              "ami-01b7838941c24c249",
              "ami-07882886f62f60a8c",
              "ami-020936c86f707b0b4",
              "ami-09b77a3e2dbafb812",
              "ami-05ecb99eb0ed3d5ba",
              "ami-0ba292b62ba2e4f37",
              "ami-0ed98956f366e66bf",
              "ami-0c744af1d10c47f88",
              "ami-0c72c506916a879fc",
              "ami-07f277c1f54c90d75",
              "ami-0501b671e60bd39f1",
              "ami-062126a20ad482e57",
              "ami-019a56b8c86f57086",
              "ami-03fa359b76e4d9a9f",
              "ami-075d8449c95075a83",
              "ami-0247a9e9ca14d18fa",
              "ami-0c99dc6eb5ba319e2",
              "ami-0b5585d12767bee28",
              "ami-0f486dab98503987d",
              "ami-068709d183496abe8",
              "ami-00af8e773385041e0",
              "ami-006b3cca3a5266073",
              "ami-0812c61908569e1e2",
              "ami-0edd6d042a4b63662",
              "ami-069b7f767a553e081",
              "ami-01c407d07cae00b80",
              "ami-0893d2ae1afb4c697",
              "ami-0ba25c9a6e069ec22",
              "ami-0c1375761d0aa1669",
              "ami-0c220441b76f305b7",
              "ami-0ef6cde83a9309d99",
              "ami-0532d104aeb725a6f",
              "ami-0d3e3612c53c22a3e",
              "ami-00166a8f30167e3d2",
              "ami-0d8230af55a55b40b",
              "ami-0d9b424f4aae71bd6",
              "ami-01a21d6212d5ba10b",
              "ami-04a40bab5cbc8f7af",
              "ami-07376ad4c1046b984",
              "ami-0078bb2567b4421ef",
              "ami-0b7db25300add6023",
              "ami-0ffe074b52b460bff",
              "ami-0d1a2f93cb62b4d95",
              "ami-08f182b25f271ef79",
              "ami-08895422b5f3aa64a",
              "ami-0a2c6f07c4364e64d",
              "ami-079a0bd320db5cf30",
              "ami-083649444e2faf75e",
              "ami-08656c57185d56a74",
              "ami-074b3e0872cd86a5c",
              "ami-09e208689f8b2a24b",
              "ami-01e7e3057d980cca5",
              "ami-038af1ef7130582be",
              "ami-02d8d616f57bdf931",
              "ami-011dafe19fb1d9599",
              "ami-0b3982c94d47f954d",
              "ami-03693b05b5e4a34ae",
              "ami-040c08396bd1dd2dc",
              "ami-05af4a9c8126f3817",
              "ami-03695cb7a2e97ef2f",
              "ami-061e2417489356de3",
              "ami-0d284e1cce67325b3",
              "ami-02286e3ee705fd428",
              "ami-0bbf4a4e221578d8a",
              "ami-0543b38982794c7b9",
              "ami-076f9721dfe0d617c",
              "ami-0c3b46dfd471b3b08",
              "ami-0d606951bf1872abd",
              "ami-0c4a85aebeab0cdac",
              "ami-0e674c5d5225762bc",
              "ami-050f0f00e1586594b",
              "ami-072eb18f208539378",
              "ami-008506509bea74937",
              "ami-04658cf284a10fa1e",
              "ami-06dbf3fcc0ab352c7",
              "ami-0d56617fd37c8dd33",
              "ami-069d6cec07c7c066f",
              "ami-0dc97e8c1ded7b641",
              "ami-0e9547a812e05c3ee",
              "ami-04675a5636302bfd0",
              "ami-0b16416b80bb36762",
              "ami-0064c970207ba0795",
              "ami-0c5ade9c143890372",
              "ami-02b727367a8a8ca0d",
              "ami-0c4dc791ee06de128",
              "ami-08bd97b2232c7d09c",
              "ami-04192081e57b872aa",
              "ami-0872c571ef0af8109",
              "ami-0e38ff89234ac3e16",
              "ami-0c0950d66b1670a5c",
              "ami-0f256f0d3d8418853",
              "ami-014134196a528d6e1",
              "ami-038782a7e724a5f85",
              "ami-020153551cb8857ea",
              "ami-0a981d674a7407598",
              "ami-0341721fcaf22a29a",
              "ami-063a57314eddbae5f",
              "ami-0d7bec7e73d2ceb67",
              "ami-0b9c17bc2907ba103",
              "ami-0f7e4a8d6ce1290ec",
              "ami-0f6e265d13f0b3dbf",
              "ami-0f2ace7539c95487f",
              "ami-0dc26b195eb7f7d92",
              "ami-0f4b748da5c2ac8e2",
              "ami-03b5ab80995e9ae22",
              "ami-031f135435d94ad52",
              "ami-03b602c05225a1778",
              "ami-03a24df7aff413162",
              "ami-016ff240306385492",
              "ami-00486aa6415d30875",
              "ami-042a324eed318793e",
              "ami-019ff08eff24250b9",
              "ami-0e633c62846c92839",
              "ami-063fe914ff1519b88",
              "ami-0fa616fb9f87ed949",
              "ami-0d54db0a4f52ec11e",
              "ami-0d1d4d5afc719266e",
              "ami-0a2b1f5600c9299e1",
              "ami-0c2804365eaf0d456",
              "ami-0ea716f740b60ca69",
              "ami-04a215ca64fe2d8a1",
              "ami-0590504bd2f4416d1",
              "ami-0660389ef2104dd0b",
              "ami-0a370f8029fe1afcd",
              "ami-014593395f131a528",
              "ami-0b6849220f1454a25",
              "ami-053b18dcf885612a3",
              "ami-06e88f825cc6d93e7",
              "ami-06fff2805f0abace9",
              "ami-0240c76449987bdcd",
              "ami-0d94851b4d840357d",
              "ami-03b7c0e93bdd7f2eb",
              "ami-0d111a31202fab774",
              "ami-0ab0d71e0ae039bc2",
              "ami-0324abe5ed2888cf7",
              "ami-01331e0b2f24ddb39",
              "ami-0349dd787a06b5516",
              "ami-0cdf172bd1c1cad0b",
              "ami-01d5c4377aa0dd17f",
              "ami-0748272849498a2e5",
              "ami-0ed982998303d7a17",
              "ami-057d036cc57e1af91",
              "ami-0a8e5f86f25ca7baa",
              "ami-0d6bc503d04eef1cd",
              "ami-0487b2b453ee31904",
              "ami-093bd9eb4696f7095",
              "ami-07bd7c48d30da0618",
              "ami-0e9ec365374bb782e",
              "ami-0974baa20e40b606c",
              "ami-0f2d7420051f62d30",
              "ami-0c5c9bcfb36b772fe",
              "ami-013a451d6c08ef928",
              "ami-04bdfb890f1c2bd7b",
              "ami-035ba1d9189c0b2c9",
              "ami-0a148eac5f8b0e166",
              "ami-0ce819024c73cffdf",
              "ami-0eda49b5c19b06eae",
              "ami-0c1878a5ea822517f",
              "ami-02417272971ef047a",
              "ami-07897daa15cddf272",
              "ami-072b8fb6c66269b96",
              "ami-01138d12b9b40eac2",
              "ami-09641a67ffc8ea811",
              "ami-049087633b9d07d2c",
              "ami-0868a20f5a3bf9702",
              "ami-02d4c72768d751c19",
              "ami-0e1607bbfa604870a",
              "ami-0ea8263cbf553488e",
              "ami-0ecebc19d65492b8d",
              "ami-0b390ac52e947431c",
              "ami-074c1f40d02907260",
              "ami-0096fae77d597f332",
              "ami-0f5f846a5f6d064ae",
              "ami-00959e1d658d0fb71",
              "ami-060b49e779f171e57",
              "ami-00263a881c5b74b6f",
              "ami-09ec59499482c12b2",
              "ami-0d385201868207099",
              "ami-09cec74a9f319ca63",
              "ami-036a3745eed5a29d7",
              "ami-084d8cd53bd52c7b4",
              "ami-056f8168242051f30",
              "ami-07afba580cd449fa1",
              "ami-0e5975080c0554650",
              "ami-047a516b0133032aa",
              "ami-0ea7cd716b81e18ba",
              "ami-038ef749544d827a4",
              "ami-0d8adb937c6c9d5cf",
              "ami-07bf0af1226804a28",
              "ami-09e0c2b966b3213c7",
              "ami-0049b4aa10baea676",
              "ami-0d0f107a5a686f769",
              "ami-019904275ee6b71a3",
              "ami-06a2da625f9cae64f",
              "ami-0d7e3a695df1123b7",
              "ami-06a5a40edd8c8489a",
              "ami-09ef47d1bf568fae0",
              "ami-0bccab1add79c4ea3",
              "ami-030ec5d74b8c17294",
              "ami-0ce0859ec5fbaa8fb",
              "ami-067b9375f480029d0",
              "ami-03c45fa21d6d9e641",
              "ami-084a2fb7b842feb41",
              "ami-0c4d00aa7d56e5d14",
              "ami-084d2d678782f4fc9",
              "ami-0b8628ea849a1cb39",
              "ami-08893694826cedff7",
              "ami-0b8ff4cba470ec163",
              "ami-0481cd23bb8b77933",
              "ami-04a153a401bd589b3",
              "ami-0678d5eb5b3882bbe",
              "ami-06af272a8e007d8ef",
              "ami-0d9e0b7f19beb18ff",
              "ami-02eea92a6e176e171",
              "ami-05cc95fb9fc08cb90",
              "ami-0d997ba535ceaa4df",
              "ami-00934d0733cf7db93",
              "ami-0c838b74d57595cf6",
              "ami-061daa6ff1ef0f6e8",
              "ami-0dd819ac5dc66a442",
              "ami-094bac6b1b504afd8",
              "ami-00ede14275bfc54f5",
              "ami-0744fc24224165a16",
              "ami-0005e296b7461987a",
              "ami-02bdfdab82d25cec2",
              "ami-032fb119c34801936",
              "ami-0865394158df44cf9",
              "ami-009e6f20f252dabd0",
              "ami-0d9f3400cb037f2be",
              "ami-0a00b5dc55e2be7bd",
              "ami-0dbe61c31e07a7ed5",
              "ami-062937c6f9b86f5db",
              "ami-0024b9fb8e0b3ecb3",
              "ami-0270e37d1f41114fa",
              "ami-0cc72c4751a9fe163",
              "ami-062c78b9be6e2c79f",
              "ami-04b5a49e0016eab98",
              "ami-0dd3a902fa3a0a70e",
              "ami-022395eb132aef7b3",
              "ami-0214163996cfdc17e",
              "ami-0562a396e4a8bab12",
              "ami-07eb1d61787d4d644",
              "ami-02d37cced4c20885b",
              "ami-06c7acb2a5bb4e116",
              "ami-0e776854f8a724738",
              "ami-034b3f45a5feabccf",
              "ami-097ff3aaeb41415eb",
              "ami-04e5df0cf5946b2a4",
              "ami-0911792a8a346b8db",
              "ami-0fb4a22ec4282c839",
              "ami-05614c415bb6037b1",
              "ami-041e2461f66f7190f",
              "ami-0ad7e1f9132f2b195",
              "ami-0c3ded4980009515c",
              "ami-0ed9277fb7eb570c9",
              "ami-08a9932fba2b75257",
              "ami-0eaf5629ee5064fa2",
              "ami-0fd17f7d41ea324f6",
              "ami-061ac2e015473fbe2",
              "ami-0b1aa7907add25fa5",
              "ami-096198a0bccc6bad4",
              "ami-092de1d3e0d46195a",
              "ami-0aa77abf44f394dc6",
              "ami-058897ba042a44345",
              "ami-0a1eddae0b7f0a79f",
              "ami-00756800062268f6f",
              "ami-0fc55bd26b303f7a8",
              "ami-0a727b154b669783f",
              "ami-00d06335ef617238f",
              "ami-0ebe9a9deb34e7e85",
              "ami-0f019db576cbab1ef",
              "ami-0fa12e111b228fe60",
              "ami-099c2cb38c1404ec9",
              "ami-045997acdf829551a",
              "ami-0eac1a226d57e4f71",
              "ami-0196731180a2cd438",
              "ami-08468ba58836df23a",
              "ami-049cccf012b1982d4",
              "ami-0a8d8aaefd15e5027",
              "ami-073491f8a6892df97",
              "ami-06e4ea41294a3b47b",
              "ami-0486b5d54611026a5",
              "ami-017ed6b414abf5d60",
              "ami-00f3d5d6c3f16c65f",
              "ami-0c2b217067981f007",
              "ami-00483ce9479c4ee54",
              "ami-04cc9e86dfa1a7cb1",
              "ami-07dda65b3bb89b23c",
              "ami-056f71af0f2ca2daa",
              "ami-011bbfd2b87b54359",
              "ami-04325d4fef9f31bea",
              "ami-07b83f695b776ce02",
              "ami-083ed19846fdd16b7",
              "ami-087145954894e11cf",
              "ami-0df341c2febf2e836",
              "ami-0da9b41fd34657d6c",
              "ami-026916557b1aaa9e0",
              "ami-046b3944e957d20bb",
              "ami-0ac2917c7d99689ba",
              "ami-016c032d8a09e666c",
              "ami-0d1bf3248d1bd62f7",
              "ami-00e56a2bfa41a3721",
              "ami-09629e1b02aaab0b2",
              "ami-04e7c62b9ecbb493a",
              "ami-04d2254625ffc473c",
              "ami-0a67c2b87c5b9d300",
              "ami-0ff575a7b6c6f0cb9",
              "ami-0cec04a003063ff0d",
              "ami-03c1de4e158cf48d4",
              "ami-0251d439e2bfa7d0b",
              "ami-00165e41d5d9400e9",
              "ami-0f8c1b9de5e8d8095",
              "ami-00be5ccb27dc46ada",
              "ami-0c98d67c0a70c9626",
              "ami-09ad94ebabb1d9472",
              "ami-058eae1861e0e694f",
              "ami-02c9aba5b22a6388a",
              "ami-07f8f32ba18b457cf",
              "ami-09e60ee74a3ade86b",
              "ami-0f228c0481bbe4469",
              "ami-04363934db7c747c4",
              "ami-00b6abbf589c5201f",
              "ami-0063f7eed6129fafd",
              "ami-0a1080387dd4cfb51",
              "ami-032086bef6119bb17",
              "ami-063ee23069edf86e4",
              "ami-0f5a88545ad320a66",
              "ami-066d8eda9fd930c37",
              "ami-09fda7b7c1a303b31",
              "ami-099447358dd566543",
              "ami-0eaf735aa9eb73903",
              "ami-07dc39858be4856fd",
              "ami-033cdc99e2ea11039",
              "ami-07b9676a27b432d5e",
              "ami-0c7dbef8b68ef738c",
              "ami-0db6a745aba7ff3a6",
              "ami-090885c9f06e388ec",
              "ami-08b2b4b7d74142a0e",
              "ami-0e4d2f26475be202a",
              "ami-010962ad64364a295",
              "ami-09d7076c49e833d10",
              "ami-04d5f87a8a4d6f538",
              "ami-0a814e37c4523edb4",
              "ami-0b408f4a9a0234dac",
              "ami-0c4462f260df72605",
              "ami-0d4db6d67242b7af8",
              "ami-0216fc473469bd225",
              "ami-05a716b6cd26147ae",
              "ami-0b0efdeef3199de1d",
              "ami-088c92e70202350a8",
              "ami-03a6a731beee8dd4d",
              "ami-05e600b5229ee5799",
              "ami-04836804b5e26e193",
              "ami-0f448aeaf7a35d70f",
              "ami-0fbf36fc59d130a25",
              "ami-0ac2e0844d80ffff9",
              "ami-097c24c84d46cafe9",
              "ami-0860283f604570d49",
              "ami-0246ccbe4dadd3b6c",
              "ami-00564dd80100c1213",
              "ami-00871423ac88c81e6",
              "ami-093ce463208923331",
              "ami-01f65e4e9a7aac85d",
              "ami-042cdb56fff138de7",
              "ami-081957844ffaeffcc",
              "ami-0763d8c1551f05236",
              "ami-0f1878bd34dc7450d",
              "ami-0298ed8c04f4976f2",
              "ami-0bf3dcc806d39bd56",
              "ami-001c3ed474b14910b",
              "ami-060fd9161a7797572",
              "ami-0f8d2cf8ab97c801c",
              "ami-00b4e114e8fa11097",
              "ami-0cb227dfe8de86111",
              "ami-064f7b88b6e27b5d7",
              "ami-011d41e7f4888ef98",
              "ami-0add913de90374122",
              "ami-0f2a2c4d0a142ba94",
              "ami-0813288835c686b96",
              "ami-028c484a3e90d58f2",
              "ami-0c3c6bc06281e0c6c",
              "ami-0888ba31959a5f6e5",
              "ami-08c954b5b118f85d1",
              "ami-05ffd15d4bd815259",
              "ami-0f2ea53d8a2da1947",
              "ami-05ebad0a748af6a66",
              "ami-0fe19057e9cb4efd8",
              "ami-08550af76560c2499",
              "ami-0f01cafded2c0b853",
              "ami-015baecf2e21c75c0",
              "ami-0be31e3c191012ba1",
              "ami-040cacdc51a84c66c",
              "ami-03198d357a34f065e",
              "ami-00cbda3c9b8f3f7ae",
              "ami-0af7aa0f8b49a268f",
              "ami-0d8c09355d5cab0a2",
              "ami-03c336d85392cd61b",
              "ami-00fbb5b18f69c62a5",
              "ami-0770d5a9c1306f6d6",
              "ami-0d3375f201e5c4cc2",
              "ami-0b91f9cb2b2283657",
              "ami-03e802e46e1175c05",
              "ami-09ebab2b269aaab30",
              "ami-04116eb6f40396f6a",
              "ami-0104e52b36106e5fd",
              "ami-09bd420f2ee8e3dde",
              "ami-0d50f7f310f21b103",
              "ami-056ff2638e0e1546a",
              "ami-0de5e96a61d8c38ba",
              "ami-0370c8bf05fe140be",
              "ami-0e0eb457b186fdb45",
              "ami-0ab0d197fa147cc55",
              "ami-0f7833d7f88394739",
              "ami-045bf77e7778979a8",
              "ami-0c22a9e93ff0c1234",
              "ami-0f4da10bc20311758",
              "ami-022421afb7b7f3c40",
              "ami-01fb074c636eb524b",
              "ami-037882f94c301c4a2",
              "ami-00c37476d86ff6b8b",
              "ami-0082fe83ca6d7cf7d",
              "ami-0f1182ae25aeaa040",
              "ami-093d40aa9f581fcb5",
              "ami-00836a7940260f6dd",
              "ami-0aff8768f62d0b8f0",
              "ami-02090154b8d20215f",
              "ami-02b5fa4287f449dac",
              "ami-06a87f6eb3d5156ff",
              "ami-05563a780da6232b1",
              "ami-070c503776a0b715a",
              "ami-09de858bd2cf7b20d",
              "ami-0c7e8d17364301c84",
              "ami-016b7e315722f3a1c",
              "ami-0b9cbe454c6b13d9e",
              "ami-066968fa7496e7be0",
              "ami-05e45257c449568ab",
              "ami-04a46dd6fcc660b49",
              "ami-0f3420ab1bc310a17",
              "ami-0a28b4c550873f695",
              "ami-003ff36802a88a625",
              "ami-06bcf4ae9da8bd515",
              "ami-08a4eead5de1c59ad",
              "ami-0522691efb61f5261",
              "ami-058e3955ab923fd1e",
              "ami-0205c456c787c8bf7",
              "ami-0e8d7512a6aa74c66",
              "ami-018ecd44d08757f6d",
              "ami-04ab9deff9f85f21c",
              "ami-0421c9454f96fddc9",
              "ami-00ebc884b20c83955",
              "ami-0cb7ce7544a4ae78a",
              "ami-00b3425d7af15ed7a",
              "ami-0d09e506b1c30bb40",
              "ami-0b0f85e70c00b73ac",
              "ami-0dd8003d03ad12103",
              "ami-099e73de8c620b269",
              "ami-097a177d91fa8eaa8",
              "ami-07496b2445e51c867",
              "ami-08e25a06ec30ce251",
              "ami-001fa9fbd7aa93c52",
              "ami-0d9954c8ba42a30ef",
              "ami-042c6aca1d2045eb6",
              "ami-02a46289b82b8aca2",
              "ami-0f9203b5249754444",
              "ami-09d1fb4bb0d096dfe",
              "ami-00c87c97475e1642a",
              "ami-06e22dd5599cd8ffc",
              "ami-042d4310d92154e82",
              "ami-0b5783de2e7233b30",
              "ami-075faf3a24979654b",
              "ami-0731a75a8158108b5",
              "ami-0b2023ce0076190b6",
              "ami-0e0a22f5bf3c10bc2",
              "ami-0e1edcfd7be020fc7",
              "ami-0339707bccb34bac7",
              "ami-0f87e56baf2566f2f",
              "ami-0a87071dc91c1ac3e",
              "ami-04554a84ea7891db7",
              "ami-04935e0f7381ad575",
              "ami-0b2fee1ea6299ff96",
              "ami-098fa3a9d7d4f6a01",
              "ami-08127bdb36efd818b",
              "ami-0dea20457462c1a74",
              "ami-0b0a20befc42045b1",
              "ami-01a16356ed2a310d1",
              "ami-07aa73375f4cb10f1",
              "ami-0a37984df9721e4ae",
              "ami-05e74d89045cf134f",
              "ami-04902260ca3d33422",
              "ami-0e3f071c26aa4e35b",
              "ami-0d0115d627f8ee8c8",
              "ami-0625069fbb92d0cd3",
              "ami-0b0f0ea99743f2bb5",
              "ami-05c5b32ce16d0473b",
              "ami-0bba3afc4010ff9a3",
              "ami-0f6bb7d3760104717",
              "ami-041dfaa93fe43c25e",
              "ami-0e9397869be407404",
              "ami-03bf30d03bc75a1b5",
              "ami-0054774f0c2e98b4e",
              "ami-02e47d05cee6c80ac",
              "ami-0547fd3e88866c746",
              "ami-0a8b7fa6c1d024ef0",
              "ami-0f3384752a9502363",
              "ami-0e4744bdf1c87a3ce",
              "ami-0fd64f624028285c9",
              "ami-03ae0589c3c7b8599",
              "ami-0fae2fc79ed910cc0",
              "ami-06b29d24790c61c55",
              "ami-08f495eb9d4054bd3",
              "ami-0a4926909766628c7",
              "ami-0f3845f8ba35438cf",
              "ami-07d95247f5b02ec98",
              "ami-0ae29769bccb816fd",
              "ami-08217fdcbfc81cda8",
              "ami-044fc89fe81c71a08",
              "ami-06afaedf7d35ce249",
              "ami-0bec527e4f9b42a7f",
              "ami-03ea7ada6172ff413",
              "ami-0629deba853639b4d",
              "ami-05140002baea15dd3",
              "ami-0673a69d256076e6f",
              "ami-01783fbb0757adced",
              "ami-016f78aa2b5917a6e",
              "ami-0b73d6073e664757d",
              "ami-016d308d9cb0fb24b",
              "ami-06f9d9a2ad93dda81",
              "ami-0e20c49134b2cf65f",
              "ami-0fe9fe227a04716f4",
              "ami-0894cd2587af40d99",
              "ami-05a9cc10883a57543",
              "ami-03fdc06ef50299f8c",
              "ami-0f31bf9b3410c6614",
              "ami-0f23ebf2da3bbaec0",
              "ami-073a5aa3e07c89eea",
              "ami-000377b9b6bb5f75d",
              "ami-094c089c38ed069f2",
              "ami-065e24db29ea0392c",
              "ami-0b6871ca3d4ce86ef",
              "ami-0e33b5a3b90acc61f",
              "ami-0e33be9a5d535b960",
              "ami-0bc9dd3f277e31a1a",
              "ami-0873a4bf05f6c7d32",
              "ami-0a6c66d131df78187",
              "ami-0ad5f987df14ba366",
              "ami-0b1a51281675d7308",
              "ami-02d7ab3b216216322",
              "ami-0f4438dbfae60b4d1",
              "ami-027c31d9f62855d70",
              "ami-09be71e7e0823a35c",
              "ami-08cd75031d0e5683e",
              "ami-0fae016af6b51ddf7",
              "ami-0ab407f7331892b08",
              "ami-04f5262ad09564a9c",
              "ami-0cb596289e95ba758",
              "ami-0619517a5212182ee",
              "ami-08d3880287c27695a",
              "ami-0be4283e3f1873f92",
              "ami-091a1a7f6b6f59951",
              "ami-0814ea98d99b843e3",
              "ami-0585b07203552be34",
              "ami-082407f3bf5998173",
              "ami-0475656cdd7a7c563",
              "ami-053bc087c23a015e8",
              "ami-0c2e44be3f74f2713",
              "ami-08174721c29c30d6c",
              "ami-0c17b63dcfe61133e",
              "ami-0e79442ad3ac8887b",
              "ami-0d9a4e094b5b44c5d",
              "ami-093edb027256d1b17",
              "ami-0097180a69f8f659c",
              "ami-0eed92733d19d5438",
              "ami-04beec4ddabde6fbe",
              "ami-0d7ca29a44620ae18",
              "ami-0cc45ec8c18bdb4d8",
              "ami-005d909801ea7244e",
              "ami-0efefd05b26a3d707",
              "ami-03da129c175ea3f75",
              "ami-03544401f924dfb3b",
              "ami-0461cf88a196848c8",
              "ami-021e8332f4b28f43b",
              "ami-02860dc76aeaa9e76",
              "ami-099e644cf2adf2ae3",
              "ami-0a0f01a9332248a30",
              "ami-042059e125c0411b9",
              "ami-038b35fc2fa024d7c",
              "ami-00da8d5028b801e6c",
              "ami-06ac118a312c73c2f",
              "ami-015a2b076c4e3c7e8",
              "ami-0280bedb99a3189f8",
              "ami-0b448c0e8cf0f4272",
              "ami-0bc62400f3ad184bc",
              "ami-0a2b0d4ac485414ec",
              "ami-096206a8402f09a29",
              "ami-026683937ac791e44",
              "ami-01a74f1aafb9330bc",
              "ami-0662b022e872aea3e",
              "ami-0f5a70fa0ab83efe3",
              "ami-097607527741dc147",
              "ami-094bd5cec1f8ee83a",
              "ami-0ba6c2562ecdf82d3",
              "ami-04ad2567c9e3d7893",
              "ami-043fe20f06f9f75a6",
              "ami-060dcd5062d90761a",
              "ami-0045750d6682a1b65",
              "ami-07224351ee76d4806",
              "ami-0b41145c6fe55ca49",
              "ami-0d1a4d53e40abecc4",
              "ami-05bb574f35a21a42b",
              "ami-07ec07d4664ff66ca",
              "ami-09e619d0697770068",
              "ami-0074ccd6753ac80b6",
              "ami-0ddae99ef7f8293d4",
              "ami-05a3e0da90ea76bd2",
              "ami-007695d2e9de26ec7",
              "ami-085ccf50cfc565ecf",
              "ami-0d77b981ec60d759f",
              "ami-0563b6ac6e919a76c",
              "ami-07f7118703c966054",
              "ami-0ae498e883c749367",
              "ami-0898f65e5070d69f8",
              "ami-0a25a25b70b2a95a8",
              "ami-0d3019673a41555f3",
              "ami-01ddda4a8a3cde6d0",
              "ami-03374333b47cf5f59",
              "ami-0cebe5d9976221123",
              "ami-0120efbe35b01382b",
              "ami-0883227f4d45fbafe",
              "ami-044fbd7f2809b9804",
              "ami-0d8b96829ef1497f3",
              "ami-06f013919f9ed90f2",
              "ami-0f684e3108960db19",
              "ami-012f43f744e8d1d1a",
              "ami-079f9cd8ee6b3b81e",
              "ami-08dee483a528af65a",
              "ami-04deab1f3e42c8d63",
              "ami-0c02737cdd7c8e332",
              "ami-08e220a5fa270ac90",
              "ami-078cbb92727dec530",
              "ami-033be2427affdeb1a",
              "ami-08861b0f5a52964fb",
              "ami-0b1f0d8d1cbf95b7b",
              "ami-050652f79609c7881",
              "ami-04c434165026204c8",
              "ami-0c68aa8c7a2c09f29",
              "ami-0545943246f6bbf31",
              "ami-0b5e85594c03bb2c8",
              "ami-03fb51c8c74a0cc38",
              "ami-0c35bd9a1a68c747d",
              "ami-063db38cb679951b4",
              "ami-055e49ac79481a937",
              "ami-09a83b91fc98e860f",
              "ami-09735fd9aaf8e3462",
              "ami-053b1febdec0cb85a",
              "ami-0055fe8d6f58d7955",
              "ami-00c1d7da1c26cc825",
              "ami-0949850e23f7bf953",
              "ami-075ab6895cd0f3a4d",
              "ami-00950dc207e7f260a",
              "ami-0490dee5c63cc2d09",
              "ami-01f6c356a6f6bd10d",
              "ami-0d4d5737f9f0c6627",
              "ami-0bd6b4bee55824034",
              "ami-025bdc06719704f7e",
              "ami-00a44b42a9d9fafb5",
              "ami-06cc0a1c8c3617614",
              "ami-0168891a3d5825fd7",
              "ami-073092ffad39c8396",
              "ami-0a662c6225e102aa9",
              "ami-0b4d919ac3c454c6d",
              "ami-0f87d564a549dc73e",
              "ami-0a24c549196cbbbbc",
              "ami-0fbf7166bd4ef6dc6",
              "ami-0f551ae3e613655b4",
              "ami-0b5881b210f7bb6f2",
              "ami-057f51b7139b6250f",
              "ami-0ef4cefc1e93fb0ec",
              "ami-0cdc090c11f1cad27",
              "ami-0f5bd67883beaf31d",
              "ami-0cfd34fd42e26f46b",
              "ami-0137438b50d6a8d0d",
              "ami-0c388efc13076afa7",
              "ami-08828f047fafb47d5",
              "ami-0a6b59e9b9d106cda",
              "ami-059fe6f8c59fc23bb",
              "ami-04bbd19ed093a97d5",
              "ami-02f6c578fb2fdf7e9",
              "ami-0d661d78bc0a46a96",
              "ami-06c5befab6a7fe406",
              "ami-0c1b2c2e43daa0924",
              "ami-000a09a0ad94ed60f",
              "ami-0d17125571fa07c4a",
              "ami-0e3b0d8b96bab4ba7",
              "ami-08873af09f6b9949e",
              "ami-0919fe099ee504d36",
              "ami-0cbfb88f0b9b0da35",
              "ami-0aad82d715a1f07b9",
              "ami-0aa006c61e514cfb5",
              "ami-01338f9ae3b182cc8",
              "ami-05e4673d4a28889fe",
              "ami-03160d4c73e9c30d8",
              "ami-03c06e76d68b074b8",
              "ami-05e656eeb7304ea30",
              "ami-02b466e5680222c15",
              "ami-0e0fbae8cb63f25e5",
              "ami-08f7deb444fc3dbff",
              "ami-0004bfce88851ff01",
              "ami-0287d9ea914695a1a",
              "ami-07aa5ecc958e1ce3e",
              "ami-025a4989e7c9c3b1a",
              "ami-03616ede5aee12ffa",
              "ami-0f03a6f15aa8b4348",
              "ami-03706882a7b03393b",
              "ami-0f0b5b40a4ac8ecd4",
              "ami-01019ac5e9b7e8a08",
              "ami-0b57a6d886c9d2fb2",
              "ami-082ef9e33e48c4dba",
              "ami-09312545a36c270ec",
              "ami-05f79c4811d9abcf2",
              "ami-0822796fd7b3ba710",
              "ami-0e29de6546670980c",
              "ami-05fb09ad672ad2a48",
              "ami-00b2dc655ee42e079",
              "ami-07b53f3177f36b837",
              "ami-07be7e436dc49a07f",
              "ami-0489c347b34094e6c",
              "ami-0a2c275b42dee0b81",
              "ami-048ab128fbc163b6e",
              "ami-0d3726223559eb8c0",
              "ami-01d5816bf5b84898a",
              "ami-01c20b9173c238f18",
              "ami-0e46d8baf614eef8b",
              "ami-0f8bd3d368168f814",
              "ami-08870ab23a8696cab",
              "ami-065df4d1721131964",
              "ami-08f17875d18ad456a",
              "ami-03a8d067362c1aca6",
              "ami-0391f6704f9834b79",
              "ami-08d8cb671f553036a",
              "ami-093313d54bb55d2b4",
              "ami-0c07410fc69c62b9a",
              "ami-03b1e629ac8f84e1a",
              "ami-0c12f710f9d7bcc82",
              "ami-0d605f6e876f6af1c",
              "ami-08b19330326b5d369",
              "ami-0a1f1d38f67d5898c",
              "ami-0adc2ae42368b2134",
              "ami-053e83162e3a455c5",
              "ami-046b49cf08ea177f1",
              "ami-041da30ff819a0a0f",
              "ami-061d5e0b81dfa2121",
              "ami-047aac401290eac97",
              "ami-04c47cb3d4fdaa874",
              "ami-0f479953171ced6b7",
              "ami-0b68078ac118ff05b",
              "ami-01fd30253fcb0edeb",
              "ami-0e3f25ea1310020c8",
              "ami-054c9a0f775680da7",
              "ami-0249307ded34c3e0b",
              "ami-0ca1a29eac32f240a",
              "ami-0f69a1227d3deb815",
              "ami-0f2a6c877d07a79c0",
              "ami-06df73039f5bb06da",
              "ami-03e3b75a591318b98",
              "ami-09bbad01b4fe3686d",
              "ami-0ccc132bf126d87db",
              "ami-05f7efe94d6090737",
              "ami-0e0bb9f1a59871ba5",
              "ami-0dfc4d649888dfd97",
              "ami-06e0d97bb07d11e3b",
              "ami-0beaa80e290f6c945",
              "ami-027caf512824b67b8",
              "ami-0dac63f40a84c4bb0",
              "ami-03dae41308ae35730",
              "ami-0b3392ddfc8841c4c",
              "ami-0b0ac21afd77773d5",
              "ami-0216a1dba0380adbc",
              "ami-082f4ce0d66412496",
              "ami-041e2ef001f0e1398",
              "ami-001531bd03c3d11b9",
              "ami-09bc6a9d4d8652bbc",
              "ami-0750517fb206c91de",
              "ami-08e281f9110a51150",
              "ami-073f94378405a4073",
              "ami-03bf8594c6a023022",
              "ami-01ff41f6a8358e9a5",
              "ami-08e2f745841fd3ca0",
              "ami-0110765bdc3a9df6e",
              "ami-0e43fd2a4ef14f476",
              "ami-0e1f658f8a2ad3e3b",
              "ami-0bfc02e7ac93240fd",
              "ami-0c4f6008cc10689f1",
              "ami-02136a261f456c89f",
              "ami-05f620fd53bdb626c",
              "ami-0657537bd7c463c93",
              "ami-051ed1abeab3c8235",
              "ami-0630973063c32f910",
              "ami-026d72b22e948959c",
              "ami-02380f95c4bd1223e",
              "ami-0f7cf9c75e0df6b38",
              "ami-0b7cb43eb77094773",
              "ami-00906bbc360806712",
              "ami-0fcf12ccffe66ff1c",
              "ami-091af6726556b1b16",
              "ami-0f14cc3b50297d26e",
              "ami-07b89cbd9c2a64053",
              "ami-0205c39bd60924d48",
              "ami-0911c789823a92ffa",
              "ami-07de50f2504880edb",
              "ami-0539240533bb304f0",
              "ami-008b5757c74ce1842",
              "ami-0ff47259791dfe9f4",
              "ami-018ce1809cab96528",
              "ami-093f0c7d413a0b22c",
              "ami-01bf6fd533dd17847",
              "ami-0eb1790ca45335858",
              "ami-0c7a36ac9eb17bbba",
              "ami-0956045af4131fbe3",
              "ami-0256c39590c09ee20",
              "ami-0982f942f7399836a",
              "ami-0c093c4b9ae4604c7",
              "ami-0a0cbe09d62fb51fd",
              "ami-09ec0080baae50d51",
              "ami-0e88d2110a58e93a8",
              "ami-037780f7d87336ba2",
              "ami-06e63f93f149024f3",
              "ami-0a4316c49d521d2c5",
              "ami-081ef3941aa103798",
              "ami-078085c46fe50782d",
              "ami-0037a371bad7079ef",
              "ami-0b3b8d983c6555454",
              "ami-081369a7614f1e038",
              "ami-073ff666901837856",
              "ami-0c2cbc1ce1bdcf88c",
              "ami-0ae57078a910ca79b",
              "ami-0547de74929955075",
              "ami-06b56f7a8ec4a15b7",
              "ami-0294d480a20c1e5c9",
              "ami-03f02d6dc938dc459",
              "ami-002be91737a90ea2e",
              "ami-08ff4de78a1309cbf",
              "ami-07c790c8cea4951f8",
              "ami-07e1ea142d5acd9dd",
              "ami-0376a62b69cbaca22",
              "ami-03316998a5e0e7fff",
              "ami-07e95b454dc929e98",
              "ami-0892e989fd0435fcb",
              "ami-0f6c00af26a1f342d",
              "ami-0106fbff4108599d4",
              "ami-0c24f766015d1d9d2",
              "ami-020bf46ee029771a1",
              "ami-0e31967fb649567d5",
              "ami-09159a13ace87b4a2",
              "ami-037f047055d30e597",
              "ami-0be0f70864a991099",
              "ami-08047ee6d08aa96fd",
              "ami-032087dff7b05c91b",
              "ami-0cb0a051f6ce55c2c",
              "ami-05de65b9794d49257",
              "ami-0374b0d8be7fe95d2",
              "ami-0b116e33d0184fad0",
              "ami-0f194a108268a2f50",
              "ami-0603609db0780b1fa",
              "ami-0bc344e364b14984e",
              "ami-0a648ed04151b0f20",
              "ami-01705b1c5f88a55a0",
              "ami-03f3305485030fbdf",
              "ami-0c71bdf44d5f9eea6",
              "ami-0f6435c61aa88a4b3",
              "ami-022aa79dd285d21a8",
              "ami-0a865c2386f16bf86",
              "ami-076309bbd43d7ddad",
              "ami-05eb65628808f838c",
              "ami-0a704ddf73bb5077d",
              "ami-044f53a37b88a9c90",
              "ami-0288ab442171d5f97",
              "ami-05e73aca7ed198c2f",
              "ami-0c248678fb6a49dbb",
              "ami-03d325779440209aa",
              "ami-01cc2de91458c4103",
              "ami-08e6a3187dd1d4c19",
              "ami-0c3ac7c4d4d4dfd56",
              "ami-0284441ba5c4be8da",
              "ami-00a00a8b870711330",
              "ami-0d5ec2436f2f1bf3a",
              "ami-006ba728bcb9f271a",
              "ami-0651e22bd6ebb1e1b",
              "ami-0bef732e2cf05793a",
              "ami-06483181f02a5a041",
              "ami-00f3cf48e6906f1f6",
              "ami-010e6b7ef82bd0a04",
              "ami-07419c9c5cb14a416",
              "ami-01fef53b648f111b9",
              "ami-096d0000e6c379381",
              "ami-0a23cafde82157b58",
              "ami-0162b39bf26a60cfa",
              "ami-0495012fb26ebbf98",
              "ami-0dbb81188d01278ad",
              "ami-0f9fa98a91d9f78f5",
              "ami-02061f0a9aa380dd1",
              "ami-0439d8ddf4507b27e",
              "ami-0a2380d2e8c64683f",
              "ami-084b61af53828cd3f",
              "ami-05c6b147de2d539b0",
              "ami-012e5ff289796e4bf",
              "ami-08f2900ac8d8ea0b0",
              "ami-0c78fb92ecd184693",
              "ami-0467aee5119992e75",
              "ami-08d922ef221ce0301",
              "ami-0eb259e720ed9be2b",
              "ami-0d70d9df5122400da",
              "ami-0faf99e0715cc458b",
              "ami-001de53ca5d195565",
              "ami-0f0b8db73b182b64f",
              "ami-0e9327843a99b110a",
              "ami-0aa255713ef4f3eac",
              "ami-06ca59652d29b5d92",
              "ami-0eec889df8de79669",
              "ami-080d5e86195dd588b",
              "ami-0c385d0d99fce057d",
              "ami-0140eca3bdf9f8add",
              "ami-0ee7f482baec5230f",
              "ami-062a473c3fc860e2f",
              "ami-09040830dcd0ff210",
              "ami-0254f335ce9e17a97",
              "ami-0fe0658cefd880f93",
              "ami-0e4df7b244f3667ae",
              "ami-01cec4f27b730686f",
              "ami-07256ca429da1e1ac",
              "ami-09701d6b33f364bc6",
              "ami-0256a65b441b3a099",
              "ami-0eba366342cb1dfda",
              "ami-05ac43feb78727c88",
              "ami-0e7c9613c521607fc",
              "ami-0bf98ff336aa26671",
              "ami-0c18c7ec4b1814f52",
              "ami-0469de3cc598c3d8b",
              "ami-0b71c88c164710b1f",
              "ami-0589e3d8aa74d60ed",
              "ami-0061f937ffa456338",
              "ami-0a2a7d1a344a5b824",
              "ami-012bb559f9feaf5fd",
              "ami-0b36cdea611ee0253",
              "ami-04c0c3cc8534c88ff",
              "ami-0edea81d595dbb0b8",
              "ami-0f94bbb7d536ad155",
              "ami-0e0f9e805ec2d6c21",
              "ami-03139183215bd6610",
              "ami-07e1e642716241a00",
              "ami-07b9f5c379cdf61b7",
              "ami-0cfebc641ed4f410a",
              "ami-0df86acd88f00e7b5",
              "ami-067db4205cc910d5c",
              "ami-01cc34ab2709337aa",
              "ami-0ac391a4c07a43fe0",
              "ami-01d425805aef71788",
              "ami-0ac08e7b46f69c0d9",
              "ami-06c6a021dad94f77b",
              "ami-0be5b90d99ca58157",
              "ami-0447addf6c74624eb",
              "ami-020438ff68ed490e4",
              "ami-0b9538807ec3c6e96",
              "ami-01be297d61ccda436",
              "ami-042beb3d239dfa9b3",
              "ami-04b99927e2fd4a403",
              "ami-093d4c2e2e4a0d33f",
              "ami-06f59b6fc3e9b095f",
              "ami-0656876559a71c7ae",
              "ami-0ca8d31e945ecf96e",
              "ami-06b01075980c71c29",
              "ami-03ed007559477dc51",
              "ami-037fed74092981cd8",
              "ami-0a4fb8a80a631954d",
              "ami-0e1889d5973a58f86",
              "ami-03c631c3bbec6825b",
              "ami-04d4118dd8faedd6b",
              "ami-0fa5a056920432f4c",
              "ami-03e8c0c6f558dccea",
              "ami-02b8e29b517085ff5",
              "ami-071511e9f7cff9624",
              "ami-045d4d13f489439a2",
              "ami-067094b606217e1fa",
              "ami-0ebf738cadf3eaf7e",
              "ami-0eedb991fca96145e",
              "ami-06959dab25d65e644",
              "ami-03a9948b9ca07ad7c",
              "ami-06e1bdfe9c5ae3d6b",
              "ami-0ad177edb2c9febab",
              "ami-0d6be97a41b0dc402",
              "ami-06317538be4945528",
              "ami-0b8a17014e9e7f9b9",
              "ami-062a3d28b87ef016d",
              "ami-0063dcf8559ceccea",
              "ami-023c598328a6ec0f6",
              "ami-093fbfa3f0104ed09",
              "ami-0ed674fcb8089bee3",
              "ami-04493975fb51bcd88",
              "ami-02b11ed32ccbee024",
              "ami-0748b6b68a989ffaf",
              "ami-03bb60073e8d650f2",
              "ami-077298ae903f9f9a8",
              "ami-0259e0b0f5de3bb56",
              "ami-04bbbb9a356ca837a",
              "ami-0f01487d9f4f153c6",
              "ami-03796500afaff19f8",
              "ami-0aadde2301011efc0",
              "ami-03ce7518678bce281",
              "ami-076787def9c588a66",
              "ami-0f7d0f64aca571622",
              "ami-0cae339f22bc683a1",
              "ami-0d3863667e2992af3",
              "ami-09c318f0c382f6e0b",
              "ami-02cea04357d4fe3de",
              "ami-004fc7554e6e3e193",
              "ami-0307324cb63a1c14e",
              "ami-0921a313e03fa0880",
              "ami-016d868cb6f1bcbad",
              "ami-08deca0b2f7b3ce20",
              "ami-0495d11c5fd7385a5",
              "ami-0a67a9fdd33f19796",
              "ami-0109b358b958fdce4",
              "ami-0a5195ac9b08db5d8",
              "ami-0cdae088b81a9c8d7",
              "ami-04524ffcc97f45aea",
              "ami-028a41e8174088c87",
              "ami-021c79f126312c652",
              "ami-0e3c68b57d50caf64",
              "ami-0c1051f16ab0ba15e",
              "ami-0fc3262d51cbc2a66",
              "ami-0c27909339b602ae1",
              "ami-03881464c9caf6bb5",
              "ami-0f039aa1fd1f8ff79",
              "ami-01a7d3d27d439b5f2",
              "ami-00ec9cd891a859c00",
              "ami-0da4bead227ce2313",
              "ami-0792249d0502f0781",
              "ami-0fff4220415bc6e9e",
              "ami-0608518e94d92c15d",
              "ami-01a7487e3f35cd4d8",
              "ami-02a2d139bfcf5f236",
              "ami-0e9301e0b88a4b3b8",
              "ami-0c75d7678574237f6",
              "ami-0f9df4d41b742e9df",
              "ami-09dd27690c84707b6",
              "ami-0331cc1e9ee0e02f5",
              "ami-0829b69610d7b53b6",
              "ami-02e136e904f3da870",
              "ami-0940aa04644aba71c",
              "ami-02b4a08522c33f284",
              "ami-04834f0f8c9bf1603",
              "ami-0913145e6981673a2",
              "ami-0bf46870cf882dbfa",
              "ami-07a13856d27784f92",
              "ami-0e3e5bff6b940c3ad",
              "ami-04942e54b391af5d0",
              "ami-05e0596256b4b1bc8",
              "ami-06c2c40ec98565378",
              "ami-0b437f8f8e6f66e92",
              "ami-062962ce503918d0a",
              "ami-0c4f8f7a5deee58b3",
              "ami-0d8b96082af3c2614",
              "ami-0e341fcaad89c3650",
              "ami-0fbdb88ce139244bf",
              "ami-0c4d28cfe48cc422e",
              "ami-08684d100659c0fa2",
              "ami-014fea82c37730f14",
              "ami-02d109d871c91a6c7",
              "ami-030ed38a47076f679",
              "ami-0b38eb28dcdf9edfe",
              "ami-06faba96b58294568",
              "ami-05c95fc0d50cc7c8a",
              "ami-0908f1c788098297d",
              "ami-095f6e28fc9e35629",
              "ami-0ad6e000336e63195",
              "ami-0b8ee6712a546f246",
              "ami-07ffc2971b2cae03d",
              "ami-09ae6b530c6f78ecd",
              "ami-0fd3c0c48de23f69a",
              "ami-054d8a23e115a5d39",
              "ami-0800826177b25080e",
              "ami-05c835d7f40be0f7d",
              "ami-0441cffdb73da8d4a",
              "ami-082a4093c2c0e19a1",
              "ami-0dca983ec4643897b",
              "ami-061cd06eb2bf09473",
              "ami-0579efee664eab6fa",
              "ami-0340bfe4028ae2279",
              "ami-04a56a7207f13fe12",
              "ami-0761b679ec2d48eb6",
              "ami-08fe72606f5327314",
              "ami-07e61383b76ff1c8d",
              "ami-07195c64473c45c7c",
              "ami-02fd0329dadf269e7",
              "ami-04502d7f8f5649840",
              "ami-0fdf1cd0b996f6b7c",
              "ami-06a03603e999fa946",
              "ami-0cce08dfc4dc41db7",
              "ami-0733edf3c867fcd1f",
              "ami-05c1e5cb5f3751ce5",
              "ami-06c2889ec33a6a0ac",
              "ami-0ae3305d5cfc4d868",
              "ami-07f2db7ddd6f2e361",
              "ami-0f77d674e5cc48950",
              "ami-0280304010ac627e6",
              "ami-0fa9e5df0f6acbadf",
              "ami-09f97294cb5ac8bfb",
              "ami-0367885915920193d",
              "ami-05b5da532887a9664",
              "ami-0a56aac89dc65f8ca",
              "ami-02fbccbd0f644f49e",
              "ami-0986cfae97fe080fc",
              "ami-0c6e881cb0f17b0e1",
              "ami-0a62b6a708f0fb147",
              "ami-0d2fa6dc3f3e18d5b",
              "ami-03014d00855c5b0d7",
              "ami-070dbf625fe1ada83",
              "ami-0be0ed539bf62558c",
              "ami-0d185f812c7cc6158",
              "ami-04df510a7f649d12d",
              "ami-0cf93185f1f6bd450",
              "ami-0bbc22f77845a1e85",
              "ami-0aff80f1e474871ce",
              "ami-08b99cbef973b81dd",
              "ami-08dbf0bd3e61cc42e",
              "ami-07e96f6df3ab3fcf9",
              "ami-05697d5754f673c2a",
              "ami-0eee32698e27098b0",
              "ami-087e3e74326eff8b7",
              "ami-0f312a49eb071cf38",
              "ami-0ae005237a9c89805",
              "ami-0b4f34eff641fd964",
              "ami-0c30c5746ca1d73b7",
              "ami-0df6cee208d05198c",
              "ami-09614dca74d7edaf5",
              "ami-0e73bf73aee6cb3db",
              "ami-0693bf58657ba0bfc",
              "ami-08da208f95f9db2d7",
              "ami-0544372ca01db5e52",
              "ami-03982d1439cb6b7fb",
              "ami-04fb2d6b317cf1a80",
              "ami-0e1ddc69db522afb7",
              "ami-0dd8668d2e8b23878",
              "ami-027ebe80c9cee7020",
              "ami-04ed164c0ef33dc9a",
              "ami-0b66cc744e2fd41ff",
              "ami-0e9390e32b9cd8b65",
              "ami-0963e42c5ff4f0d1b",
              "ami-0124154e18b9e0f45",
              "ami-02c074cacbb60eb3c",
              "ami-09e7f75305de2f6c0",
              "ami-07ba1cf330960ee62",
              "ami-0840536d8b6789ee3",
              "ami-027a3abdfe42fe4ba",
              "ami-08b71ffce934e301b",
              "ami-04de7ac2259913496",
              "ami-0a2aa69f60f0db690",
              "ami-0f3cd4fdbbc4f374e",
              "ami-041219a66d0e62231",
              "ami-0bb453847903c991a",
              "ami-0d4b663e047b47563",
              "ami-00e7b90f6d15fb548",
              "ami-0dfbd8b3d861e8aac",
              "ami-0d0c9c0fa9a42b771",
              "ami-020f5d80a0545c8cc",
              "ami-00ea3bfce3131dc86",
              "ami-04ac067a35886b20e",
              "ami-04e4857fb761845cd",
              "ami-0684dc7c9ec0edb2a",
              "ami-06d58b8cb96faf8de",
              "ami-0f0baea233d6c0d8d",
              "ami-02baaab2c5209f1d3",
              "ami-0e97c32faf111e7a7",
              "ami-021bbdfd9ff0938c8",
              "ami-01fb778aca90f9ed7",
              "ami-0d7e873ffa769ac25",
              "ami-030060849c43d15cd",
              "ami-0665cb9e7ae0326fe",
              "ami-0dd11e27e176aaf5b",
              "ami-061d81a0ff2055236",
              "ami-02c69fa8d751843e4",
              "ami-038812b14f5821367",
              "ami-0794dcf94de4afdaa",
              "ami-06bd866c882e13b53",
              "ami-09bb2fc88af03177f",
              "ami-0da614ca8966cb79b",
              "ami-0107b67b7d2d7a7a3",
              "ami-09315259339841c54",
              "ami-0e37f42378216693c",
              "ami-0d685b28f1888a75e",
              "ami-0b24bc659e458c544",
              "ami-0f1dee4fc4df48989",
              "ami-06227a40e21684b41",
              "ami-00c70d824f2797893",
              "ami-0cd12ed3538fdbe71",
              "ami-0e7b351112224a170",
              "ami-018b7f3b4a6f8fc24",
              "ami-0117c89ebad8523e6",
              "ami-0b40ee60918ff32cb",
              "ami-0a40d1fa41996c509",
              "ami-0e8cdea13e90d1713",
              "ami-0d85dea828414de8d",
              "ami-0fbc26824728b7c92",
              "ami-00695aa09703168eb",
              "ami-027d3f3988d0e99f3",
              "ami-0005bcf45fe7766e3",
              "ami-087b98251f157f852",
              "ami-0294c46a764167667",
              "ami-0dd6235d8f08b3ed5",
              "ami-070801f9b4d12d5dc",
              "ami-0060ca7618899a569",
              "ami-0f6e5cd7fa68f88c9",
              "ami-0971b89e2765860c2",
              "ami-03ed02f0f58f6da3b",
              "ami-0357699c20453f1ab",
              "ami-09d4d9cdb1421d949",
              "ami-0d13aa14f3bc04dae",
              "ami-03c83927ccc533736",
              "ami-01073c552efb995da",
              "ami-0b49a9fba06918bb6",
              "ami-0081267d0da84b2fc",
              "ami-078f84915c06f4a5f",
              "ami-013a41026cedd1540",
              "ami-086980308642e34f5",
              "ami-0ee29e3c7e2e9cc38",
              "ami-0ece059a598235853",
              "ami-0204c23c17d9ec93e",
              "ami-03cf332c96215ffeb",
              "ami-0b231db00de9f504e",
              "ami-0c7ec17765d6e5676",
              "ami-0864e55b86c51829b",
              "ami-086a55b5e4ee25d89",
              "ami-0c51d540cf23dbe0f",
              "ami-04bbfdc9020958c86",
              "ami-0f7d2b664f0a48e7f",
              "ami-0a4bb4ba071ef0cf9",
              "ami-056f2a70659e914b7",
              "ami-0fc47e42a3c9e6c1e",
              "ami-0f3bf748acc43f8b4",
              "ami-0c3bcb65e9109b44b",
              "ami-0a16070a2937220d2",
              "ami-034db162b383eb1c4",
              "ami-0a6f47ce4cfb4339d",
              "ami-035598112659225ff",
              "ami-03d1ad7baa47804a7",
              "ami-0a3e62d0ab0b19c0f",
              "ami-0dccfae40e41a2f39",
              "ami-0a70ccdeeb72d7596",
              "ami-09b7ed4bc7c649082",
              "ami-04bdd8130134c73c2",
              "ami-06037415164f82ad3",
              "ami-0e1b7c24eb5f030e2",
              "ami-0355673a34a758aa5",
              "ami-0f79701fb83e1ad37",
              "ami-0ad3a0c31ba867da5",
              "ami-07c75644c15797e87",
              "ami-012b78c7353cb7b5f",
              "ami-0ce42a706ae6aedb0",
              "ami-0f7924bc9112bd6b6",
              "ami-0e15efc86380a4beb",
              "ami-0b227f882d1866a77",
              "ami-0ef465594efb22999",
              "ami-0021c79755f975fc3",
              "ami-0eb726284a04f5d08",
              "ami-0a4d8a1e26c159910",
              "ami-0cdc6318a62374402",
              "ami-0a8395b1eab91b7d0",
              "ami-0472eef47f816e45d",
              "ami-07d0bbef5ea26ab13",
              "ami-04e185c8f70b2b4ef",
              "ami-08062f0754c138dd3",
              "ami-03f47448f47e2b1e4",
              "ami-0f033b928344dee06",
              "ami-0f71986e55f380f13",
              "ami-0dd1eb73c8651711c",
              "ami-08df14aba0fa8c316",
              "ami-08bda819c0db12ca5",
              "ami-0152c0b47a4632192",
              "ami-0dbb8fa009c4283b6",
              "ami-0a958bccf74223bfc",
              "ami-033e09fb7c6766f46",
              "ami-0b85072cb8b79cea4",
              "ami-0a710b8bbebdb0d1c",
              "ami-00db45cffb51999f5",
              "ami-0a7c791456dedf1d6",
              "ami-02ede972d913fa1a6",
              "ami-0125a4552e2a1d898",
              "ami-03aeb5fd7423bc6a8",
              "ami-08711d825f6b6f6ee",
              "ami-0d560d0cf5b52698d",
              "ami-092a0ba1a81a8ee46",
              "ami-0f87c54971f4b120a",
              "ami-0871018dcacaa69be",
              "ami-04c6a2f5bb3445801",
              "ami-0f886bb70d9771bf7",
              "ami-02f55a45203d30f50",
              "ami-0094c5102e93b4556",
              "ami-0ce12e8fbe922403f",
              "ami-081fe974872375bfc",
              "ami-0d7675a9644861688",
              "ami-010575f49422f988e",
              "ami-08a47da64b222fe28",
              "ami-084f2934c692c1a8c",
              "ami-0636ae2c3629c7b72",
              "ami-0470fb70c93b31dfd",
              "ami-099bb3d30b4aad7b0",
              "ami-0b3455c7bb53bd566",
              "ami-0c679eab49e91bff8",
              "ami-052fe28e906dfe67c",
              "ami-00bd2fe1439631665",
              "ami-0c202eed128705b7f",
              "ami-0021a74ecfda5333e",
              "ami-057add9becb30374e",
              "ami-0d88d757116680270",
              "ami-08d357df01906fc76",
              "ami-027aa99529093590d",
              "ami-00be22b84c4b8c7db",
              "ami-01bd4f7f63df9138e",
              "ami-0293337346fcababe",
              "ami-008d7fd34b5ffa388",
              "ami-09288681199daca1c",
              "ami-00dfd7a6815026ad4",
              "ami-004bf28d7e5cfae00",
              "ami-053857abf684cd3e4",
              "ami-0fd690338a9286b47",
              "ami-020a38107ff1131c0",
              "ami-0706a79e169de19a2",
              "ami-03d0a1399750fb5eb",
              "ami-0e4918a711a037cfa",
              "ami-0355f1ed5537c0368",
              "ami-0a875649092a6d6bc",
              "ami-04cdd0651d6fc79fd",
              "ami-0b1d9960f2367ccd2",
              "ami-04e54898320c4c121",
              "ami-01ed48d0eb02b81f4",
              "ami-0d4d9e402eaa7c632",
              "ami-00bbc8f4de5e79a87",
              "ami-0e2cbbb6d3000c61d",
              "ami-0952dffd75806ab7a",
              "ami-0fde0b0a56b406b4b",
              "ami-089fc40b58b9c0382",
              "ami-04ea8f133f24dc370",
              "ami-07279d867534aacb6",
              "ami-0ae0b6d49088fc747",
              "ami-0cfebfa4e99f14829",
              "ami-0822348d762b9d600",
              "ami-05db0a66ed5f4e4c8",
              "ami-02ae58a45df56bbc9",
              "ami-0c15bc842dfa8b928",
              "ami-06d315cbed4875085",
              "ami-0ec379361575ed395",
              "ami-061e4bc197a70cb48",
              "ami-0b424675cac392f33",
              "ami-03241e3cc8da14ff4",
              "ami-0cd46940495e5a250",
              "ami-03d6fc180583da3e7",
              "ami-0ed2cff35fac8a8c6",
              "ami-011c44ee24f12f3bc",
              "ami-0d72f2838b5938d40",
              "ami-0cac369c1e2f9bc8d",
              "ami-069e6f1542c784ebf",
              "ami-072ae9de5bc013149",
              "ami-068969a76c11b0c99",
              "ami-0d181a5bd82a41a3f",
              "ami-0d5d5a3524a3a213e",
              "ami-05830e365b3d64ab7",
              "ami-0d0ab5cfa53585a0a",
              "ami-0b7d9795e8e7009b2",
              "ami-08e9f5b923825f4c1",
              "ami-0bff86d8a22d9261c",
              "ami-0c778455091534fcd",
              "ami-08f8551bdc3fb03a0",
              "ami-072f1802b15869440",
              "ami-0e2d570b29af1c496",
              "ami-04e27046c9ea17471",
              "ami-06e7200b0fce1d194",
              "ami-080ad4b0973683c32",
              "ami-08ad8a88e42e1a489",
              "ami-02dcf6b4aba9d5001",
              "ami-05c219acccfbc95e5",
              "ami-0e654765e72eeca63",
              "ami-0a5f51a06bc5a07c6",
              "ami-0a356df35f0cf188f",
              "ami-0b5f3c85e2a4a8439",
              "ami-011a1581c7716f784",
              "ami-0d2a8edcc662fec70",
              "ami-0790cea473d4fdb7d",
              "ami-0c4d0bacbfde03684",
              "ami-04f3c3467f0a40f30",
              "ami-01d4cba447d3d3eb7",
              "ami-09dc3691deaa21d3e",
              "ami-065cc7fcccc150089",
              "ami-016c44e64305d5405",
              "ami-00d097fa87f8eae07",
              "ami-0807378a64e386322",
              "ami-0c5b4ad9aaca5af34",
              "ami-091a52d7aafd0b007",
              "ami-0360b7a3048892e0a",
              "ami-0e37c575c20e152fc",
              "ami-0a0c25f2ce1a58039",
              "ami-07b163cba6a9ce535",
              "ami-048b0c5cfe11c8090",
              "ami-00ebeb5610c59d998",
              "ami-046dd822b5e82a930",
              "ami-0343976cfb013a70b",
              "ami-0b1ed32ab5ddf1b2b",
              "ami-0b7b6f847ae233ed3",
              "ami-044c412d562a469f6",
              "ami-0fc1769afe619e097",
              "ami-0610c676b4cc17f57",
              "ami-02a500fb92aed17a2",
              "ami-0bd3dc9615589837e",
              "ami-0a9b169c2763245a5",
              "ami-0b297a512e2852b89",
              "ami-0d7c46e796318b691",
              "ami-02ee0b733bfd597e4",
              "ami-028b2c907293dcad3",
              "ami-0b4a9dc62250b0cfd",
              "ami-0ab8fa9aad9e2f16e",
              "ami-0d7e8cbbb44d51b82",
              "ami-0a99721a12001ebd4",
              "ami-0fb9cb53f96d86019",
              "ami-011179a9f721614b3",
              "ami-0e12e88471a9cd5e5",
              "ami-05f4c62ecea285c36",
              "ami-0819be67ef54209c7",
              "ami-06dcfc73ed6a39624",
              "ami-02984fdea3297d0ac",
              "ami-09384d8815cd5e5cb",
              "ami-0485be4a308cd68c7",
              "ami-02ca7796d10c736c6",
              "ami-0861ca93677cd55c6",
              "ami-045ff6b05759fef0c",
              "ami-0a172376da9e2602a",
              "ami-04e1082a7b88dc547",
              "ami-061ad48ea0759a0a6",
              "ami-043220b5f91029b6a",
              "ami-0a7d186efd8c86a67",
              "ami-0c7705e1aa36cb521",
              "ami-01bcf37334fc3e25c",
              "ami-0ad9eadda23f00aaa",
              "ami-0d2b1aec920127e01",
              "ami-058b1a42743007eae",
              "ami-039d0287c41d2ec95",
              "ami-059137e7b91df5d58",
              "ami-03b9ffda3d946ed03",
              "ami-052d1b990bb646e59",
              "ami-0cd0d2c218f2da2fd",
              "ami-07b514751399c4230",
              "ami-07d46cb8b84805885",
              "ami-075bb441aeb176822",
              "ami-02c70c89ed071bb46",
              "ami-061da24a933ecd127",
              "ami-0fd8a0488d91cf559",
              "ami-02c9c5bf5753617ad",
              "ami-088d337fe5da6c98d",
              "ami-06b24c59492868504",
              "ami-091d9b34b691a489c",
              "ami-0b80406a954fa219a",
              "ami-08007ec94efa786c2",
              "ami-0449e3c8c0a57b384",
              "ami-0a2279a772ba73b7b",
              "ami-076442c1568840a46",
              "ami-05400889d0813966a",
              "ami-0efb112999b17d2bd",
              "ami-0d954a6bc68757031",
              "ami-0a45509b1e536394e",
              "ami-0289946300933ca0e",
              "ami-043976d02da470c93",
              "ami-063d6009e26b3b6b2",
              "ami-01ee333955a4358d7",
              "ami-0aa001a83ed7563b7",
              "ami-00b85ec9985d69366",
              "ami-0a4ea84986e9ccce5",
              "ami-0429e7fb060533dda",
              "ami-039f921eaaab11676",
              "ami-01df4c7adbc67b126",
              "ami-007ed34ef23138092",
              "ami-08ba2adf29742cd65",
              "ami-0c143c405badb5579",
              "ami-09ac91d4541c1ee0f",
              "ami-0abb6ddaaa79cd264",
              "ami-0cd96fb7b63162086",
              "ami-074ada7e2df2e0b11",
              "ami-0d67f95b873d85384",
              "ami-0272785bebcea88f9",
              "ami-08b4738284ff2671e",
              "ami-043d7bdbbdf1b47b2",
              "ami-0a353aec165e9e370",
              "ami-0729a9d7d6b719f5d",
              "ami-078a5811a78fb6aff",
              "ami-0c92c94c2ecbd7d9c",
              "ami-0d3cca121fdce2013",
              "ami-03fe4d5b1d229063a",
              "ami-07af4114f898160db",
              "ami-0e6aa8499dec0483d",
              "ami-0d5aef743623d1837",
              "ami-0433745b0a2b77ee3",
              "ami-0211ee2c4f16b9f71",
              "ami-0da06fbf4d9d620de",
              "ami-0c41442f7868db08c",
              "ami-07b2024fae1b31bc8",
              "ami-03752f243f0724abd",
              "ami-0cb9323ed108d2ba6",
              "ami-02b83959c6b6528dd",
              "ami-0d08b2898341f2d6c",
              "ami-0214c8f62d82d37da",
              "ami-0fee19f503d53445c",
              "ami-0724c7417097b95f2",
              "ami-0b9d44cef5be33297",
              "ami-0344fdf6cf4bfc5cc",
              "ami-008830932569d2201",
              "ami-07918087871c17b8a",
              "ami-0a2788445f003a357",
              "ami-08b3ab7f95df421f5",
              "ami-0b4e0849188d28b8a",
              "ami-0857b087a5bc6fe3d",
              "ami-0d9d6abf6ebab35e1",
              "ami-0bd5b032daee141f1",
              "ami-06231ad0195551388",
              "ami-00d96fd4cee4e712a",
              "ami-0d50576797d8d1a43",
              "ami-02acb9783fc73b18f",
              "ami-0c01f0dde63ba0fce",
              "ami-0e57045d42fac87df",
              "ami-0600fc9b91ad47a03",
              "ami-07874e75178b1410e",
              "ami-0c3c18695fb9556be",
              "ami-0cd2c32919c2ec86d",
              "ami-0897cc4d7b9e776af",
              "ami-091536cffe64c7415",
              "ami-0d63df5ffb04d0ea4",
              "ami-017599179ef90bb45",
              "ami-08fabd6f331a9273b",
              "ami-0f2c379dc7857e92f",
              "ami-0df0b99ee42bb2d36",
              "ami-07b1ec8c27b972b50",
              "ami-0c2d590c1095df535",
              "ami-0ccd7711426259bae",
              "ami-043f9dd09a3a8cec6",
              "ami-06ddc9ffcef1381f9",
              "ami-04bee708d2ec714aa",
              "ami-0ae3045daffee461d",
              "ami-0429c3d1589340ae7",
              "ami-0846159773c2ce0df",
              "ami-0d0cbfc4d10985f27",
              "ami-08b727f0a247fb7b2",
              "ami-0aedce147bebb4cba",
              "ami-08b35c76491e827cd",
              "ami-0fba7fea031309b2b",
              "ami-0e46f2227eca48d75",
              "ami-0648441233c6465f1",
              "ami-0193ebf9573ebc9f7",
              "ami-010133250fdb58a8a",
              "ami-065e52cef24af778d",
              "ami-0fc71bfab2fda7037",
              "ami-07a174588a9343e66",
              "ami-04590e42afa952c21",
              "ami-0ba7fab30d124bd34",
              "ami-074aae3d92753663e",
              "ami-0517890a7b3dfeb63",
              "ami-02d12375c1d861a52",
              "ami-0115e2ef60b1d2f41",
              "ami-08899b9102b960c9c",
              "ami-01518178201f5d38f",
              "ami-0dab3242df8b7602f",
              "ami-069da538244c89f8c",
              "ami-01047e5641b107277",
              "ami-0d0760851115e10a4",
              "ami-0ce67c3e99bc9b261",
              "ami-0eacd7c33a2e01e0a",
              "ami-074330156efff7ccd",
              "ami-00b9f98c320fd135e",
              "ami-07d7095df8e9feb9b",
              "ami-078c6eb3a46cc0e7d",
              "ami-0ff7b2924acc1baf5",
              "ami-0bcbc8cac8c503f16",
              "ami-072897980f9b80b74",
              "ami-0bfd17d0a3d359260",
              "ami-05bb1c5a9f12c5d69",
              "ami-099ec7c0a8af2e831",
              "ami-025af23b9cd6e8707",
              "ami-0c8b5cf01e5ea5d69",
              "ami-0d49372f7cf700250",
              "ami-0add1b22e2e5be268",
              "ami-081e3132ab4de11a6",
              "ami-0fafb7c44b0c74daf",
              "ami-0f6821a0153ea4245",
              "ami-0b0251036670b9e2a",
              "ami-0b812665b5a574fb7",
              "ami-0e33ed21b2aee75a9",
              "ami-0976f0f993cd3365d",
              "ami-052252aa1ec583669",
              "ami-0d69530ea92cc307a",
              "ami-0955c6377853208e3",
              "ami-0563e1c547963d5da",
              "ami-0871030eda4a84eb2",
              "ami-0dcdcad85e1f6890d",
              "ami-01f3166820613edc3",
              "ami-098c730dfbe1aab81",
              "ami-020fdcb8bf3cf56a5",
              "ami-0ff205f319b91a0dd",
              "ami-0d08e7bcfd39baabd",
              "ami-0a367f0faf6faf833",
              "ami-016532b5d514e1469",
              "ami-0db38a954d8f67fae",
              "ami-02296bc1271d641bd",
              "ami-00fb5831bcc43d703",
              "ami-093649dc22ebc876d",
              "ami-05fda6cf2a1ba9be2",
              "ami-0a7f25853cef8a508",
              "ami-0e421985ec1e3c925",
              "ami-06582e405df73f8c7",
              "ami-048f5b580ac5cffcd",
              "ami-06d830736c37d8268",
              "ami-01ac94bb7f10dbafe",
              "ami-00c73cefc63113e1d",
              "ami-0311689bd008cf254",
              "ami-0154aaad51c7f6c69",
              "ami-0030f68bcc58756a5",
              "ami-0617c2c876932e79f",
              "ami-092c8c4a077064e71",
              "ami-08dd44c5cd7ec3953",
              "ami-0440485672e163f05",
              "ami-0c5050a9e4c19a701",
              "ami-0c6c487c31ec2e683",
              "ami-026d985f5be3d7871",
              "ami-02b0ba5d6493cc6d1",
              "ami-07c96a42d069ec0ca",
              "ami-094f72c711db030be",
              "ami-0ea2cd02460300e19",
              "ami-033fadaad25e34140",
              "ami-018d562cb054256db",
              "ami-05c34afa8785834ae",
              "ami-030056ee3ade2f30d",
              "ami-0c8572040080cf209",
              "ami-038977f5062cb62ef",
              "ami-0b2558dada5fee2a0",
              "ami-0beafbd968b89d8dc",
              "ami-0531237c0bad652bc",
              "ami-0f6d0e90071a8f510",
              "ami-0a5a0c7c3b7453371",
              "ami-0940724ef851501a2",
              "ami-0bda063d17ba72759",
              "ami-0a5aa981e1f157493",
              "ami-04a34e118b6354071",
              "ami-0eecf28412138ed1f",
              "ami-087c17d1fe0178315",
              "ami-0bfe94bb4480cecb1",
              "ami-0ce86793327d57a77",
              "ami-0a556896121bebdbb",
              "ami-0eed919c7629637e6",
              "ami-029c64b3c205e6cce",
              "ami-01f2670a3911707aa",
              "ami-0e58cc96a64d148a1",
              "ami-012a24d5d9ba83ee8",
              "ami-054e507c24e05c82e",
              "ami-030d0535847a9a2db",
              "ami-0f24ecb0e893254fb",
              "ami-0f024a9e9aadf2686",
              "ami-0714c2351e9529544",
              "ami-0d50fad28d5a13de2",
              "ami-0db908d4688ded04e",
              "ami-07a51e4d7e714c67c",
              "ami-08f56b700ceb1aee6",
              "ami-0dde620cfe70699df",
              "ami-0a523d8ff33f2a377",
              "ami-0d9f2c3fd7c1f4666",
              "ami-0cdd66fe635815973",
              "ami-0d18642a0af66371f",
              "ami-0f31a4662ebb61fc2",
              "ami-02efdfbb910448139",
              "ami-0fea7c4537f2f988c",
              "ami-004c47d0fead7ec77",
              "ami-010de0423ed6a1254",
              "ami-0078b78b430122299",
              "ami-0f0cf5561ca3f170c",
              "ami-0fc7c0aa3dfddd21e",
              "ami-0891c184f97cb9aba",
              "ami-0b16cdee79728102a",
              "ami-06a1eb581bfdc7184",
              "ami-03db9b2aac6af477d",
              "ami-0a86fd3f0d51c11cf",
              "ami-06b901e5b996e8c0a",
              "ami-0b920463c8cb8e42e",
              "ami-037ae3b93f954052d",
              "ami-071ba647c3723ae4b",
              "ami-09a6139729f8593a3",
              "ami-0bbe7a9e86da197f7",
              "ami-052663848730d6a96",
              "ami-02138b35f7a46dcef",
              "ami-013ad31f1823977a2",
              "ami-0ff50e1765140d4a1",
              "ami-042b2f8fd1b481607",
              "ami-03398905419f47440",
              "ami-02d4f66c7e78438d3",
              "ami-06e730f5cddef8fac",
              "ami-002a4df9b51cbdf9c",
              "ami-0459b0f648d699cbb",
              "ami-01433131e145f81c8",
              "ami-070716de5a8badcb0",
              "ami-043dc556c059f7058",
              "ami-0d7dc72e44f1f7795",
              "ami-04f85157f98335695",
              "ami-05df6b3537689614f",
              "ami-0a1364026dda45d03",
              "ami-0008ab1d3f96cb2dc",
              "ami-0cdfdf3ea96e8bf82",
              "ami-01d87456c49aa2f60",
              "ami-04db55274cacd9317",
              "ami-09c1148dc01c1a5d1",
              "ami-09080acc92e5d863f",
              "ami-082bb44713a570efd",
              "ami-04a17efc4e67ef418",
              "ami-023141a852ef18eb8",
              "ami-0bf9cb4a5c2fd8cf9",
              "ami-0f344db9c3e3305e8",
              "ami-007f58d2233a5958d",
              "ami-067db9c9634e18239",
              "ami-08f1408907568ed73",
              "ami-0dcc7def045498352",
              "ami-0c68165916f216f85",
              "ami-0a7e517250fb35dab",
              "ami-0decb439610ee0742",
              "ami-0fcf23d007db4fc12",
              "ami-0925c039a13d0d4bf",
              "ami-0e64c349a53bd78a7",
              "ami-0850bfe099eae52f5",
              "ami-0c51e433b8bb80698",
              "ami-0fb3ad04cda41534b",
              "ami-02dffb3d72219335d",
              "ami-000e16ab64936db8a",
              "ami-0506b44a96b74fc71",
              "ami-0fc8b78b315c8b483",
              "ami-039185a7ec38ba8e5",
              "ami-0d6359af1d86520a1",
              "ami-093b1152a9cae862b",
              "ami-07be213284c50f32e",
              "ami-0535962d400b33de7",
              "ami-07a191716b1306c24",
              "ami-028b6aefc642268ee",
              "ami-0b83d85f9496b256d",
              "ami-0a409d3c2984ee278",
              "ami-06f24e97ac3e169b1",
              "ami-0843eb778fba21fdf",
              "ami-02dcd2eb1757a7684",
              "ami-0dfa62ac53234c532",
              "ami-07812f2606b21a026",
              "ami-01e83febb6055ac22",
              "ami-035166de90241df82",
              "ami-0f143fef506fdea7a",
              "ami-046367004f91eae14",
              "ami-09553167c6a4d1cd2",
              "ami-0abcf59c3bb1de2d3",
              "ami-0ecb0395165e141bb",
              "ami-098669ecc722725f8",
              "ami-023fc3793577958c5",
              "ami-0be6ff1765e57fce0",
              "ami-06316727caf66355d",
              "ami-039b9c904da3ed780",
              "ami-0a05e450ca414d8fe",
              "ami-04d064705dc850ddd",
              "ami-088180ed440ee6c29",
              "ami-0436fb66d53f9b927",
              "ami-0caf79f7dd5e78b67",
              "ami-0c6cced94252c3ddb",
              "ami-064baf69791984c21",
              "ami-084546b37e303364d",
              "ami-0c7af87e34fe4e8a2",
              "ami-0d7e3a3cad39ecc0a",
              "ami-01476e8cb645d1009",
              "ami-025ee0c68062def85",
              "ami-066af594f1ccf7009",
              "ami-0329d267e579483ae",
              "ami-016e6a781413c16d8",
              "ami-0815a8febc928c0c6",
              "ami-0193be899061fe8af",
              "ami-0d94ba1e0556bb684",
              "ami-0e5fb9632ceee168f",
              "ami-063216409e3cb40aa",
              "ami-0dbeda292ff555520",
              "ami-0e992e959e7e9fc86",
              "ami-0f6fc6f92f0b171a0",
              "ami-00e9cf1b9934724db",
              "ami-01e9250e59403d74d",
              "ami-027f65f815a084d88",
              "ami-01a4ad43ee6996827",
              "ami-00436e491534d7d58",
              "ami-08a6298a7b164e9d2",
              "ami-01c09148a83fd7b02",
              "ami-0f3a9e06aa9662d94",
              "ami-0eb22915d4df3a528",
              "ami-04962ed8ded1552ce",
              "ami-0fa69d12699589994",
              "ami-0c04ae74cedadf1a9",
              "ami-095d45cca7aaff7fe",
              "ami-01e1b6efcfa572d15",
              "ami-03b145db451279b35",
              "ami-0a9d187f8ad118782",
              "ami-03761c309cdfb87f6",
              "ami-007da82ad37dc3407",
              "ami-0362887e740132fd8",
              "ami-01d225eebe8afeffd",
              "ami-092be975cde21a36f",
              "ami-0f778a93f6f61a232",
              "ami-01a2c2a3dd6d9ae86",
              "ami-05d9ed4cf385c2074",
              "ami-0d7f2d51c0e43e655",
              "ami-0a0ba21672599770f",
              "ami-09086d7b5dc34f372",
              "ami-06c60d7de534b6c97",
              "ami-07b85c7b26304d971",
              "ami-01a93ba21897090e5",
              "ami-0f853e9d562ce3a43",
              "ami-0c91ffa51c05f6c5b",
              "ami-01453e60fc2aef31b",
              "ami-01936db2db190fc8f",
              "ami-03b57e55be865baaa",
              "ami-0768433d8c856681c",
              "ami-044c4d6d6b357beff",
              "ami-0f817eacb0204fff5",
              "ami-07d4f2a2e1e954648",
              "ami-0f741cd9ed27bdb70",
              "ami-0aa59ed7169918b01",
              "ami-06b6fd1e0502358e2",
              "ami-0630b8677655868d7",
              "ami-083e65042d0003d25",
              "ami-043707065502b326f",
              "ami-09445f10823dc8e39",
              "ami-0b6d53b48b501422e",
              "ami-0aaf5460546db11f8",
              "ami-09c6388d1b20ec0af",
              "ami-0c93ec671e8140d54",
              "ami-03a8c773d5ca20a3c",
              "ami-065a39c2203f00885",
              "ami-08561da987c202333",
              "ami-0a52351a8f28b2ea9",
              "ami-07d73b0c13772133e",
              "ami-04954209c8d5a4e76",
              "ami-0dfc213c5bcb9f1d8",
              "ami-0fbafeed5f682dfd6",
              "ami-0cd017eb36cda796a",
              "ami-05466525793096f30",
              "ami-0baff3f5f3b225c51",
              "ami-09f806ed29c792449",
              "ami-011d54ae8b372fd84",
              "ami-0f59caf70f2acec1f",
              "ami-0f3f9d3971117f9b4",
              "ami-0378828f15205d4f4",
              "ami-018a8856fda0a8fb0",
              "ami-0ff99747ec247a5be",
              "ami-0e9f50395eb2a3b5a",
              "ami-0b2f180c018d29a78",
              "ami-0f7e7643d3b3465be",
              "ami-02f78948f9031dc4a",
              "ami-09cfd3361d56f56ac",
              "ami-05cb992393423757b",
              "ami-02ab5df7bd701b014",
              "ami-0b55072d6aa22051c",
              "ami-0be93a30baf812638",
              "ami-073405153fea0fc1d",
              "ami-0884e6ace40e6d3c0",
              "ami-04b4ca3c0d3e90d86",
              "ami-04c324d742444cabd",
              "ami-074a60df34b9868bd",
              "ami-024eac3adf7db7d93",
              "ami-04e877d1187af7ff0",
              "ami-05990752c0aea335d",
              "ami-0d0fb7f3c2968eb38",
              "ami-04f2f63937e1f46b9",
              "ami-06527b725749d99a9",
              "ami-01d6e8ad62e31c103",
              "ami-0f4535e080c73a7ce",
              "ami-072e64155fde895b9",
              "ami-0bf5a8f68e615d396",
              "ami-06923e35e2dd00154",
              "ami-005455a8cbc54a86a",
              "ami-04f465aebd3de1eae",
              "ami-0aa87df78aa25bc9b",
              "ami-0711947a527a664d8",
              "ami-0ed7054c38dad8473",
              "ami-01535f8be629996d1",
              "ami-042ac4419012ce541",
              "ami-047f5d1bf76e76f06",
              "ami-0cfd54eb1be96c85e",
              "ami-0ac05f6c16145f19d",
              "ami-0ca6cad4e33d46214",
              "ami-082183d8a2c09c5f1",
              "ami-04603bf623c8393c1",
              "ami-0bdefef5fe7616de0",
              "ami-08d0e2556491ac8ed",
              "ami-0c6118de55874440c",
              "ami-002624c5c7ffd23dc",
              "ami-00ed55bbdec2424d4",
              "ami-02eeb64cd16b9f056",
              "ami-02a7b18ea1504026e",
              "ami-08d07aa090fe67022",
              "ami-0c43b333367ce2e49",
              "ami-00fc3bd94a260d754",
              "ami-0c44088b7b394e738",
              "ami-01b41a61f2a096055",
              "ami-00c2d8e4691b6d6ae",
              "ami-05ed7286918dadfbc",
              "ami-07d95509c25462956",
              "ami-0a363eb918bdf81ef",
              "ami-00c94a1f95637b97e",
              "ami-0820c0f4cce95a27a",
              "ami-017712af739b5760d",
              "ami-02204485bed7b07f2",
              "ami-02aa9db2b187f0e02",
              "ami-09f9a2db027099a9e",
              "ami-05c91864a39671d02",
              "ami-0e04c34c1c104517e",
              "ami-07acf2ef7e7b26b79",
              "ami-094655cc7009cdd07",
              "ami-095df87238b858803",
              "ami-05ffe121d1b004cd0",
              "ami-0775f0aba27da538a",
              "ami-0d8a83dfef6443c51",
              "ami-0541b328e51a88551",
              "ami-01c09afe1cb0456e9",
              "ami-0527bbef49553cdd7",
              "ami-063e6edc6986e8887",
              "ami-020718a6f4ecba554",
              "ami-0a414911fd0986790",
              "ami-06e00ca1c3b61ea68",
              "ami-0ee3b2a146af00370",
              "ami-0d1af379e80d7591e",
              "ami-0a400300cff0c4af7",
              "ami-04dae3806d64816cb",
              "ami-0c2b8ca1dad447f8a",
              "ami-06dbd32e94450fcfa",
              "ami-0f5ea7c2783b14c09",
              "ami-025f99a8017e73cf4",
              "ami-0cc7cb7e7284938ca",
              "ami-06cf15d6d096df5d2",
              "ami-02250f0caccddc7a0",
              "ami-0e810104893bf637d",
              "ami-0ac388a924b8bbc21",
              "ami-063d4bc27262fac1a",
              "ami-01471a2911b8e1645",
              "ami-0a423085f00cb9d91",
              "ami-08c5bcc3f8a5be216",
              "ami-0273e5c71dd20bc45",
              "ami-008b429e25ea7de19",
              "ami-0baeab6d44f113e56",
              "ami-06abb9900e4d8ce3e",
              "ami-07b80e64638fb44cf",
              "ami-05e3a658d4a31fbc8",
              "ami-0b70285e5215b80eb",
              "ami-0b3603b9523d8b19f",
              "ami-0fab23c65778d8fe0",
              "ami-0ca2b3ed7e4493ca6",
              "ami-0178fb08544d8e83a",
              "ami-09d2c35d7664ddd48",
              "ami-006db0c3857ea48ab",
              "ami-0f0a146f2f53df8e3",
              "ami-0306b396aeeec72a3",
              "ami-0ca370d78a622e325",
              "ami-0cb295a91896d3453",
              "ami-08d42a5fe236ffd4c",
              "ami-064ec381e3545d412",
              "ami-0ad416a3149839501",
              "ami-041505cd9318a45f3",
              "ami-0d920d4d11d803aa9",
              "ami-09791cc9641a953dd",
              "ami-09c3e64f32f611dbf",
              "ami-08834e366ff47f700",
              "ami-0774f3a01df5da2b5",
              "ami-04738311a4aee2f55",
              "ami-07c467738c590f28e",
              "ami-0aa4844579c2c3c71",
              "ami-09d7661c7ae96b199",
              "ami-062d2c48f9d738d80",
              "ami-0a28a021aa334d6bc",
              "ami-0ecbbf421f0018d0b",
              "ami-05c049a4e1644b9d9",
              "ami-0b39bc602912155ee",
              "ami-014153cab143e3543",
              "ami-0cd92d6fd524e54bb",
              "ami-0bc8054e8dcb8d5c1",
              "ami-064e7228b07d3ec2d",
              "ami-0bfcf4b7eb33aff39",
              "ami-0a0a8b15f00732563",
              "ami-0c79c86571e71d285",
              "ami-0eaee59235afea5d8",
              "ami-09e1941053a292a9c",
              "ami-00a36856283d67c39",
              "ami-094061dc5fe12cf3c",
              "ami-0f191796a2f45e262",
              "ami-0863ce1f0ae753ad9",
              "ami-003af2ea3d9f81639",
              "ami-08655d15758e19858",
              "ami-0509f91b9bd32c456",
              "ami-03e8f862f1241c4ed",
              "ami-07fbd707dd269ae72",
              "ami-0a3335277de246f64",
              "ami-090baaa9ade10b768",
              "ami-020e2b513b224fc81",
              "ami-047cffe18971e411d",
              "ami-001d12a50172535fd",
              "ami-018e728eb1c17410c",
              "ami-0a6c8a2c130861f0f",
              "ami-0ac39f7c10d407485",
              "ami-06c860ce19126d6d0",
              "ami-079c0ad54d2a0b8fd",
              "ami-0bb7d97467d610968",
              "ami-052de3b05836e56bd",
              "ami-07a372c97553d14ca",
              "ami-003c9127b7b55158c",
              "ami-0c67a82bf320260c4",
              "ami-08e8e1b89fb774ede",
              "ami-06f4b5e98e1284d36",
              "ami-0261a4acb3ed7b2f2",
              "ami-005fb2dc84caa293d",
              "ami-00e5686cf2d27bcec",
              "ami-0539517fda76b726e",
              "ami-047c36c7e16b8e7b5",
              "ami-0094060e77f7ce8f4",
              "ami-02e194251e78bb4b8",
              "ami-089a04dd9d433e945",
              "ami-06801426dedf14524",
              "ami-0fed103383bb6cc6d",
              "ami-0dfa3d0b87b5780a6",
              "ami-0a9301c1edac7c719",
              "ami-0e4103dab6c08c717",
              "ami-0356f272e6a6f0f90",
              "ami-0b23857c1fa77eb5a",
              "ami-0a11339369e30ff4a",
              "ami-027958e2890cba021",
              "ami-089b2026eaec03de3",
              "ami-016711f89bde38deb",
              "ami-086882a770465a21b",
              "ami-0323748c10dcdcc02",
              "ami-07cbee418e0f332fa",
              "ami-0c0d47b46ff134dae",
              "ami-04ff7c55c0623527f",
              "ami-09b279892ab63a56e",
              "ami-082e7c2c162a55245",
              "ami-07255959d3f238cce",
              "ami-0bad0c1260f9e8b1d",
              "ami-03f67de98d84a92b5",
              "ami-02e32c876a7d8a934",
              "ami-0ef0af641956d27f5",
              "ami-01c2088cadf903663",
              "ami-0fa4f049547ac6cb6",
              "ami-0714249805a28585b",
              "ami-0356d9b25ca98d6e1",
              "ami-014eb31944b996b67",
              "ami-026d28e39a0748f50",
              "ami-0d22a8b05dbb885a0",
              "ami-0360bd20d36eccbdf",
              "ami-0cc321c2f85e1942c",
              "ami-01a1745d4cbed9503",
              "ami-053369b3bc04e3695",
              "ami-065760881d6d3d1f5",
              "ami-043289888b952a5e4",
              "ami-0121664dceba9d374",
              "ami-0f6e0ed8f2f33317b",
              "ami-0a3a2a9e933708644",
              "ami-01e074946adbdb11c",
              "ami-060b56cd1c738f3c9",
              "ami-0695050bf598bca7b",
              "ami-0819a484214322c8d",
              "ami-087d1f99600dab9b6",
              "ami-063585b210649a353",
              "ami-0edbb8c3701d3f847",
              "ami-07886f22162246342",
              "ami-0508b3c2d0146a137",
              "ami-0a541f72793d32389",
              "ami-00e2842353947ca98",
              "ami-0dd21b5413f0f92b6",
              "ami-005a38b1ee3a17147",
              "ami-0db9c8a038006f7b4",
              "ami-0b4229080f91b3635",
              "ami-02c3d9e90303dc302",
              "ami-08bfd5da2020eb771",
              "ami-07723da206314ab29",
              "ami-01a85d4b4dfc38507",
              "ami-0318937238d64f0bf",
              "ami-0f9367b819df4d64c",
              "ami-00ced8ca84949f246",
              "ami-0f50d501cf1e5c0fb",
              "ami-00ab55db2afbcd4a7",
              "ami-07b992f0d71732125",
              "ami-0806aca89fa56282a",
              "ami-0fc034e51e520af83",
              "ami-0e65d2be68721080d",
              "ami-0ee77195792555047",
              "ami-06d46e630f0e335ce",
              "ami-0c42fb84aceb68160",
              "ami-093feaf5ffaf1e8f3",
              "ami-0c4fc488c05d44168",
              "ami-010975c09d109c61f",
              "ami-026e68f871de2d9c3",
              "ami-00095ee0c63e17103",
              "ami-01a466d74228d27ae",
              "ami-0df940f525838f371",
              "ami-07b02e02895a87e75",
              "ami-0eaf24051541db758",
              "ami-09596b211c1768b45",
              "ami-0f0720b720fd94569",
              "ami-09aa53b61ed0ae453",
              "ami-0fb35aa05e6778e87",
              "ami-0e2c08f59edd57b1c",
              "ami-077a5a851389dca49",
              "ami-0540d8088ea7eae8f",
              "ami-01376d6a6a5202f4b",
              "ami-0baf739b50a8ba624",
              "ami-07073e174bd95b3d4",
              "ami-0f158b4c1178946ea",
              "ami-0f0c4a57bf411bdbe",
              "ami-069b9a5fe36dcb200",
              "ami-08a276de10cb46b93",
              "ami-0eeb246f7ebeba717",
              "ami-0af79c8c5eee5a5ff",
              "ami-054dedc46c0eb399f",
              "ami-0c5da3f8372898fec",
              "ami-0ce85178da440c8dd",
              "ami-0f9b336e3faf02fea",
              "ami-0d02ad22fcd61aa0a",
              "ami-04b728ba1f6f7add1",
              "ami-0a5a39612144ef80e",
              "ami-0917c3a41df405053",
              "ami-0d3540f78475a89f7",
              "ami-075988230924259ef",
              "ami-0f293dbbb3058645d",
              "ami-0350db6ccbeef2fd6",
              "ami-0fce51dec9cee26a6",
              "ami-066eb9819f65962e0",
              "ami-080df6053837cbadc",
              "ami-0e188e08b8bab4df8",
              "ami-0fa0dc45838b60a0a",
              "ami-006b5b1a963728b7a",
              "ami-01488b512e3feb3ba",
              "ami-09d2acbc4b2f5e890",
              "ami-004fe4e329bf9dadd",
              "ami-0756a14091587e7f5",
              "ami-0f40a5b1fd9897a18",
              "ami-03fb34cff66e45e2f",
              "ami-01466cf5f0eb64628",
              "ami-070b2b75594099a08",
              "ami-0b46e5a42b5cb1f8d",
              "ami-0d133bc2a55a04e9e",
              "ami-046666fdf069c245f",
              "ami-0616a0d3a784ace5e",
              "ami-0bef66eb4c1fa1d87",
              "ami-0f67d68995d5c50f4",
              "ami-01172c5532df8f4c3",
              "ami-07ae17941c11b8545",
              "ami-04523c29c5febeaeb",
              "ami-07600fcf2592cd969",
              "ami-0d4346e867364c7dc",
              "ami-03277302e95491f25",
              "ami-09e92dd3416bf4803",
              "ami-016714548a7c08d9b",
              "ami-0245f6d80e2b417aa",
              "ami-00c291194e8f02ec1",
              "ami-058efb4e0f3687d0a",
              "ami-0aee3dcc97ae22f9f",
              "ami-0267278129f130377",
              "ami-05e5e271301c29162",
              "ami-0bd22f776be5a09c7",
              "ami-04dd10f786634f594",
              "ami-06e12d5d1220056ab",
              "ami-0b0854c507a0923d5",
              "ami-08566345d168b1fe8",
              "ami-0976a12d3589367fa",
              "ami-054836692105f5330",
              "ami-0e16e574e5ef7bde5",
              "ami-08350cffdb7a1a30b",
              "ami-0202dc947a5d40862",
              "ami-09867280161582c03",
              "ami-0cf6c3cc8f86ca046",
              "ami-0f0c302becdc788a4",
              "ami-0b88d5c2f581f0520",
              "ami-0b4a50e8122e05452",
              "ami-0e36a8902080a1e78",
              "ami-0c785a683890461d9",
              "ami-0406428c6a4f2e8e8",
              "ami-071f96e8f4360845c",
              "ami-0e4f37e555e0a4637",
              "ami-0de0f3d0a8634e57d",
              "ami-04ae8b18c22e28041",
              "ami-0910a1a87eff6b799",
              "ami-0376db2bfb57d4f7c",
              "ami-0beab11409741900a",
              "ami-0ffd5dfc589fb01b8",
              "ami-0d1dd2082b68f672d",
              "ami-0c5be9fccf08875eb",
              "ami-05a9db06b4c1963c8",
              "ami-0116f6283d883ed83",
              "ami-0c612dc8104e0d6bc",
              "ami-04c463ff2a03b21e7",
              "ami-00e55c0036c3b0357",
              "ami-0869bc152d6e34688",
              "ami-010fd945183a6fbc1",
              "ami-0204e3e4cd8c9aa12",
              "ami-0fa9de2f08f80c6e4",
              "ami-0906e4bddf9945e7d",
              "ami-0c8a373cda79bdfe3",
              "ami-06dffcb4d4f1f21b1",
              "ami-06c38730083c968dd",
              "ami-020a792a59f44e8af",
              "ami-0c3d721d586fdeb24",
              "ami-00b456eb1173b425d",
              "ami-0931653044535ffff",
              "ami-0885a36d4c1ec6918",
              "ami-071b36aaf7d10aee6",
              "ami-0533f88e206880625",
              "ami-06e50d966d9f35c6d",
              "ami-0f087cd2710312f98",
              "ami-0dc2f4b8671bd8318",
              "ami-09a4bb570f2287d3e",
              "ami-0d642e5aa0f77f3fe",
              "ami-06a5421f7afe467a7",
              "ami-07378ecc811cee088",
              "ami-0f846def4ec4a5112",
              "ami-0d190be5ef38eb262",
              "ami-0c6b5c101c4ca6c7b",
              "ami-067c4799c2c0a7c6c",
              "ami-09c34999428940c07",
              "ami-0fdb6d5b74ac6e787",
              "ami-0f113c427d11de9de",
              "ami-00565d6f75678459e",
              "ami-082289b84ad4a414d",
              "ami-00a0fbd49c214ea8c",
              "ami-005986454b24efc05",
              "ami-069137bd6aaaa65ab",
              "ami-0dde9e4036a512ae8",
              "ami-0d1981233d9ae1ea5",
              "ami-0d262efd6b1437b35",
              "ami-091aa67fccd794d5f",
              "ami-090cb3ebb02044762",
              "ami-036791d026614aa3a",
              "ami-01442bab6a2958384",
              "ami-09da5596d66783028",
              "ami-00453343c1735e989",
              "ami-0b564dc27d3ebdc85",
              "ami-0a48c01396b19945a",
              "ami-0c6aaee506ed84481",
              "ami-0e21fde98f1b7370a",
              "ami-09b34422347facf15",
              "ami-084c009fd766f28d0",
              "ami-0eb32161561652435",
              "ami-057d177083a8d5953",
              "ami-0dbd991c880fd1c8a",
              "ami-0fd61de0c20b245ea",
              "ami-06ae2c7d9589ff619",
              "ami-0995d03909540c08a",
              "ami-0f977e9836487702b",
              "ami-0dc2d3e4c0f9ebd18",
              "ami-033d0645d1f338a00",
              "ami-0aa78712d96adbf29",
              "ami-092718474c995fa9f",
              "ami-008a8487adc2b32ec",
              "ami-03b48250d3a0ca375",
              "ami-0b78f727a408a4bb8",
              "ami-0547d6309175b26ae",
              "ami-0253caeface91fa36",
              "ami-0f360ee866d4763f4",
              "ami-0c0fd451d346a74aa",
              "ami-023f013c466eed59e",
              "ami-0fedd0c902855705f",
              "ami-033c54f07fb820356",
              "ami-0270836d0cbbfe139",
              "ami-019ce78e6d582c087",
              "ami-09830c1a698307382",
              "ami-0a19f3fef28b4bc25",
              "ami-03f7eb965985e4f4b",
              "ami-0f30fef8d16a7bde6",
              "ami-09ddc93acb0c65f06",
              "ami-0dab5c1e70f4d6ff2",
              "ami-008ceae83b9c45d69",
              "ami-0895c1ecb8084fd2e",
              "ami-01b5f1693147cf6bf",
              "ami-0b3c662d56e718317",
              "ami-01e3d3862c681e1cf",
              "ami-03a60182e8dc57377",
              "ami-0cdb17903dcb51ebb",
              "ami-059ff882c04ebed21",
              "ami-093900cc07f14a8f7",
              "ami-052c0a4e1da715c4e",
              "ami-028978ecf14230004",
              "ami-061556d598fe61999",
              "ami-0c1e6d5f63e76e890",
              "ami-0c80a10461427af19",
              "ami-0cf199a537e2379c8",
              "ami-0edc92f6e8d3a8cb0",
              "ami-07556b70e3636d8c1",
              "ami-0b280ef4b93870d1f",
              "ami-014e89d6b23cee2ec",
              "ami-0123b7ef1c911450e",
              "ami-08cf5d4d4514bca8c",
              "ami-09f07a11837a9ebd8",
              "ami-073c38366a8a8c7d3",
              "ami-0b65b99fd1814f2e4",
              "ami-00604058752e47367",
              "ami-0f5fdb865e80b5304",
              "ami-09254a83ab27c0b7f",
              "ami-092c05d53d26752ec",
              "ami-0ffae9cd6a67d4851",
              "ami-080535a4731bf01f7",
              "ami-0f283debfd2f1bcd8",
              "ami-0d7e85032bbd6a703",
              "ami-067f3eab92088ca7f",
              "ami-04c5c776b1499ec09",
              "ami-0fbc3e64246215466",
              "ami-0e3bd73a8aab6496a",
              "ami-0e39a614121345dbf",
              "ami-0a75633f8624f2d50",
              "ami-0094190db37dc2327",
              "ami-00cfa054266571b06",
              "ami-005361739159bfb34",
              "ami-03dddaf47b2c45500",
              "ami-0bbe19bd9d16c8597",
              "ami-015759606ce98f4de",
              "ami-0fe8942bd5a27ad06",
              "ami-0bb5c94127b70abd1",
              "ami-0f2266c96d93fd9e4",
              "ami-08d1ee5e785d43d07",
              "ami-0011588fb608a2f0b",
              "ami-0dfe65a5ad5b5e80b",
              "ami-0bc0388d2e8cf2fc5",
              "ami-020bc13293c43f707",
              "ami-08dfe337b14a15b47",
              "ami-05779c1717652f867",
              "ami-00928c8479059f7c0",
              "ami-0d53afeebc1347222",
              "ami-022bfe5a617d9cbcf",
              "ami-0441537c8a6ac66ea",
              "ami-04aea6e9e84c13600",
              "ami-096e4be39ce2e2c53",
              "ami-0626d04bfd94b602a",
              "ami-0fed3efc3a4e9df04",
              "ami-0ca561835f61dc0b5",
              "ami-0951739b9be2881a1",
              "ami-03304115c6511db3a",
              "ami-0adc77320891e8816",
              "ami-098ae6a2deb2d4e69",
              "ami-02a5e1db6c86f4c24",
              "ami-0506f8cf28abec02d",
              "ami-033cb6de8270b4ce7",
              "ami-0160c69b1ec966863",
              "ami-0260be01d66417f7f",
              "ami-0c5b07e91958751dc",
              "ami-0ac9cad18baaa318a",
              "ami-0e081e724bc53a5ac",
              "ami-07073a1182616c385",
              "ami-0053e459965c89067",
              "ami-006adde80e5695693",
              "ami-0aaa579a9a4e421ac",
              "ami-0b840f419bf2c844d",
              "ami-084315a83cee32905",
              "ami-0408e555040b44e5f",
              "ami-0ef22c8cfd38f5e08",
              "ami-0580eb6b751c12ccc",
              "ami-06b7b4c59958307ec",
              "ami-0c1beaf794d934512",
              "ami-0546d48e2a0d4fd89",
              "ami-0d7a61585903741c6",
              "ami-05c75efdc7843b54e",
              "ami-085a625918432b424",
              "ami-04343236387d9535b",
              "ami-0467f6b2465b779ea",
              "ami-0cf1316612b0b7bde",
              "ami-0e2b83200ea1df649",
              "ami-068e2b6ae2b0385fd",
              "ami-0e6efbd9d668d0e3b",
              "ami-0485f81e6663d77d6",
              "ami-0d719544e29cbcf04",
              "ami-0e469f970b0c3b65c",
              "ami-017cf14f0a5883d06",
              "ami-02af89293d42c2c07",
              "ami-0aca33e97a461d330",
              "ami-0944dbc7f1f4c3915",
              "ami-0ee417b9317d852de",
              "ami-00a15fd74377c3f0c",
              "ami-0d942b5cd50cdfdb9",
              "ami-0b2ea591eda844695",
              "ami-0c2e3064a97f8647a",
              "ami-02b03b4dca32ad3e3",
              "ami-0238a3f49a92f8375",
              "ami-0b8814beb2fe6b161",
              "ami-006cb98103196899c",
              "ami-02e328feab618831a",
              "ami-0887fbc4cff3312de",
              "ami-0f2da11f9acc07738",
              "ami-097cf4b3ad0e67eae",
              "ami-0bea94515fc6701e8",
              "ami-022af4e43f1727c7c",
              "ami-00091033812e5edd7",
              "ami-0f9c3655633aa4e4a",
              "ami-0cd9ee7cbcc6e1a77",
              "ami-0764661e75c3ec3f1",
              "ami-0ca473a0467c7a077",
              "ami-07615a69be959b8b7",
              "ami-0ff134c0de83d849f",
              "ami-0f75b97e95fe91fde",
              "ami-07e6a8679c218f8c2",
              "ami-0eec80eb76952d8e4",
              "ami-017c44f4462ca15d6",
              "ami-0f500bae7d7ed66e1",
              "ami-0f39ccd89f7ed5e28",
              "ami-011cdbb1e4915464f",
              "ami-059f1ce300938a709",
              "ami-0fb7f02a156d18aec",
              "ami-05016fede871f5665",
              "ami-02685076717e44326",
              "ami-08b66fbc6eb28560b",
              "ami-0eabf7e5d1c8116c9",
              "ami-05f1c814e130a34ce",
              "ami-06e5a86f96d978c24",
              "ami-0e0e33205bc78fd6b",
              "ami-0c3d061183a54e3af",
              "ami-0b822d60aae4f4695",
              "ami-02b0e5e2e600174e8",
              "ami-0f3c0964b48e4c9ce",
              "ami-06fb440d59b5a9d69",
              "ami-0d4939953b7e430a4",
              "ami-0c9c937c298824a1b",
              "ami-0a18df7fbf337278e",
              "ami-0e897bf324c0fd05d",
              "ami-0391b0c547eb03acf",
              "ami-086856462ab4fd3d2",
              "ami-0f35aa4568f30d8a5",
              "ami-0dfc3eaeb2cba1541",
              "ami-014f8bc0431c205c8",
              "ami-06972b9c7a223fbb8",
              "ami-042ccb235608c6046",
              "ami-060f07284bb6f9faf",
              "ami-03b581f4ad0cc67ce",
              "ami-03b2c2c7509187995",
              "ami-098a4f4ff4f5f6220",
              "ami-00abfaa7d77fe82b4",
              "ami-0a8df69500c003224",
              "ami-05f6b4634f0f4c73d",
              "ami-0e2825426f3220861",
              "ami-0bc494e3efe7bf5bd",
              "ami-0c67470c32b9ce3a8",
              "ami-0ddf73c1c90582596",
              "ami-0b6e195626da701d4",
              "ami-0ab3731f18bdd1f46",
              "ami-0369c9e9a1527352c",
              "ami-0e0ad6b861f560b67",
              "ami-014b0bfcca833b4df",
              "ami-00c27fe34306a7d60",
              "ami-08d45a396512bd978",
              "ami-04cd332aa291e5f21",
              "ami-08bc69d76d7d6a669",
              "ami-074a3ee2d322039b1",
              "ami-086e0ddc843321385",
              "ami-00f321ac2e44fdab5",
              "ami-0a09df6468578eb80",
              "ami-0e37e99c8a6cebd64",
              "ami-0ca9bd92b93b10102",
              "ami-0937eaf57d9fe3ed5",
              "ami-0c94642a2cd3af9bc",
              "ami-034244c06c73c7919",
              "ami-0d001f901a149778c",
              "ami-05117451a6b2a44da",
              "ami-0d925ee81f07f7dbe",
              "ami-0ecc0ca86c11edd92",
              "ami-0209ff430d794e404",
              "ami-028446da06fff106f",
              "ami-08b57eb517d6ae10f",
              "ami-0a6a8a0194589c411",
              "ami-0254a2fc638b3b33c",
              "ami-0dcca7e66278164ed",
              "ami-0e08f4f28ff0f5ed5",
              "ami-0387e67c71697d49f",
              "ami-0b16c74aca395c056",
              "ami-0fa893b2f1bf79a17",
              "ami-02d6bd9255ecbb43f",
              "ami-0939fdc070d29ceaf",
              "ami-016e32e9cd1b095f4",
              "ami-06bbb7e453f5c2e4e",
              "ami-0ce0a03904da82cdf",
              "ami-00765915e31fd0036",
              "ami-099831f84dc3d5561",
              "ami-06472bdef515145b9",
              "ami-0df0ab1ac3efe382e",
              "ami-02e628054dda90737",
              "ami-0d884bb4d1a027f97",
              "ami-0dc12cecf53c67097",
              "ami-09e7b7019a036ffb9",
              "ami-037aa2797ee32bbc3",
              "ami-0ecc15147a2780db8",
              "ami-055a1c127afca4714",
              "ami-00457d553ea64ba67",
              "ami-05c639a7df407cef3",
              "ami-02e49f3f59fec9932",
              "ami-0f46f410142084629",
              "ami-02c5bb8067f0ff317",
              "ami-0e5706b91291799bc",
              "ami-083ae86883eb12ef6",
              "ami-0a28775a9de994c10",
              "ami-03c47518c7d59d53a",
              "ami-0f5796a6388517f14",
              "ami-0e991323f87c1e448",
              "ami-0e6b2ce50f48bac80",
              "ami-07f4fce23cf6b508b",
              "ami-02aa35ec3befe5eb0",
              "ami-056d35f557e4c8041",
              "ami-0ef0186aa91a3b863",
              "ami-04e2aeb3804683c37",
              "ami-0bb4e987fc5c491ef",
              "ami-0a99e05b94e2d4122",
              "ami-093e8ea8e59b52aea",
              "ami-0c7881c2f2afebbc9",
              "ami-0d137213d84ce46d3",
              "ami-0fd1ffbe6d5e5bb60",
              "ami-02ba516e157999695",
              "ami-0bb67955dd1b459d2",
              "ami-0bca4a6778977b7e2",
              "ami-07deb368ff9173c72",
              "ami-0231cda408ca5a617",
              "ami-0bf71d83acbbed9e7",
              "ami-0ab4d1e9cf9a1215a",
              "ami-0e362514299d32abe",
              "ami-053330bdc5461b8c1",
              "ami-0d296d66f22f256c2",
              "ami-0911679836cbd2a07",
              "ami-0f226ccf33d8c9fac",
              "ami-0fa25582ec5c386e9",
              "ami-04a93d098fb9efbc9",
              "ami-09712393202b25191",
              "ami-0f14ec5caaa75b2b0",
              "ami-076e5887ad5f114c8",
              "ami-00feaba080f5bccdb",
              "ami-0d5fabf6a45a1e62b",
              "ami-0079bad12705edbcb",
              "ami-028d75250d3009304",
              "ami-00fdf59d15b044734",
              "ami-0174d5f2728e33280",
              "ami-02b02d0afc638d521",
              "ami-0f5d7df8870f21d79",
              "ami-0204deb67e256a520",
              "ami-01d25dfbb86f224ed",
              "ami-04a01ccf43428a90d",
              "ami-0a294872fcbaafc6e",
              "ami-00f24c01ba4485d76",
              "ami-0ed65cb93b4254d12",
              "ami-08fba030012141602",
              "ami-0b17e5345bbcd2f28",
              "ami-0cf84830a501c7405",
              "ami-09500f896bb236521",
              "ami-07e11aa1c69cc69b7",
              "ami-008b72860546f9c04",
              "ami-0a97428aa96a4d077",
              "ami-0997cb5cd2edcb6c5",
              "ami-02e2440acf226e745",
              "ami-0db87f6cf18d1d19a",
              "ami-0dccf814d896affc1",
              "ami-028c0d5fd00fdb307",
              "ami-04d85997c65fd307d",
              "ami-04958e5a2b8ddff1c",
              "ami-06da18386448e0bb2",
              "ami-04c7a41f707a85956",
              "ami-0cc995a23da39b9ba",
              "ami-09dc2fc37ce308dfa",
              "ami-0fcad629e5baa507a",
              "ami-043f61ae8191b5e29",
              "ami-0710172514b47ac96",
              "ami-0e44d51e3d626379b",
              "ami-0b825c6bd8acaaef4",
              "ami-0167385db52b4a8c8",
              "ami-0dbd8c88f9060cf71",
              "ami-019907f7f9b437ad7",
              "ami-0adbaeb84003e9067",
              "ami-0130145bd0d07dbbf",
              "ami-06540d5f92eb79adc",
              "ami-0feea3629c7535cb2",
              "ami-0d147a7655fa65100",
              "ami-0b14f1cc7a516c6cd",
              "ami-0ef7782793c55a691",
              "ami-02337987927d1304d",
              "ami-05e37962152ee2e91",
              "ami-0cd6ce078dc44b0c6",
              "ami-065aa73859e8d61aa",
              "ami-0553c723b347249c6",
              "ami-0c43f8a3233a23784",
              "ami-04e916656d2a44e21",
              "ami-018dc8c3d904e7947",
              "ami-067a1efe1687279e8",
              "ami-0fb73a90c4f3adb10",
              "ami-054009b08bc8d79f0",
              "ami-00f8b2a37ff46143f",
              "ami-032816098961081eb",
              "ami-05b2335a61d7ada15",
              "ami-003b7a2a3c0b549e9",
              "ami-038309bb13441166f",
              "ami-0b080c5aea036ca45",
              "ami-043d56aeeab31f311",
              "ami-0436e440d507ca763",
              "ami-0a78e78c161d7942f",
              "ami-0425cf2890b9b414f",
              "ami-0b5ab2589fadec297",
              "ami-0f0f3b1905edeaca0",
              "ami-07086e77ebf1a3197",
              "ami-05cc7d0206544b5d4",
              "ami-0b3644e35132f298b",
              "ami-07407268872a2865e",
              "ami-0fbbd886365a46c0a",
              "ami-0a2b643db1d07ebfd",
              "ami-0fdd72e3095e4e088",
              "ami-092078dda3b9db9fb",
              "ami-071d70b6f18ca6c9a",
              "ami-000b4d601684d14ed",
              "ami-0a18d5a1df55bf7a3",
              "ami-04b9a322c0ade2f20",
              "ami-0bebc95d5da4b8266",
              "ami-092c0ae3000ba396e",
              "ami-0705893c3cb12fa0c",
              "ami-03ea0249dd661d708",
              "ami-00d474bb23dcd92bc",
              "ami-03877d576a9a74b2e",
              "ami-026e085aa3fc4c2bc",
              "ami-0c60e75e380538a35",
              "ami-0956023632f869012",
              "ami-0993a52b873234b90",
              "ami-0121a9a9c0ac539f3",
              "ami-0695537c79dcfb141",
              "ami-03c2f761ef7c7561c",
              "ami-015f15ab4f3e5d334",
              "ami-0c2c250628af9fce5",
              "ami-069b42b145eac9273",
              "ami-0f5f591650135b2c2",
              "ami-028a233a1d52de5e0",
              "ami-0a2eb4fd565e7a84c",
              "ami-06cae872d54c349b5",
              "ami-0aeeebd8d2ab47354",
              "ami-0c9d68a1ea8faac83",
              "ami-0c33b24ad642b52b5",
              "ami-04c90808bbe43604e",
              "ami-0b683223eeade51eb",
              "ami-0f33f78d204cf2e12",
              "ami-03a184791408bcf5d",
              "ami-024a0298c3ebb45be",
              "ami-0308a1dc31c13dd6b",
              "ami-0eaf89fb3f716bfe5",
              "ami-0fd57148895e31da9",
              "ami-0eda38bb415b9b4a0",
              "ami-000a1c506e69c750e",
              "ami-00d85a80dd3301a4a",
              "ami-0957613c517fc4652",
              "ami-0bc327fd094c6e7f7",
              "ami-0b8058d4b9572b4c5",
              "ami-0ac30c07f5f4b1039",
              "ami-0d3dde81fdbdd6a59",
              "ami-02949bac9371cc87a",
              "ami-056130037c898e193",
              "ami-0ca593675badf6001",
              "ami-0aee521b44714a0bb",
              "ami-089bec0c8f13aed26",
              "ami-09a6ce7a9d3eb540f",
              "ami-0cc5398daad0c48d7",
              "ami-0953f1c87089e547a",
              "ami-017179c5e2fa62056",
              "ami-01a3d8d762bc0915d",
              "ami-09df2a8b157d136cf",
              "ami-054b8999e41ca6ef4",
              "ami-0d6d97ae57e6eb9fb",
              "ami-01c7754cb30f3b741",
              "ami-0b14fd24e32609aaa",
              "ami-0ed73dd9b8fae530a",
              "ami-0cc29b40d955134ce",
              "ami-0540e79af56c11827",
              "ami-08109acc84b81a420",
              "ami-0442f44dcac78ac76",
              "ami-0ebd8ceb4e5cee077",
              "ami-03cd5431d5dba2dd2",
              "ami-06b21f67823608f9b",
              "ami-095734fe312eb6181",
              "ami-01653b4016b9a962a",
              "ami-01771357381adb58d",
              "ami-0f89a30cb833758f5",
              "ami-074aafcbdabd567cb",
              "ami-0579c6d043180649e",
              "ami-098b2b472bd2a3521",
              "ami-04c57fb416ca98499",
              "ami-075723d78cedf20b6",
              "ami-0459d6b36df3c5ba5",
              "ami-00c4613f259944ac5",
              "ami-06930900cd8802330",
              "ami-0173e8d65aa85b0e1",
              "ami-0e7a0cafe57b5d327",
              "ami-04628a1229009bd2b",
              "ami-0a79ab9305e2e7e81",
              "ami-06679ff4b9cc9e532",
              "ami-0bce705897ebfabf6",
              "ami-09b88b0c806b4d214",
              "ami-02aa566fa7bdc2407",
              "ami-067aa059283bc39fb",
              "ami-02bb907ae2eff07af",
              "ami-09cbfdce921f8acbf",
              "ami-05b909e6bad71d1e2",
              "ami-0c0a29ecdb41e67c1",
              "ami-05d27fa451611cea5",
              "ami-0a6b3a49e222ca4c1",
              "ami-096df83a7ff989541",
              "ami-0c958e37cf2d7b161",
              "ami-094c0dc9c8bd91ed0",
              "ami-0282c57cfff705a82",
              "ami-002935e101ab8cb71",
              "ami-0f1e1c23a8a2d8c33",
              "ami-0c93bfa9c5a2acbbb",
              "ami-01fee4ae9f91c18e7",
              "ami-0d2ab05a0883ef031",
              "ami-0d9c28fba8a101797",
              "ami-09444a2815fea10d0",
              "ami-0b7dda370f0e20fba",
              "ami-0bfa1f3857e429796",
              "ami-018042f56926ea213",
              "ami-0e997ebcd501f20ac",
              "ami-0472d49c18e6bc799",
              "ami-06f029d8a94dc1150",
              "ami-004b87b431724c911",
              "ami-0cf56291f570943e2",
              "ami-0fa768162d943e06a",
              "ami-0de947f5f54764dc2",
              "ami-0d3b689c95e67d77f",
              "ami-0b3d23ea178876285",
              "ami-0428124429e0d6ae2",
              "ami-0c29dd87e87fb4dfd",
              "ami-0cfde6d4e50a9037b",
              "ami-0b6dd19d9998f5cb8",
              "ami-0defcae078e1e5047",
              "ami-0afdf6118d9d5eb33",
              "ami-0b1c4f6e35b1ce823",
              "ami-02b3e6bea3bb4ffde",
              "ami-0033ca67885e2bdc2",
              "ami-09d01d46812c52d7d",
              "ami-00d216d399d042d7f",
              "ami-05f086f37aec33330",
              "ami-068b3c771ad2a0acf",
              "ami-0ef0c69399dbb5f3f",
              "ami-0b0734ca5b2646df1",
              "ami-0b9fd53aab8e79a0f",
              "ami-020da68433ccd915e",
              "ami-0841a86921aa48da9",
              "ami-06f9a48873f748dc8",
              "ami-074f2cc6728fcffc2",
              "ami-0580e1cd81b2acee7",
              "ami-002c5b58b82d5c106",
              "ami-0135b6a290e6d5967",
              "ami-03c7c69fc21b1cb3a",
              "ami-02cff17895bc668fc",
              "ami-096dc945d333d20de",
              "ami-07e707855c9295c08",
              "ami-0f5c20eac29836e5b",
              "ami-0eb3f08db17d00263",
              "ami-0bb0f156481e1c7f9",
              "ami-0d80fe7aba2c0556c",
              "ami-0b7f1fb3c67015b58",
              "ami-0ffac847f84028f64",
              "ami-0f34c1ff0013142cc",
              "ami-036a39fd1cd837f71",
              "ami-047eb1f5f5dbf7530",
              "ami-04ad609a9103f7c3e",
              "ami-0570eb90eff95e61e",
              "ami-0afef121fe65d70a0",
              "ami-01146a2120f5af1c5",
              "ami-0ef5dc807fbe46d46",
              "ami-07fde2ae86109a2af",
              "ami-0ee42115a4515cd62",
              "ami-0ff41121c1ec564b6",
              "ami-028ac3618b843f541",
              "ami-0cd18f029a7952403",
              "ami-00418a4acd7ddf864",
              "ami-03f2a14c37928ae2b",
              "ami-09ee8cc8947baed34",
              "ami-0aae17a0242149311",
              "ami-0cba86861803206bd",
              "ami-0ea9a1a32a04d7b29",
              "ami-0d52e8a8548b33257",
              "ami-0d24360d9595ded4e",
              "ami-02d219ead14dd9980",
              "ami-030a0d2e449ec259e",
              "ami-043b2c413e1d7f00d",
              "ami-0b9857ad5d05c2b9c",
              "ami-053fdc15e17b640c0",
              "ami-0772f3a491e698154",
              "ami-00396e1d5ebc5ba1d",
              "ami-05a72062750de3ac4",
              "ami-031fedc554dcdb189",
              "ami-0b6c7e450ce84d343",
              "ami-0d0ceb37e8d16ceee",
              "ami-07f8e5f4e013acab7",
              "ami-0f14de04ce05199bc",
              "ami-0d3a2843104595ea9",
              "ami-07afc8af03c0d4de4",
              "ami-0be42f7e2a0804716",
              "ami-02be463f61b6034b7",
              "ami-04b0dc7a4cdfe27cd",
              "ami-020094bb9f1d25b46",
              "ami-046ace7ec63d6b177",
              "ami-0ecce99e69e23b677",
              "ami-052a8c59ddd6a96f8",
              "ami-0eb2434c9fb151f97",
              "ami-04e195ef95f1b10b7",
              "ami-081eb1402c495a2e6",
              "ami-0f67f723f0b99e751",
              "ami-06ef8f5630eca750a",
              "ami-086ed69d4f2668547",
              "ami-0aafd498cbbe3479e",
              "ami-0975ebbb7f45766d1",
              "ami-0c53a8099b93018d8",
              "ami-05478586f5ec2dc2a",
              "ami-0a3ec59888b77186f",
              "ami-05ae100dad8be29e1",
              "ami-0bf2d0f45649fab5d",
              "ami-041c17583811da4e6",
              "ami-008bd02d46bdaac8e",
              "ami-0c4fd2ac488659b78",
              "ami-02f18bcebdb6e7750",
              "ami-042163a3ac96de3fc",
              "ami-0fbe70e5be07ab086",
              "ami-0a957df0e532633a7",
              "ami-093172aec91b94041",
              "ami-09b19456d8f01619a",
              "ami-0821d3a47aa523f4f",
              "ami-0cbfc8dfc38f47b26",
              "ami-0cfb602a425a9651b",
              "ami-0905937f3724d00d4",
              "ami-0181f6bc79e498d1f",
              "ami-0431483af5258917e",
              "ami-0ef4c8aa7e7035622",
              "ami-0f0cab21c2d4178dc",
              "ami-0c80a282ac75fd756",
              "ami-054caffdf110bb21a",
              "ami-0bd36fd7853727cce",
              "ami-05110126038e6d3ff",
              "ami-092fb4f47b63ee601",
              "ami-01f91c048bf4e32b7",
              "ami-08076aad7b9c7d502",
              "ami-03acda3c5c75f0c39",
              "ami-0558eda2d46da6741",
              "ami-075c63fa0ac47baec",
              "ami-0442d4003545c1a41",
              "ami-0febd0ea3c65d06e2",
              "ami-0b725e6fb8640975a",
              "ami-0f629b8662b52052b",
              "ami-0977db04eef781d1b",
              "ami-0c8110e4b6a130fe7",
              "ami-0944833007b49f08d",
              "ami-0bad7aa255857fb25",
              "ami-0191cc04dc07e93e5",
              "ami-041f3c890585d7b63",
              "ami-03cc9483a4302ab15",
              "ami-0b6b7c81e7c2df43c",
              "ami-04123d268f8cca1da",
              "ami-0aeb6c36f3034c1c0",
              "ami-0380056dbf910c610",
              "ami-0c39beb7642835b23",
              "ami-0012b0e32aeeb20bc",
              "ami-00c32efc4e86df429",
              "ami-095348d25d5081d12",
              "ami-0a83bf2ed4a0bbb1c",
              "ami-0598a2f18554d1972",
              "ami-0dd5f4f618a061968",
              "ami-043bed31bde73d741",
              "ami-0761b5ca646968a27",
              "ami-0ae953faae4c062a1",
              "ami-07c49c0c24fb848a5",
              "ami-06b6b972591cf9c17",
              "ami-098d0aa498ad140f5",
              "ami-06dba0c2c4721a556",
              "ami-08b5018e3e04781c9",
              "ami-02eb796bd1e9d2656",
              "ami-09a782b8e659be81e",
              "ami-0a60fedb47b3e2021",
              "ami-0ae3143bc8c29507d",
              "ami-05a97befb0c258e9e",
              "ami-06e31e53554d454c9",
              "ami-0b6c530c68a675e18",
              "ami-0455b633f9385894e",
              "ami-012f4350961b1b16e",
              "ami-0025e088910e1ce5f",
              "ami-0cc8e345dfdfe346c",
              "ami-07c9726591d32044c",
              "ami-09d5302c0469f30b8",
              "ami-07437c720aad1939c",
              "ami-0046a038422a78cdd",
              "ami-089d9d329473108b5",
              "ami-075ea52d0772eb757",
              "ami-05f6a13cdb678ca0b",
              "ami-015763484a51f3a7d",
              "ami-06dec1f9a12ab0804",
              "ami-0f3503203596416bf",
              "ami-09cb3c6356e68aa4f",
              "ami-06d5c7b192a6165b1",
              "ami-00f3f313f54445679",
              "ami-0df15f3d4cea63764",
              "ami-0b8360e84b783ad60",
              "ami-05b22a520028a4537",
              "ami-09b9f9f1b83767f30",
              "ami-06c778c22c5e09bf7",
              "ami-017172447a05bf61f",
              "ami-0a0d71ab96820c70b",
              "ami-05674d6c91201b508",
              "ami-057ef67b3faf94291",
              "ami-0b19d417de673a86b",
              "ami-04ed1a254039d5b79",
              "ami-00d1afb6c5542557c",
              "ami-029c06400c3a0f4e9",
              "ami-07dde3dcef0c7e479",
              "ami-0fd5b9ec5890d7d6c",
              "ami-0ee67cd16d2a6a681",
              "ami-0b798d6af842cf0f5",
              "ami-00df7308bd65db4af",
              "ami-055aae63582f905b2",
              "ami-0eb019159c5390257",
              "ami-0af5e808f488f5039",
              "ami-07a744522d1bec376",
              "ami-0cb909e9c23dce8ec",
              "ami-06ae66a5087161d6c",
              "ami-0c8b5043c4b842716",
              "ami-07a3dd35827017142",
              "ami-0ecd6cf6ba70d538d",
              "ami-0246fcb1dd3915437",
              "ami-0a343d35fe8a13703",
              "ami-0d91ac359c3db0b52",
              "ami-0deca22f760baaa17",
              "ami-03cba3f030e294880",
              "ami-0305cf58497ac3835",
              "ami-0e7994b46ec59a62a",
              "ami-037befb95c35c5b69",
              "ami-0cd96d01a62517887",
              "ami-06d0ca90defa8e8a3",
              "ami-08bd9359a982eef9e",
              "ami-0fdcdbd8a01ed4cf9",
              "ami-0e2be4063965983e9",
              "ami-074c0b29e27c29e5e",
              "ami-0c79f3088af7c659e",
              "ami-0c128df9448918742",
              "ami-0da661633705ead28",
              "ami-0c563eefd56e0d6b5",
              "ami-0c76637890caead7d",
              "ami-02b258c90c634d54c",
              "ami-073e6b6ac63d96bfa",
              "ami-0954ed23f082da957",
              "ami-0ab1806af7246ff7b",
              "ami-035ee295c7e32f890",
              "ami-099e453c1e4f45f5e",
              "ami-0ea0e8095c3e9d9f9",
              "ami-03e7f599b7603aa66",
              "ami-0f2c14d6eae28b707",
              "ami-0e79bd269730989d9",
              "ami-05ffdd06aa8acd752",
              "ami-0a6cdf3692852d532",
              "ami-0d8df1300b8da6763",
              "ami-0dd3123301990d59f",
              "ami-0711c23fad67a075c",
              "ami-0c8772b962d9a2d90",
              "ami-0518a5e320279890d",
              "ami-01d3bd68ffcef4b89",
              "ami-03d37dd2c01aae46d",
              "ami-0274f1a79be60c562",
              "ami-0985de4d1f9320fac",
              "ami-03c3cbf0e487e6c07",
              "ami-024cd65884e5f5397",
              "ami-0c5f0a577c97b13a8",
              "ami-0fd3b59e2167d603a",
              "ami-02b909a0cd6f6b441",
              "ami-0ef5f31b79d5be39e",
              "ami-01ed2b1b6e029baf5",
              "ami-08a9ffe8867d13734",
              "ami-08b9e8ebca7bb897e",
              "ami-0dfecf153cf4cd624",
              "ami-096a971a8469b2b59",
              "ami-01e72a856b4522edb",
              "ami-0e63e8d2802e0b6e6",
              "ami-0e1bd1eeb8ab2a2f5",
              "ami-0be9d40efdfdbce2c",
              "ami-0e477293d7376163b",
              "ami-07d454030bc735ff4",
              "ami-07cae3eada265f948",
              "ami-0143cbbe95186afc4",
              "ami-028f78dc58c850ef5",
              "ami-0b554d03e71acfdce",
              "ami-0adb5d5e7df1917f0",
              "ami-08b1934b97c07f698",
              "ami-047c94ec10849edef",
              "ami-0f26bcd08d2e069ee",
              "ami-0cb9af7951f6501dc",
              "ami-0b2c755848ea2e8c1",
              "ami-02be10507e7409470",
              "ami-0c2c88b9056868703",
              "ami-07d3316a36bafbde2",
              "ami-094a3e4a692e96afb",
              "ami-0629142f164c7f43f",
              "ami-0250554864fac8886",
              "ami-055ee264b14258318",
              "ami-0138068b501e2663f",
              "ami-0aee8e68a5307e401",
              "ami-045a71855dfc22e0a",
              "ami-0dd98e52223c032d8",
              "ami-0c885adf297004c8c",
              "ami-03016b62a0652b2d7",
              "ami-0cce120e74c5100d4",
              "ami-025d9786f40ec5743",
              "ami-0bfd5f1053da7c3eb",
              "ami-05f310c539e874c63",
              "ami-028e1b129d3a27a63",
              "ami-0751da16bcf63459a",
              "ami-083c587304b873e7f",
              "ami-0411a660e2863b379",
              "ami-0ef445aae46d82c4f",
              "ami-01b88f05f5e5abc55",
              "ami-0d85141a2f8dd2db0",
              "ami-0d5e228087efa2b3e",
              "ami-03185419838bdd11f",
              "ami-0e1a3ff67e0e43b52",
              "ami-032190cb4581968a9",
              "ami-03599aaed9f767470",
              "ami-02a6dbd7621007d4d",
              "ami-0211ebd361b21cf51",
              "ami-018881da8dbc85f6a",
              "ami-0245ce42555c963a4",
              "ami-01619808829c79a63",
              "ami-0a4d4bd1f048dc41d",
              "ami-0e8862f0fcf9952e8",
              "ami-0cc39d0d54d229809",
              "ami-07209813f19c437bd",
              "ami-0bed6aaeb1e0f4c43",
              "ami-0bb1ca1c3a0c6eb79",
              "ami-081a437d86485c19f",
              "ami-0669a0dc100b8d298",
              "ami-0413cf13c8b6589d3",
              "ami-01198c9dc9eb59965",
              "ami-0d7449ae5741fd107",
              "ami-012195c39fb561a0d",
              "ami-01f3bd604dff47cb3",
              "ami-01d5349366bac1b09",
              "ami-0a0af99094e51b961",
              "ami-07f84b020d006fb55",
              "ami-0cb3e30b493c1df94",
              "ami-059ba26b7cd2bacb6",
              "ami-0fe03e4e50cd4d7f4",
              "ami-040920cd25ad85ff3",
              "ami-0901dd91a348d0233",
              "ami-0ddd8649648a507f7",
              "ami-0510b4097319fc682",
              "ami-0baf4dd1211b76bde",
              "ami-00ae10124674e644d",
              "ami-0b095b77aa4fa7048",
              "ami-051d3f055fddb066e",
              "ami-0b7951e80ed3dc05d",
              "ami-0157db642e294a33c",
              "ami-02ac709b30104208c",
              "ami-06ccff6c36281aae2",
              "ami-07c4691426711703c",
              "ami-0a185968924c49ced",
              "ami-0a1ca0d66c9baba3c",
              "ami-0939a3adc67c4e3d6",
              "ami-0beda8c5b9ebfba43",
              "ami-0e5f123bf1af8c7f7",
              "ami-02ad0e915f84b06fd",
              "ami-042ed45aa16f618ea",
              "ami-070fe5e8078c70267",
              "ami-0799d0df491deb996",
              "ami-0ec51d189dd7ce465",
              "ami-007a0bd62c1bc3c66",
              "ami-0b74a2ad96f179e62",
              "ami-082b069aca17092ec",
              "ami-05313e0b37257e2db",
              "ami-0f0ce46c6140a428a",
              "ami-032380fd22ca03d3f",
              "ami-0fd6f6c2a545631b6",
              "ami-0c9a2299dd5ac3262",
              "ami-0a2aac51080583d59",
              "ami-0512c8949d8ceeddd",
              "ami-0eded7e952ccac37c",
              "ami-01609bf54666e1340",
              "ami-0d44cbccbda264bf8",
              "ami-0e4ff3d562beeb435",
              "ami-0a2b44b4bf724197a",
              "ami-0b4198028767b83c9",
              "ami-0225cc0bc3f396691",
              "ami-04345301712775175",
              "ami-03685a91342ff916d",
              "ami-04c2e8fb1bed51bbe",
              "ami-0542f1fe6ff40de30",
              "ami-084f7d4d60cbdad63",
              "ami-0cb3c6b5c9092739d",
              "ami-006db943a4c0ddca9",
              "ami-0096e543e2df6ff4d",
              "ami-0586616a2d4880e7d",
              "ami-0491b78bb1da731e5",
              "ami-03ff110684040259f",
              "ami-08369445c95243fb0",
              "ami-073c86abddedcddb1",
              "ami-09c69614faf8086c2",
              "ami-00893404c20f6ce1d",
              "ami-05d3e0eea60ef31e7",
              "ami-0aede7810db3eea37",
              "ami-06a37497cb2ff9da5",
              "ami-04b3cd55fc146d782",
              "ami-0eeffa4bed9ece059",
              "ami-0043010039aaee42a",
              "ami-06415832b84e9e03d",
              "ami-03de484fd675dfc7e",
              "ami-0038a1274fa52ae0d",
              "ami-05d4351ed6c9b9ff3",
              "ami-0126216419e764842",
              "ami-0d50056639a5b1600",
              "ami-0c99b190621a9dcc7",
              "ami-0cab0543da28e41d9",
              "ami-0fbf4b59863183ff0",
              "ami-0b7dd9315fe54c06e",
              "ami-0534c38f1daefb771",
              "ami-042b059e2b0e47e70",
              "ami-01e81429ebbb5cb8f",
              "ami-0d5eff06f840b45e9",
              "ami-09a9d6babd1b6759b",
              "ami-026d6e66b21f41d4a",
              "ami-0e30e4d53f9d522eb",
              "ami-0bb3d549f49452b4b",
              "ami-0ca50335e47b97a43",
              "ami-08536c4b7db3fbac2",
              "ami-09d19e919d57453f8",
              "ami-0bca06e28b678f338",
              "ami-0babb0c4a4e5769b8",
              "ami-05b7fb5dbed9d1542",
              "ami-0a366d8297dcf6886",
              "ami-0236b110946ba29c9",
              "ami-033cbd9ce40afc092",
              "ami-00de3038267b6748b",
              "ami-0440a40c0bec6302e",
              "ami-0b1e00b960ea2d6d5",
              "ami-0f952ce9bb505e282",
              "ami-05b4234e5df729030",
              "ami-02e1c1f5257b5a5e5",
              "ami-0e6eccaad7176202d",
              "ami-0f82fb12cd89488c7",
              "ami-063d4c8c98af2c977",
              "ami-079f40a2f90a930b6",
              "ami-0774e48892bd5f116",
              "ami-01f1817a8a0c23c2e",
              "ami-09e04793ef427eae8",
              "ami-04cd519d2f9578053",
              "ami-04c5ecf0d5355bff2",
              "ami-01861aecec24ef0a2",
              "ami-02f296a327377a46a",
              "ami-00cf0fd4e66a5cca4",
              "ami-061d58a8c81a938ad",
              "ami-0b617084538643522",
              "ami-07456070ba0c9b0cb",
              "ami-0f5e9af08f35fe91e",
              "ami-048f6ed62451373d9",
              "ami-01cc041b5d0b989b8",
              "ami-08e726708d1bdf923",
              "ami-0c609396d3e376b16",
              "ami-00315de4391ce4f6d",
              "ami-03c7742b5c84f2ce5",
              "ami-07452ebdc3f1b18b6",
              "ami-024fbcb26b273be2c",
              "ami-0800ae2b5cc14a13f",
              "ami-03bb8cab77fabbee0",
              "ami-0e22d312ff4b62152",
              "ami-0f235b86648405e07",
              "ami-0860526fd7e80a2c5",
              "ami-097f69554b5e7df5c",
              "ami-0a112d1538ae21070",
              "ami-0f3b4db9ff44a93ff",
              "ami-09c629962c8825b59",
              "ami-0d831d30775ab0a79",
              "ami-0481cc7d8e93ad808",
              "ami-0583b868e11035b6b",
              "ami-0899dbc0ddc28fbb7",
              "ami-05e13225c5766b91e",
              "ami-09fe0478cf395bf45",
              "ami-027d90d148b2415f6",
              "ami-03ba472b1cfb848c8",
              "ami-06a2009495e71181d",
              "ami-021f14280b66cce20",
              "ami-0d09e7c1ce00d8611",
              "ami-020110fea4e83e0d0",
              "ami-0cd20f2640fa0219e",
              "ami-0c12bd1eb1855ce3f",
              "ami-01352586582a94c99",
              "ami-0cd7b51de86ec921c",
              "ami-039d3d0f49ceaca26",
              "ami-0d1f99827d0cbcc85",
              "ami-0fb37a82fbfefc113",
              "ami-04f115ade52925189",
              "ami-03a66acba7da5ab12",
              "ami-04a693e0d44292699",
              "ami-03d2e9bdd01390637",
              "ami-03427c8885ef6af14",
              "ami-034a951848b576a79",
              "ami-0a61b2908a2dac345",
              "ami-0a51c5f045c83ebe2",
              "ami-02133f0496cce8503",
              "ami-08e67f9e16dd6983f",
              "ami-0c8877af404641219",
              "ami-0cf3b72e94605abc0",
              "ami-0e4422f0b3d9fd6a3",
              "ami-056f21a620b3d6b82",
              "ami-0a0be9e215892c112",
              "ami-08e686ee407048af9",
              "ami-08e93d69de59d7f0c",
              "ami-0281c6f581e8051ca",
              "ami-0eb0cec423928a75f",
              "ami-05813e6d884621570",
              "ami-0bb5207750395f64a",
              "ami-0246bd1fd960fe33e",
              "ami-0a68fed5c9da9799c",
              "ami-0cf1a795b0691a2e3",
              "ami-03ebab6a883de07d5",
              "ami-04687db23935471ff",
              "ami-0e88046196f932f9f",
              "ami-0e6821f71e79410f5",
              "ami-0bfc36890c41910c3",
              "ami-02e68e61d9871d063",
              "ami-0f6232b6cd57cbd35",
              "ami-0b94de7d7eefc3911",
              "ami-017f3a6b7d591d94d",
              "ami-042612833509601ee",
              "ami-065120152529df9df",
              "ami-008fa1cf6f47213aa",
              "ami-04355648f52a56854",
              "ami-0ab704fbebf2ff2fe",
              "ami-04ca7d516f2843a7a",
              "ami-02ef048d8778bf27a",
              "ami-01af3e6cbbd8b373e",
              "ami-059fca2c1ddb1c69b",
              "ami-09aad46045a4d994c",
              "ami-0672a53db55e775ce",
              "ami-069c7f77914e82b9a",
              "ami-09929a0974a156c05",
              "ami-0c81453eec2a1ae90",
              "ami-06e923d1377652588",
              "ami-0ea963a8152c1ad7d",
              "ami-064a8a7f82c90adb7",
              "ami-0ff2b9329c09ba74f",
              "ami-02e097ac5a1667945",
              "ami-06eea7c94a992b56e",
              "ami-0d51eddaefe98fb77",
              "ami-0a1c3f6ad4e6b8b23",
              "ami-043dfa104b60608e8",
              "ami-098f4c86dee23c391",
              "ami-0f344a2258705ea86",
              "ami-0e57d7d50cc5fde4b",
              "ami-06bdff00372a9e840",
              "ami-0f589574114ac87d7",
              "ami-0b809cb8bdf1d026f",
              "ami-0dbb5bcf1c48d8fc6",
              "ami-068437fa4197a4ef3",
              "ami-07059834e8f5f2066",
              "ami-0609ab89e21dac33c",
              "ami-006a70f32a884997a",
              "ami-030b30ab2e00dc833",
              "ami-0b4b09566a432bc95",
              "ami-01389d2b062a2edfb",
              "ami-0e05329c7db89b25a",
              "ami-02a4c174e8e2526f4",
              "ami-03886c523e177f4d3",
              "ami-0865716474393cd9b",
              "ami-05eb9c40504d2a850",
              "ami-01ab5e652774d5607",
              "ami-0c3f95f03e155616f",
              "ami-00161ba686c4bfed1",
              "ami-04cd7271959b809a0",
              "ami-06f125beaef287e45",
              "ami-0503579d2fe1977a7",
              "ami-099c7286c80cd7d8f",
              "ami-07b111b6c1d4d8a5c",
              "ami-09f64450d05f39d8a",
              "ami-0d1bf37508ca814e6",
              "ami-091d6c14259eb2c93",
              "ami-04eaba6ad13e5d00a",
              "ami-0bbc7be194ee00d0a",
              "ami-018d62460bdde9744",
              "ami-081155e65ce84ad35",
              "ami-00f9243dd3081dfd9",
              "ami-0e7e907de5abf897b",
              "ami-0127ef2303babdd1a",
              "ami-0ac899308ea86cbb5",
              "ami-0b362d0142e97cf14",
              "ami-09a7fcaa69d336476",
              "ami-0a82bbe6dd909868e",
              "ami-043105acd132d9733",
              "ami-0b4211b9ef6b1e0f3",
              "ami-01dec74d3c67dd4b7",
              "ami-001263f2e149e23d3",
              "ami-0b116b5ce34bdf7e8",
              "ami-00b8ea8462c7314ca",
              "ami-04fc7637e5bba4bdb",
              "ami-02fe3c35e777265fb",
              "ami-0b92ed3f8c6d31b47",
              "ami-054a595b41d96bec3",
              "ami-00aed483ba1eaea2c",
              "ami-0d9c4fd7e3bbe14da",
              "ami-0b1db4eaffad0dd18",
              "ami-007f7d09bf69f2ed3",
              "ami-0afea701c5f20d4c6",
              "ami-0b0551a0d185d05dd",
              "ami-0b7f09d99797f1136",
              "ami-002da5840d7e7c5ab",
              "ami-07446c909c03eee7c",
              "ami-04db454e082c5b45a",
              "ami-0db15b804687e2913",
              "ami-0d8d84558995c3ff5",
              "ami-0feebf00aee849ae1",
              "ami-0cbc8f916a2cdfe4c",
              "ami-09a0d48f8320ed38c",
              "ami-06aac012759a08cec",
              "ami-0a1d7b1c82ca03dee",
              "ami-0928926707f74dab6",
              "ami-0f1c2139504731052",
              "ami-08563820d4ac00101",
              "ami-0936bf169d37529ad",
              "ami-0eaf356be3e3853b0",
              "ami-042f49a8f643fa558",
              "ami-0929625d63a6bc993",
              "ami-001d5ade4dad802d3",
              "ami-03cd546ec2cf0f7a4",
              "ami-00650807756050152",
              "ami-0319fc7e9b89ad3be",
              "ami-01e60b66eb705ae08",
              "ami-0bb8e197ca205fdb2",
              "ami-00f2788def3adf6a6",
              "ami-092a8dfcf7b4d1141",
              "ami-0be13a99cd970f6a9",
              "ami-0aad1231da126e455",
              "ami-0e68a7c5506b97265",
              "ami-03559bc87ca78da73",
              "ami-02f9264f053ca9650",
              "ami-06a1a98efcabf504e",
              "ami-0feefff1cc2b63545",
              "ami-0b58966d10f3a282f",
              "ami-0ae809e402597e6bf",
              "ami-08ee2037aae8e996c",
              "ami-0c30fe59debedc479",
              "ami-084d83ef66c1c7d26",
              "ami-059c4e436e00f8ff4",
              "ami-0d9a9d01b83137e08",
              "ami-0aac934bb7c56010d",
              "ami-09e9fc6b0563179e0",
              "ami-0feb4b3151fb93b8e",
              "ami-0da8dc96a28502bd5",
              "ami-0d9299304a5e3cfea",
              "ami-0a6adb22a4d19d602",
              "ami-0f34aa5c9daa6fa14",
              "ami-085a61024c06fa6ac",
              "ami-09eec6a0bfd9677cf",
              "ami-05fe37342f1c7c35d",
              "ami-01dd60d7940700196",
              "ami-0fb609b51055ca98c",
              "ami-0fb12b2b10292e338",
              "ami-0bb2b7c768e254b92",
              "ami-0da1bea9d590ad86e",
              "ami-022806f6ad8d40b55",
              "ami-04ef56471a6606f7a",
              "ami-0c6d0518d8dd76655",
              "ami-0404034ae74df7518",
              "ami-04269f2e9be10beeb",
              "ami-0256c2c5522886620",
              "ami-022ee0e270474ab79",
              "ami-0f75003ece5f5c412",
              "ami-058a647920d9dd2c5",
              "ami-0b9563fde29b13417",
              "ami-0c40f5ff90af2aeb5",
              "ami-019db77dfe8c1ce82",
              "ami-0597cdd2ff7da62fc",
              "ami-06ae46cac15bcf146",
              "ami-0918a2c94be78535a",
              "ami-0a136a17611334562",
              "ami-018ccaac604db1d2a",
              "ami-0bc71c3105b8a6c78",
              "ami-02ac68d376a96ecc3",
              "ami-03d135d4252deff32",
              "ami-057b77755a9c9c3c6",
              "ami-00ca7ab44a5842a84",
              "ami-063b13c4e6b28e839",
              "ami-03ab02e145ad91680",
              "ami-0028c1811369a23aa",
              "ami-0e66313e00afdb259",
              "ami-00dbcbbe09275fd58",
              "ami-01bbd6df1c951c163",
              "ami-0f7d43eb801d6e508",
              "ami-0a7b0678685eb4ed1",
              "ami-02325d9863c6a8f3f",
              "ami-014cb8574d14d3203",
              "ami-0c5206834e31b89ab",
              "ami-083407f164d4411d3",
              "ami-0ebda502006e2d971",
              "ami-00c8e95c2baa98758",
              "ami-0e98677b617af724b",
              "ami-097fce9196c211ea6",
              "ami-03b8c21ca3c628df0",
              "ami-038ea8170a82577ac",
              "ami-0be8b2caab84456fc",
              "ami-03f5b23618c3ee81c",
              "ami-025ccf9bade09aee3",
              "ami-0f8bf9c7c73778c0c",
              "ami-0be0cff490a0a519e",
              "ami-065725b1d124fe429",
              "ami-03f4358927de10105",
              "ami-0c425bbbdeb81022b",
              "ami-0c895f7187c91b9c1",
              "ami-035ac40914e94858d",
              "ami-0a403817d8637ec8b",
              "ami-0669987be73c1b276",
              "ami-05c95cf90a475d576",
              "ami-0f3727392c03ef20b",
              "ami-005425225a11a4777",
              "ami-022ccdcc49ed341d0",
              "ami-07ad46e52fdf7ea03",
              "ami-07048d1f3734f157e",
              "ami-00690024ed3d7e7eb",
              "ami-051b74113efd516cd",
              "ami-034642b49dbb393b5",
              "ami-04218b18169fea06c",
              "ami-0a1e57c7776294b0c",
              "ami-007565c4be148d4d0",
              "ami-058db5cea4cf6dcbf",
              "ami-01d17c91a41969b95",
              "ami-01a54fcd4afc0c433",
              "ami-0279866e59ec44f66",
              "ami-058aa1fac32ef091c",
              "ami-0ba5116efb7f6397d",
              "ami-0299549cd2d7c1538",
              "ami-04fe770a54b434e8b",
              "ami-0afc18fe91f5b4c2a",
              "ami-034ea27ac154cae54",
              "ami-0a0a194c54454463f",
              "ami-0fbf5528ae9d8f023",
              "ami-0b8e294a936b2bcce",
              "ami-091cc61c6ff9c2d15",
              "ami-0d8c35c4ff3c2944e",
              "ami-0b06ad6ce5341a208",
              "ami-099ea3a7717fafdcb",
              "ami-00673355ea2aec8ad",
              "ami-0aa5e270f26fed465",
              "ami-0f5ede860c2c5cd16",
              "ami-0929e6989bc9ddee9",
              "ami-0048a90437d1b7dbe",
              "ami-002c4ff76b04f6c49",
              "ami-0f30b19ca84abf525",
              "ami-0324c29d4a2646e23",
              "ami-018e5831cb11c140f",
              "ami-0adbc1f9c5cc20c12",
              "ami-06ca4d90b0d5aed52",
              "ami-0b3d216af67eaa562",
              "ami-09257ad85d224c690",
              "ami-075e8e3df92dbe7de",
              "ami-096dd83fd7eccf79a",
              "ami-010a345760da159c9",
              "ami-09d9d167d87c8a137",
              "ami-0ba998baf81aea5fe",
              "ami-0b875b1d352f4a048",
              "ami-08f86f65435ab69fe",
              "ami-034d979acfbd95496",
              "ami-010f714b63105047b",
              "ami-071d8a13241ac761a",
              "ami-04397ec1c1a2ff281",
              "ami-0a1717a01d3a8d6a6",
              "ami-008576138524ac103",
              "ami-0c8815335225cc681",
              "ami-0cfbe36a84e515fa2",
              "ami-0b46d6b0bb02084fa",
              "ami-0d9029f9876149204",
              "ami-00132f12661f4a599",
              "ami-036313a49dce34bfd",
              "ami-0974e675898800bb3",
              "ami-0c0c798c5da11edb4",
              "ami-0764d845cf46fe205",
              "ami-0609576f0e163d464",
              "ami-03a7a5610d7e32a4b",
              "ami-0e2dcdcd953c0e097",
              "ami-0019a4155b729c529",
              "ami-0f39d6322172087cd",
              "ami-0b797149ecca15962",
              "ami-0cc7f935b4d92c619",
              "ami-010912b405aa07ff4",
              "ami-09b0fae0c3d70867c",
              "ami-0fc4a4d18650931fb",
              "ami-083a6a6df2168f93c",
              "ami-083f86d468d3f88f3",
              "ami-00d1bccc04cb4ae98",
              "ami-06385e8f5fc4fa973",
              "ami-08bac3ec5af7cf5c1",
              "ami-009f8088754368c11",
              "ami-0e8c4449350705fd8",
              "ami-0457646bd2dff7fff",
              "ami-02f3454754565fb00",
              "ami-0b5a6191e84491084",
              "ami-0f517f6f19eed14f9",
              "ami-0aa5178ca913e98fe",
              "ami-046a45c6bd807c3e5",
              "ami-00b348eb394ac17af",
              "ami-0fd8f67510d0b70d5",
              "ami-0858d121647e3065e",
              "ami-0af439812b0b193b2",
              "ami-0e956fe81fa11d0a9",
              "ami-0c3bd42b5f2341e7d",
              "ami-0415f8e39de9b1cae",
              "ami-02aab922364040c9d",
              "ami-08b539bf912b04c45",
              "ami-0742b4e673072066f",
              "ami-01fbb4d2e4383c997",
              "ami-0ee72089e0774f078",
              "ami-015f1226b535bd02d",
              "ami-0d2ae47ea32d38a38",
              "ami-07318b6089cd9edc7",
              "ami-09a73fed51b11414a",
              "ami-093ff232b4487935b",
              "ami-030cacd73927ff269",
              "ami-0d8fc6c8e36665757",
              "ami-0151538ad3bb542df",
              "ami-08196b097e57eb110",
              "ami-0ee3b9f931752ed1c",
              "ami-0357464e4e98cae32",
              "ami-076fc623af45698f9",
              "ami-0ed60afb8d28dca40",
              "ami-046b700ae528b6299",
              "ami-066cafa94ad154ebb",
              "ami-052094dd330a22077",
              "ami-09be171d3b5af8e67",
              "ami-0d5b53ce1053dd7ac",
              "ami-068304c144637b047",
              "ami-078a331927399adac",
              "ami-090ef491b691c068f",
              "ami-037ce2fddcbfdbf52",
              "ami-0f4e72f6139f608c4",
              "ami-01fc897392cde16b2",
              "ami-0dd827cb42348c680",
              "ami-036d1b6d45d75c344",
              "ami-019b14ccace71da4f",
              "ami-090eb1c9138268a41",
              "ami-0f3399790888618e4",
              "ami-01da0d881a563f87a",
              "ami-08f8989a7792d1cba",
              "ami-0565d8e57dc2c24b9",
              "ami-07cb3b63027fe5ffd",
              "ami-017327210984c0693",
              "ami-09e6ab8c69fc1f0d5",
              "ami-046f67d0845e24c75",
              "ami-03829cadb4a21e092",
              "ami-0f60bc084bab55673",
              "ami-0a0b67d5830cc0c8c",
              "ami-0dff6b7b8781c6dfc",
              "ami-0ba6886c72c287253",
              "ami-0e0c6fdc0dec1b3be",
              "ami-00a430391abee258d",
              "ami-067bdbc397dc46634",
              "ami-05edded4121b6bde8",
              "ami-06953d37a2734be6d",
              "ami-02ba1a3ccc84ed273",
              "ami-001ebd300e337682e",
              "ami-09ec2272b11dd65e6",
              "ami-06cd351d44011c2e8",
              "ami-01ee14f655cbec4a7",
              "ami-0b2580a8862040f04",
              "ami-047db2b75e8779e0e",
              "ami-041493b6921891456",
              "ami-08645722f3ae77007",
              "ami-0a28778750e3a74b5",
              "ami-0d38d2d700d6053da",
              "ami-02b804dcb414dab72",
              "ami-09bb920cf45787073",
              "ami-092145f4e8b4d67f1",
              "ami-041915af92bca207a",
              "ami-0602dfde574c209c7",
              "ami-0753663f74fecac0d",
              "ami-0ea59cd036825a106",
              "ami-037f2bbe96f90e738",
              "ami-0f44ed259adcdb40c",
              "ami-0db51ca1aaaea2ef3",
              "ami-0320f9cfbdbb173f6",
              "ami-03e1dd842ec59c43d",
              "ami-0313e4fd7a71f6205",
              "ami-0d4cd5dd15360b9b8",
              "ami-0578bda20b8d00837",
              "ami-04d178abcc575fdc1",
              "ami-0d7c15a8dcc7ddbe5",
              "ami-01be4c6bfe93bac88",
              "ami-0ce66780faee0e4cb",
              "ami-0a550c0df1cb8052d",
              "ami-06cc4e2d035a9cc99",
              "ami-087099ed8e934cdf1",
              "ami-05a7d4648984f8174",
              "ami-07e2f17a5ab92b086",
              "ami-00504363010dba921",
              "ami-0688bf7ad8effbbc1",
              "ami-06d767884cacd80dc",
              "ami-0ef950c6e3e4f633e",
              "ami-0fb053392df86b6e8",
              "ami-0925a0f77c1a1a92e",
              "ami-0e45b9f97a3243155",
              "ami-0cff7df6a8fb66737",
              "ami-0318eb094f743ffc7",
              "ami-0871e0a849fb36164",
              "ami-0aea740fe3412ca76",
              "ami-0533f2ba8a1995cf9",
              "ami-04a2de3df8d923d36",
              "ami-0470cdaed3a6de66d",
              "ami-0dfa8ce8f19da097a",
              "ami-029af72b87a8e3789",
              "ami-0f65dc85f60eb8a4f",
              "ami-0fef959ac27bc2a8e",
              "ami-01714cd923447b104",
              "ami-0d3ed7d5bcff389f6",
              "ami-0f5ae69f114812544",
              "ami-041b06020cdeeb6f7",
              "ami-06efe6e4450687726",
              "ami-08683f44da1ee1bb1",
              "ami-03d2ff9d625035910",
              "ami-0dea796ee47cbf9fe",
              "ami-0b73bf704c7be8d4b",
              "ami-0e84c4b8ef8a22327",
              "ami-0ba5dd09f3098afe1",
              "ami-09b71f2059826c356",
              "ami-05292e4eceb936135",
              "ami-034ec4d2f43f67df3",
              "ami-0b4b5105f30a4e241",
              "ami-016c98324bd4f0c9f",
              "ami-0fdf41b8bc4b0cf38",
              "ami-0c4a1ee16a1553fce",
              "ami-06061fd04ccb59705",
              "ami-0ee050c972afcb6b6",
              "ami-0449f7aab7a46f3f2",
              "ami-0a22c3138cfa8a3e4",
              "ami-07e26eb05287af391",
              "ami-029242daddb0836d3",
              "ami-05ea8305ecd44297d",
              "ami-0b04d06c04332c461",
              "ami-055fd7fee7ed3d997",
              "ami-05e289de788b3e63a",
              "ami-0edc5accebac3b1f6",
              "ami-05cde096688bbcb91",
              "ami-00541519809bbe319",
              "ami-0a2609ad8a8c19dfe",
              "ami-0e3395f1693a997c5",
              "ami-015cb3cb838f91749",
              "ami-05001739c6b8574a6",
              "ami-080a0973015bde8a2",
              "ami-0cbc55799de730c94",
              "ami-0dc7e7b37cf9afbca",
              "ami-02f84b46428024a36",
              "ami-0df50a48200a29819",
              "ami-08e622e2dd5af1c42",
              "ami-0e2c53bf931b3cba7",
              "ami-0de5e5e2a2754a14b",
              "ami-09a3cad575b7eabaa",
              "ami-0e30e586072a220dd",
              "ami-009b187c8747c8482",
              "ami-093400f992dcccd75",
              "ami-0a0b10d5fbc47dd10",
              "ami-082e8c01285e47603",
              "ami-02dd43827ab278a62",
              "ami-085738f1f3cd3f6c5",
              "ami-06b9ec571c2cd01d3",
              "ami-05beca8a13502aaa2",
              "ami-0eddf19b634ab1688",
              "ami-078454235f239283b",
              "ami-00c0dedf2da67cb9f",
              "ami-0d74bb2435424d791",
              "ami-079d85a045657b4c4",
              "ami-0e2b24d011aec249e",
              "ami-00b08b1e872ddb528",
              "ami-0eaf33fece9deabf0",
              "ami-07e2a291786cd9d69",
              "ami-0719b1b1cf348502b",
              "ami-095b964afdad7c97e",
              "ami-00d91bf4f82f08798",
              "ami-046b51f24254a3eb2",
              "ami-03281f8a5cd0d41be",
              "ami-0a5d4caf0a686053a",
              "ami-02f4f0696b1e84b67",
              "ami-08ede54dc7a5a8a83",
              "ami-09029f08fce9c37ff",
              "ami-089f59df384bc558b",
              "ami-0c3b370775cd66664",
              "ami-0a14eec6355bad249",
              "ami-01f6d729bb4049a0e",
              "ami-009689ef3c271507c",
              "ami-0c4fae333909e30f7",
              "ami-0f58c57668828ed46",
              "ami-030953aa8ea13f886",
              "ami-05cb8deca8149dae6",
              "ami-06e088e633e9594b8",
              "ami-07886014036191bdf",
              "ami-0e2511818864206a0",
              "ami-04a170b8d62abc2e8",
              "ami-01857a248d1505aac",
              "ami-0925712476c614c28",
              "ami-0b1cb47683ea96b93",
              "ami-083a961467ef43304",
              "ami-040adc95f3d2b648d",
              "ami-027a0b46d0d76e94e",
              "ami-089f9a2a14c92f7e3",
              "ami-0e23e048ed35bfdaf",
              "ami-09ba20e934af98ddf",
              "ami-08bf0238efc3c04c6",
              "ami-060623b6181417069",
              "ami-0108ae6fa17de54a4",
              "ami-0fe8c3a9b6b9b3c6e",
              "ami-0e339e95954d8d4dd",
              "ami-016a28c6e7abd964c",
              "ami-04e591d8d0ea6ce6c",
              "ami-0a9b063967de90809",
              "ami-05f29a58f36ad2758",
              "ami-09fc4ccedbfa8f2d6",
              "ami-0500f46303ad80c31",
              "ami-03ce47c60933714f0",
              "ami-09995d96b0fd4bf3a",
              "ami-0fb54e2f640440e34",
              "ami-0eb5bc760fb819715",
              "ami-01a2b07eb2ed70a6d",
              "ami-007557fa69e39a382",
              "ami-091ce3c2506466541",
              "ami-0afe78f8ee521e1c8",
              "ami-079068772c8841a98",
              "ami-0bb91e291e8b9af87",
              "ami-03d1cb3d63618b66e",
              "ami-0838e968d071c45ce",
              "ami-01819bb15c91c936e",
              "ami-0f9b83eb03614d43a",
              "ami-07e7ab5fa130658cb",
              "ami-0d572e709004c1e09",
              "ami-02fc18aaae7461b8b",
              "ami-0f9d37bd74e9d0fa8",
              "ami-0b644137e2e3b1c23",
              "ami-0417190da12d9b1e3",
              "ami-05f6982c11ca3027d",
              "ami-058964fc61ad6c7c8",
              "ami-0108dcdb149be3cbb",
              "ami-0eacb554bc67d14ef",
              "ami-0cfd614d2afc59360",
              "ami-0ce29f639740b1c28",
              "ami-06bbddb3bdb812868",
              "ami-05f9f418e16b19174",
              "ami-0e9d8e4d54491e4bc",
              "ami-0c98dc27d4ec5c215",
              "ami-0e4dfba2e3efa3a4a",
              "ami-0e6153f3d99c44e12",
              "ami-089d9bd1812c67e0f",
              "ami-05ecf4563dc999345",
              "ami-048285937c1937319",
              "ami-0e8edb92667e5724c",
              "ami-04eb5b2f5ef92e8b8",
              "ami-0c92cdeff0fa11f33",
              "ami-0b18a48e38fb078b4",
              "ami-086dbadb3bdeb709f",
              "ami-0dcd462bf9c328e38",
              "ami-0309b4b5986ae6736",
              "ami-0bdbadec8718574ff",
              "ami-0fa8f640a1230d83e",
              "ami-046325773e05b571c",
              "ami-0123bd9fdba1363eb",
              "ami-04af228b81a73899b",
              "ami-0dace0e3a5aaf28c5",
              "ami-0c2068d04cd2ccf3e",
              "ami-092ede9748d0c8a76",
              "ami-03506bdd6f0e3a34c",
              "ami-07532819595b1f0f6",
              "ami-020a474c6e6d6ac72",
              "ami-03916ce9c07efc846",
              "ami-07f8659ca5dc88ab2",
              "ami-01fb95d8db14b5e05",
              "ami-0b447924401ae501a",
              "ami-022af898af9e335c5",
              "ami-0340635d5a97d433a",
              "ami-038f1ca1bd58a5790",
              "ami-075e0f44b579bb724",
              "ami-05645e37ceca898bb",
              "ami-08c35e2224ab16365",
              "ami-091ae666f3040a09d",
              "ami-01437b695ea9225cd",
              "ami-091cd1a04341a4a3c",
              "ami-0cb64a296b81ffebc",
              "ami-014bf929de29de114",
              "ami-031260bb48ef692f2",
              "ami-060964c449cbc95c6",
              "ami-0108b578b718d8bed",
              "ami-098a09725207c41e4",
              "ami-086609ec3c637e778",
              "ami-034286dd759e1ae55",
              "ami-06ceb87cd2d1c3d84",
              "ami-0201cf1e118696f24",
              "ami-0cb44eb5076d714ea",
              "ami-0017dd3bcf8774ff1",
              "ami-06caa2e25d4879ccf",
              "ami-048d73c36164a0ca2",
              "ami-0030bc9283be2b5e4",
              "ami-04219d696e2b5a240",
              "ami-0e6d302f6290111ba",
              "ami-02efc3358080de03e",
              "ami-072d51eeaa638ed55",
              "ami-0202aee408232199d",
              "ami-01162f308dbcb2807",
              "ami-0b8810e80a50eab26",
              "ami-053db3d365fa3233d",
              "ami-020caee9f2fc31b4c",
              "ami-0c7cd6691415e27f5",
              "ami-06949f8af797adb3f",
              "ami-050ae772871f6359c",
              "ami-04b48d1104968e165",
              "ami-0738446cecce59ed3",
              "ami-0e8bbe15ba7136657",
              "ami-011105a4b180e45e7",
              "ami-067c876cd1b6fbcc4",
              "ami-0bfc3b18d372c392c",
              "ami-0a7a035cef97bbc43",
              "ami-0bb3cd37abd895c15",
              "ami-006432b755baeb1c6",
              "ami-067d4f8c45274e623",
              "ami-0efbc6f736c79f774",
              "ami-0e5f0962f32d30158",
              "ami-063796b6e2e5d962a",
              "ami-0d3d051c706df268b",
              "ami-0e21fd6bf7eb66c1f",
              "ami-0fbb9a9131832650f",
              "ami-088bbc0568434c9db",
              "ami-08f8333551c750027",
              "ami-0d44e138ed8529bfb",
              "ami-0579a1acc1720d54a",
              "ami-0d79a672d653d8b40",
              "ami-0505571340496b62f",
              "ami-0ac3760130d215ea6",
              "ami-010f8f06c0120e2bf",
              "ami-009510653ebd862b8",
              "ami-0784ee6f8c2e19969",
              "ami-08be17a514a8e077a",
              "ami-0ced35fdec5bba4b1",
              "ami-0bee365b2020128d3",
              "ami-0f5fe99105d97c639",
              "ami-0471d285e55554d3a",
              "ami-0721f47bc921ce9b2",
              "ami-0e07a347539b2778c",
              "ami-0c28d63ec4eba912d",
              "ami-06ccbe8f418248d75",
              "ami-0d4177bd64d18dfd4",
              "ami-059c8b27104178e42",
              "ami-057da2f034a778100",
              "ami-0cabec35cb475a7ab",
              "ami-090eccdfac3f06e5a",
              "ami-08a22c4eea7c5f035",
              "ami-0ec7896dee795dfa9",
              "ami-0ab57e8cadf74ef96",
              "ami-03ea03404d5671525",
              "ami-0d14c1b492597646b",
              "ami-0fcf28c67db2d3aa7",
              "ami-0a9586df9907e474f",
              "ami-0a2123502906f5d08",
              "ami-0d3405790fefd1a26",
              "ami-01bb186f56fab4291",
              "ami-0889ac4444e06442c",
              "ami-06035ba46038e8d48",
              "ami-05536fd35472fac22",
              "ami-04374945a94beb018",
              "ami-08e0f0aa1774ef3c3",
              "ami-016d06f3b6f843e1d",
              "ami-06ac25276969394bf",
              "ami-04d1fbbdd68dc03f9",
              "ami-0902d576dc686dd99",
              "ami-0221e0c14d74db99c",
              "ami-00d333f0adc9b8923",
              "ami-0227d194373c07279",
              "ami-0c36b19c0913c7899",
              "ami-094d6494269f33eba",
              "ami-0241777833a1ae30c",
              "ami-073a2c234d0becd7e",
              "ami-0dbf35ce9327f5124",
              "ami-0249c87b9b5629689",
              "ami-02b4a761454d66f3f",
              "ami-09820bf4bb6c8901d",
              "ami-0dd10e4e81c5c6c2c",
              "ami-024787bc217eae33e",
              "ami-050adecc118592e2a",
              "ami-0b954067907b8f021",
              "ami-025e2ced381ab197b",
              "ami-0f1d72eef8a56d7cd",
              "ami-06f3d74a6a693bc42",
              "ami-086fba4dba3de5f27",
              "ami-0e9a5d963d63d8b01",
              "ami-0879f18db7dd8f14e",
              "ami-0d047510a5191b20b",
              "ami-0abb4d2e70df80401",
              "ami-023478c73ab7f0283",
              "ami-0b73ed08c85b303c8",
              "ami-0dc4e14547b38ce7e",
              "ami-0e682ae3dbe9f1fb8",
              "ami-0d0e771462b4ff22e",
              "ami-0d1609214bc760ff1",
              "ami-05b4886d4e95f7122",
              "ami-071d0b8c4ed8b1968",
              "ami-0c621f4a6fdcdcff5",
              "ami-001791c54b637182b",
              "ami-0e4fbe55caf3b4c0f",
              "ami-0f5ca8da750d61ff9",
              "ami-01bd35ddb7402056e",
              "ami-0896acb20dabd2832",
              "ami-094d473598bfdbb0c",
              "ami-0eac321bbac38bd34",
              "ami-0a7c3ded3fcc0eb63",
              "ami-06b2647b976769791",
              "ami-0b6549249a5655ba7",
              "ami-04e9fac5c8c1a303c",
              "ami-01729c39c29ed4b41",
              "ami-0f42a4e7e0e336f16",
              "ami-0ac74b4bb0071e362",
              "ami-02095c43cace925d5",
              "ami-0bc9747e8320022b8",
              "ami-05d9ccca9652e9313",
              "ami-0dcb8b47acab56894",
              "ami-0b5fc12114275f32c",
              "ami-0c5b247b6438335e4",
              "ami-07447d71fd2bda440",
              "ami-04ec7fe0e9cfc7490",
              "ami-0e86f826d1e7b11d0",
              "ami-0f84139410b391975",
              "ami-0db21a3779acea6e5",
              "ami-0dad7891483aac555",
              "ami-01f05b9f52ce799ee",
              "ami-023daddef94ef0e3f",
              "ami-09a4032455d5ab3a0",
              "ami-0c39d067b3530247e",
              "ami-00d5fa994df5fd82b",
              "ami-076229f5e800f2b3a",
              "ami-07b5a763dadb71c6e",
              "ami-0a57cf5a8ee184a10",
              "ami-04d8e7ce0c691525b",
              "ami-0eae546883f636813",
              "ami-0190ba0bb641921b6",
              "ami-0cce344c866fe5c6a",
              "ami-00fd8604835f783b4",
              "ami-0ef3f5e8643b14d2b",
              "ami-0b1aa33865bf48111",
              "ami-0f16545115b8b2137",
              "ami-0321a1a79e5bd514a",
              "ami-03dfd3db2e70c7e99",
              "ami-06bfca0601ebc66ad",
              "ami-0fa109cd7f6646db0",
              "ami-00443423e6af69eaa",
              "ami-0426cf9684ddf597e",
              "ami-01833c450d8c884f5",
              "ami-0b7e388885a7b9fa9",
              "ami-033a9e3604c9d1595",
              "ami-0d546dd81d626dfa2",
              "ami-03559e1721bd14aa3",
              "ami-0f9b931f6a899c467",
              "ami-085eb38d2e9061ba3",
              "ami-06a3cd8c093339dca",
              "ami-01db8b675a276a68a",
              "ami-04b7267a3c2431bce",
              "ami-015b50db72c401dcd",
              "ami-016dc5d398a943a6f",
              "ami-022472bbdc76ddcef",
              "ami-0b532505cda9db2de",
              "ami-0862531d841225e7a",
              "ami-0c844150dbe2b8abb",
              "ami-00883b3129ee01962",
              "ami-0aaad069b59c768d1",
              "ami-02dee6b7382ee1086",
              "ami-0593ee510ae695839",
              "ami-0cf3ffd04b1363371",
              "ami-04f76f49820170ba9",
              "ami-0c9cc4c1044ab5819",
              "ami-07dfcd171c81d4eae",
              "ami-0984a48dcb8fa390a",
              "ami-0af436d474dd55d3d",
              "ami-02cc5aa7f38f5d6d7",
              "ami-0fa301dbca5f84fca",
              "ami-0548f760ddfaccab1",
              "ami-0a02a4d7857944798",
              "ami-085ca678dff352b80",
              "ami-01e8e3d51e09324d8",
              "ami-04ae42096a6d82a2b",
              "ami-0b4cf38370430f827",
              "ami-04196ac74eae9b508",
              "ami-0e4752a5994095460",
              "ami-0188b423b020579b1",
              "ami-0c0acfb5cfc81b91f",
              "ami-0d373aaec848222a2",
              "ami-0c4b6483a51752d1e",
              "ami-06c17c3eb03b2a40b",
              "ami-0b5774d1df7215de2",
              "ami-08ef4e01632fc5659",
              "ami-0750bd2d16170455d",
              "ami-09dd42f5a8648d9c8",
              "ami-09e9bc2d420a14acf",
              "ami-04d99440cbed1c87d",
              "ami-00ea1edaffccd80f0",
              "ami-01e2d10c39ca21379",
              "ami-0f9faf470565b5f6a",
              "ami-018fd9029edce0664",
              "ami-077abcb0d6580c238",
              "ami-068478ea176045628",
              "ami-0a3295c2458288f21",
              "ami-0ba6586f587a057f5",
              "ami-034fded68cc224379",
              "ami-0962afb8e2794cd6e",
              "ami-0915bcb5fa77e4892",
              "ami-088378c6de091c70c",
              "ami-0aaf2d8fefcde5893",
              "ami-0c3dda3deab25a563",
              "ami-03d3e94bfa62b010c",
              "ami-03e59d592cfd42a21",
              "ami-0ecd34837cf9fa094",
              "ami-00696682592af0c0e",
              "ami-0c5e2642562129202",
              "ami-02f79d95a85c4e879",
              "ami-0004d55ee6b2f83bd",
              "ami-09729baffd1bf9af1",
              "ami-002c619d3e803da2e",
              "ami-04a066c35491bbcc2",
              "ami-00ed2b603a6dd29c4",
              "ami-09c8f2a37e25577d8",
              "ami-0b6d013cdba599664",
              "ami-09e860eae0e010a13",
              "ami-0cd25ef5b512c0c06",
              "ami-0adb39f5fad9b048c",
              "ami-0aa3cef7733216a6a",
              "ami-0af92ed5f8a74cda3",
              "ami-0b4204ea292de740d",
              "ami-0e09740a057f5dd1a",
              "ami-0eb1401b9c615808f",
              "ami-0e9d6764b614531f0",
              "ami-0d7f4b10f78bde6df",
              "ami-0bbf9853652fc9c1c",
              "ami-0374b937d1a6c6175",
              "ami-0af905224ad07666d",
              "ami-023295a7276b8a19a",
              "ami-0b0e224cec15b6c81",
              "ami-0a6f1644f0f51681f",
              "ami-0e843ce4762f1526e",
              "ami-000345af78137659d",
              "ami-0590a78df24ff34d3",
              "ami-0e160f5467eb0afcd",
              "ami-0fb4197c644e2875e",
              "ami-0486688f3e9a7c762",
              "ami-046affc01aa2259ac",
              "ami-02b4c5854ee0e64ef",
              "ami-007567d7117c29d14",
              "ami-068c79ee05878f1e5",
              "ami-0d722eaeb633355b6",
              "ami-035298a98afd0ef3c",
              "ami-0e48615abe49b68ff",
              "ami-0b8c667bd5b07848a",
              "ami-008a7cd928c5a48eb",
              "ami-084e6777c5bf82d35",
              "ami-084b9fa24a5e0eda9",
              "ami-0335a7a6ee8aabe3a",
              "ami-0579cafb8b4aab05e",
              "ami-0cd63206c835c50df",
              "ami-0680d5ecba1d2a067",
              "ami-001df077a41f03012",
              "ami-0d5eedc1730c4b7c0",
              "ami-039f9ded3525349db",
              "ami-0ae0b4cd29bb1e2c0",
              "ami-0cc47a61b4a3c3d04",
              "ami-0ab346ff1c7b9bc17",
              "ami-099dc7964b562f389",
              "ami-0a187f85e7d0d1f96",
              "ami-0385193fba6379b8c",
              "ami-0366f1d8a27021701",
              "ami-041c120c76f1a9db7",
              "ami-0652d1be21d7089bd",
              "ami-0cc89e8fcd395aa0e",
              "ami-01dd58994dbd0be99",
              "ami-0bd93c01018b97dfb",
              "ami-08992c7fa047e9aa9",
              "ami-0a2d4dd8348590f26",
              "ami-0191b18dd81f9f6a4",
              "ami-08d82044905271ec0",
              "ami-0a984b865356d08ac",
              "ami-055574faeb4433788",
              "ami-094c863e49710e3c4",
              "ami-0aebaeb16fecc68bc",
              "ami-004e1276ff50842fb",
              "ami-0590deaf6d4b5904d",
              "ami-0522db4eaf9ef4995",
              "ami-02ed85e077cd9c5d4",
              "ami-0362218dab59e6e43",
              "ami-0d8c39f08406e1ba0",
              "ami-0a1645f854acea606",
              "ami-0ea1ba3fbf58559ac",
              "ami-06aa80907bac85325",
              "ami-07f480f3fa002bc15",
              "ami-09fea520f532ff7aa",
              "ami-02d1fc8935b08bee2",
              "ami-0a2bca2c3855e92d5",
              "ami-008bfa9a6549102d7",
              "ami-082a406f1eda35a9a",
              "ami-0c63e73426034789c",
              "ami-0793fb9e0968d1db9",
              "ami-0100d3313865a59b4",
              "ami-0c34d43d5ffd8a5b5",
              "ami-04d3683deb6bb44a4",
              "ami-057673583944866df",
              "ami-081f88bbf3f641fd6",
              "ami-09525bc3120fb3c38",
              "ami-0098a30457af455de",
              "ami-02ab595adc7be1a5d",
              "ami-0b1c302a1e28a9bd2",
              "ami-0b02028997f8aa589",
              "ami-00ecbe09fbf5910e8",
              "ami-054381d354297f865",
              "ami-00974d683f7978d66",
              "ami-0fbc79033586dcc2a",
              "ami-08a29dcf20b8fea61",
              "ami-0b497f90712a8180b",
              "ami-077e2d12de15890e5",
              "ami-0b8f44cc16dab8f25",
              "ami-07d9ff4885a3140b3",
              "ami-072519eedc1730252",
              "ami-01f8b46ceadc63375",
              "ami-0f840415174c4a8e0",
              "ami-0b052646ff23cca8d",
              "ami-0d1139379cb271202",
              "ami-0f55b0005131ef689",
              "ami-084c265674292e0fd",
              "ami-0f52950b9acdd820a",
              "ami-0ee20f83aa25f6143",
              "ami-0b192097b8c7cf3a3",
              "ami-0cad53dc16a01d847",
              "ami-078a4b72d44e35c1c",
              "ami-0f47ed681b6adb5f5",
              "ami-057504ae60b98ad1b",
              "ami-0ab83008f1b55f28b",
              "ami-04d0eca123a6ed2bb",
              "ami-08d9fa0539438d520",
              "ami-0e1df71e8ae901f87",
              "ami-0e21787b3069eeb4a",
              "ami-030c403b1e4a0b684",
              "ami-0fb7a7e3f9e9782de",
              "ami-0c8251dbedc529289",
              "ami-00724d5cd80a1ca7f",
              "ami-01234665f8c16254c",
              "ami-07c425c7e5f7947c3",
              "ami-0f48aca8026606001",
              "ami-04499aaa1996a50cd",
              "ami-0762e8c489df76654",
              "ami-04fd70f2aa0a10192",
              "ami-0179e21ea7e527ed8",
              "ami-048ba0cef16a66180",
              "ami-091f6e311130bd848",
              "ami-04abfc2bbee10c176",
              "ami-0ffa892a35743b828",
              "ami-095bac9f3406565d2",
              "ami-09d5097f0b2e9bc30",
              "ami-0ce7150fed23bd8dd",
              "ami-08efefd496667cf67",
              "ami-00efed235165d14b2",
              "ami-0efd96a3aedcea00b",
              "ami-015646d1ec5cfd3d1",
              "ami-0e5b37ba2c8e7cc82",
              "ami-02e45736bc4deca22",
              "ami-0e20d2ae5135d2468",
              "ami-00df0ca17dc5415a5",
              "ami-053f29b1e31830126",
              "ami-04ce9ef36bbe14a05",
              "ami-0a73dab6a39f86e57",
              "ami-080d6de61ed83f3f7",
              "ami-065282c2380d81909",
              "ami-0714047ca4ee6ca6c",
              "ami-01a1ecf5234d63577",
              "ami-02140cf87f9d217a0",
              "ami-01eb75c2c394990a8",
              "ami-0107b438e9e9e65b1",
              "ami-0d8d8594e01016055",
              "ami-0d3b573663699e21f",
              "ami-09429c994b2699e9b",
              "ami-04421952dfb94b49f",
              "ami-013ff15059acfa5bf",
              "ami-07ac269fca93b2cba",
              "ami-0f8c6e1a548fefe63",
              "ami-0b48fdc67e01a8111",
              "ami-0636dac0ef4a4791e",
              "ami-089d82821e7f3868d",
              "ami-090ce04da4dcc70d4",
              "ami-094e521dd4cbbd9de",
              "ami-022b09b9ce9b206a1",
              "ami-0a6d13b07292afa24",
              "ami-03d96720563a8c28b",
              "ami-0c66030a8e868cc04",
              "ami-0a2271403e4ebf1ff",
              "ami-059db5bb0d330da93",
              "ami-0166c526fd3661e0c",
              "ami-0f0e94c08d824094f",
              "ami-0bc566624bbaea425",
              "ami-03c22385f82902bea",
              "ami-033647e86c29e84dc",
              "ami-033de0beac46b5e89",
              "ami-0a48d406237aa9874",
              "ami-0c9d808cfac0d1ec3",
              "ami-021942ce058cc834a",
              "ami-015a33a8f9898951c",
              "ami-00d3a002c11fa9cc6",
              "ami-0bace8d98b8db8a8f",
              "ami-085b9f8ed4abac489",
              "ami-0f191e354cb2f7ea1",
              "ami-07fa32d1d8e81a667",
              "ami-00918ed2bddd38452",
              "ami-0a273fd92171cb2ba",
              "ami-0b36c02f83aed10ec",
              "ami-0b6844fd15baf1593",
              "ami-0ea086c35c809b85f",
              "ami-03440429c1afbda83",
              "ami-0cadbbc0e6189b99c",
              "ami-0dce46c7499da1fb3",
              "ami-086144bd8d7bf2a99",
              "ami-0d59416ed3b9223cc",
              "ami-025033ebe376d9183",
              "ami-003ae88c62a110abf",
              "ami-0b0488b58c6a9fa17",
              "ami-063fea5f0a3e233cc",
              "ami-04dcbe242ee8c2347",
              "ami-0022eb32aa8958b69",
              "ami-00292b861bdecca83",
              "ami-035c2df86e333a410",
              "ami-0deedca4611f4a7fd",
              "ami-0a6fc8c77be7d597b",
              "ami-08625312f848e088e",
              "ami-0d28584619f2d8325",
              "ami-02b6c86cc42f9c096",
              "ami-00cd998f0244af7a3",
              "ami-01db4f76e565927d5",
              "ami-06e2613153d334163",
              "ami-0f07fff9d419c5069",
              "ami-02df18d0922782d21",
              "ami-0b084ce5824500fa0",
              "ami-0dab9bef8c6abdb5b",
              "ami-0c2d9d60b484c64ff",
              "ami-0faca71066cb7caa9",
              "ami-0e4ebd819676d9869",
              "ami-013377f41f42dae8a",
              "ami-010c976a5f19616a7",
              "ami-02c52e0ec192b6e14",
              "ami-0d475b410e17701c6",
              "ami-06aec00e908559f9e",
              "ami-0c845f922282ace5f",
              "ami-0941686f45959b800",
              "ami-0c09e99c7d9bb3ec3",
              "ami-0fc45f1c0e819fc61",
              "ami-02f1dc351a30176fe",
              "ami-064a879ed9db07b6a",
              "ami-036de34578cbfa625",
              "ami-05c84ec05c7706b2a",
              "ami-01a26d4150c514116",
              "ami-0d08a21fc010da680",
              "ami-0b2b61b9a591a7cc5",
              "ami-0724396c26f1b7dae",
              "ami-02984e7b278225d56",
              "ami-0e0b6d4f4170599b8",
              "ami-06743a5a29accb4e1",
              "ami-0b4851c3ed3b0cdef",
              "ami-065ea1d5da7e2e4ed",
              "ami-01b316ee3fdb378d3",
              "ami-0054bd45a019119d6",
              "ami-047a51fa27710816e",
              "ami-0234df66df0e140ab",
              "ami-09cb3c1520d59f1a9",
              "ami-03c5cc3d1425c6d34",
              "ami-071695a27be5449a1",
              "ami-060e77c2e2763700c",
              "ami-0160a05602fbadb9e",
              "ami-0981f965399347858",
              "ami-02fa64cd804eaf817",
              "ami-032b8fea0117f4049",
              "ami-07b7b9d9d64b244c0",
              "ami-032f273c414de4f1c",
              "ami-012a24a28266f5363",
              "ami-0fb04b21680c2cb9a",
              "ami-0a301c94dc0e514ff",
              "ami-0fef1b17d8d6706c9",
              "ami-094125faaa60f9112",
              "ami-06e650f87f5c456db",
              "ami-0cfb4f8b01fd447e5",
              "ami-03d88e638ca3957c3",
              "ami-03dadf7c36b7d5ac1",
              "ami-090a8b0372a148572",
              "ami-0f70b9d824ea3761d",
              "ami-09b8e53e053443e96",
              "ami-006c216602025b1b7",
              "ami-0e4fc59ac57bd4f57",
              "ami-02fa6a45da7e3a2a7",
              "ami-01e1b940cef9cfa05",
              "ami-0381e5df835a4f98d",
              "ami-02a05fdd544ffa3e7",
              "ami-05b1ef040bde71713",
              "ami-06fbcb5acd8b7d509",
              "ami-013e6de8d4db3e301",
              "ami-009c41cef3a4b0002",
              "ami-0a1ff9ed62d565778",
              "ami-03e56d6540f880a9a",
              "ami-0555f8de06fca29d5",
              "ami-084bb9661a6d78f18",
              "ami-0c5e296e12d42c551",
              "ami-092e533b294832eb4",
              "ami-06706010bb42a2246",
              "ami-04723cf306808c147",
              "ami-0b4dbd9b3bbb1167a",
              "ami-05897b672105b0976",
              "ami-07f19310d566d57e1",
              "ami-0618c522a53ef29ac",
              "ami-02463da5a99989efd",
              "ami-0cb37681c2d8395d2",
              "ami-0dc21dcad0a4dd00f",
              "ami-02ac841bdbc70df77",
              "ami-0eb16120d9ca650c0",
              "ami-005b753c07ecef59f",
              "ami-0a75316ee84844439",
              "ami-02df694b506d6ae87",
              "ami-06ba5504ac2c26995",
              "ami-05a2352fe62c631f3",
              "ami-00071b8dd7883aa24",
              "ami-093c7899a01b40b2f",
              "ami-05fd6d475350de3a7",
              "ami-0871ec10fbcbcfe3f",
              "ami-0e5cd01a3a4fabd66",
              "ami-091c833d848fd324b",
              "ami-0351638ceba2cc478",
              "ami-07ed62d5540a22719",
              "ami-037c61b37400a9a7a",
              "ami-099ab0970e97690c4",
              "ami-03b708fe3cf622008",
              "ami-0a03502a850004f24",
              "ami-0f878a0e6e517579d",
              "ami-0dc323ba42a72c7f9",
              "ami-0fc007d728e22fbd8",
              "ami-02989d4d77b409c96",
              "ami-0788a8e32f4cccafc",
              "ami-09c0f3f3d8a8ffc34",
              "ami-0e923e93ccd8f1831",
              "ami-0f526d2a388f5e32c",
              "ami-04ed7b540c62fc95d",
              "ami-083b3d92ec605d970",
              "ami-07918847930061478",
              "ami-004542e434df9d99d",
              "ami-007b78d4ab59ac516",
              "ami-037ce2da173cac909",
              "ami-0283952afaae3e271",
              "ami-0c63ea3c76c4dbe56",
              "ami-0ce75736fb3e08358",
              "ami-072719394030eecee",
              "ami-072c0cdc5d8a67ae5",
              "ami-0518b93769764d78e",
              "ami-039cc9269465cd1f5",
              "ami-03827c6f3b40b9efb",
              "ami-0165efce48a143f52",
              "ami-04136dee6dca73533",
              "ami-033eb83607cfb92ce",
              "ami-06273f0f67ee3e33a",
              "ami-02beaaf1126165b26",
              "ami-0a269715ae0484a3a",
              "ami-0841fc939588d5afc",
              "ami-0288cb65616cc7ec0",
              "ami-04c89340199f59e23",
              "ami-029adbf2ea306ea8d",
              "ami-0b5ec2e9f28465a1a",
              "ami-0695b144dd0882f4b",
              "ami-07aa468484a2607ec",
              "ami-0fdedaafb8ff143aa",
              "ami-0096abc6acff142ed",
              "ami-06659872dd9bc8a1c",
              "ami-0100765b67bba06b2",
              "ami-0878e85bf6d29aff3",
              "ami-0eccc57721f6d11dc",
              "ami-079d1a2d97991cc62",
              "ami-004bb009468ee3b7f",
              "ami-0b26260c2ddb33c65",
              "ami-078acd62155dc6b41",
              "ami-0b11278f26fb365b5",
              "ami-0c4771a7d7388ebef",
              "ami-017491964a2226ff2",
              "ami-02c2fe78133fdd1af",
              "ami-0e4ede6486b63a065",
              "ami-024f16f1af2c28f95",
              "ami-067cb984425abcd87",
              "ami-005ca240e19293cb7",
              "ami-05cb61c84b73ffb2e",
              "ami-04296ed0f2de99b46",
              "ami-02d0d6ad7e552e3b0",
              "ami-019705a23f0c9eabd",
              "ami-064d8dbbcc5ded164",
              "ami-03e0fdb8c9d235984",
              "ami-03db8bced3f4b2955",
              "ami-055e1b24d80b7aeb2",
              "ami-0a6821fa69be4a5a7",
              "ami-0b4733c09357d2df6",
              "ami-044725e7fc9ac6c3f",
              "ami-0886c379317f87d0f",
              "ami-0f8842707aafe1ff2",
              "ami-0c37b8e9d085d864b",
              "ami-02fefa6352494c105",
              "ami-086a4650b721319b4",
              "ami-053f3df8434cb17f5",
              "ami-0ba23099984e19546",
              "ami-0812be7c6e6051ce0",
              "ami-099613d97099584f9",
              "ami-0693bd743de1a410f",
              "ami-0de6267204aae4164",
              "ami-0c472ff625cf3a6f4",
              "ami-0c3898ae55a4f7785",
              "ami-0abd04558aa29bcfc",
              "ami-0d0b8bd8ae7bca289",
              "ami-042a99c85aee0d30b",
              "ami-0c1d4ec06981d52e9",
              "ami-08e7ee3e01931cf42",
              "ami-03b43d9bbe9c45cfb",
              "ami-080e30dfda93259e2",
              "ami-0bcdf235d089eb55f",
              "ami-087f7075efc483e38",
              "ami-0ee2612440bfe7c5c",
              "ami-024c25c2650e00d50",
              "ami-0939ef5881bdc2c24",
              "ami-00ad880f04ce3f9c1",
              "ami-04893d632512751f3",
              "ami-0186918c666100186",
              "ami-03d61168f2a2119d5",
              "ami-0767fdcd03501a02d",
              "ami-0d975381c93306752",
              "ami-049cca8cc0bf1acbe",
              "ami-079217495c8ba8af1",
              "ami-0126f14128056ae2e",
              "ami-01c73afabfc33e597",
              "ami-0a66da0cbc1a83325",
              "ami-0cf04e7f2aea92815",
              "ami-00ba6379102e7537c",
              "ami-0111e7520d9fd6aba",
              "ami-023c560a03cbda1c0",
              "ami-08e2c2544c0255e88",
              "ami-0fcfcd520707def96",
              "ami-0f3f13ce7edee4fa1",
              "ami-00fcad4d656a9bec9",
              "ami-0627b31ec865ef92d",
              "ami-04a93116a3aa3a210",
              "ami-03940c85c11991cb6",
              "ami-0756532398ade9e0d",
              "ami-048ab6ff7d2416c4d",
              "ami-0a96b6295ff3871db",
              "ami-0364d2013c17ba10d",
              "ami-0af584ccc867be10f",
              "ami-04e3f5c9fadc373d4",
              "ami-0f925b849b3c4a5dc",
              "ami-070f5b7d995e75b14",
              "ami-0f14c0d7b4868b5b6",
              "ami-07263c368408b9e14",
              "ami-0bf7512a5a73626f6",
              "ami-0f39b80141670fc1d",
              "ami-0f8bf21e56265fedb",
              "ami-0427c937cf9e6782c",
              "ami-05fb818a9599c37d1",
              "ami-030e0c8711a953b44",
              "ami-085129ec43d2af15e",
              "ami-0f358e1ea874aa8f7",
              "ami-054d9490767821647",
              "ami-0bf29fd193116aaee",
              "ami-0fb67a5a7849b6236",
              "ami-0cb743c69326e9a0e",
              "ami-0bed0b270d21ee1cf",
              "ami-0a72fb454e7ae750d",
              "ami-09a9348610237181d",
              "ami-08d1e61b6a18bd342",
              "ami-0dd0589ee7a07c236",
              "ami-062b918bb233915ea",
              "ami-02234a5f603c023c3",
              "ami-0dd0d5deb99aebd54",
              "ami-0c2ff86fdb576dcf7",
              "ami-0f0ce7b1daa3738c9",
              "ami-0710e4610866e22ff",
              "ami-066c723bfb906d84b",
              "ami-04c25038988f97680",
              "ami-09a2855cbb37daa4c",
              "ami-03ae10098c64188a7",
              "ami-023f93a441d1cd551",
              "ami-00d63b501fb5c89d0",
              "ami-067ec5748d0d06285",
              "ami-0cc3d2440c7701894",
              "ami-02a9b0b00b7fef431",
              "ami-0f01c07d5d0a4bfb3",
              "ami-0339e1023d8feeb2b",
              "ami-04831c9770c3f1247",
              "ami-035b8a0a8183c196e",
              "ami-0a035b3f369f55967",
              "ami-0f7c6de78bf42f5b3",
              "ami-0424fd163f60dc9fb",
              "ami-01c6b56bc7d3f20e7",
              "ami-0fc33f4f944a92208",
              "ami-09674dc2fe8f952af",
              "ami-012d5759113b8da2b",
              "ami-0859d6c12cf03dd72",
              "ami-0f981206a71da3cbc",
              "ami-0a8f59624bd2ced51",
              "ami-00808169a73c6c3ba",
              "ami-0e58b91a7aeb78d93",
              "ami-0c12cfd59decdb4c0",
              "ami-0d2e07308cbd3f593",
              "ami-0f4f45fcb0eac2e90",
              "ami-0d97b30b2cbd66f9c",
              "ami-0ee087cd66c581d3c",
              "ami-01cd5708214513914",
              "ami-03920ebc6aaea193c",
              "ami-01dddb1a932f9e3d4",
              "ami-0dc161e2e5f144ffc",
              "ami-0732054866c1125c4",
              "ami-03a915029100cda77",
              "ami-0dde2dc2b699808e5",
              "ami-01442b231a98c4ff7",
              "ami-09fbbfc52029fc15b",
              "ami-029dfd2ebd6017456",
              "ami-07dd71c3b2f7165e3",
              "ami-0612d73c8ace022b0",
              "ami-0607a6e0d900a1819",
              "ami-00b94f35747a470c0",
              "ami-0e1ba25cb1b05802e",
              "ami-0375b4f0b2fa8fa19",
              "ami-0cb30c7403e4ecb36",
              "ami-08537d67b7f3eb615",
              "ami-0b92e8d229f3282b3",
              "ami-0514f61ecde38b375",
              "ami-04a6048f7cdab68c5",
              "ami-0138d039d0f8fbf21",
              "ami-031dcd63ee847b5f1",
              "ami-0862d65be81275a6d",
              "ami-095eb6880fdb6afa4",
              "ami-0cca53658307cd1c0",
              "ami-070394bcd9b6d1197",
              "ami-02324ba8353b45e57",
              "ami-08af8842f8c1e077e",
              "ami-09052c13efd9b70e3",
              "ami-0c8233916754d803c",
              "ami-09cbeffcfe1c5018d",
              "ami-038f8c2dad492611d",
              "ami-01dbb6a38f7e2a1af",
              "ami-004676bfdc7e0613b",
              "ami-08f2ad501bf286305",
              "ami-085b8c711e036b4d4",
              "ami-0d248eed814b23435",
              "ami-01b722649c0ba07b0",
              "ami-01ec8d52a1fa74281",
              "ami-0816e8e0a9e157e88",
              "ami-0d9a3a130cbcebe55",
              "ami-0f07cc3d751dcbab2",
              "ami-0b3f4b07b94bd596e",
              "ami-0fcba092948aaabde",
              "ami-063a1281d9a33749f",
              "ami-0ec664977086bf6d8",
              "ami-002d73d77407d3ac3",
              "ami-0c205aa3e197cfff4",
              "ami-0e18b945e11905bb2",
              "ami-0e1cde42bcaf458dc",
              "ami-0bf7ad2a65dd0fa7e",
              "ami-08cbb94f70cd5f5b2",
              "ami-0c73495d3d198aae3",
              "ami-0ba6ba6f7b521f7c8",
              "ami-0c0bf1d1c811620f2",
              "ami-0a065782e39f2c06c",
              "ami-084eb64f88b4eeb34",
              "ami-0afb4192be5fdbd4f",
              "ami-0d1b67fe97ad401cf",
              "ami-0472b85c36adec71b",
              "ami-0f58889ad6b32cae6",
              "ami-04c71e24d76c4f22d",
              "ami-0f8ff87bc4e28ff00",
              "ami-0737c9f60b1af396d",
              "ami-0458ca5e54b540ba2",
              "ami-0794f58e971232dd7",
              "ami-09b55c071808540c8",
              "ami-02f246d8108cc258a",
              "ami-0adf7ac48ba0eb6dd",
              "ami-02f31fbe956fb7681",
              "ami-0f9b3b5e36041261c",
              "ami-033b66dcb4a3aa93e",
              "ami-0e20c48bf1b0a829c",
              "ami-08415fbb88bc94482",
              "ami-046f0a761f1aa090e",
              "ami-08195162e9472ae49",
              "ami-064230c4a0446aeea",
              "ami-00d76af99f4482852",
              "ami-0f491445c6612ffd7",
              "ami-0633717d6e89ffd84",
              "ami-0fef67e7c5342dfef",
              "ami-09ef67a1be8581024",
              "ami-076582f860ea2562a",
              "ami-0d92943ae73683909",
              "ami-0ca60c5538b971747",
              "ami-042246507f15b88c5",
              "ami-0a5e010a0a7248b81",
              "ami-05f6d673c31d7c214",
              "ami-046cb532a267d562b",
              "ami-0aae675f4a31008ed",
              "ami-0bac6c79f850cff93",
              "ami-0bbadca8bfb52fd34",
              "ami-04044096d72764631",
              "ami-0d7be84f382d2bc75",
              "ami-059facabaf9516531",
              "ami-0608b02657493fdef",
              "ami-0e11f3378c9a71fd7",
              "ami-09491353ec0b756f2",
              "ami-04d064bb77d2cea86",
              "ami-0203a931b93b5686d",
              "ami-02570b28fe9334d5a",
              "ami-0463f68050161790d",
              "ami-0c0ba12d5cc7f2824",
              "ami-0431d2da310850cc2",
              "ami-07aa8d42f1283e31e",
              "ami-08781a22ec460770f",
              "ami-0bd18a9fe809d8c6e",
              "ami-017e6d7ebeabe61e2",
              "ami-02eeb65ee6635f213",
              "ami-02206820b981aefba",
              "ami-09cbdfc3ce738b0d2",
              "ami-0b86b5a88d219e529",
              "ami-09f72da94961bc284",
              "ami-090612f3bb3243ea2",
              "ami-0a8466a49ad97792b",
              "ami-0ab71a2b38fa8ed86",
              "ami-09a83d4c569aadfe4",
              "ami-0c60048879f1d0a41",
              "ami-014f849799009ed4c",
              "ami-0b1d71667221d2501",
              "ami-0f2a58d69414c65d8",
              "ami-0950fbb6debf11d4d",
              "ami-0c23e827a79934c81",
              "ami-0d750b3604011eadd",
              "ami-040dc937dd458ae2b",
              "ami-0584ad15f8adbe6db",
              "ami-0cbff5420f2cfa36e",
              "ami-08010204cb6fa2622",
              "ami-0e1d81471b3a427a0",
              "ami-0f0604e3dbfd8e90c",
              "ami-00acc598a5c23a3c3",
              "ami-02f7b5da0e0496c48",
              "ami-0fc830ad7aeb7f5a3",
              "ami-09f45f6aa850f3717",
              "ami-0ccb4c4a691d778ab",
              "ami-0fde14023edcf0ee7",
              "ami-01ba268ee36a087a7",
              "ami-09962b8b1f237a434",
              "ami-093387352ce9d4aff",
              "ami-0db53d0d7c2e827dc",
              "ami-09e703d5ac5786f2b",
              "ami-03957436ed34cdc42",
              "ami-07d3c12184bc88b7a",
              "ami-04bf588e444e2f526",
              "ami-07e2009ae850c3e8c",
              "ami-018e0d7e68ce13c6b",
              "ami-0f9b034205883a57f",
              "ami-0e59458ceeb36c744",
              "ami-016c3efcd7ec6c2b4",
              "ami-037485f4b4069390c",
              "ami-039c286d889ebe919",
              "ami-0da4abc119084b23d",
              "ami-06c6e32cceaa937e8",
              "ami-0778fee6de2a5e056",
              "ami-024a8af1fb2825e83",
              "ami-025cc420db4460775",
              "ami-05d02de8899e524fa",
              "ami-0a820da26c59353e6",
              "ami-024b85b6e53a82f42",
              "ami-0a5e90fc54e9abecc",
              "ami-0055a9059d3f1506c",
              "ami-0895cd803a502130d",
              "ami-00e1a721fc4b0675b",
              "ami-0da5d268109992357",
              "ami-099cac88bd9ed4a76",
              "ami-078e646afc576cf7d",
              "ami-0fe77e6f5c57f5d60",
              "ami-0fc3bd26611f7e85d",
              "ami-024ac32a3c5bc837d",
              "ami-01194ee9466c94b0c",
              "ami-097eedfaf86a0de59",
              "ami-07c08c20866954425",
              "ami-01634b6e094ae298e",
              "ami-02f770a67f04ba1ff",
              "ami-00f218ae7c73d4665",
              "ami-01c4c45800e4fb8b1",
              "ami-0779e2410eeacac93",
              "ami-0516dc2ba9f4fc177",
              "ami-0f56d9873066cb6b9",
              "ami-009fdaa0002906c5b",
              "ami-0a5c0725ce4d960f1",
              "ami-0b71488efbe422723",
              "ami-02839a5871b4ec582",
              "ami-0b3dfe986b324a1bf",
              "ami-0b1f998cf2b1498db",
              "ami-0604e4a14869de93f",
              "ami-0a062bb7bdaa94a24",
              "ami-07330126b61cf47ee",
              "ami-0d2552426578167ca",
              "ami-0e96157d7b9283600",
              "ami-08487ea4e8fb0b7ee",
              "ami-07565feb3d975ea3a",
              "ami-0f7f4e90c77d9d380",
              "ami-06773eae84fcb7e93",
              "ami-099824b05fadb584e",
              "ami-0ea64a383412815b2",
              "ami-05c979edc8f8cc101",
              "ami-0309421b6dce581b8",
              "ami-0410930f335bdee9e",
              "ami-0be1cf2c44dbc32a9",
              "ami-01232455bb6b7dcf3",
              "ami-0091f390f404e1387",
              "ami-02b64741c0f098665",
              "ami-0be2609ba883822ec",
              "ami-0d5ae01b1fcf7c45c",
              "ami-0f1ca13e2a1ba5289",
              "ami-0c582118883b46f4f",
              "ami-0c28561bbd3a71aa2",
              "ami-0f4ea971fded62ca6",
              "ami-0fd09ffaab33cdf2e",
              "ami-0ac94d667288b838a",
              "ami-0049a39f78104d45f",
              "ami-061f1e2282e38e7dd",
              "ami-02bd7613b525ed82b",
              "ami-032f8d2f6764a6ecc",
              "ami-0a11b0b5e6c04536d",
              "ami-00a37c99d1c20b368",
              "ami-031500dac2336d5a2",
              "ami-0523f1c0bd1ed8637",
              "ami-0f10ad2083f83cb98",
              "ami-058f4255eb85c12cc",
              "ami-0dd66ee45de3360a2",
              "ami-0517d405026e8007c",
              "ami-060bbefd9fe58a1f6",
              "ami-0cff59edc4cf44b82",
              "ami-0d4f977dd6ca5a14d",
              "ami-05d3ea6c1d9536e59",
              "ami-00cac006f3b5bf81f",
              "ami-06cefee8272b22901",
              "ami-0242f78a750dd929f",
              "ami-038b42738ca620c6b",
              "ami-0efd1a108fa0c265c",
              "ami-0225692478e826189",
              "ami-0e20c9d8039e0d7dd",
              "ami-00cb6957f32c964cb",
              "ami-02b289666064bb3e3",
              "ami-0800614d72e164bd5",
              "ami-0877203eb7714fb43",
              "ami-012fb4678d012a485",
              "ami-095c4a3bb889f1160",
              "ami-0a16c2295ef80ff63",
              "ami-0cd4c17416fad742f",
              "ami-04eb08a02d8d88696",
              "ami-0bf7301a9dfea043d",
              "ami-045f931ad91cd4c12",
              "ami-05da90a793d7ec2e4",
              "ami-049821d734075c91e",
              "ami-05f2f5f76d89313bb",
              "ami-09e488418fd359ae1",
              "ami-0fde50fcbcd46f2f7",
              "ami-0ceea89fa90a2b6b6",
              "ami-087620c061329d7e2",
              "ami-045bcd49b4979b7a3",
              "ami-0f50699f0b8e92bc4",
              "ami-0db39dca8284c879a",
              "ami-052419b50e1c48175",
              "ami-0ec9f3467fd3b59c7",
              "ami-0392a119008facfeb",
              "ami-0a21df4a8fcff3dcd",
              "ami-06b6148576f9586e7",
              "ami-054fbdf8d927b8da0",
              "ami-09cd853dedf0257d1",
              "ami-008bd2ad8983fbe44",
              "ami-03be18be0f1bec777",
              "ami-0f6cc49cc26704f4f",
              "ami-07133d56ce5a362f0",
              "ami-0fd71f545f6d9dcb7",
              "ami-01aa597fa8961d276",
              "ami-040d914f5e85dab2c",
              "ami-0325958ed6f730dcc",
              "ami-03b83573d40dfcd0d",
              "ami-0e609024e4dbce4a5",
              "ami-0c0628e98e0d04a1b",
              "ami-041731560fa58c756",
              "ami-06f8096dee5789a85",
              "ami-0252e0edfbd4dc647",
              "ami-0c82553f75a31ffff",
              "ami-0f06fc190dd71269e",
              "ami-063a6fca0970a1de9",
              "ami-06a13556596424b01",
              "ami-0d90be893c04f96f1",
              "ami-00c3382e912b1042f",
              "ami-044cf4fc592346437",
              "ami-087e5d753fe7928de",
              "ami-0b67ad0fce0e0d11b",
              "ami-0469534a8667a69a3",
              "ami-03cfcfda19fa88e35",
              "ami-03cefa005cc1a288b",
              "ami-018b6a2f46e71dca3",
              "ami-09ff7e6a0196df574",
              "ami-0198f86d422e1f7e6",
              "ami-01bdbfe578b57604a",
              "ami-0c71baab7b360e10a",
              "ami-01e2686a21e3bdf3f",
              "ami-054a072df404ffc68",
              "ami-0ab1d8b57a4e34452",
              "ami-04b53be99e5aa8670",
              "ami-0a133f160cf9ae511",
              "ami-05a9fec64232c8ebe",
              "ami-099592123ac319421",
              "ami-0e6c1e3c5c1fe5b1f",
              "ami-0d18fcd60cc0a47b9",
              "ami-09507f9648d5d3d3d",
              "ami-0f80edeab5e564b11",
              "ami-0ea80855133cd3d10",
              "ami-03baff4742708ca30",
              "ami-04472ec6c7ae9b4a0",
              "ami-09c136f4ac5f2c0e1",
              "ami-03ff1322fdf4799e5",
              "ami-072af2065a3d13eae",
              "ami-018123d211698aab0",
              "ami-0780baf62a23c7604",
              "ami-0ed3100599bf361d2",
              "ami-01809a695a12c0c30",
              "ami-0f66a6b92398bfdb4",
              "ami-0c57939384e9e30f9",
              "ami-07ae99d3be43dfed7",
              "ami-00239db845dd7c162",
              "ami-063becde4e1baecac",
              "ami-00a315a7db195f2fa",
              "ami-095a5bea408afce54",
              "ami-03b2a12aba7cd8e2d",
              "ami-02e86b825fe559330",
              "ami-023df3161985162f5",
              "ami-00f44084952227ef0",
              "ami-099846647e22393f2",
              "ami-00415581041ecbba2",
              "ami-0abea4c32c5183cb0",
              "ami-08e2c9eb28b44c197",
              "ami-044751cc508fd6510",
              "ami-071f88e55d1826014",
              "ami-08319e155e1ac3d09",
              "ami-055ba57c8cd5088c1",
              "ami-08d43f6040d89f76b",
              "ami-00e0a28d67f04c113",
              "ami-01ebbdd7e346e6d8c",
              "ami-03c9e835fdd1fdfb4",
              "ami-0ccebe9331a40d07e",
              "ami-05f5825affeec78e9",
              "ami-0a586d91bde4fffa8",
              "ami-07796e3379c1537bb",
              "ami-0859e16b26524ea1b",
              "ami-05d01fac9b35ed1ec",
              "ami-090fcfbc528f88f09",
              "ami-09fb875a3251af129",
              "ami-0276ac9d21090195a",
              "ami-08b86c2d95b96f286",
              "ami-0fb638977606602eb",
              "ami-0ca86ec1100f84c2c",
              "ami-035884c9e6960df54",
              "ami-0e5b8b8779949c0f1",
              "ami-0d62cd6c8e60aa974",
              "ami-07840d118e8d5cfe1",
              "ami-0f629a3dd784e2850",
              "ami-0e21310c7497e75c6",
              "ami-030189d5e3f059669",
              "ami-01cb962383bd770f1",
              "ami-09ee36291cda7768d",
              "ami-02e4d6bb9f6f6175c",
              "ami-0d81d77a377e07c1d",
              "ami-07ddb835b5b466b86",
              "ami-010e2a4216a33792e",
              "ami-09fca493e2004ab79",
              "ami-0947967c3863d9d36",
              "ami-09e3e0a7e7b1dbcea",
              "ami-08ef61e49f3fd182e",
              "ami-01076a7c2563803a9",
              "ami-0128839b21d19300e",
              "ami-00948f96e4361cbb6",
              "ami-06c7d096f22c4c7dd",
              "ami-0be1b0ab67a97c697",
              "ami-012cd7c737f6e8039",
              "ami-0d515033e8bb2b073",
              "ami-07e7470eaf2aecadc",
              "ami-045e068d1ad470d8e",
              "ami-03833f5c3599921e2",
              "ami-02e7a8b909d8cae92",
              "ami-064ab6883eba8d455",
              "ami-009a8ea71cfc83727",
              "ami-0e44cbb6cd97854d0",
              "ami-0aafbe0b3165f511f",
              "ami-0f6a5a0062dfb6fb8",
              "ami-0f4cae6ae56be18ee",
              "ami-02da411b8ed2d69ba",
              "ami-04d29b6f966df1537",
              "ami-0e04af8e50845beb6",
              "ami-01b15be0383f1a513",
              "ami-03156384f702d4eaf",
              "ami-02e953e920ab3c07e",
              "ami-043379e71bae59340",
              "ami-0c254813c34964049",
              "ami-027a025c826f28ad8",
              "ami-081d586762a43e71a",
              "ami-0bd88588d0a2ffdc1",
              "ami-08b4c206042ec7e9b",
              "ami-0f761e87a34d64621",
              "ami-03320ce30d41ebe71",
              "ami-0a30eb9fc9acf6ed1",
              "ami-0405395a0294caa52",
              "ami-0acfc3fffaaa4e015",
              "ami-0d7ed92bb72b20c87",
              "ami-0ad51b8030629981f",
              "ami-034bac0540ce574ad",
              "ami-0f3fd8037b0b9df52",
              "ami-08125bcb0ae6f3fff",
              "ami-07244a1de57d90e09",
              "ami-0c52395a97749da98",
              "ami-07659f7afe7d14a52",
              "ami-0404ddec9491a5a31",
              "ami-0185634c5a8a37250",
              "ami-0d3652f46c2568c15",
              "ami-0948f3ac22ec21d21",
              "ami-0b260e8b9c98dd02f",
              "ami-031ff873ad3d4a0a0",
              "ami-0b3036420b9bc97ce",
              "ami-0e813c305f63cecbd",
              "ami-0b05e8bf4137583f4",
              "ami-06fc0a4efb528cce4",
              "ami-069ee1329011e9d45",
              "ami-0b179f22b9c2d2b43",
              "ami-01be1e81da821d3aa",
              "ami-00bef74d274bd1e34",
              "ami-04984331e95ab5fc3",
              "ami-0ca58634aea92a54d",
              "ami-028feededbf29105c",
              "ami-0cedfd774cfd58860",
              "ami-08ea088bd1bbb2279",
              "ami-049ada44b37065e56",
              "ami-076391204b1fd12eb",
              "ami-05730439b499a3c4e",
              "ami-05b48ccfa31b7ca46",
              "ami-0d8f429e1d002353a",
              "ami-0e2676918c864a681",
              "ami-06fc4d5eca1093119",
              "ami-0b1116f21b473d92b",
              "ami-0db47e4320bafb3ba",
              "ami-025946b56e57b3982",
              "ami-070b64286bca26f6d",
              "ami-070f266eaeacac42e",
              "ami-0cdaf8520ba859093",
              "ami-024878f923e652984",
              "ami-0f41daf42071a37f5",
              "ami-08cee13c845974e81",
              "ami-0c59a910033c56e7d",
              "ami-036cffe00a8411ae7",
              "ami-0e8db55a9f55cf324",
              "ami-0ee40f5c0a49bafba",
              "ami-0cabbec1804a9bd7b",
              "ami-0bca25de70aa1139c",
              "ami-074298cb75b3b1449",
              "ami-0798eb46ec88947ac",
              "ami-00d808c954bc4c4aa",
              "ami-0e177db77b59b21a3",
              "ami-0c59fc2b45571bda2",
              "ami-0794f4bea9d207886",
              "ami-06744b29c87423222",
              "ami-0ec297191a01a6d7a",
              "ami-05f0042eb0a23514d",
              "ami-0308f981b9d8f4551",
              "ami-0a38bbd698699ca3e",
              "ami-02044221843a49df6",
              "ami-0945568cae9ab785a",
              "ami-0ed58ba8902e4565f",
              "ami-0ef4ef9527e63c919",
              "ami-0452188ff640a1285",
              "ami-007391ce9f537001a",
              "ami-013a7737c8ee27e61",
              "ami-03400f2c314b535aa",
              "ami-0ab15dcee15b52a48",
              "ami-07d67eecdfa90b53c",
              "ami-0100efc733f817fa7",
              "ami-0c1c368a99376cfb5",
              "ami-0b406a5f3dcca90fe",
              "ami-0c301f65e307d0131",
              "ami-057c187cceb2b1472",
              "ami-094d322e728c8a7fd",
              "ami-07b210aa0e4a548ff",
              "ami-0c7e6929de30d418e",
              "ami-06482a869ed979ed3",
              "ami-0397fadf20ad438ff",
              "ami-032b1c31fee5f1915",
              "ami-00c1ff5d6cfc8fffa",
              "ami-073c627259e032cbc",
              "ami-0e50504e4ccc61b2c",
              "ami-0f9589f5b92d8208e",
              "ami-045d1bc601b8da271",
              "ami-0d855f4bf8fbb600e",
              "ami-0f65d2a15a8d4ba5d",
              "ami-042e96448c2e45728",
              "ami-0759c4c4af2e9e164",
              "ami-057cfd0600d846a0d",
              "ami-05c341b68808ba59d",
              "ami-06ab54755d211b210",
              "ami-00ffc08c870676cc5",
              "ami-0ae02eb802806f5f4",
              "ami-09ad6e9e84b9b8b98",
              "ami-05be81cd1ee691209",
              "ami-0b4e0961fa38289f0",
              "ami-086aee23d9c6942c8",
              "ami-03f1bd4665a6fd084",
              "ami-085f7f7a2fc206d8f",
              "ami-0b7db18686f0d1566",
              "ami-0b6649df64355ba5c",
              "ami-0615c0838767b8e00",
              "ami-0bbd714da0c7763e2",
              "ami-05b80d924accf2dac",
              "ami-018cd948cda2d7384",
              "ami-01a1cf6f36f2bd13b",
              "ami-04ce9ff46c759ffa8",
              "ami-02597a6058d9bb415",
              "ami-0e96b1f22bc4ded89",
              "ami-0bb7443216d8ea706",
              "ami-09692360b1532638d",
              "ami-073b7c90fbedfacc0",
              "ami-070e58054153ea6de",
              "ami-08c03f3a7336d103c",
              "ami-0c282bcdac08f9cf8",
              "ami-047b82b79f4b59fd2",
              "ami-084e9dfc2881db964",
              "ami-05014e866fe10072e",
              "ami-0c9e3beeeffd7f8b2",
              "ami-0d38e2830c5ec470e",
              "ami-096db05f568970242",
              "ami-058698fb3cfed04a4",
              "ami-0e426193dc4b61745",
              "ami-0476bb26787cc8a1b",
              "ami-080adbe4ed0ad6d30",
              "ami-08cb2c2117482b21d",
              "ami-036ea3ac75710a5e2",
              "ami-0979e5b693ee93e4f",
              "ami-09626d64ee9febc30",
              "ami-0df8a196e6fd23a39",
              "ami-0c56080fe2e26afd7",
              "ami-0d46259a2b9c6157b",
              "ami-0056a9fd98733bc41",
              "ami-09a394dcaad738eb4",
              "ami-0de18c1ba7aec24b3",
              "ami-0fd939de18c43f4ec",
              "ami-0a40386e44004f356",
              "ami-096fddd5997407757",
              "ami-0d7eb346e891163cb",
              "ami-06a3d8892cf31f3fb",
              "ami-05d235f3b4cff62be",
              "ami-02a0596a360517421",
              "ami-0680cfadfad99892d",
              "ami-0b8fb016e53a1d597",
              "ami-0b3d5c1642e041562",
              "ami-02c6718f6e83cf743",
              "ami-074f028b37b917909",
              "ami-03a5b3e87a09ab8b4",
              "ami-01b308888ec9bc38b",
              "ami-0c7d3a38fd1b5977f",
              "ami-0a5baea840953be1a",
              "ami-0f9c74157c9955c65",
              "ami-061d52fff9f9ebee1",
              "ami-0d30ff7a3ddeaa323",
              "ami-0b805f86b630c0d7c",
              "ami-093ed44274f32d689",
              "ami-0c22e4c3b8d1ebe89",
              "ami-0f72f523c9b4271bc",
              "ami-04bf6dcdc9ab498ca",
              "ami-008f993ba46c8cd60",
              "ami-05abd07c45b3e8c71",
              "ami-09e7aedfda734b173",
              "ami-0db516a75abc3bc9e",
              "ami-07314b5ee355eb05d",
              "ami-0a4b8170ad36fb0b3",
              "ami-0a328e24abfbb03e3",
              "ami-0690555da79902923",
              "ami-01ac2700c96b8ac48",
              "ami-039762125c5140bc8",
              "ami-0226807ff4af458fa",
              "ami-0f051e3fc0708da73",
              "ami-087c4c96813cc945c",
              "ami-0d26e26a67b9b9619",
              "ami-00bde1d20d0772713",
              "ami-01d01c15ce198e16e",
              "ami-014d54beaa803e01b",
              "ami-0977b1fd521be492f",
              "ami-01ec1885a31bce6ee",
              "ami-041c603e11711fc72",
              "ami-0cdc9e194c495bc8b",
              "ami-03b7abbe9b2dd488f",
              "ami-0dca27f65fe3cbe12",
              "ami-01d36deae98fdfb39",
              "ami-08596c3a044945b24",
              "ami-093f0223b047447ba",
              "ami-0cf6562e97573ea4d",
              "ami-0eac1642207d31d74",
              "ami-0b8fb20458864cf0e",
              "ami-0bc3c6b1926224983",
              "ami-00b001512a1dc7c5b",
              "ami-0558363dea5eea436",
              "ami-0d349d6a6822562bc",
              "ami-00fa874bb96bee6a3",
              "ami-0c94d7208673f133b",
              "ami-0c2eeb1e8d4248930",
              "ami-073e2b127a5c04f6d",
              "ami-037ae7f9700db09c6",
              "ami-0ff776dd79a91c972",
              "ami-0254e300a73fef42d",
              "ami-00ec629754bb8a863",
              "ami-04a7c199c19905dc1",
              "ami-0ec75132506b42304",
              "ami-0a8a42ed2040eafe7",
              "ami-03ac9205a08fb608c",
              "ami-05151bab08e698371",
              "ami-0ec79011cbd7d6d0c",
              "ami-0c684a2a90185ba98",
              "ami-06b57d5c63bcf11b6",
              "ami-08b46b1e8134331a6",
              "ami-0fa0e733ad78c95ec",
              "ami-0c52daf9320d6a07f",
              "ami-030f248b07ff737f1",
              "ami-00e9281b1ce3992ce",
              "ami-0176556b90ade780e",
              "ami-044ddc31d10e8b7e7",
              "ami-04544ec4ea934fca6",
              "ami-0c38da5b88b14ba7b",
              "ami-0777d8a04aaf556a4",
              "ami-08b2479fd4fe1c7ab",
              "ami-08fe04262ec30a655",
              "ami-0bb03c24c69586c7f",
              "ami-0235df02819ee6883",
              "ami-03db82316c2f70f49",
              "ami-07f8c65b32ca2d905",
              "ami-03d1078e599858683",
              "ami-023a288419f1e5fb7",
              "ami-0ac7b5533c496644a",
              "ami-0a48921eafc56dedc",
              "ami-0e7aae97fe4d0e570",
              "ami-0251fa530fd2af6c7",
              "ami-0fd089c8bfd67f7b7",
              "ami-058f8b0755f632dd1",
              "ami-079a2bddcd8526de9",
              "ami-09c414b1e3cdc5ccc",
              "ami-00f945e761fe2d2b3",
              "ami-0364e09c4c328b131",
              "ami-0dbf322e3390fabb9",
              "ami-02ad5c99bae2025f0",
              "ami-04f75c69756046c75",
              "ami-072fabbdfdb825161",
              "ami-03ff72cd40f23c3d8",
              "ami-0486f62451e5b671e",
              "ami-084c2e3f5da9f76a1",
              "ami-0325027ac03ffc981",
              "ami-0308ed92b06dfd40c",
              "ami-0df9c4e12156f7d52",
              "ami-0a4ab368e24204b3e",
              "ami-064a79c953fb1c7e2",
              "ami-0524666ecf6db9e5c",
              "ami-05ded8d2ffeaf2d44",
              "ami-0aa517183591073e4",
              "ami-0577580c479c0fd08",
              "ami-046e3de912aab8327",
              "ami-02225d28b863b9a62",
              "ami-04c68e0118e1f8922",
              "ami-026a7476467f0c808",
              "ami-0e1a964f14d64f658",
              "ami-064b38230be8172bd",
              "ami-0dbfe60d963b37c28",
              "ami-0104115c3f6fa1ab7",
              "ami-05206098a4fb75dc9",
              "ami-02a1f7cdcaf321142",
              "ami-0fc188b9cc3ea90b7",
              "ami-0aeab69818b1777b4",
              "ami-04c6a492bb587af29",
              "ami-019473d78e0d296ee",
              "ami-06448f7863b3f303f",
              "ami-069fcbcc7f8a521cf",
              "ami-05bf655e29b8156c7",
              "ami-0039c8bc4343bf55d",
              "ami-0149a066464d240a6",
              "ami-0ebd56d21ef13ef53",
              "ami-0410d4fbcb5f97645",
              "ami-0dad4bb4f857b8d4a",
              "ami-011a1342bf4a76620",
              "ami-0c96f0bcec0072d1f",
              "ami-0a0eaea982a4ae49a",
              "ami-0b924d14213d30851",
              "ami-0be27b4e14f3ae9d7",
              "ami-091bcb1173d0be95c",
              "ami-0f434f1fa872eca94",
              "ami-008bfe84e0814a52a",
              "ami-0272a6be2ce194659",
              "ami-0a9ddd99fd32dd2cd",
              "ami-0af63a736e5fd6fd0",
              "ami-095d068f5bd29f855",
              "ami-0318d63d3f52ad78a",
              "ami-053e97722e2f4760c",
              "ami-0a3b65cf450cd98ba",
              "ami-0cd56673cf2851a1a",
              "ami-047ee82923b6b7cf1",
              "ami-0193fda2158982b46",
              "ami-0b5d5efe9a308d7e2",
              "ami-0ba1424630ca7ccdc",
              "ami-024de1d78c15fd507",
              "ami-0cb9a64126d0bb5f5",
              "ami-09a5174a98da90b1a",
              "ami-0b176dc73c9ae71d7",
              "ami-0ec5bf83a5417cb9f",
              "ami-0c07ab979849f8a30",
              "ami-0b2e5adae9ccccdab",
              "ami-0665260cf939121f0",
              "ami-06622a653481b1a47",
              "ami-016a92162d60e15f6",
              "ami-008d03f3106aec65c",
              "ami-0e12fd0dbf6708eb7",
              "ami-0de3a442988f6ae74",
              "ami-0f14cb3c6a2fd0052",
              "ami-072d1f3540ed6d936",
              "ami-0a3897e83476133ab",
              "ami-0e32fae4e966d8539",
              "ami-016ea189418790840",
              "ami-0607f40892c8ea370",
              "ami-0d75fbb6917646786",
              "ami-00f412cbf15d3b55e",
              "ami-026004962ea3688d9",
              "ami-0f0c334a605f565e4",
              "ami-019ce2d7257a5109d",
              "ami-015a2a2a20dbaef15",
              "ami-09ce359e2f8ede4b1",
              "ami-0486aa1396bd25c17",
              "ami-08429464947d8c713",
              "ami-087ac519d70417d59",
              "ami-024851073bc8887f0",
              "ami-0efe379e3da44e8a9",
              "ami-0ff6881f893eaeafb",
              "ami-025b415a63375e5ff",
              "ami-02aaf3411345ab37e",
              "ami-0e4827c4fab3c5434",
              "ami-02f266f2918d11096",
              "ami-06cd69b4099118008",
              "ami-0d2517493d004500c",
              "ami-0d491a6a6be49fe8a",
              "ami-0fc633fbced4d0685",
              "ami-079e81b4bab890bad",
              "ami-02b6dec22f5f9f2fb",
              "ami-08553f9f8dd3d8f4d",
              "ami-0e7c2f6ee750cb754",
              "ami-0824f54e3306df7a4",
              "ami-03e55af493948d7bb",
              "ami-02c2c2ab0056060f7",
              "ami-05d28ca7d2d589fdb",
              "ami-0cdbf82ad37460ed3",
              "ami-0aaec33ee68522edc",
              "ami-0e68344c949b3644a",
              "ami-00e04bd6c7d7ae622",
              "ami-0d493c9e946cd1919",
              "ami-0197886e750fd2c06",
              "ami-01ef2043709b439cd",
              "ami-01522ff3d1bfb81e2",
              "ami-04414fc189b13f6a5",
              "ami-075f05ef31aa23f51",
              "ami-03bb3852677ac7869",
              "ami-0644cc17716e33ef3",
              "ami-0eea2269c6c87c3b4",
              "ami-0743d56bc1f9aa072",
              "ami-076676d7ab2e49066",
              "ami-004ae9541a728e227",
              "ami-0f899ff8474ea45a9",
              "ami-063f381b07ea97834",
              "ami-063585f0e06d22308",
              "ami-0cf2702a48aac44ba",
              "ami-0cec8534e1abd873d",
              "ami-05a5b3d041d011643",
              "ami-08140f1ef4c994b0f",
              "ami-0cba281204598d79c",
              "ami-09bee01cc997a78a6",
              "ami-0080dc2d6cbfc4c39",
              "ami-0fb4dd7579b89ee5d",
              "ami-026e4da08f9bad3e0",
              "ami-0304f2085f4e1b4d6",
              "ami-0bf6159de762836a4",
              "ami-006fdc603426acd74",
              "ami-01e5816d609ad3ade",
              "ami-0ab06caacde9d956c",
              "ami-0f2f4ebe63c6ee762",
              "ami-0d9d3013bc0982778",
              "ami-09eb6aef028d2fae4",
              "ami-0743658b99cc1e549",
              "ami-0fd95c194564376bd",
              "ami-0d8b28f23a8c6709e",
              "ami-075e3f93a0666b717",
              "ami-03264e51a4246f27d",
              "ami-0dbd0e92a02f748c8",
              "ami-012bf435c0a05c09f",
              "ami-0a15da7ecbc10312c",
              "ami-0c800cb1487048cf2",
              "ami-0639e2b704c285ce7",
              "ami-055527040fb3e0ea3",
              "ami-01151c46ffec20ad3",
              "ami-07d5f999de017726a",
              "ami-0580e0f1d9b480fc5",
              "ami-0dbc591a483092395",
              "ami-0fe0f270fe9d4fa3a",
              "ami-06944f248e6d0e3f1",
              "ami-0bf16f91ef411eede",
              "ami-0e3c1ee09a3a30d49",
              "ami-0762210dfb1f88a23",
              "ami-0250002ec53584c43",
              "ami-0ec24b0f4ac31ea82",
              "ami-0459a0ab2b9c4f70a",
              "ami-0d509c8df6c124c47",
              "ami-09831a4f5c90ed3b8",
              "ami-0a8fef28c1c5fb3e7",
              "ami-05c33fa26b44b6170",
              "ami-0bd4abdac8d2c80ad",
              "ami-0966027593e1c1f76",
              "ami-0827731203013ed7e",
              "ami-066f9fcb546b0f6d8",
              "ami-0d377910597614709",
              "ami-02a3701e9fe0c5412",
              "ami-020b665eb9795e372",
              "ami-0bfec8deeb6f2cc53",
              "ami-01cc6c3966e48aaec",
              "ami-00d58e54cf5d4c1f3",
              "ami-0d10a37cbcb2e3e82",
              "ami-015280ceb20b075b0",
              "ami-0308904f995eb33a3",
              "ami-018aeb21bc4f2270d",
              "ami-0428978ae7073e52e",
              "ami-083396b79aa94f358",
              "ami-0f4b173641d9f8f57",
              "ami-0b1047b0757ff1980",
              "ami-086be13b72eb5cc00",
              "ami-0c0abcc1933a43caa",
              "ami-075e77a141a81246d",
              "ami-077b023267d508235",
              "ami-003559e5c6fa47f8b",
              "ami-0cfd288fa4a2209ee",
              "ami-027fc0076d32909d8",
              "ami-09d700d367f33ffa6",
              "ami-03549398d9ec7b7f3",
              "ami-0ed845da8805c3788",
              "ami-0bd32a11eaa3f4fa9",
              "ami-0db8da10f41028bc5",
              "ami-0b7f2fded2a7e6e54",
              "ami-01409fd7ea6306d25",
              "ami-08a74edb22befcba1",
              "ami-06f1d89e2d706fe47",
              "ami-0ee50cd43ae61d3a0",
              "ami-0055dd75cca2c1056",
              "ami-0cc21d0f3dddab9fc",
              "ami-0f1a8f713dfc3e7fb",
              "ami-021a7885fee3e75c0",
              "ami-0353c65ffb021ea93",
              "ami-0bb64cc15b44e710f",
              "ami-0e100cbe9c821eb85",
              "ami-0edaf268b15229e10",
              "ami-087bb8fb16f5cf2ca",
              "ami-0463075e676b38d18",
              "ami-05ad7e82fa21a9c49",
              "ami-0f3346680d6068c49",
              "ami-0ddcc76827d813630",
              "ami-04f5bc3a9be6884f8",
              "ami-0d00cebcd684a03dd",
              "ami-081b4a8af488b8767",
              "ami-0e490bd742c4177fe",
              "ami-0adc06b647668e131",
              "ami-0f8f7e691540beb93",
              "ami-02a773f08d68497d5",
              "ami-06f235704caa6a7af",
              "ami-015eecee48abe2a02",
              "ami-0d2325285292d606a",
              "ami-0b1fe1d66a65a6d82",
              "ami-0f63f474ac2f554ac",
              "ami-06d6a081655c57371",
              "ami-0bd9a6c83b5a9ac7c",
              "ami-0ca02df89a1b7b1e5",
              "ami-0c28129cd37bba1a1",
              "ami-09cadf075bf62ac42",
              "ami-0dcb79f23e8e88bfb",
              "ami-014eab8d2a8e41f8b",
              "ami-09f35763edefca6bc",
              "ami-04f4fc42a0bebc5d5",
              "ami-000593c22125537ac",
              "ami-0ed5919489f430b5b",
              "ami-0f5fc795d59198dcc",
              "ami-0a72d427e595725c2",
              "ami-0380db72ee94b969c",
              "ami-0d037d03ea09bcf70",
              "ami-00395cb3db29f61f1",
              "ami-01ace73af9f55e1d7",
              "ami-0ca46e5bf181c1460",
              "ami-0d05901e19fcb06e0",
              "ami-0421d94d4c71ecbfc",
              "ami-0b8e67a8adecc140e",
              "ami-0b954bdcff5a5444e",
              "ami-0df2232f9a04a554c",
              "ami-06e7b03b781991d04",
              "ami-0a356923c6f6b0b9b",
              "ami-0904f98601734a10e",
              "ami-0e2011b48b1529e91",
              "ami-00a90eafaca75615f",
              "ami-0210a246f8909000c",
              "ami-004bdb828477220eb",
              "ami-058c4d73d02003701",
              "ami-06239f1e3c946aaa5",
              "ami-0ee96a862a7b6cfbd",
              "ami-0024f38a673463019",
              "ami-0e1caa0fa8e73343b",
              "ami-07057737a5935d11a",
              "ami-0a7f1fd56f1cc5819",
              "ami-01b07f0e88347cf84",
              "ami-003288f78a860776c",
              "ami-0103b8eac04684e3d",
              "ami-0777a4fb49e230e18",
              "ami-00fc61b6f0060e748",
              "ami-045136da25e01d30d",
              "ami-0b6df98b5a5ec02ca",
              "ami-09e68cbda37805840",
              "ami-08d6966cff4137d10",
              "ami-05570f230bdce3ffe",
              "ami-0c168845d2d179bb0",
              "ami-07902521bebad1cdf",
              "ami-08dec99398779f59a",
              "ami-0e7e009496776448f",
              "ami-059a0a70e899bb809",
              "ami-04bc044678f167833",
              "ami-0670857a6fb02c078",
              "ami-0043d531fb66bead6",
              "ami-0865f82fe1640beff",
              "ami-0e5b157aaca5c4c43",
              "ami-0090f876969ec66f2",
              "ami-03a0506662d71143e",
              "ami-0c7999a49f88e54f4",
              "ami-074b95bae0ba174d1",
              "ami-0f1c89eb03c016432",
              "ami-0b3f80a47f2d48926",
              "ami-00dc4fa68474e7f9b",
              "ami-0921d5a898d2b426b",
              "ami-0f04c0e4ad608e10f",
              "ami-081705321cd2dc498",
              "ami-0679ab054214eeb7a",
              "ami-048da110e4ca9801c",
              "ami-0ee6d4afa86e3652f",
              "ami-0cd61e3177df3401b",
              "ami-047647743a5a52e3c",
              "ami-0af1988ce4f7dc05e",
              "ami-0f4f3c298dc5643f2",
              "ami-0ae545058971034ef",
              "ami-0622363e9779a0c23",
              "ami-09d0a02c14189c508",
              "ami-0a1bb01279488a915",
              "ami-0c6132d2ff7a06eb8",
              "ami-0adcebb8dc869e300",
              "ami-0ab2c51a9d72dc5c9",
              "ami-06c70e8219f94de4e",
              "ami-08c0c547c7ea026a6",
              "ami-03e6d9faf951c9317",
              "ami-0af22a21717df22e4",
              "ami-06c5ac48a0c630fe7",
              "ami-0669eafef622afea1",
              "ami-00fc51680c4520fc7",
              "ami-055458a83541771a4",
              "ami-082dd4c61b9c30f7d",
              "ami-0b2ae39568eb3ed20",
              "ami-0361ec960fb40bff4",
              "ami-0ae37dae239bd26bc",
              "ami-04cb9a202c330856a",
              "ami-07bb1d56c01017cf5",
              "ami-00b43ca64dd226293",
              "ami-01ec3876dfc8dd0f3",
              "ami-0ae7dc9f6dc478fe1",
              "ami-0f6a0ee818a0242d3",
              "ami-0e180b39e16dba996",
              "ami-0c313e31496f7c41f",
              "ami-06261bff427fdec24",
              "ami-069cfdbbf37e1c2f8",
              "ami-0a42befc15914ce48",
              "ami-00a17efd172e0937f",
              "ami-08474864fb5d4738f",
              "ami-0fa83af61a014fd8b",
              "ami-093198a7c6b970953",
              "ami-0782e78e4b0d41d79",
              "ami-03c5d11462f9ec764",
              "ami-02413106a41dbef5c",
              "ami-0ca315f83fcc92cfe",
              "ami-029797e193adce0ae",
              "ami-08803cad9328063c7",
              "ami-071bf6e6fc48cd4fe",
              "ami-066be345a81026156",
              "ami-0940c46d63f24c982",
              "ami-00b8f5a94e727a213",
              "ami-0c39438e8df5e2a74",
              "ami-060178c5517a77d29",
              "ami-071374c8b01b58e40",
              "ami-0b3f2249f161cbc46",
              "ami-0d6cd7391718e2ea0",
              "ami-00e1ed6a3ebe06fd0",
              "ami-04bef6f475cb64024",
              "ami-0f204b56cf79e965e",
              "ami-0c77a7529bf5dfaa1",
              "ami-0e95945ce24d96e99",
              "ami-034cffb23dcb119d5",
              "ami-0be2e1ead90f81d34",
              "ami-0e03b889434a51f52",
              "ami-0f976b9a93ca4d609",
              "ami-02eb9e75c9a0af99c",
              "ami-01aad86525617098d",
              "ami-062a33acbbfd29c6f",
              "ami-0b578b996c2e7245a",
              "ami-0ebe66aa9c7f70017",
              "ami-0d31dd0c5a95398b1",
              "ami-085a03be6ae060a6f",
              "ami-0fc7c80d4d288ab2c",
              "ami-081bcc9e174dde4c0",
              "ami-089035757766d85bc",
              "ami-0ef76ba092ce4e253",
              "ami-06b186d1af79c4b6e",
              "ami-04d618843f45e581d",
              "ami-0b0dffffb5ba92f97",
              "ami-00cff21748681dd2b",
              "ami-07ee96b515734922b",
              "ami-07250434f8a7bc5f1",
              "ami-07976b5eda30dedb8",
              "ami-0e3b0211ae52b6cf5",
              "ami-0fae38e27c6113140",
              "ami-0814b530148999760",
              "ami-08f8ae07f93fd897f",
              "ami-0d2dc76a0a918bdb8",
              "ami-0b155a83fbad05c80",
              "ami-07980c0ddf996f0ad",
              "ami-0b69c2d0fbca3cb25",
              "ami-0456aef61aab99e53",
              "ami-05bc1394748eebc55",
              "ami-0dabf7cb316e405d9",
              "ami-0a9ce00116ee2657e",
              "ami-026275957936af339",
              "ami-028705019bc0e3b54",
              "ami-0d4356c20d1145028",
              "ami-00c1951fc3b25ff20",
              "ami-03a923add68006d8c",
              "ami-0bc55f4050a28b438",
              "ami-01f6a00c994db499c",
              "ami-02118fc46f38ccc61",
              "ami-09d5ab09674e1d223",
              "ami-013ae362e9d34b244",
              "ami-03ce6e5fc2c3162f7",
              "ami-055b4fa1f47316d65",
              "ami-071327c9e31b55b82",
              "ami-0b392220159f167bb",
              "ami-055af1daf997a1ac9",
              "ami-0b0fde02dc08a1b04",
              "ami-0bd0500bbc99a6634",
              "ami-035d5d17ea0988dd0",
              "ami-04feecc895f45c798",
              "ami-04ceab5080cb29a53",
              "ami-034ef9a64fecf12f1",
              "ami-079bca14b3868960a",
              "ami-0443a4bf106d90857",
              "ami-044a4d8f8624e4092",
              "ami-03f446c16e4a7427b",
              "ami-0c80160a63093c336",
              "ami-06b7b2fc5d1f7a843",
              "ami-0f7924aa0f6ace5ef",
              "ami-0feebf6fc2608af4a",
              "ami-01a9c0d50a8932e62",
              "ami-05a0d98f7501f61ac",
              "ami-04b368861391d9852",
              "ami-0ae39075f9faffdbe",
              "ami-03eaac0cd301e03e4",
              "ami-0cdfd9c9d5ee5c190",
              "ami-0127593eec623ca6f",
              "ami-066600803ffb5d497",
              "ami-07e19a78b117b8d6d",
              "ami-0336a093798e9e448",
              "ami-0e79c7a34972dd056",
              "ami-08f8f9707fdf16331",
              "ami-094b2390c57dc8a64",
              "ami-01842ab4d593790c3",
              "ami-000245c336b590ae0",
              "ami-0ba9afcca9dad32fc",
              "ami-0fc2d5dfa3da19bca",
              "ami-053dad07d57d4e620",
              "ami-0f81e4594d25cc775",
              "ami-08ceee3f6f026f1f4",
              "ami-06fa2bb780eb7eee7",
              "ami-002565c95963a0d00",
              "ami-0fcdbb77fc972dd02",
              "ami-0e86ecbdeb5b5927b",
              "ami-0958adc474cb99fd3",
              "ami-0a145a4d99d0a0d84",
              "ami-00dc2160d2a1aa615",
              "ami-04e48c51b9607511e",
              "ami-01fc40b50c8d485ca",
              "ami-04462f73cfe15eb20",
              "ami-0594ba23f3a65d696",
              "ami-0c183264a96e89bfe",
              "ami-09bf9b6f890cf9883",
              "ami-0868b2707982be21d",
              "ami-0d22aef177b934737",
              "ami-02bdd1349aab18d14",
              "ami-014091430d442f1c1",
              "ami-0ecc1f89701de910b",
              "ami-065d8741178c8ec7c",
              "ami-09cfd7afdaa6665ce",
              "ami-05d2728f19a12f01a",
              "ami-07161b37510525c68",
              "ami-0fa406bdcfc77ad61",
              "ami-09bffc54355b91c5e",
              "ami-053597135d438fe19",
              "ami-08c8357459ad94c61",
              "ami-096a6a75d47801057",
              "ami-0cc5b4fe00b3a95ef",
              "ami-01ce47da86486d7b5",
              "ami-0d0f4f5ad27e836b4",
              "ami-02dd1fde295154756",
              "ami-00752e5ac4efb34af",
              "ami-0da5d55b42f7013c8",
              "ami-0f3350a0b388a1ebb",
              "ami-0f100d4de862ad968",
              "ami-087014bad832c5a68",
              "ami-01b885742dd321449",
              "ami-0f6cf09a3d0d01e85",
              "ami-0692ac9da565707dd",
              "ami-04b58e95b83f7ca3b",
              "ami-052e9d1bc49a962f8",
              "ami-04dc5a81817caef16",
              "ami-0933bffbde7a89b81",
              "ami-051367630c8f28459",
              "ami-0ffb349ca284f17be",
              "ami-05b7c8b1eb8ebc38f",
              "ami-01c873c823c6fbd64",
              "ami-0a37a6bec467b6472",
              "ami-04640daf73e529f75",
              "ami-099ae30584719381f",
              "ami-05dd4412da54fe14c",
              "ami-0ab4e181eee7a9f53",
              "ami-09117f53674ae2f25",
              "ami-04bb612cd80aab384",
              "ami-024a472f09523f715",
              "ami-05fb0100c14b61eaf",
              "ami-0982608faf3151bff",
              "ami-032fa34afc1b64cf0",
              "ami-0a8696b75f29e5e2b",
              "ami-0a0f3d351d8ecef83",
              "ami-0ad862770d38cf930",
              "ami-00bd551305c4c30d2",
              "ami-05307a32212290ae6",
              "ami-06dcf2fe525ea3406",
              "ami-0883fc791d59cafe9",
              "ami-0a5aa2766491c9db6",
              "ami-0ff0cca4fb7827a57",
              "ami-02a07af99c6222381",
              "ami-07f4fc9bd0b9b8024",
              "ami-07322009f01f64bcd",
              "ami-0d06a156d0b6dec5a",
              "ami-07f88308c0ae815e4",
              "ami-05a5a591cd91e6666",
              "ami-02fb80e1754aaf894",
              "ami-09fc55ef611b326a1",
              "ami-086babaa42786e46b",
              "ami-0d50d4c405217ce0e",
              "ami-04a4e33051404b003",
              "ami-004e041ca2a57f1af",
              "ami-05168582a226da6c3",
              "ami-0611f9091032d1602",
              "ami-0c60cb506e1ec1168",
              "ami-0bae784dce4499876",
              "ami-0e5b9728b7a967ad5",
              "ami-03a89829daf2aa9cc",
              "ami-0e28a871d42dcd120",
              "ami-07276459133e95bc4",
              "ami-078af26c7c0bea169",
              "ami-00a6337efae02d64a",
              "ami-0c7d499143e0d40e3",
              "ami-06306cd9866f34ef7",
              "ami-0d73b761a296e232f",
              "ami-0524951c56448bf78",
              "ami-0c1f575380708aa63",
              "ami-03697f0ea417f56ac",
              "ami-059628695ae4c249b",
              "ami-008cae8631db69182",
              "ami-01536ba792898ee13",
              "ami-02a0a0858e07074ad",
              "ami-0531d83d2d406f4da",
              "ami-08b56cc57569060d1",
              "ami-08bd365e350267e40",
              "ami-0a2862d547a8e662b",
              "ami-029f9f5d169910338",
              "ami-0cbe7442fedeb17fe",
              "ami-0e700086333b89a97",
              "ami-01b3105e5ab02f8dd",
              "ami-0d41567eb8b028b57",
              "ami-072955ba589d72491",
              "ami-09f274b638aded1f7",
              "ami-0d02a4ecfbcd8acf1",
              "ami-05d82f942aa5164c4",
              "ami-0fd7ec000baf10e2e",
              "ami-018c5331714b1f562",
              "ami-0b26cee90d5df1735",
              "ami-086cad1603cbfd31b",
              "ami-0c25f81dfb47fecd6",
              "ami-0e7da5a797f366135",
              "ami-071aa8c892d0e1dcd",
              "ami-0e85fafb5e2fbbc92",
              "ami-037bb7002765ae903",
              "ami-08c68a700c45e62fa",
              "ami-0c97b6a90076744e3",
              "ami-01147d110f85f0773",
              "ami-0c75a9d197bc9f46e",
              "ami-01690447db2f94024",
              "ami-080f1df228b4688c5",
              "ami-0598165096b2e8f49",
              "ami-08cc6db23e05fef0a",
              "ami-059cb394202d7809c",
              "ami-0bf3c7a3c2791679b",
              "ami-0501ea36ab2a3605b",
              "ami-0010f7cf01049c96a",
              "ami-07eb2f4f3a10e7b05",
              "ami-0146190c69714b544",
              "ami-0f498e123a72a0a36",
              "ami-005ba7efce5d0dcb9",
              "ami-05eaa9b3077f14b68",
              "ami-0501abe7d5fce4ddd",
              "ami-02efdde8a2a6634fc",
              "ami-09175291f310a3dc9",
              "ami-002ba98793e87009e",
              "ami-032930428bf1abbff",
              "ami-080addb03c9a21ab9",
              "ami-0e7067c52e5fac7aa",
              "ami-0700dcb652afe487c",
              "ami-0dd3e161a40e64b4b",
              "ami-08445379fc43f9ba1",
              "ami-0cd7fd7cc9d95eb08",
              "ami-0a95e7c8ee279060f",
              "ami-0e2de8ffe670873f3",
              "ami-0e26872e763ce6ba3",
              "ami-074e09f78263bed8a",
              "ami-0553391b20fe5d1f3",
              "ami-03d177862bb3c0ef6",
              "ami-09ce9d3ac1098f8da",
              "ami-0e5e6a558a9bf8db8",
              "ami-0e77f355f1a7bc5f4",
              "ami-008867fadab5765ee",
              "ami-0c123dc85fac373d9",
              "ami-0e899d7cbb415da1b",
              "ami-0c9e581f5a7c6c3c8",
              "ami-0a6993b2978bd23cb",
              "ami-0947d2ba12ee1ff75",
              "ami-051581dfc1d093c06",
              "ami-0c3f61ce84bf6bae4",
              "ami-007a607c4abd192db",
              "ami-001a304f68fa2b0f2",
              "ami-0f45abf2e7902d4e9",
              "ami-0c4e025770e07d89a",
              "ami-0fec8a18cb2a07819",
              "ami-0f5bb22f8d72f8761",
              "ami-010128b71255c3bdf",
              "ami-0ac6e3f07bbf39657",
              "ami-0f4a4562720945eba",
              "ami-05b727b7fa7577e40",
              "ami-08f157435a9fd15c7",
              "ami-0abb3be0b3c1f3d4b",
              "ami-04c7c12b7aab0bb46",
              "ami-02a286ef3d26f44c3",
              "ami-0113b45471e7b7e30",
              "ami-0e9f9295efc913166",
              "ami-0b2a166b43d52f29c",
              "ami-06f9a23becc827c9f",
              "ami-08f72eff34aaa66f4",
              "ami-073e9c7005e813a03",
              "ami-01fe6211016f58335",
              "ami-0b2890cbd34c437a4",
              "ami-028268eea402238de",
              "ami-0d916520219ee638a",
              "ami-0dd07b5301bfa458f",
              "ami-00f28e72753d46d3d",
              "ami-0788a1f2d1fef12cb",
              "ami-02f0550ea6b8747c3",
              "ami-0e9df6d4dc3dd221f",
              "ami-0a7ad097b2ee9f393",
              "ami-03c024d6384e90227",
              "ami-09e103084e5a82dc4",
              "ami-088703a3717497863",
              "ami-087577ebbaff90652",
              "ami-0f4b76d08946325e4",
              "ami-08bd8a3133c4b0007",
              "ami-0753848c84305637d",
              "ami-08eb354d4707dabc7",
              "ami-0779e22db458855c4",
              "ami-0acb08cf0493aa1bb",
              "ami-0fee93c5d2f68aafd",
              "ami-04df17cc8c49a8ce1",
              "ami-05bc0bd2e8dbdf743",
              "ami-0ec66461d5b9ccd5d",
              "ami-0929c50442b126841",
              "ami-0256309cd707c0c86",
              "ami-0ffdb0be89a0e1bb3",
              "ami-0243c55dcc2db6d35",
              "ami-06c083b851b2ac52f",
              "ami-011385cfa380458e1",
              "ami-032302556f588027c",
              "ami-073c30285b0adfade",
              "ami-0956d5c2e0e6240ad",
              "ami-03b8372e586677d1d",
              "ami-0bcd7ba1832b01f40",
              "ami-04468e2e8f265bc11",
              "ami-04bed016024638f1d",
              "ami-0a7796deb7aea1228",
              "ami-0c7ead7f55f21bc9d",
              "ami-0adc61f93447d203e",
              "ami-083ab1cd7ef191b0e",
              "ami-04ddcfb27a568c295",
              "ami-02e60801c7b157edf",
              "ami-00b5ab71b532324aa",
              "ami-09fa24cda86ecc878",
              "ami-01e850ebc69e5e2dc",
              "ami-03e69e4db731ce527",
              "ami-08977c6b304f52b34",
              "ami-077021d27dbfa370a",
              "ami-09c34378ea2d05f2e",
              "ami-0696024ef39eb1af8",
              "ami-0561e4121eb7a2bcd",
              "ami-0226e71e093185326",
              "ami-0caf1e6b86618fb53",
              "ami-0994f3135d406572e",
              "ami-0568807808634706b",
              "ami-011756a229ff1fdf6",
              "ami-0775290a84ae469d5",
              "ami-0a4ac3ffcd6989219",
              "ami-022ee89f2024d017f",
              "ami-068d789ee2b7fcf4a",
              "ami-0a01d7404760511e4",
              "ami-09db88dfba169c52f",
              "ami-044127fef19a40fda",
              "ami-05191fb27a5ee58a6",
              "ami-0b2d3321eb527dc22",
              "ami-0d8ba76d30204aef8",
              "ami-043d32fff98cce197",
              "ami-0d74c4fc15f9b5d9a",
              "ami-001ec360244c7e248",
              "ami-01fc4bbcfbf268982",
              "ami-0d275b87a433bcbec",
              "ami-0e39accce77049b5a",
              "ami-0e0b3193dc5f27d30",
              "ami-02a4a88e7295748c0",
              "ami-0927e675ddd8094bc",
              "ami-0d73b9449a3b0f9ea",
              "ami-0ad52bd7626e8b567",
              "ami-006e29fa34278d9f1",
              "ami-0cc3c142964f114f2",
              "ami-0c34a1866d05f5238",
              "ami-06097a62098053f6a",
              "ami-05a40526b1038b9ba",
              "ami-08ae349b1e74ee4ad",
              "ami-0ab42cd196a7d0b62",
              "ami-08d74d56b5196eb8a",
              "ami-0051ab28b88d6a34f",
              "ami-043ce25697d2d48a7",
              "ami-0d4c838dfec3a06b7",
              "ami-0295d36850987466e",
              "ami-096794ff1571e4369",
              "ami-06a25ee8966373068",
              "ami-0349efdddce10b2e3",
              "ami-0b2671fd508a3a2c3",
              "ami-090523d2fbffe4652",
              "ami-07a0b410c24ce1b0f",
              "ami-0994f630ee26a4ce7",
              "ami-05fb3423c0bb5011d",
              "ami-01fc5c4d94a8d17ef",
              "ami-04d3b1912af14affa",
              "ami-0a3e40e29652278fb",
              "ami-04d2eea69bb016230",
              "ami-0b3cac9bc6854a0cc",
              "ami-08a30bbd05077efda",
              "ami-041c094ccac875561",
              "ami-0274c039d077a4912",
              "ami-04514ab8397106a35",
              "ami-0808e417dde3f2e7d",
              "ami-050f74e63845782f4",
              "ami-0b75bc61ae8cf7c1a",
              "ami-08dc3f1c934a28e86",
              "ami-0b9bf3c954096fb1b",
              "ami-04299b3c3f27adf41",
              "ami-09708d5d240503e0d",
              "ami-0e1c9634b998e3993",
              "ami-0f2faf9ae0ea561d9",
              "ami-09132585afc51a949",
              "ami-01841a9144154e120",
              "ami-05e114c82c2d6a58b",
              "ami-06815415360bb7ce9",
              "ami-00825f9c6505082a7",
              "ami-0b7f430bb78111450",
              "ami-0cbca1731b2879bc9",
              "ami-0c2047b816f81f08b",
              "ami-0a6c001c45bbcb16c",
              "ami-058f9f05f345564f1",
              "ami-088d131f3c8e7cddd",
              "ami-0de0fa4f4ba6de3fc",
              "ami-0116d5727b5dc5c4b",
              "ami-0e39d9c5180121b40",
              "ami-0b57de4f58de2d880",
              "ami-03dae7161e6c1b2ae",
              "ami-0e31c5be3dd6c7626",
              "ami-0eb8f26fcc420f344",
              "ami-0571b0fa39e629f14",
              "ami-0be3b1ba04d9db9fb",
              "ami-0df5d5731681bd465",
              "ami-033e0edd4dec767b4",
              "ami-09a0ffd4e9c94f5ec",
              "ami-051a2a408a7aae607",
              "ami-00c6ab4f561d5bda2",
              "ami-03edac1057cc93300",
              "ami-0122c60b13105a2f5",
              "ami-089a6eedb66d6edf8",
              "ami-04a4cfb6a50eb3419",
              "ami-0a4e560666688b8d9",
              "ami-06b28a55e467a132e",
              "ami-0516afb47ff37bcf9",
              "ami-02ba33ff0bd14da56",
              "ami-0b0c610775278035c",
              "ami-0456b31cb433c9678",
              "ami-0aa6494e5edfa2e5e",
              "ami-0d16fda3a7167b72f",
              "ami-06869d2ae1478f376",
              "ami-0550cc524366a7c92",
              "ami-0aba3cc77a2c8ce99",
              "ami-0c728e798392ed35d",
              "ami-071df5dc6a978b9cb",
              "ami-086023dd776105fda",
              "ami-03225d13c0ee4ebf8",
              "ami-0fd7715b0094887d9",
              "ami-03fa1607de3104b92",
              "ami-05ae16a1462c35dd9",
              "ami-0a2ae197803445689",
              "ami-04eb99d53e5fd9612",
              "ami-0c776254b58637a66",
              "ami-026f9e275180a6982",
              "ami-023605ca18ddfa1e1",
              "ami-0592f231a146314ad",
              "ami-0878e35d09c75f0a1",
              "ami-0440d674446110bf9",
              "ami-00427693c792b5fc9",
              "ami-06c209fb3f0bce6b3",
              "ami-0aed2525c4b27a175",
              "ami-088c36bfbcac97e1d",
              "ami-0e37a72080e52404c",
              "ami-06278a44ed1ea4fbb",
              "ami-086fe2dbda00d5b18",
              "ami-0caf0aa9d462ec686",
              "ami-0a276bcbf493cc153",
              "ami-0a30e968ba5a64b92",
              "ami-0dc5b5d42f7f81e12",
              "ami-00795ff672e6b6425",
              "ami-073442a0f5e5ba378",
              "ami-02a5a3acfdd795caf",
              "ami-02a582c718526893e",
              "ami-0c40548d16caf6024",
              "ami-027bb702cd7aa36cb",
              "ami-03d0fca7ebff7603e",
              "ami-07de7274d864a73ba",
              "ami-0d46521d5583a5865",
              "ami-062bec2ee16b4c20c",
              "ami-0b21b16b4c4f8ae10",
              "ami-047bd308f2ba83521",
              "ami-0420c81e9a17ceb37",
              "ami-07c730256226c10f1",
              "ami-0d1e10623ffa77e19",
              "ami-0642a0c9e4e1b561a",
              "ami-0f1fe8a57333eb80a",
              "ami-0597d258892d07edd",
              "ami-0eca223b2adf8e890",
              "ami-02936a3376f1045e0",
              "ami-0ce2fae6f705f2f53",
              "ami-0ce63d009590b697f",
              "ami-089f9771989050041",
              "ami-0b800270fefc98197",
              "ami-00f0b65c2caa44320",
              "ami-04a24af91eee25a0e",
              "ami-07570cba2bd642673",
              "ami-0531cd86ccb972e2a",
              "ami-02e16c52d81b351c8",
              "ami-091f0c8e6fb88aef3",
              "ami-0269599ba1271cf21",
              "ami-0ebc74bed6ea6c804",
              "ami-079cc816980aa0fd8",
              "ami-0c3420c965a132728",
              "ami-03e68e2059de79e93",
              "ami-0eb5a1f80041725a7",
              "ami-03e6aee2536bf785f",
              "ami-06238693f2f182850",
              "ami-0051186152b7867b4",
              "ami-02a815c648e3ac746",
              "ami-09e30bbc4c4914210",
              "ami-0c1a54be17e5e66e5",
              "ami-0418bfac6d84fd4f7",
              "ami-0f690b2f134c61108",
              "ami-09d730163aa36c09b",
              "ami-05ae20b029ade4622",
              "ami-016388262234a405b",
              "ami-0bcc74cc824c69c8e",
              "ami-0f05120c393e1291b",
              "ami-0c94855ba95c71c99",
              "ami-0a4f6b7d5351fc803",
              "ami-0838ad917a29e28fc",
              "ami-0f82fa3a792c67fbb",
              "ami-059752df14a63d956",
              "ami-0d29b48622869dfd9",
              "ami-00514a528eadbc95b",
              "ami-07d1004be87830190",
              "ami-0b46d3491dbc6c19e",
              "ami-0826344cbc020bdae",
              "ami-0b50781c665f4239e",
              "ami-0a1376a8c1b2ad024",
              "ami-04a6a3fead0862def",
              "ami-03cece23fab72b8aa",
              "ami-07aa3e37b157472e0",
              "ami-057934e4d8da08af8",
              "ami-0d368b26c24fd4d2d",
              "ami-0c5e0f88cfd762f3b",
              "ami-0bcdd7f6f7212af60",
              "ami-0267129c4690e8c75",
              "ami-04d8374b2ebd66f19",
              "ami-08b38de49cb185f85",
              "ami-08635039808a77714",
              "ami-0477471cd1525a6a3",
              "ami-0184b86ea578c7f5e",
              "ami-01e73b2ed1267bff8",
              "ami-01412d43a27c82e0c",
              "ami-085ce2017d095c421",
              "ami-0331581a5a953bdf7",
              "ami-0e5eeb4d14bbdd83a",
              "ami-0eccc531121e65be8",
              "ami-023eeceba994c6b4b",
              "ami-0c411300606e578ae",
              "ami-093ee82f00dd9e095",
              "ami-0368d04047ead7355",
              "ami-079baaf7313dfb2e2",
              "ami-062a2e644240f317d",
              "ami-080738f36b735a626",
              "ami-0205353cb59bcd50e",
              "ami-04ed235e645ced28d",
              "ami-0926f391ae5c73f7a",
              "ami-0842034037b95e06e",
              "ami-0a957be71d13604a1",
              "ami-067d70a76dc9797b1",
              "ami-03cda30cc578f9a2f",
              "ami-08d7ee339d9d863a9",
              "ami-00ff4e6b76510e399",
              "ami-017c04fa9e867ec82",
              "ami-0054a6b58c98e61a9",
              "ami-02f5ea673e84393c9",
              "ami-054f36ef29536d7a8",
              "ami-0066caffafdd82eb4",
              "ami-067a77e090c3f03b6",
              "ami-0a32fda3cc785953c",
              "ami-003cae9b20f0f213e",
              "ami-0768458e871a2235f",
              "ami-0057be3bb0fd75575",
              "ami-057f76130ac14e59e",
              "ami-04c99399650e00fc9",
              "ami-033e7e775c92f3798",
              "ami-098c92105b556c0e7",
              "ami-0788716888d6d8dbd",
              "ami-028062cca4a6c6f0a",
              "ami-090faed9d752787f5",
              "ami-0aefac5411ea2ef47",
              "ami-0d9f444fde94d8329",
              "ami-0adfe17241880dda2",
              "ami-0917f0697ef36ba04",
              "ami-0f711878f0d2e3b58",
              "ami-0b769031c035c6347",
              "ami-0df32b309a89f8d87",
              "ami-0ed1615487d5c8af0",
              "ami-04a9d0faa97e3adcd",
              "ami-02a6b62712e988ea8",
              "ami-029f91261fb3ab0c5",
              "ami-0b33c5773d41a4469",
              "ami-040f7b8db64365489",
              "ami-0fc124ac0104c3dc1",
              "ami-0b43270b23232b014",
              "ami-0dfcec088a32d20b6",
              "ami-04fd4fa3cb84679b7",
              "ami-0675187fee1f2f3fa",
              "ami-052d0c274399e0856",
              "ami-073ffe2f75b2a755c",
              "ami-0ac169747598321df",
              "ami-07e0a3397d9485f74",
              "ami-0914bc04e5495b889",
              "ami-0056d3b3567a0b634",
              "ami-0b2e09b62924bfd6c",
              "ami-0cebb45b34604efb8",
              "ami-081f059a162560c98",
              "ami-0684b6d7a6b611061",
              "ami-0e1cff2eb6e37d22a",
              "ami-026364343874e71b4",
              "ami-084a189fb58fc576f",
              "ami-0103e454d4cf73c5d",
              "ami-02a3009e7e4c7e2bb",
              "ami-0f732ccdfd9f7a1b1",
              "ami-041bfdafb43a15865",
              "ami-0b8ba621fdfafa8f5",
              "ami-0018c0e1b3d66fdb6",
              "ami-0f7fbc6763fd64e66",
              "ami-0f8ca72a888f7d462",
              "ami-0016c90345a53cd58",
              "ami-0e0767bbe8640ec44",
              "ami-0b0d2df7d136a1482",
              "ami-0fc938d7e22a511b3",
              "ami-040ac70285b488cef",
              "ami-02e140bf472b3f799",
              "ami-036ad0fbff6c3aced",
              "ami-05ad1296c2972a92a",
              "ami-074f0e7ce70457a8c",
              "ami-0003d0ccca47c63df",
              "ami-0d8754d60ae72402f",
              "ami-054d58ae6929086b0",
              "ami-0c584dcbd0ab080dc",
              "ami-0b6e7c8018a9cdd47",
              "ami-03843211453ecfa26",
              "ami-0f5856328fa012be8",
              "ami-0dbd7aa9ea9a4bed7",
              "ami-0e1130b743b8f4042",
              "ami-02b63e7c3604a8a96",
              "ami-0b94c7176ba417dd5",
              "ami-0f7ac8c101fb689a2",
              "ami-04dbad3f99d574ef9",
              "ami-0c12000a823ff692e",
              "ami-009f87f527c0c808f",
              "ami-0b75b2524c88d918c",
              "ami-033d74822a2411273",
              "ami-09c7302524419a109",
              "ami-04b3ee0b547b774e8",
              "ami-05f967b1ab8ab5a71",
              "ami-027de5db0c79d3dd7",
              "ami-069384d56fde8c104",
              "ami-09e1a2099097b24c3",
              "ami-01ae50204e6dd6641",
              "ami-0e2efdaddecea9838",
              "ami-045e246ca6495c345",
              "ami-09eccb3c7f57e816a",
              "ami-04d0d141fdf0455af",
              "ami-000c51a006c0855d1",
              "ami-04366004905ce8f4a",
              "ami-08757fd3b389308d7",
              "ami-03c806ec215ec035a",
              "ami-0197fe9b1af8e5804",
              "ami-03fc5549d870545bc",
              "ami-03ee3416fbf9cd030",
              "ami-07135f039d390eed3",
              "ami-0c8fbcb731555432f",
              "ami-05139eed5951aaa50",
              "ami-09403e8b46104ca3c",
              "ami-02ee8a98492a57a07",
              "ami-010968555174f9163",
              "ami-046740105302ff3d4",
              "ami-045ba04363dea121e",
              "ami-0f78bbf4e10e2ac18",
              "ami-056802a2f42d6c97f",
              "ami-0028c45a432d198c0",
              "ami-0108dd65e456eeaff",
              "ami-076cfddd9a967e8a7",
              "ami-0ad4ebf69d33b7b39",
              "ami-0ed62b2f3dce0111b",
              "ami-035c66ee11c541cb2",
              "ami-020c7168c1a83d8e6",
              "ami-0e32b737245fd43f6",
              "ami-0e57b64f8d08c651e",
              "ami-0005c5cea633bdd6e",
              "ami-063e3c5a62c0ec277",
              "ami-029002edbe73a4e54",
              "ami-0130c034a959a9ba5",
              "ami-0f96757139f4eaf87",
              "ami-00a95b81523800667",
              "ami-00594f55dcb56049d",
              "ami-02d66bf15102c7d50",
              "ami-000ad61ea0c9fe58c",
              "ami-0749de58e022eb217",
              "ami-0b40563be3bd4e027",
              "ami-01ae634654f698412",
              "ami-06599f5086c66f76a",
              "ami-0cb17be7e7b3351b6",
              "ami-0271cd24a0c2b78d5",
              "ami-095a0fa00ce176bba",
              "ami-05c9e2f3a47d026d3",
              "ami-07e031c3564e6ca6a",
              "ami-02eb17dca4560eaa9",
              "ami-065c27623c6d7487f",
              "ami-0e37c48267b21a87c",
              "ami-02bab75c1a52eba68",
              "ami-0cea991c2c343d5da",
              "ami-042d1cbac3979a52e",
              "ami-04e4992e477024f96",
              "ami-02e9f477367b0702e",
              "ami-02c0a370d91d4432c",
              "ami-0925e0a4a64fb6895",
              "ami-0d1fe2165b0fbf2af",
              "ami-0e6a6e0043bc96011",
              "ami-0f179ece8d9d66974",
              "ami-01c4114e3378614cd",
              "ami-0e12b04c804064a01",
              "ami-0660036654640166a",
              "ami-05a34234b371d92e5",
              "ami-0eb94f822eb4ec893",
              "ami-049aa0d67d2cd70df",
              "ami-069b13386d79e7eb3",
              "ami-06f57532247a85c56",
              "ami-03f0245b94aef5bc2",
              "ami-0abbb64f5bd999a7c",
              "ami-039a547c6919e256c",
              "ami-0609bc874d26ad5a8",
              "ami-0558cd6de5112d354",
              "ami-052e958219c256f87",
              "ami-0c42e010d82cd9aa3",
              "ami-02439154371d67ed7",
              "ami-0a27bae0cb1ff0cd5",
              "ami-016d49f6022d23cb6",
              "ami-071c54a530264d825",
              "ami-04997674e64e13884",
              "ami-03b1a06c75cf12304",
              "ami-0f7a288dd6cfeda90",
              "ami-0f7d9b2742c299338",
              "ami-04778e52247887e77",
              "ami-07d5a7d7b727f8344",
              "ami-08f174efc66e18be2",
              "ami-0c14d60342751b5eb",
              "ami-02e96bfe8632486cc",
              "ami-04d15deb06b3b200d",
              "ami-0c58962fce951229a",
              "ami-01dc205f37e004099",
              "ami-073a17cd0d8c2700c",
              "ami-0ce968bc7dc75c967",
              "ami-0f14181f9f1efb38b",
              "ami-00a35b04ab99b549a",
              "ami-0d355282542b716ef",
              "ami-0b0845ae63cf8b5e6",
              "ami-0f6b7d1799fcbc24a",
              "ami-011a31223344e5825",
              "ami-06151aabcfe3bb743",
              "ami-09a1581247f2c837c",
              "ami-079d181e97ab77906",
              "ami-007a31245ea5392bb",
              "ami-0789d91f610657bc9",
              "ami-085e9617108377602",
              "ami-0879671267c0f99a1",
              "ami-0e0f5f56b44fe52ce",
              "ami-0d181b7efa6175ca9",
              "ami-0182552e413906e97",
              "ami-0eb6045b8ada87f77",
              "ami-0d0f5214928aa829e",
              "ami-003f2658c75c7709a",
              "ami-0fe8dc27cd1bc635a",
              "ami-0246565806f3bd0ea",
              "ami-0af53d5a0b3c84b8c",
              "ami-00280a9dbf0c15d41",
              "ami-0980b817c8a07d506",
              "ami-02f44b1fe4963cab8",
              "ami-00c844831631d2593",
              "ami-02fec98433577736b",
              "ami-0fe40b4c0c2e158e3",
              "ami-0becb18ba4083ff4c",
              "ami-0f59b95a5ff044342",
              "ami-0939af07b940a6ba4",
              "ami-02cfc1ae415add4ce",
              "ami-0674e3468fe990af6",
              "ami-0a25c9ec1ff751501",
              "ami-04052c72038d46b62",
              "ami-000d9ce756aff276d",
              "ami-041f2d2688716e01c",
              "ami-0004621ca1a09c934",
              "ami-00672488de123b7a0",
              "ami-03ec90aa31474b3d5",
              "ami-0062c1c8b255c0bb6",
              "ami-05843f47470b27cb2",
              "ami-0b872ab743d318d96",
              "ami-0578ebfacd1950abb",
              "ami-0f5ab06902b15096b",
              "ami-016ec388dc473163f",
              "ami-0d9d22013d1f539ae",
              "ami-0aea7844e54373ce6",
              "ami-08d90239803d43d56",
              "ami-0c28759e8de81796e",
              "ami-0a2dcbb801296a493",
              "ami-072c59d72a43d3349",
              "ami-01af988ca2b5cdfe0",
              "ami-0e67dea53d093d7b5",
              "ami-0facf4989a3b0a165",
              "ami-0185bc40a459bd3c0",
              "ami-0b41328437b8d728a",
              "ami-0761dd91277e34178",
              "ami-038be9b3e8063a7cf",
              "ami-07ac83da491610c29",
              "ami-0eb46f354e6b888c5",
              "ami-052a28272767cadac",
              "ami-082dde64ea4f1532f",
              "ami-0dc2264cd927ca9eb",
              "ami-0eeaa365fa25d692a",
              "ami-0abf6923d3d0912a4",
              "ami-0635dd49d5f046547",
              "ami-0139620cbc36763c6",
              "ami-03d9a4fd18444bba8",
              "ami-092564c71e5322826",
              "ami-09238d1e0d1f9097d",
              "ami-08f480713287f0d84",
              "ami-00d22f802e3bbd3a0",
              "ami-071df1d761021a0e0",
              "ami-0e04e5bf2a5ce312f",
              "ami-0c0ce1a996e531c3a",
              "ami-08f4c6c8f7f8c84c7",
              "ami-08f1fd50950ea85b7",
              "ami-097b8a02830e24a1b",
              "ami-0ca1a746338815a6a",
              "ami-0eda12c88dadc685b",
              "ami-096739b84ab456e3c",
              "ami-0295851d22d863fd8",
              "ami-01a4964c4fbb0f692",
              "ami-093677c99d3d4cc1b",
              "ami-014d572f374f1eb4e",
              "ami-07252998d8218a671",
              "ami-002e852dbdfc2a5b0",
              "ami-0e33d0e4e802cb8be",
              "ami-076f2a0f53cd56634",
              "ami-021eede4ce0786960",
              "ami-0fe0febf2dcfbc7ad",
              "ami-068f550f8f2de9f6a",
              "ami-0911a3789d5ab5b6a",
              "ami-0414983e96607e0fa",
              "ami-0d5ab137dc0a0064a",
              "ami-0a5f1cade65753a18",
              "ami-010f1187814468825",
              "ami-06cabc5c12aa572a3",
              "ami-01e903b607f895bc3",
              "ami-0f3c9d200f498a571",
              "ami-0746c7b2c4adb125b",
              "ami-032ab495a31f388e2",
              "ami-0efa8520af51ae4bd",
              "ami-03a2b3d808410008a",
              "ami-0f55dcb2b95413077",
              "ami-0816f8a75a18741a9",
              "ami-03f969c57f932a192",
              "ami-062a5b42596a46171",
              "ami-0655db779b271d5d8",
              "ami-0ee8f9cf3a27de334",
              "ami-0a5d022a31f1625e5",
              "ami-0af68e7a746caf6b4",
              "ami-08e3e71d0c803bd55",
              "ami-0a521b2987d94c37a",
              "ami-0e7ed9dcc918be6c0",
              "ami-0c144c4868e3ca360",
              "ami-0cbd5db1b9fbc1ea1",
              "ami-00c7be3b741d0fcdb",
              "ami-0c6f44cd74bee4daf",
              "ami-0814953ee532ccd5a",
              "ami-0f9b38062c853c2b5",
              "ami-04bd9a1ac40f686d8",
              "ami-0662170f944832dad",
              "ami-056edc46a6a4736ba",
              "ami-0e640eba1ef674dcb",
              "ami-0cba34b9e1572f88c",
              "ami-0ab621b9432aea6d7",
              "ami-02e7cc5246453b02f",
              "ami-01accb161b3f00a25",
              "ami-00fef5bcdf1ae1f60",
              "ami-01246501c37aa8bc6",
              "ami-05a052a0ea718b56b",
              "ami-035602bebd78f653d",
              "ami-06c8f75c45af3e630",
              "ami-06bf6fd15d5820d44",
              "ami-092e6be761dc42e70",
              "ami-066856abae131b5be",
              "ami-0c4ae70ad6e2f976b",
              "ami-0839df8762f3f6810",
              "ami-0bb690bd758a102b4",
              "ami-05250bd90f5750ed7",
              "ami-011cea6d52c973b98",
              "ami-04f0c72390c925d0b",
              "ami-0454a17c63ddee7a4",
              "ami-0e1062d01a30e87bf",
              "ami-07d4ed4867d97d4e2",
              "ami-08063b4e020030711",
              "ami-03673b75fd8e29f03",
              "ami-0f7fa0a9414a6c3aa",
              "ami-0d4d4cbeaf6a73744",
              "ami-082f1a2d713420dc1",
              "ami-0baacd68be59e440c",
              "ami-028033ce261ee90a6",
              "ami-00e49ea720dc4b46c",
              "ami-0952d962450bbce2a",
              "ami-06ba8208f5bfd22e4",
              "ami-09314d7298abd2b22",
              "ami-04e41c22824e6b9ae",
              "ami-0d0ab52b50ce33d49",
              "ami-0be21a0a5bf56210a",
              "ami-095dbd87c33f5ea9e",
              "ami-02335c4b76c51bafb",
              "ami-097c218d2a7613b17",
              "ami-09be38733e969a56c",
              "ami-094d9cd7536bcef21",
              "ami-0686b587b2af29ec9",
              "ami-02b3802ae4b090ab9",
              "ami-09e64bbd456282be0",
              "ami-005b556209942addd",
              "ami-0d1ec0bedfe242759",
              "ami-06e2b3882a1e987b7",
              "ami-06889493c801d0916",
              "ami-0d78812fdc6d2f0c0",
              "ami-0aa1704150b2ea203",
              "ami-01ddb6f013da7052b",
              "ami-024cbe41c532c8744",
              "ami-0d75795e232914c97",
              "ami-0d28e235ef18dd64c",
              "ami-09377080c003aae18",
              "ami-0e40623f213431eb2",
              "ami-073d0df1484ea6e84",
              "ami-0ae1e85aa8b2702fb",
              "ami-0ce5183d02295b302",
              "ami-04970af7ea7e6538b",
              "ami-08e686a4bf1243670",
              "ami-05990ddb23eb7b699",
              "ami-0e689fe2c9471db95",
              "ami-0b469915ad1f9393c",
              "ami-065a012e61da7f16b",
              "ami-05ed907211969e2b7",
              "ami-0899d671546d6b888",
              "ami-08c9f32542d9b2abf",
              "ami-0d9c999a85bf0245c",
              "ami-02feae74c7ef0ace5",
              "ami-0810a4c46c63de09f",
              "ami-051da695640665188",
              "ami-0a48e0ef07218ff17",
              "ami-05c3070232f0a056a",
              "ami-07247a3b6ab6b88cf",
              "ami-05a91a726af26a821",
              "ami-05cbb067fcb2c8b7c",
              "ami-02354e95b39ca8dec",
              "ami-0beafb294c86717a8",
              "ami-0266506c700efe07e",
              "ami-0e0bf30082c27c757",
              "ami-02d6bc6935ca7ebca",
              "ami-0c5bf07e510b75b11",
              "ami-097146d7769131a86",
              "ami-0380684fca3a34238",
              "ami-04cd3e9b467c8f48d",
              "ami-007cd1678c6286a05",
              "ami-04450f16e0cd20356",
              "ami-0c68bcf8472e9a9d3",
              "ami-0cf2375d3e53a59ec",
              "ami-05551ac926dd0b6ac",
              "ami-0fea2201f10665f7a",
              "ami-0031a8c8d2b12d7e2",
              "ami-0b3f2663a166386df",
              "ami-0aad38c7f634bbf64",
              "ami-01410a3beedfcd5d1",
              "ami-06a4792a903e878be",
              "ami-054b3fb51d9e62841",
              "ami-0fef0f034f96ce511",
              "ami-03b013130e154bc52",
              "ami-027e94d2e3ac85ba0",
              "ami-055e79c5dcb596625",
              "ami-0a68e7eec36283bbd",
              "ami-065a624b80874613a",
              "ami-0c8a11610abe0a666",
              "ami-072b6fa456792e96b",
              "ami-0259103e4b4f56b43",
              "ami-04125ecea1c9b3b27",
              "ami-091f34bd2097e0e44",
              "ami-046977570aeb68320",
              "ami-0cd77843d4e984c1d",
              "ami-0c6b32833fb520770",
              "ami-013b1f9bcd48ec1ec",
              "ami-0b9651028b966e53b",
              "ami-0ef882a397b7295d8",
              "ami-0be83ba3918a3b715",
              "ami-00029868326438a09",
              "ami-0083f64d1e62454c7",
              "ami-02b74ec7f19a63b30",
              "ami-0c47dca4e77560c18",
              "ami-087432560f7df822d",
              "ami-0910b557f90835c10",
              "ami-0937cf2341eefb277",
              "ami-07843969d7185c4d1",
              "ami-0e6a46f29c7aebfc4",
              "ami-009428e2bfe97a05c",
              "ami-0ed6da030a38ffd4b",
              "ami-0098ea5504ad7af97",
              "ami-03d618a7fa26e2619",
              "ami-034ddd4eb59f31a1d",
              "ami-02e9cb36cba17e9f1",
              "ami-040b37d408f5bab94",
              "ami-01ef31f9f39c5aaed",
              "ami-0021a40a7ae3ccad3",
              "ami-0ff9f61e53c475155",
              "ami-0c78c4ef0d8872654",
              "ami-099c60357ed7d5388",
              "ami-0a4a384df84900c11",
              "ami-0203e29f035227702",
              "ami-01c21bcecffb179bb",
              "ami-0776c725314676425",
              "ami-099dcfa911f8519e1",
              "ami-09d8b5222f2b93bf0",
              "ami-0f8cb03064c1d64ac",
              "ami-0000025f7c02a13b2",
              "ami-078ffd1029c5205a1",
              "ami-0a782e324655d1cc0",
              "ami-04a3953051021dd17",
              "ami-0021d6ed935f17842",
              "ami-06ec4eaf39ca724d4",
              "ami-091c0178f3763e897",
              "ami-01ecf5846f576ee57",
              "ami-00e5c1b72b4b749a4",
              "ami-0e6d84841f021ffc1",
              "ami-06fa60dcb64453e0e",
              "ami-0ffc3aadff26fb5cc",
              "ami-0463cebc9dca3c5da",
              "ami-01b79d311e31f4d60",
              "ami-098f67a90067c48b4",
              "ami-036fca9da520ae9c2",
              "ami-00a989e08966b087a",
              "ami-0b69f8d91f7132c13",
              "ami-0178e168086543684",
              "ami-0a36f6907fc6597cf",
              "ami-071cbf3195416f748",
              "ami-03d7ba2788f4c41e2",
              "ami-082deaa58051272d5",
              "ami-0bb938ccd80303509",
              "ami-0c1f854d0a64b3101",
              "ami-0377312f5415abec9",
              "ami-0b7e6bb3a95965c2b",
              "ami-0bf37ed07346b3d23",
              "ami-0f027dd81783faa7b",
              "ami-0065fd269b267cbb2",
              "ami-01b33458af4b31b8f",
              "ami-07f8a10c212d43064",
              "ami-0584f02229d954610",
              "ami-0bc87a8f0db332ec8",
              "ami-08c10671d60c17941",
              "ami-0c6934190c32efbb4",
              "ami-010a92d5ee7578b34",
              "ami-081e5d5492a186177",
              "ami-0bf5d58041480c800",
              "ami-0d5db548d36f1f425",
              "ami-0bc674ef7eb7d0157",
              "ami-073a31892a99a0ba7",
              "ami-07f9e6501a9172b65",
              "ami-08b26b905b0d17561",
              "ami-070073f19115849a1",
              "ami-03898ad5ed9135f49",
              "ami-0c9356c202ee567a8",
              "ami-08868b18bf9d65360",
              "ami-0e90fc361f46084e9",
              "ami-0c75ed659a93567fd",
              "ami-04837579fbb59e307",
              "ami-0f433dffa73f54ea2",
              "ami-0982ee55de05c508b",
              "ami-0dbe6c80b843bea6a",
              "ami-06001cac528f2f10c",
              "ami-053829f1df97489d8",
              "ami-0980f43687f06787e",
              "ami-07fb69750f0a547e7",
              "ami-0e5f76fa1b9ea351b",
              "ami-0c0854fa150440b83",
              "ami-0cc0faf0e6c268322",
              "ami-0a93779394db5f5e0",
              "ami-034b2130647e77476",
              "ami-003b3cf45e71adcb4",
              "ami-0eefd0a572d8b7240",
              "ami-0375ee1215d6641ef",
              "ami-069a61cb5dd5ece90",
              "ami-07ca57c20804e0574",
              "ami-082246ed1270b738b",
              "ami-082692cd7634df346",
              "ami-0bff70b0f1cebf1ab",
              "ami-0b962c249fb3b895e",
              "ami-02b93736b168cd286",
              "ami-0595514bb06329f16",
              "ami-09fe3431aa2963906",
              "ami-00927a02ff249413a",
              "ami-06e538975dfc2abb1",
              "ami-04be89ec2778c4414",
              "ami-02a8b4560b72608f4",
              "ami-0fefbd1dcfad09631",
              "ami-01c19398bb8d2ab13",
              "ami-08a643647ace803c9",
              "ami-01861fec84b7f790e",
              "ami-0cdf4c93e8d3c8493",
              "ami-06af0cb6eff9f18ad",
              "ami-09f643d00a7eae25d",
              "ami-0d18fbf5fcdef8860",
              "ami-04211fabf6fcb5f14",
              "ami-0ac258bd7311bd88b",
              "ami-0fd336c7f03b0e3f3",
              "ami-08573f17d713b0003",
              "ami-0fc033b8f22b1dad8",
              "ami-014fa3365bf3cc1a9",
              "ami-0da9a0684341680f4",
              "ami-0c5bcb3029e41b627",
              "ami-0f1ffb5b4fb806b84",
              "ami-02e305da848faaa57",
              "ami-02277a7a651ac715a",
              "ami-0d1475c402a6b2a41",
              "ami-0539d75b44cbacd14",
              "ami-0a5d0585621059a19",
              "ami-01d7809ef39b9cda3",
              "ami-0e407924739f38b25",
              "ami-0bafea2706688b20d",
              "ami-0381d49da84bc5690",
              "ami-006a7b875a012cdb3",
              "ami-0d5fd1f7d848bd5e5",
              "ami-017df01cdcf84f62f",
              "ami-0fc041cc7e574649f",
              "ami-0c8f57a16f32b8ee9",
              "ami-058ad793c39a88c9f",
              "ami-0101f56cc9dfa7c00",
              "ami-0884a4a96254190f2",
              "ami-03051900cec8a474f",
              "ami-0f2eece77ed5f248c",
              "ami-06fc179f04400d5ec",
              "ami-0ae7d75e81d257b9e",
              "ami-025e23d2e4f2b5de5",
              "ami-044020116b3b654bd",
              "ami-06393ee094af3cc5a",
              "ami-0f03a801a34493262",
              "ami-0e62c252202746a1a",
              "ami-0e6ad7d7aadc5f0ee",
              "ami-032606753b0e297cf",
              "ami-02c5276e20b5c48cf",
              "ami-0e3c5d832443f350d",
              "ami-0fe6de80ac2dc63cf",
              "ami-0dfa0fbdad593a39b",
              "ami-0e794d07cc47725a1",
              "ami-013091ab013a1a6e8",
              "ami-0dfc27309178ce046",
              "ami-09f4f131dafdf1c33",
              "ami-0346b5b0984365f98",
              "ami-0a978f8bc3f116a58",
              "ami-0dfae0741b0f39d5c",
              "ami-0d99f19037413fdd6",
              "ami-075c96d4d035f718e",
              "ami-0e6c0417b0932c46f",
              "ami-0d8139b2e6959f399",
              "ami-08196e05cb58a2010",
              "ami-0cf4c3adb11b14f4e",
              "ami-0dd9bc049d97c5b19",
              "ami-0fa705b7ce5c018e6",
              "ami-0c0485083b003e808",
              "ami-0636f23098fe3b399",
              "ami-079c732ea45dd3eab",
              "ami-0addcb06ca662ea33",
              "ami-08ca10e6b9ca2f001",
              "ami-0bd455fcc73e98373",
              "ami-0b64a1b175c2b54c0",
              "ami-02fa9956b368fdcbf",
              "ami-018db0cab052e617f",
              "ami-03a008b74e55d6c2a",
              "ami-0884ddbfaa88d059d",
              "ami-00dca6e4cd18e0f75",
              "ami-0d1a3aecd6c1024ca",
              "ami-04f44e6a9e3880f26",
              "ami-0665783b5734d581d",
              "ami-075dd8129bf1d76da",
              "ami-0414e739d3719d7ae",
              "ami-085743ce42a3e7196",
              "ami-02049cfa74b8b6d61",
              "ami-08f3d892de259504d",
              "ami-058ee8ad9855a2a56",
              "ami-0705ab0ae75c78193",
              "ami-0ba960472fc891755",
              "ami-0445b259257c237f2",
              "ami-03c5f0582c043e00c",
              "ami-00c7c1cf5bdc913ed",
              "ami-0f646559bb4969174",
              "ami-04853fcc0fe018385",
              "ami-017ab501fb240aaa9",
              "ami-02bcea694faf3fa42",
              "ami-0c84e56201001f632",
              "ami-007b66586c278736a",
              "ami-0691faa49ecd70179",
              "ami-08dba384fce30c45c",
              "ami-0ad643c7c09304453",
              "ami-0e40ac1a76068b03e",
              "ami-033b945fe857b3556",
              "ami-0be758d404e9937c4",
              "ami-0e52502ccd583de1a",
              "ami-0f7b725758e47f00c",
              "ami-0fcaaa3011af5cc43",
              "ami-002af60606355754d",
              "ami-0aa5e0f365e3d33fd",
              "ami-00c9322957f988776",
              "ami-04d41004d407d12ba",
              "ami-0e2a0ad02081dc327",
              "ami-075fa7bed8f44fca9",
              "ami-086b79e23ebfec079",
              "ami-028c47ed5d9c8a09e",
              "ami-05f6d0d820b0f0c9c",
              "ami-006962d246e5f71bd",
              "ami-0ff868202c28aad27",
              "ami-0390532ce2d4adf6e",
              "ami-0704c217605dec052",
              "ami-0e904a9114fa7bd7f",
              "ami-05faeb5c6f7686e01",
              "ami-041b62e0d89a0f727",
              "ami-033d1465fbc426d16",
              "ami-0d960646974cf9e5b",
              "ami-011d8c25edd546936",
              "ami-0a4aadedc040bae8c",
              "ami-0da7f2daf5e92c6f2",
              "ami-0c0ec4f9dfef65946",
              "ami-094dc92431b3cf5b1",
              "ami-049c1c48ac5081271",
              "ami-029510cec6d69f121",
              "ami-084e787069ee27fb7",
              "ami-01f5024d7cf0fed2d",
              "ami-03be2190cff0e79b8",
              "ami-05b76e217ebb8b2c2",
              "ami-0eda5fddf1c999a4d",
              "ami-032f1e071a0dcfd3f",
              "ami-082c832a4379a83c4",
              "ami-0507f0293c7f5cf9a",
              "ami-041675b38a8ab8eaa",
              "ami-0590a878ddb2390a9",
              "ami-0e9089763828757e1",
              "ami-040f9b01af9260fad",
              "ami-0a787f307507fa926",
              "ami-0447cabc0e6e606d6",
              "ami-015c9372227d3e848",
              "ami-069c638e6ba156cd1",
              "ami-0dd7f877785378aeb",
              "ami-04983de7858d1587c",
              "ami-05dc98917c7287eed",
              "ami-0872ec606ae56271a",
              "ami-0a8a9f2f6e49c913a",
              "ami-0f62824fdf8b862ad",
              "ami-0d178f7f015194c3b",
              "ami-07f30066c4b858818",
              "ami-06e8ee2f5950f4f14",
              "ami-01c2646c3ed97dff4",
              "ami-0cf0aefaf862fe6ec",
              "ami-01a6fdc10f205d942",
              "ami-0826ee06412305d0e",
              "ami-0e0fcf63653340b66",
              "ami-04a20610a822532cf",
              "ami-0e7fb1d839cba30f9",
              "ami-01c56f7583006a128",
              "ami-01eb1baaa05d93c0c",
              "ami-0eaca72d41ff75e58",
              "ami-030ec40feeb5ebbe0",
              "ami-0c1f981ab44205651",
              "ami-0fb42946a4b2a6606",
              "ami-0a4a0d42e3b855a2c",
              "ami-0e0cc3778ecd64e76",
              "ami-0701c22cfaaed4da7",
              "ami-02ffd1776ae729638",
              "ami-0a598a7da8d08b648",
              "ami-0065154091d271e93",
              "ami-06ddec93ef54ccd18",
              "ami-0b26f5fb88cbc9a17",
              "ami-0a01664afb3fed2ed",
              "ami-085cb88886ae04827",
              "ami-0e3ffccd97b330fb2",
              "ami-06a5d5ac4d155145c",
              "ami-05bc49536be351320",
              "ami-007eea0c243c997d8",
              "ami-0e1827540bdf24c47",
              "ami-07a75be5785e80aca",
              "ami-0e2cf85d6c0ee9769",
              "ami-092858c806e43213d",
              "ami-088bf1d873ea44a51",
              "ami-0364585c368bd4e05",
              "ami-0b573f054abb233bc",
              "ami-032663a68f9fba9c4",
              "ami-0d93d0976bb2ce3e2",
              "ami-0b77a3c925bb964d4",
              "ami-0ee0652ac0722f0e3",
              "ami-0be7d65bb8d64f44e",
              "ami-0c26ae0fa4e8e5590",
              "ami-04bd74881f46b16b9",
              "ami-08a3a1736e5df7cd9",
              "ami-07614fa711ea81f19",
              "ami-0c2860be9619d06d0",
              "ami-04209bf445dd4e3d6",
              "ami-0faa5f148a5e47633",
              "ami-04935dc0549549944",
              "ami-0bc338159fc066ea9",
              "ami-06225843088bf37ed",
              "ami-0380f34e466b56e81",
              "ami-0cf66cd1d57dc3ea1",
              "ami-04d523819667b095c",
              "ami-04d080a87838cb849",
              "ami-09844c7dbfae4c5a1",
              "ami-01684ccaa5121b368",
              "ami-0a02b4a3aae9c9695",
              "ami-0f434fcfbb8392aa3",
              "ami-0aeb4bba9b60a82b9",
              "ami-02d7d4c6fca3977c7",
              "ami-023b326876137f3a1",
              "ami-0fdd3407754d4e56f",
              "ami-069467a2849e5c7ff",
              "ami-0b923936d0e22fcfd",
              "ami-021ba3b7985d7b243",
              "ami-05f01d64a72a1ca4d",
              "ami-00d0e08a2e319ff04",
              "ami-0053f34b22df259f2",
              "ami-05b5794bed7d6db5a",
              "ami-03aeaed68690f11d6",
              "ami-07c36ccf2fdbbac5b",
              "ami-03cb5aebbf6c99f7b",
              "ami-03954033c9c204d22",
              "ami-0a3bbfb2d2532cf80",
              "ami-0a62948bd38a218f9",
              "ami-0e4e7d1e50c057013",
              "ami-0f4220c813f5136f7",
              "ami-01161ddb15a0e0e48",
              "ami-0207224a12202988e",
              "ami-04f5f2a3b0e67d15f",
              "ami-0065399e57e7fc5a6",
              "ami-0e6038abf7a4e3f2c",
              "ami-0dc4b091d292ca082",
              "ami-0b2acefc4d2efbdf9",
              "ami-0e4914456780834dc",
              "ami-064ef5c661730d7a1",
              "ami-03ca4e0db7b013e83",
              "ami-0d4fcc12888826ebd",
              "ami-09d86eb0ca61bdbef",
              "ami-01bd38b7e51573ead",
              "ami-078f5e69e8de7dff8",
              "ami-0b21d1d29c806a4fa",
              "ami-0576fb4b12c62e9f6",
              "ami-03db1b100fec39d79",
              "ami-0b22c910bce7178b6",
              "ami-0f22545d00916181b",
              "ami-0ef72e5fd745c18c5",
              "ami-051ddd409d5639561",
              "ami-08dcf54ec97e3cbc8",
              "ami-02f1f1950ce55ada0",
              "ami-026da9bb9d7280c6a",
              "ami-0240e6af134b16b5b",
              "ami-04be342b204502b76",
              "ami-0a5c493643cecc6f6",
              "ami-0a8a78a2731f11671",
              "ami-0944eb20011692233",
              "ami-01a2b15d5b3fc8e8e",
              "ami-0c970283b93e5011e",
              "ami-0e6d6c9ce7ecf9ef7",
              "ami-0eacda0a0cc0c0d30",
              "ami-0f563313530d6a02a",
              "ami-00e02b7d62e59b625",
              "ami-059dd3cabcce7053c",
              "ami-0b723646245b66890",
              "ami-0e3c9671b5b110662",
              "ami-0e0f01313a78cf8a3",
              "ami-0db92e458734ed8d4",
              "ami-06b154dd818778011",
              "ami-08aadb0de818c055e",
              "ami-00b86efcfca7844b2",
              "ami-06d4afa813dab1094",
              "ami-08dc081250e6c9d58",
              "ami-08576eeb77f166f1e",
              "ami-07e0ca5eb121d3ed8",
              "ami-05862a57252e0243f",
              "ami-03e6d18e3dd2b3528",
              "ami-08318b024b5031a05",
              "ami-09a3c652fcaeedb49",
              "ami-0af2973093296688b",
              "ami-07bf20ec421c36b63",
              "ami-01fcaf2b12193a29d",
              "ami-0d97913a47ab3bd93",
              "ami-011b077a6cc247f40",
              "ami-0a9cac91d39d6c30e",
              "ami-0c3b5c3f4846951d9",
              "ami-0a1e1813cd4174811",
              "ami-007eba7c4f81bcb13",
              "ami-0ef2124acdb3f75de",
              "ami-04dbc26888381d0e8",
              "ami-0f8eb2dfb97a78ff6",
              "ami-0c30fc09f75b189a9",
              "ami-09d95fab7fff3776c",
              "ami-0dbbd080fe219e051",
              "ami-0f84e2a3635d2fac9",
              "ami-02b5d851009884e20",
              "ami-08cab64673604bd6e",
              "ami-084be3902f89b6f67",
              "ami-070b28017e3f95151",
              "ami-0bf1bd8dfe38c91ae",
              "ami-03832c4495aa4ef15",
              "ami-0a865cbd0eb6aaa3b",
              "ami-06306b7120b778175",
              "ami-02623b65d521fbd30",
              "ami-0cf2c368661ccbdcf",
              "ami-0035cdc85c6c478e1",
              "ami-0ed80fc41ed845ba2",
              "ami-0bd3c94992f369e32",
              "ami-056ba78900d28967d",
              "ami-0d57fa42534ff3fc1",
              "ami-01d025118d8e760db",
              "ami-01ecebad6c66dd711",
              "ami-04a3c39917707fa59",
              "ami-00991ab7b04e5a26f",
              "ami-0881ccbe7147fe70f",
              "ami-0e60fa461a16192c0",
              "ami-09a14858bc42202a5",
              "ami-0c26d0360fd7321d6",
              "ami-01b674ec561176136",
              "ami-0e378a5cbb2ed9213",
              "ami-0ead3ca60b3bb1dc3",
              "ami-084bf0d260754a67b",
              "ami-0b1e07cae88b4e9af",
              "ami-0ceb0051f1d17d209",
              "ami-0a31ba9a0bfb16321",
              "ami-081bd9c922b8e8274",
              "ami-05c82c72feb20f62f",
              "ami-05288dce5f2684b34",
              "ami-073f5b928a31ec540",
              "ami-0d16e36ead9387903",
              "ami-03e9ff251993d462f",
              "ami-07a9d3a5f966b4382",
              "ami-08ffdd73e861bfefc",
              "ami-02b740e376834c0d1",
              "ami-0cb4997084d4c3d83",
              "ami-082acf4ee3f70925c",
              "ami-0d76b8862b3163b73",
              "ami-0fcd74a3c00de15af",
              "ami-03e6fd38b906c928a",
              "ami-0006d9d5e18abc002",
              "ami-0e8a3264c1b3bfcf2",
              "ami-0ddddde70a9dd7bcd",
              "ami-032a5cb9b8477bca3",
              "ami-01eb885ac680c358c",
              "ami-06851e719b3441357",
              "ami-035c29606be9b16f0",
              "ami-0039653380f1f0b2b",
              "ami-0cfa4dce3323e7639",
              "ami-0a5b1a560ce90ae12",
              "ami-0a556d5ff4605a8a5",
              "ami-0111648ffed65aa4b",
              "ami-0bcc0df9724beb075",
              "ami-0487c755adba013ba",
              "ami-0e358a28200258fcf",
              "ami-08becd0d34f995483",
              "ami-04ac5ea8ad53f0718",
              "ami-03fc39c4b448c6220",
              "ami-05e621d4ba5b28dcc",
              "ami-08b20aa568bfd9034",
              "ami-056f23d1ca07e8ad5",
              "ami-06d4f570358b1b626",
              "ami-0a63304000a69ac83",
              "ami-0fcaf75711bbfe3cc",
              "ami-05ac566a7ec2378db",
              "ami-0462e166d9b474e81",
              "ami-0e6eda55111ac6423",
              "ami-0490307711b9efa29",
              "ami-0cd3b67f1c2bea561",
              "ami-09f802db4e9a9685a",
              "ami-0406ab0cb7bfb5164",
              "ami-0ba4678ca27f474d8",
              "ami-0f4827961e5671667",
              "ami-0999ad622a81e555e",
              "ami-0664507762717caa3",
              "ami-02441223112f6ae2a",
              "ami-0f788823ee6026787",
              "ami-029401dd100595b54",
              "ami-07d16d451367932b9",
              "ami-0911434258978b34b",
              "ami-06c4003305dc60894",
              "ami-08cb0a555d0c8456e",
              "ami-067e54a52e33ba092",
              "ami-0437dd19f78cd0a92",
              "ami-0ad3f6754f7394352",
              "ami-003b79cd8206e9d9f",
              "ami-0a9bcd96654247106",
              "ami-09b01b87bbc5619de",
              "ami-0391c85a0e53b273a",
              "ami-0cf5ba445f191daa2",
              "ami-038b5c1566ed3e770",
              "ami-0de6edb59f2426b41",
              "ami-0416dd2bc28df7cbf",
              "ami-00742455349e1979e",
              "ami-008c90a05178c25f8",
              "ami-07b28e3a525ce6d2c",
              "ami-091483389c738b6cb",
              "ami-00107e5d95bc1a669",
              "ami-0a0c29682249a2f93",
              "ami-0c18563dc5ce9b249",
              "ami-0f8217a6f3a86f797",
              "ami-0818414986ec0b12c",
              "ami-0295c766f0e1c915b",
              "ami-0f79ad6cb16fbc1b3",
              "ami-01f59bc914310735a",
              "ami-0da7ddff2ee2f0b64",
              "ami-0398bd245886eea2b",
              "ami-07a5e498d3acacf31",
              "ami-041ac5213215a84b9",
              "ami-0bf875c9d6a7d357e",
              "ami-0e8a3b81e9520c3e6",
              "ami-059c20d182ed264eb",
              "ami-053944814a3b80453",
              "ami-0604d6b8366714ea0",
              "ami-0d4f12704e1d77a09",
              "ami-04ad54ade8422dbe4",
              "ami-099705b2db5ba8b96",
              "ami-0d971a98367004046",
              "ami-01ce4fbde66b9ba83",
              "ami-0574e7045d663add2",
              "ami-09317d712aa0b3211",
              "ami-0f687ef09b59a7f7d",
              "ami-0f82de8554b560eea",
              "ami-082782a64cbcad301",
              "ami-03ae2ee7503ff9edd",
              "ami-0b326695e023b93d5",
              "ami-0e34db6c745ec9379",
              "ami-05dde7e9c924be7dc",
              "ami-0f76293e3b8f47515",
              "ami-00c3b0dc9f87652fd",
              "ami-0a3f2bad6704321d2",
              "ami-05754c6a718168fbb",
              "ami-06fe2e5b26ad5b5f7",
              "ami-0d751d9484feb1596",
              "ami-0bbd3bb60ebd3f38e",
              "ami-0a37b2036643cebbc",
              "ami-07b9de4f431bd84cd",
              "ami-0ec9edc7272e4cf5f",
              "ami-0d2b44ad239d305b4",
              "ami-04d3c10f636952155",
              "ami-039b3651f83069786",
              "ami-0d01697b72a3e4bc0",
              "ami-009cc95ad45cd446c",
              "ami-0d71e9c3fbf378cff",
              "ami-0f98063de6dc3c013",
              "ami-094b13d0bbd097f98",
              "ami-0ab44ef91f125ebb5",
              "ami-0d2719e150ce9566a",
              "ami-0e9332ced79bfb323",
              "ami-08bb6989e3225328a",
              "ami-0684de62943308edb",
              "ami-0549ceaaf021d86f1",
              "ami-0eef2ff220cc16d9d",
              "ami-0340080cb33882f77",
              "ami-0d29afe1201f4ab13",
              "ami-019dce39fa8064474",
              "ami-05e5a0b4033c09683",
              "ami-061c510cbf92901f1",
              "ami-0ec69b3ccd530e75d",
              "ami-0b49d69b60e0fe4f2",
              "ami-048844eabc1099a71",
              "ami-07185a95d94ed6ff2",
              "ami-0a7829501bd06a6d3",
              "ami-086da89082cf3f43b",
              "ami-00b73bcf7d6f294f4",
              "ami-0fd74fb261ec87433",
              "ami-0c5320519a24edb34",
              "ami-003746a887b8525be",
              "ami-0391291fa9f4e6108",
              "ami-0e9f420f3ce973117",
              "ami-04fc9e9fa062840ba",
              "ami-07557e73fdb2acd0f",
              "ami-047a8e30da5ae85cb",
              "ami-058b1dc77b4d5b7d3",
              "ami-085c86e1aec253cd4",
              "ami-09ec84fb23f358358",
              "ami-05f3033402be9c7cd",
              "ami-0b2e357d4e6970470",
              "ami-0a2fbeb2675c47493",
              "ami-02ccf957976ed4ae4",
              "ami-0be12971482e98b03",
              "ami-0ae38e7f1d8eeb3dc",
              "ami-04f0eb9dee5fd1b72",
              "ami-0ba886c281f907585",
              "ami-08eb4494816d800c0",
              "ami-0dfce8c5f212e603a",
              "ami-0896b69b722723a11",
              "ami-039aa866594211d8f",
              "ami-02e34604ecdd4f208",
              "ami-0ef3c7be5fe14560a",
              "ami-087f4609adeb349f6",
              "ami-02fe27f052eaaf1fa",
              "ami-013f74d0c0eecf67e",
              "ami-0888bb9787230e42b",
              "ami-0828105b76bdab8a6",
              "ami-0c791fdc6f0092ba4",
              "ami-0d9e76f5d083ef19a",
              "ami-01056e77b685128aa",
              "ami-017195805ac97b2c2",
              "ami-0a9c1d9d99f4e5237",
              "ami-054fe341ad7dcb4ba",
              "ami-0a5c091c1c490d25a",
              "ami-05dcccd4299af9544",
              "ami-0b7e7fd4e6f8c7ec2",
              "ami-008c73bbfc362dcba",
              "ami-00bf169f155c1dae2",
              "ami-0c70d6f8dd6cda203",
              "ami-004a90ede53bf31bf",
              "ami-0b85c4f576dc5b0bf",
              "ami-0aee8ced190c05726",
              "ami-05c1b0536f27437f6",
              "ami-040d7258a1baecb27",
              "ami-019819b945ab21554",
              "ami-0b05088fe31981230",
              "ami-06cd76dcba9c22fbd",
              "ami-0b8e34f8f88170a62",
              "ami-07461504a95f6ad75",
              "ami-0d4e505cb843dba8f",
              "ami-0cf9b9b7d3035ef83",
              "ami-038f89b5e3c0945e6",
              "ami-02a8934628bbd8d81",
              "ami-09fe0b589db3f1648",
              "ami-004d038a49fc85db6",
              "ami-0a6890db7df78f2bf",
              "ami-0f1f823d77e7cad8c",
              "ami-01a6bd13cff138a5d",
              "ami-006dd2b18f584c8ce",
              "ami-0d40a66527c70f6c4",
              "ami-0a6c6dae4bbdfa75a",
              "ami-0bd677c9f0132dc5f",
              "ami-01ee05b3926ea2be5",
              "ami-0baf619376c10737f",
              "ami-08b3ccd6f6e1cf3d1",
              "ami-08a9cbb8a2513a272",
              "ami-0398accd86b390e2d",
              "ami-0a6bcc39839fea03e",
              "ami-068cd7abdbe8b1e38",
              "ami-019266bf7a55994a7",
              "ami-0adebed4facd78f14",
              "ami-0e7c1621221a80ed9",
              "ami-031bf64624bb5ca46",
              "ami-01b821c4f85c3a2de",
              "ami-026434b14598865d7",
              "ami-07cd5e7f59a2d7b8f",
              "ami-0f95270fc6532a6fa",
              "ami-0acc6abd7ffae3a17",
              "ami-09a58eb4617be0fa6",
              "ami-00035bcda1e979c7b",
              "ami-0d4f537b542268e31",
              "ami-0132751cca02df52f",
              "ami-06395cf012f31e0c6",
              "ami-01772676712439e16",
              "ami-03ff55e13c2ca241e",
              "ami-06f4446cd5ad5d7b0",
              "ami-05d1da28023c4d553",
              "ami-072a842a6841e42fe",
              "ami-06add01434ad1fbd8",
              "ami-085057f49f854cb68",
              "ami-057a0622bed19d2b1",
              "ami-02de8f2b70448d595",
              "ami-0fc1e76bd1b16926a",
              "ami-02c8a451fa1621e97",
              "ami-09fad0043eaf6c152",
              "ami-0c54d8d9c20d259a5",
              "ami-0842e3f57a7f2db2e",
              "ami-0c4612dc05492cdb4",
              "ami-06af1f0e072147573",
              "ami-011c865bf7da41a9d",
              "ami-0019132bc03286291",
              "ami-0459f77a007d202b1",
              "ami-0d097ff3f5aa3539f",
              "ami-0a9c5f81aaa08e9c4",
              "ami-06f5f5da797c17566",
              "ami-02a4de149b3559334",
              "ami-06309f63c47a49fec",
              "ami-03607682282c4012b",
              "ami-0bf3b6661ed9c187a",
              "ami-0c53938377471c1a7",
              "ami-0742377d6d3d3b74b",
              "ami-0dbcfdd3548faa79f",
              "ami-0f52b2f11b26b91a3",
              "ami-0b5b331db0f3a4d17",
              "ami-08448e0aecc7a8642",
              "ami-0db44fc697ef73461",
              "ami-0633c4a2067d5b254",
              "ami-0474e71b474145f0e",
              "ami-0fc0a7778af425ef0",
              "ami-0dcab28bd8cfa46d8",
              "ami-07fe21ba53cc5ab0c",
              "ami-09ab9dd00dcc5ba3c",
              "ami-09eef20d56f0076aa",
              "ami-0956a9852b01d839f",
              "ami-03b25de2dea5da67e",
              "ami-099669d6fd063050c",
              "ami-0e0ac3b7e7a56f502",
              "ami-0e534b9cd6d3edb6a",
              "ami-0cf01ad90e6514317",
              "ami-0bf3410c5522e86e1",
              "ami-08328f27a4569815b",
              "ami-021660b17250fbc9b",
              "ami-04997cf80fe9ff19c",
              "ami-0c867c9b622f6ab72",
              "ami-035a352d4d53371dc",
              "ami-0e4facf5838ffadd7",
              "ami-08e7201277b945a0d",
              "ami-0c68ed64c05d0a3c5",
              "ami-02bc3b9e28bec9733",
              "ami-06a27f284df69c4c8",
              "ami-0dbf44492faf633b6",
              "ami-003ed39e9c7072ffc",
              "ami-0f1460d67186e424d",
              "ami-0f525cd73b9ccb5aa",
              "ami-084844adb19f7453a",
              "ami-05a2375b6f111cbd8",
              "ami-0d5e1ddbc9d36d2b1",
              "ami-0e8cfd31bc768d708",
              "ami-04d4f8fce15d9d816",
              "ami-06bf5f796d2a2dbe6",
              "ami-04566180a8971fbd6",
              "ami-0e2b3fc9008dc59ba",
              "ami-08e60e2eeafdcff1c",
              "ami-0adf4bb49a0973ffc",
              "ami-0d7dca108f66859d5",
              "ami-0fc4d54482a2e5fd7",
              "ami-066011e90c38332ae",
              "ami-07c7706bc065e7e8a",
              "ami-0ad8f3aaba4f8f627",
              "ami-0479068458efbff83",
              "ami-0ef40370daf6c5e2b",
              "ami-0f541114dc4d03beb",
              "ami-0440dbcd9a234f7c3",
              "ami-021dd659f3b3b0f9c",
              "ami-05ff14fd02e80a2ad",
              "ami-0c8b155b10d75ca40",
              "ami-04dfb2f47740d8cd7",
              "ami-0a9c37694512713cb",
              "ami-0cd64d22f48ef6ccc",
              "ami-0df1599e91246a084",
              "ami-0182b83a6e434b143",
              "ami-0b157fecb8405cc9a",
              "ami-0323c3dd2da7fb37d",
              "ami-026a50a56f2887627",
              "ami-0189ad65da9b6574b",
              "ami-0ce2e5b7d27317779",
              "ami-06f6f6650092d9777",
              "ami-052a5f13d3878cffb",
              "ami-02f55863fb09f62b1",
              "ami-02623b86cbd4b282e",
              "ami-09358e05652fceef2",
              "ami-05eac6d722283342f",
              "ami-080870010d1618d3a",
              "ami-0cc19fe529ad810ff",
              "ami-0ff4d2099bafacf98",
              "ami-0915e09cc7ceee3ab",
              "ami-0aff68d244cd33eb4",
              "ami-042b683c8f62e57ce",
              "ami-0305d9d352fd641e8",
              "ami-082619a92606c40d7",
              "ami-0f4779a33cd6ff9df",
              "ami-044867047e7fe7605",
              "ami-068c764174f2e4b1e",
              "ami-0bbe3627256eecdcf",
              "ami-0a6251e7627cc28bf",
              "ami-0749cd5aa4477afe4",
              "ami-0f15d55736fd476da",
              "ami-03bd50b8ac8b2d518",
              "ami-029cc87a315700ad4",
              "ami-0e5bb2367e692b807",
              "ami-09a4c8ebc86960705",
              "ami-08f8c9ec4505a6004",
              "ami-0669be65eb861eef0",
              "ami-00d7b027822cc1571",
              "ami-089e6d665d4c316da",
              "ami-094ac461d1f0ac6ab",
              "ami-0b251d3b9cb029ee7",
              "ami-036541a585ac17295",
              "ami-031d0d6cb089d5866",
              "ami-0465c6a577889f3b2",
              "ami-002a9b7707d9b7b88",
              "ami-08cfa0db15fa8078c",
              "ami-0941d66e1a5d67335",
              "ami-04caa44c335c400be",
              "ami-08a23f4c989e7dbd0",
              "ami-04da3441b20d2fe06",
              "ami-09edd32d9b0990d49",
              "ami-08087103f9850bddd",
              "ami-07cbb38732f41c582",
              "ami-097f4caabfa00903c",
              "ami-038741d706695f84a",
              "ami-0c7b93d5c13446449",
              "ami-07f79ee361f3aebc3",
              "ami-080809908a78fdf47",
              "ami-00d17860bcdeebb56",
              "ami-018023405117210e4",
              "ami-082843fbab8a09c00",
              "ami-024fc86e5f1f6f268",
              "ami-06f641c1f1611c109",
              "ami-0ca28403c353d2f5a",
              "ami-0252858acd80a898f",
              "ami-0ad31b9342b441a2b",
              "ami-0c055006b6e3bbd95",
              "ami-024ac367a878d8a8c",
              "ami-02176184c75e9f955",
              "ami-02c0d28907b6d79c3",
              "ami-0f94754140af123bc",
              "ami-0ca192a76623fc030",
              "ami-0ecc5b82c1abfa3a3",
              "ami-07dd208448654d0d3",
              "ami-0f58b04f04f67bb4f",
              "ami-09d17aacaf60c0709",
              "ami-0077c964d2717d101",
              "ami-096be46e08bca292a",
              "ami-007651a7682608a5c",
              "ami-086bf3f4a50947480",
              "ami-0c0cf1eb499f61142",
              "ami-06df3720430edd743",
              "ami-0fa922f9a1aaf4216",
              "ami-0b03ee1f72092706d",
              "ami-0361f038d17c95c07",
              "ami-099ea9248901126d8",
              "ami-00c0a7f16553fb803",
              "ami-0602b37c9757e5edb",
              "ami-09e911f2fcf94cf79",
              "ami-01955b1403c93075b",
              "ami-09d321b7f8352ff00",
              "ami-087fd25060b58e1e2",
              "ami-01f8f47985aa27468",
              "ami-07202b2ad7976090e",
              "ami-06f19cd3e35eee7cc",
              "ami-0be1dbf13b802b49f",
              "ami-03c2448bef3b19130",
              "ami-0f44ec5a66330499f",
              "ami-0aaac1a43dea04780",
              "ami-04d3946021fcb8c53",
              "ami-099d5c89757defe92",
              "ami-0fa3ba6ce492e6842",
              "ami-095f4dabd63b0aaf0",
              "ami-0caeeb8c95d8a66d0",
              "ami-02d7fb7af4753d553",
              "ami-08f44d2733b66ff47",
              "ami-0752cb283e4b8012e",
              "ami-0b53092902f26fbd7",
              "ami-091e9e92d4f78029d",
              "ami-009fb9f8bc9372ac0",
              "ami-0e79a61485f4fd6f2",
              "ami-0d8be5f3da9b463e2",
              "ami-020a2bbb681412971",
              "ami-055eefaa1e9c75777",
              "ami-026d359cd32932721",
              "ami-06f2a0971c16242d9",
              "ami-0af3fadf16822d385",
              "ami-0fbb5ecd27a8baf3a",
              "ami-09fa5bc26ee8c029a",
              "ami-0276caf2e70ff3a4f",
              "ami-03b4f7f2a94c30c3d",
              "ami-04ab32c764a05ea3a",
              "ami-0548cd1f669cb7c1f",
              "ami-0ef03aef86672f198",
              "ami-02258a05a62ee84ae",
              "ami-0c60653ea79a9eaca",
              "ami-0c69548de846305fa",
              "ami-06112a1ec96cd24e0",
              "ami-0b0bdf146635983f6",
              "ami-0334e796c1270146e",
              "ami-0d62a424144132d13",
              "ami-0a2f858622cd85ebf",
              "ami-09fdd3c6211a9a336",
              "ami-0cb8b251f59bff34d",
              "ami-05a1dce991fddff58",
              "ami-02e3af002c0d057af",
              "ami-0dd8696eda7bd0812",
              "ami-0308e54dc19ce1ef7",
              "ami-0f63604d9e881dfb0",
              "ami-0b4c741d5a8988933",
              "ami-06633932c6ba1188a",
              "ami-0befb95d279df506b",
              "ami-0e064440448dcb19e",
              "ami-03ea22e7997e76956",
              "ami-0c5fe5bcb685ad353",
              "ami-01ca8ffbc4c26128a",
              "ami-0368da4e6a7fd90be",
              "ami-09a5b0b7edf08843d",
              "ami-0feab53ac473cb536",
              "ami-013d5efcee0ab137d",
              "ami-05f01b9f545ec782f",
              "ami-0c351638db9e34476",
              "ami-00f69adbdc780866c",
              "ami-0aba0ea987d0d7530",
              "ami-0fb4907c54ad856ba",
              "ami-0108234771fa38236",
              "ami-0fb56fd01858eb7a8",
              "ami-04972f9c6c8e9e02b",
              "ami-086e52dd854f6ea70",
              "ami-07a555f63a9cdba84",
              "ami-0c07190b8f9563348",
              "ami-04e6c600f4c1b26a2",
              "ami-0c4d19700a935a3a5",
              "ami-06a1fc0ab8189da72",
              "ami-046aea45e617c11e9",
              "ami-0bcfd086900940e05",
              "ami-063e288a8097d30ce",
              "ami-0fa127233e951e390",
              "ami-0b36aea95cf2eaf4e",
              "ami-094e1237e3ab85f49",
              "ami-0c2ef88ac93c8d04c",
              "ami-0d4848029d16ec0ae",
              "ami-045eef5b1d8e7c517",
              "ami-05a0515996801301c",
              "ami-0dd061cafee4a3f1c",
              "ami-00cc1944d6b0be074",
              "ami-0893bc3ce7a73d66c",
              "ami-014689822172960ea",
              "ami-0a559409ead2aec48",
              "ami-0d373fa5015bc43be",
              "ami-03d9cf8bf634bab95",
              "ami-05f055b1029e78bfa",
              "ami-0dc7713312a7ec987",
              "ami-0bd5c755a7f8cebc1",
              "ami-034b5ecd48ecfc941",
              "ami-0d331726819e421f5",
              "ami-07fc2dd9e0d7741ed",
              "ami-00ee026382d0a8303",
              "ami-04a8e0df11e0026d5",
              "ami-0fc61db8544a617ed",
              "ami-00b99db251c4b691a",
              "ami-01edc7b8cebc1e51e",
              "ami-0f90a34c9df977efb",
              "ami-0f93a1bcb21450b18",
              "ami-0a752ed414a763ae6",
              "ami-08492946f97e67870",
              "ami-0e2a8509db267f072",
              "ami-0a79b70001264b442",
              "ami-0f6127e61a87f8677",
              "ami-09ea06f2ec4506f69",
              "ami-0d60208a0da1e08e0",
              "ami-0447213f06afa4217",
              "ami-05c4ace517d28e53a",
              "ami-0598ee014e7b89689",
              "ami-066c43f0abf4bfd2e",
              "ami-0f0980471f934e8af",
              "ami-01158e6d905c5ed46",
              "ami-0dd1a1803c9171efc",
              "ami-0973bc1f558f5def1",
              "ami-000dbfddbb743f0a3",
              "ami-0447f14b25b48eccd",
              "ami-08ac00d99a673bad0",
              "ami-048e6f7f616f9d59f",
              "ami-026d25c7e1d2affe8",
              "ami-0582e4c984a1e848a",
              "ami-0f9b856bc134c15ce",
              "ami-0486ccc8da71ff508",
              "ami-0aa7ea54ac6a726f2",
              "ami-0a34756991bfc94f0",
              "ami-0068cd63259e9f24c",
              "ami-06f756c804bd20315",
              "ami-05e07a7aa67997ae5",
              "ami-0cfed76b0dda5d283",
              "ami-062c482b34db4e4e0",
              "ami-0e953d5f6c58476e6",
              "ami-01fbc92d24852df9b",
              "ami-03b398f4a304ff210",
              "ami-0efe037d191ed089d",
              "ami-0064f85425371fb6a",
              "ami-0902d4cc090fed682",
              "ami-0c6fc11c052751d35",
              "ami-05e10687ee27a4322",
              "ami-0ec2cbf7dd935df08",
              "ami-0854245e554858119",
              "ami-095d73d5068ebbc22",
              "ami-0f81c964d1d6ad7c6",
              "ami-0fe405f314b4460ee",
              "ami-07bb49666407c206b",
              "ami-045b36fe3221d92b4",
              "ami-087ff3232f334e777",
              "ami-0b555fe773011c50e",
              "ami-0ed75e80b3b56ee9e",
              "ami-0c4c77d3f0a970683",
              "ami-09f520d1bf2c3d77e",
              "ami-0b9ba2f9009e53a56",
              "ami-00d27523b8b2dd406",
              "ami-06d9d3f11f9ba975d",
              "ami-073249445dca24d71",
              "ami-0aa2461d45684495f",
              "ami-0d9d00318f020d7b9",
              "ami-060e9c3b992173dad",
              "ami-081af858b99745d02",
              "ami-0bee2bf0f4e931aec",
              "ami-07354ea81b91f50e9",
              "ami-0b2df03d16ee0d4d4",
              "ami-03e8bc01080393423",
              "ami-02f564043983dc381",
              "ami-033fbd0488ce9da39",
              "ami-0e1412123dd453156",
              "ami-03af78f5cb0144f8c",
              "ami-09df662e979c508e7",
              "ami-0fd2c55c5582bcafb",
              "ami-084005d53d64cc176",
              "ami-07f07db2c289cc9cb",
              "ami-05b4a9cb4bdce9271",
              "ami-0b134b93fac36a524",
              "ami-0dc29be8e450cc56b",
              "ami-00f9d8740acf2e260",
              "ami-0299d8650ea0b4cdf",
              "ami-029de4a21cea77993",
              "ami-0855b98561d3195d1",
              "ami-0867a7592d826eca4",
              "ami-005e916dd4720f7eb",
              "ami-0b9d587a142842d5d",
              "ami-02551e8ec88e9716d",
              "ami-02610ec3edbd6cad8",
              "ami-04190f89e16288935",
              "ami-06553942dee04c5bc",
              "ami-0f3a51be45a13f8fd",
              "ami-06db4c55bf02794e9",
              "ami-0b70bdc0686251881",
              "ami-0d3cb1fe9580de68d",
              "ami-0bf35f1f6951916ed",
              "ami-0bf09180a377b7c87",
              "ami-063d9ae9b345b0962",
              "ami-0a0a01c258ba2723f",
              "ami-0a8c725e923d37671",
              "ami-002b56c2136c207d7",
              "ami-05e349467ebecf961",
              "ami-0590043038b3f3159",
              "ami-00043ff468d078003",
              "ami-07c5e7fdb708b7357",
              "ami-0aab79090aae2f162",
              "ami-004f08838a008e27c",
              "ami-04bd7b77a9b775d9a",
              "ami-0cb48304d831dd652",
              "ami-0078f5b4d02b5071a",
              "ami-0bb194f857f2f37c8",
              "ami-0c9a62050f2e5262d",
              "ami-0612c83237c57eea9",
              "ami-00a8f3b59eec913dc",
              "ami-098616968d61e549e",
              "ami-0cf906f660429ea4a",
              "ami-0f17c7d17ddfea105",
              "ami-0d393622d1b4113e8",
              "ami-00988273f50d130a3",
              "ami-063ae6fa769482e22",
              "ami-077e84d27b1c16bb2",
              "ami-044ff22e194ea0ba3",
              "ami-0b42eb1b6f0aa8d40",
              "ami-04e6f46a80cba26fc",
              "ami-05470ed7d1a846f4f",
              "ami-047ed5a497900911c",
              "ami-055d5684ed5864e51",
              "ami-0d343a8d94532b3ee",
              "ami-058ff302c002891df",
              "ami-0d01544017000562c",
              "ami-0f3a56188ead07b02",
              "ami-066efe064d2a21f31",
              "ami-018ce7de990c3e47e",
              "ami-02228464660ed40c7",
              "ami-0fe9d8b6587daca04",
              "ami-0e60f00bd12077457",
              "ami-0c14126e86c13af6f",
              "ami-0d6dc117b1f4b10b7",
              "ami-01cf8334bcb413d5f",
              "ami-097ae3ff8bcf9be7d",
              "ami-00699f74a52216aa7",
              "ami-019d044d12fc68403",
              "ami-0520ab1985815648e",
              "ami-0510ad5f256f17a55",
              "ami-0340a97e9fe6a0390",
              "ami-09481fd50adf34931",
              "ami-0442b226700209a7a",
              "ami-0d24249332e3f9d97",
              "ami-00ab4a6c0c86316c9",
              "ami-09025ca99ced70c87",
              "ami-0f875edc1cfe5eb8a",
              "ami-088a6d041250c0819",
              "ami-0cd77f04a65e335f1",
              "ami-0b30063d76558a6fd",
              "ami-0560a04cad0a24d83",
              "ami-0d45a6b34e79024c5",
              "ami-092c68f1d3b63302a",
              "ami-0d842172ed08364e5",
              "ami-06f1c67494a51799f",
              "ami-05323e1c235abebed",
              "ami-00fd64ec33349a0d7",
              "ami-0d2abcf4f045376da",
              "ami-05c6f24f319ac8479",
              "ami-011c17107d65584b0",
              "ami-01e46a44488cc64aa",
              "ami-031814549a4b2892c",
              "ami-06d5b80309c3eee60",
              "ami-0bf3e2c598f50ba82",
              "ami-0ef9e2c8be8f059fc",
              "ami-026c9e9b45725ea5c",
              "ami-0d4fb65189c3b8d49",
              "ami-0854b2ef9380d1958",
              "ami-07e6e0b220deb29ac",
              "ami-08abb3d74e734d551",
              "ami-0a887e401f7654935",
              "ami-0b803066d884076ef",
              "ami-0514bd54a00daea65",
              "ami-002cc39e7bf021a77",
              "ami-082df2abac14cc1f7",
              "ami-0754a72285b14eefb",
              "ami-0eff00c1dab7e24cc",
              "ami-0ff30129fb2cca011",
              "ami-08870a5c704c89a06",
              "ami-080abc1a6234cabc3",
              "ami-0cb7732bd9e211243",
              "ami-0f52d521bc1bdb5f0",
              "ami-085e070e366982f6f",
              "ami-0f482d2adde2d9206",
              "ami-002efffcac49856d6",
              "ami-0fa7c3ae2b9c259b6",
              "ami-0cb098b602f18e305",
              "ami-0d466c7496960921e",
              "ami-0b63e6be1ca3f7500",
              "ami-030ef1942eedd4113",
              "ami-0e2ff28bfb72a4e45",
              "ami-0c6ea59da552efe5e",
              "ami-03736048a69f59e6d",
              "ami-0e85829bc902ddb65",
              "ami-03a9875367a2a3caa",
              "ami-056807e883f197989",
              "ami-04517ed529416fadf",
              "ami-022998223b333c96e",
              "ami-0c66786e774a4e7f3",
              "ami-030d46ec68b1afb20",
              "ami-052855f4e964b0ef7",
              "ami-00e3c971e45d3595e",
              "ami-0e8d4e563e38b065a",
              "ami-053127b2ab8d78097",
              "ami-0ddb7700168bbb6db",
              "ami-0bb190a7d89932a0e",
              "ami-0f86bb438e080dd6b",
              "ami-0c38bb1899ad0b177",
              "ami-0b1e10d8086220eca",
              "ami-0d63b3416af2d9846",
              "ami-0eee6807d378e1538",
              "ami-03db149175a345d63",
              "ami-0a9e7a1c895d9711b",
              "ami-0b9915fd1e51c6230",
              "ami-08db8761abbe60023",
              "ami-0ef587d41265d72d2",
              "ami-01cd8a35a3017ced6",
              "ami-0e6e4af419c7ec1db",
              "ami-0fd1bbf3adf035706",
              "ami-058f0d9344766469d",
              "ami-0b0de367f403569be",
              "ami-0b6e91f31de8def0f",
              "ami-0e61bdf9689df58ad",
              "ami-09d2e2e5b42fa67e9",
              "ami-07e9d3616ca059c9f",
              "ami-0635d547b25440525",
              "ami-076f27937841e12d1",
              "ami-0e70abb9312eb34e5",
              "ami-0fa78801d8b411773",
              "ami-0acb13c0bc09824d5",
              "ami-0568cb849ab6d87c3",
              "ami-06001ad95ef63eed0",
              "ami-01452ce92f84c9933",
              "ami-038cfee38b2513f6e",
              "ami-061ffb0a319b03517",
              "ami-044761dd545c01508",
              "ami-059cdbe7dce966e63",
              "ami-09d0094ddf59c04f7",
              "ami-0dc6e400e2d9e9499",
              "ami-082de62d5ae89a323",
              "ami-08e6d82749cb2ca54",
              "ami-03318c4973c90a655",
              "ami-014b0e64c25e837b9",
              "ami-0857f7890114f73ef",
              "ami-0955c0d51efe4e4be",
              "ami-0b0dd7221f45fb02d",
              "ami-032786ff8d39c3bf7",
              "ami-0b3bff10463f9e204",
              "ami-07f9c1d2b9fbb36e5",
              "ami-04d60bfe4d560442d",
              "ami-045ee12e3c24c3e15",
              "ami-09ed82f8bf87eb740",
              "ami-065904525b7c6d846",
              "ami-0ec2571e902829385",
              "ami-0e56ff92a51b67294",
              "ami-0842a40beda6ad71a",
              "ami-0a67fb92db8de94f1",
              "ami-06a39d87a1c1e0e1a",
              "ami-0dbe89b326614bbdc",
              "ami-0a6c50720f275c252",
              "ami-090bd2f2f88b0a815",
              "ami-07272f9af28d32ae9",
              "ami-0762f1d0c7d796d64",
              "ami-03156c9ee012d0e3f",
              "ami-085bdcae0246c7098",
              "ami-00a83d332a1ea3adb",
              "ami-05e3fa1e857807759",
              "ami-04b2418be76894465",
              "ami-035c9cd1670e3a723",
              "ami-055b6454f027a44da",
              "ami-0fe5436d53ee2d8bf",
              "ami-03099edb8d16b2d19",
              "ami-00ff2f58479678ebe",
              "ami-09045a90c8752ed45",
              "ami-0ff13fdd5c58c5549",
              "ami-0773a1f6577806647",
              "ami-0e5512afc771c1c61",
              "ami-0f0ef65a4b863faaa",
              "ami-0d78f09a23079d387",
              "ami-0604895857e68b003",
              "ami-08e35ba7fb81ed464",
              "ami-02657a38c38e8900a",
              "ami-0b6d84e45376c51b9",
              "ami-0cb5f991552cade7d",
              "ami-0360309b486048f57",
              "ami-026ed6f5a9c3cbe8c",
              "ami-00b117f3927b969bb",
              "ami-082a758bd4dbe4524",
              "ami-07a63940735aebd38",
              "ami-022bbea6bc1ee811e",
              "ami-0c684518c9e437f2e",
              "ami-0502e3f71428921ce",
              "ami-0b292a7bd538f2cc9",
              "ami-08259d0489f19ef5b",
              "ami-03f6bcaf2059a2cbd",
              "ami-0eda8b27ad84c9efa",
              "ami-06ee7c463eba7cdba",
              "ami-0da3376698efedd43",
              "ami-07272713591950169",
              "ami-08df7b236ed19e461",
              "ami-08745fe53fd9f5d8e",
              "ami-07f2bf5e6270998cd",
              "ami-0648e9ef87dddca92",
              "ami-0f81924348bcd01a1",
              "ami-03765519f27b34c28",
              "ami-0bb34d57ff66af6b1",
              "ami-03c4e9c6f525628a4",
              "ami-027118d54aab3ab4e",
              "ami-08b31007b341cd725",
              "ami-0348b70716f280a62",
              "ami-0664773b5a898cc82",
              "ami-06e0c1811013eddf1",
              "ami-0016c744fcd92936c",
              "ami-009be1161e50cd221",
              "ami-024a39e1e6f14f00f",
              "ami-02593e49a71661010",
              "ami-0683cdf79ea330f8c",
              "ami-090320fb6ef98c4a1",
              "ami-0e8d23abb1550a75a",
              "ami-0a3dbd9eef3129f5f",
              "ami-0e3fe61e835314c93",
              "ami-0df728ee1042b64bf",
              "ami-012c9c59c8ee89ee0",
              "ami-02f0b6edc0546a87f",
              "ami-05e39785faea58a88",
              "ami-09d069a04349dc3cb",
              "ami-0f1c5ba9130b9c92d",
              "ami-0833bb56f241ee002",
              "ami-00cc70209995cae08",
              "ami-035b3aa5a4eb0d806",
              "ami-050ec8664e095152f",
              "ami-02c5216bc12099315",
              "ami-0f213f957d1affacf",
              "ami-039538f751185f677",
              "ami-017348e5801f03a0c",
              "ami-00d651599904f13c7",
              "ami-0f131f67d8fab8d16",
              "ami-032b29e0c67d14e24",
              "ami-0ed79146d83054153",
              "ami-09a60ac7b0b178f9e",
              "ami-0d7d8dbd25d881150",
              "ami-0277af3b82f08e63a",
              "ami-0091ed6e473e70d20",
              "ami-0be9ec1305f6f5f24",
              "ami-01a9349e43d68832f",
              "ami-03289275ad46bbcf3",
              "ami-0856bed1a746a76bd",
              "ami-03c8f64ca9ebdc661",
              "ami-00a2133c9940bf8c3",
              "ami-062f7200baf2fa504",
              "ami-02a9560633d8c1728",
              "ami-091f045c3aae05a59",
              "ami-0e98ccceff552e8a8",
              "ami-0f638cec17b494f84",
              "ami-00afc256a955c31b5",
              "ami-0647b30c2530a08be",
              "ami-0d2b1cde5e6d7020f",
              "ami-09424656610ed8cb5",
              "ami-0faba20361563e803",
              "ami-0ab75073588fdfe5d",
              "ami-0196913a4743888c0",
              "ami-083c6010630a91cdb",
              "ami-007092a89ede24e62",
              "ami-0be4d1a45d5336fc9",
              "ami-053b8648b27c3e6f9",
              "ami-002ee751a46c73abc",
              "ami-0730212bffaa1732a",
              "ami-0dcd5e8447f086187",
              "ami-087a82f6b78a07557",
              "ami-0ce20d6ab90f4de30",
              "ami-09dbd3d47a721cd07",
              "ami-01f5ef4309869e8e3",
              "ami-04fbeea6212c9c60a",
              "ami-096f45aa210b69904",
              "ami-0f45fb932d7c07d51",
              "ami-0cbf05b16a1a2f6d3",
              "ami-0ab635730f95f2e75",
              "ami-09d05d7a6b7b899b6",
              "ami-00d82bd037564c4a2",
              "ami-07a94ce4041910ee4",
              "ami-0df648f69046ff33a",
              "ami-055f4604113da043d",
              "ami-09a4c313c737d908a",
              "ami-0472f76716a7a8ffe",
              "ami-001bfc7420ecf7669",
              "ami-0cfce90d1d571102d",
              "ami-0cc2907d17b7a8ac8",
              "ami-0c37557b31263df2b",
              "ami-09d3b05aa0c70d7d4",
              "ami-0645bf721690094a1",
              "ami-026a05a18271fe0e3",
              "ami-09f2c4c4a61820757",
              "ami-025ed45832b817a35",
              "ami-0f7a4c869d2a56ac1",
              "ami-0b25025c5128d9138",
              "ami-03488d5c7c6fae99e",
              "ami-040ddcf70f6ac2411",
              "ami-045565871c0771faf",
              "ami-02bd97932dabc037b",
              "ami-01f3805b0d9c471ca",
              "ami-016b1f69db9e61457",
              "ami-05b31f87143806525",
              "ami-06915b0d7697898dc",
              "ami-03a8b02763da2a8b7",
              "ami-0cac646c8fc167c21",
              "ami-0b6dbe74b237c408f",
              "ami-0421fa64d64d64556",
              "ami-0826ded19dfb0e12f",
              "ami-075eba70b18c5dde8",
              "ami-0005e42880ea345d6",
              "ami-0bdf7d6d7c4ce3ed7",
              "ami-0924505ed8b40adad",
              "ami-03d84ab845d24c946",
              "ami-0d527b86cd7b95338",
              "ami-0529e7815e81b14f8",
              "ami-026c819e4156dc760",
              "ami-0133f7a3fff75df0d",
              "ami-0a3cff8a75aa540b4",
              "ami-0817e58a324b8b338",
              "ami-07518881491131823",
              "ami-0927e610cfc3d8f95",
              "ami-0b98d7f73c7d1bb71",
              "ami-049f61f49736a6ab7",
              "ami-0a907d7536498e215",
              "ami-0765609d29dbd503c",
              "ami-0ef0e6f526bf6e9f0",
              "ami-055caf87893c9dcda",
              "ami-0d582b39ec802060a",
              "ami-06fe37a44a82974b2",
              "ami-031c93dfee424bf96",
              "ami-06e8b5e20b79df8e9",
              "ami-012c02db344fdf8b2",
              "ami-06dfcde624780e4c0",
              "ami-04132307f3030589c",
              "ami-0b0095a310db39871",
              "ami-044c6e714717f3eb9",
              "ami-0d679c9703c2b1661",
              "ami-0962330670840f9b8",
              "ami-07ed4ec3521a1fe92",
              "ami-022d47e0f48849471",
              "ami-006668674e5150470",
              "ami-0d79eecaf28f8e7ff",
              "ami-008518a0709c8bde8",
              "ami-00068cd7555f543d5",
              "ami-0c9e7070ba2856f49",
              "ami-05f23c795093ae325",
              "ami-035240afa793cddbb",
              "ami-08d6eb63df386167f",
              "ami-095e367b4af268089",
              "ami-06ede270c880aa7f9",
              "ami-0496ad2bb0356abb7",
              "ami-0cc4e505d334ac1db",
              "ami-08a26bbbbc7d5f501",
              "ami-0e27be3c8c0cc0426",
              "ami-07cf083eb41b4c399",
              "ami-0adfc0fff5fb69149",
              "ami-0d20b4dbffd9cb832",
              "ami-0f36ec948925e423a",
              "ami-042daf2535ca1cfc3",
              "ami-09c3e56f006220223",
              "ami-08fedc8308e33040a",
              "ami-0ace57c41eb70064d",
              "ami-07f68f6666e83d31d",
              "ami-007f059bd593ef8c4",
              "ami-0eda2253653e74efc",
              "ami-0e54cfcbff69a789a",
              "ami-0a559aa3bb5b96995",
              "ami-0bdb4aa2584e8e556",
              "ami-0d463272ecbb65041",
              "ami-06332387e8ff2df7f",
              "ami-0ec1a8aa06089565d",
              "ami-0bf5c692049a73e1d",
              "ami-02aafe27d53c6f1ec",
              "ami-0980935f80b2f41bd",
              "ami-09bcb444d392ab0f4",
              "ami-02c32b10bc920b9f7",
              "ami-0b79a0df853b68682",
              "ami-0b7b4fc380bad1f61",
              "ami-025e9d1c4433bd32b",
              "ami-03a3474c4b4bacba3",
              "ami-0010e840204e3182b",
              "ami-0f1415c0aca38aa94",
              "ami-0046353c06d4a326f",
              "ami-0ad6567ae0a817577",
              "ami-07ada03273db55e97",
              "ami-0ceb6951bdd99be0c",
              "ami-01970cc843402cb46",
              "ami-04429621fea2eda1e",
              "ami-0795ae6584e7f8070",
              "ami-0eefedf253ede0ecd",
              "ami-084151ce6a205f760",
              "ami-02278c99dc08975a9",
              "ami-07d6c8e62ce328a10",
              "ami-04f83dff5e8d1c25d",
              "ami-05bffb7883a5b2c7c",
              "ami-08bf4bb9519c5cbbb",
              "ami-09e515a2f58fc7a93",
              "ami-0694ca4417a5850fb",
              "ami-0a29752eb59bd5f43",
              "ami-0b335002243e5a9ff",
              "ami-0150d67948f262ab3",
              "ami-0f41f7d883421395b",
              "ami-0dd7d98263d0e28cc",
              "ami-0d717eaac8c7e23cb",
              "ami-04b549b3880e01601",
              "ami-05e59b90e784a0623",
              "ami-0b4e9d3945ccf4e74",
              "ami-087b76ec5e2a2b63b",
              "ami-0a28a1ad6f52a7332",
              "ami-0f5603691c04e666c",
              "ami-04e3a10465bed4189",
              "ami-09e595ac95c50c47b",
              "ami-025502bb832b5efcd",
              "ami-0216c99589fe68acd",
              "ami-0c4c380a3a9588d3c",
              "ami-0952a20604d34206f",
              "ami-02a61d28928bb7f9b",
              "ami-07dfb87d6e7ca4d3e",
              "ami-0d7f5023a09142617",
              "ami-01a3831cf42a2bb63",
              "ami-06c0d500dca9b9436",
              "ami-0dc7faa84e8fb0b04",
              "ami-0e102d7b186c925ae",
              "ami-0ca701b5290d27a1d",
              "ami-0c470a28fc1eb9b31",
              "ami-043eebeabcc4e3d35",
              "ami-0df6cfabfbe4385b7",
              "ami-0e83525f58b2878f0",
              "ami-0ca3f30db6994a2ff",
              "ami-09bfedafcb3b9889d",
              "ami-0b84afb18c43907ba",
              "ami-097e3d1cdb541f43e",
              "ami-068d6d02d8775ec52",
              "ami-01320196d47bc6dfa",
              "ami-09ccc07b3d5df2bc6",
              "ami-03ad8d6f6457130fc",
              "ami-00dc79254d0461090",
              "ami-01357967d6ec35094",
              "ami-0847ebfdef5044faa",
              "ami-0d08fa65f81355d86",
              "ami-0f2a750c87faba63c",
              "ami-0c65e6401a50512c5",
              "ami-03c75267ef7043f69",
              "ami-08fa2eb77f5afe360",
              "ami-067ca5bfa36ff7061",
              "ami-0f489751e09e90349",
              "ami-05fec5115367cc59a",
              "ami-0b5768dbb07139929",
              "ami-0b4221bfc310438dc",
              "ami-0e730c8c1b3558e9b",
              "ami-0cd41375dc3782237",
              "ami-07840a1883e9a1e33",
              "ami-0834550339ee31f0a",
              "ami-0462e9c8069645520",
              "ami-08e2d0e96c8d20257",
              "ami-020f9d8cee4f66397",
              "ami-03501e05fa8613ac3",
              "ami-02e73710747e054c8",
              "ami-05f85649f111f3646",
              "ami-0d3d92693b41b1c11",
              "ami-0903de51d73101f96",
              "ami-0e449a1f540e1971c",
              "ami-0954a347b486839a6",
              "ami-0b7b0d0999fe91eae",
              "ami-06b0414c77527dc07",
              "ami-0e1d84418ca773299",
              "ami-0f65e87059040a06d",
              "ami-0c9403ab91965a240",
              "ami-05085b57e47cdc27d",
              "ami-0816886949d4dc430",
              "ami-0800cd791b79ea14f",
              "ami-041898fb3d86da8af",
              "ami-089f1be730619c0f8",
              "ami-061a738ce29a02b2f",
              "ami-050136c67e160ac14",
              "ami-05f636c995e30ab9f",
              "ami-050a512c2f62cf3fc",
              "ami-097b4f8e72e28db2d",
              "ami-08ea843a3d0a12ce4",
              "ami-06dd8ea479c27cdbb",
              "ami-0387ce6976edec186",
              "ami-06f0f64dfa3965ed5",
              "ami-07011813e03104ef0",
              "ami-00bd6a596e896bb4e",
              "ami-0d2aa2cf34d064555",
              "ami-0361adb513f74d321",
              "ami-0f846c06eb372f19a",
              "ami-07cdb165be5c12127",
              "ami-0f2ed60571af18410",
              "ami-0ef95618502dbae70",
              "ami-061ce2c602826525f",
              "ami-0ac6034010516f445",
              "ami-04670c8e8d4c718ac",
              "ami-0dd358444e8d791f0",
              "ami-0bcdd36bff9d04fae",
              "ami-00c298135c661ced7",
              "ami-0861cc6c04576e2c0",
              "ami-0b0626d79ffd791fe",
              "ami-0101f1338670ed552",
              "ami-0874dae3c344b8cb5",
              "ami-0e5de414aa86d7de7",
              "ami-0df07ca06a980805f",
              "ami-0bf0fb99ba2796336",
              "ami-0948c21f945d1d39a",
              "ami-0c1349c722fa75f5d",
              "ami-040532fc119c3965f",
              "ami-06f717810642c5bfd",
              "ami-05509e91651c765fa",
              "ami-07f7609b4ef9f9a97",
              "ami-0c859c21e1144213b",
              "ami-019fef48a05dc1700",
              "ami-05482400e93e8c2d2",
              "ami-0d051a0cf956b6834",
              "ami-0da98cd9ba1124041",
              "ami-0c03a4517cdb49c42",
              "ami-05f739b485f7dab42",
              "ami-0be858adbe75b93e1",
              "ami-06ffc3532863354db",
              "ami-077891d4731deb090",
              "ami-05d1e2965f815b79c",
              "ami-058f59704835cdd18",
              "ami-0a8cfa116d18fe740",
              "ami-0bdda4dcc17305df3",
              "ami-076d45502aa64cb59",
              "ami-0677611d5bf124658",
              "ami-0c4e2c0cd1217b83d",
              "ami-02cdf717b9e281c9c",
              "ami-066c23dd29d484648",
              "ami-02b49eb5e5c026da5",
              "ami-04024aa5e04444287",
              "ami-0777f1a0c14d1d1cb",
              "ami-09d06123b57a0ae88",
              "ami-0c5c8a395bdf53fa4",
              "ami-036299da488d4ba1c",
              "ami-0c557d9588f42edc8",
              "ami-0166c4963e9eaaafa",
              "ami-08f00521d7183b4f0",
              "ami-008a07c569b8da5ca",
              "ami-0c4e957aad9ca736b",
              "ami-097a7eb359a429d05",
              "ami-01435d4abb8836f9c",
              "ami-00e4da0ed7025bcad",
              "ami-0ee9e136178176e29",
              "ami-08fbee290c336c1dd",
              "ami-0990970b056c619eb",
              "ami-0ea32b4db41aa0d47",
              "ami-0392bafc801b7520f",
              "ami-0dcb57d166e925854",
              "ami-0e05db9a3e6a92d12",
              "ami-0547b1fd62b28a111",
              "ami-02c2bab84f4c66a4b",
              "ami-0798afa1a35ead00f",
              "ami-03d3de32d6227a7a7",
              "ami-0efaddde9e18d37e1",
              "ami-0b56fac490f1fbfe7",
              "ami-084f07d75acedcefa",
              "ami-0f161e6034a6262d8",
              "ami-001261572d9ef9930",
              "ami-01b346b6c0c6e9f85",
              "ami-076d7667fab40efe9",
              "ami-0dda3a10b93f38b21",
              "ami-0c49319553bb6ea78",
              "ami-00374daafa3bfd36d",
              "ami-0b01768703b9eff7b",
              "ami-0dab340001198ee7a",
              "ami-0c8c6742165663db9",
              "ami-054ca6403a16df7fd",
              "ami-0afe331cf303d24a9",
              "ami-0e5a5a5e4342e4f9f",
              "ami-037d2c488bff5460c",
              "ami-0075fd0d9f7b2016e",
              "ami-08d870acbd199df8b",
              "ami-0a8a0aa5f972c8a15",
              "ami-04cd3e1e173414fba",
              "ami-013f05e769e044df7",
              "ami-0733961acd7bed99c",
              "ami-001b280a41e38d1c2",
              "ami-02e1f64cbeac42354",
              "ami-0a0cba72391ebc3b3",
              "ami-05bf528536af1fc62",
              "ami-078fc8038ddcd9672",
              "ami-0132c1073774c87a3",
              "ami-05680a73a42239d21",
              "ami-07f5fd8d7c8c7fcee",
              "ami-0f4699dfb8f9cbad8",
              "ami-0505e8591b6e476ad",
              "ami-0a26f51e5cd93dceb",
              "ami-0ef44e0a75d6829cf",
              "ami-0efc825d3882f058d",
              "ami-04edcb606fe0af76b",
              "ami-0d4d0a149b6bdff47",
              "ami-03065df12b8f77b02",
              "ami-04224b017df0c5d51",
              "ami-05774227c8941a068",
              "ami-0e22e98cd651d13da",
              "ami-076ad706bc318b166",
              "ami-0059ae22bae4ec35d",
              "ami-06dbf81822c5d802d",
              "ami-0277d42c17d2fd9f6",
              "ami-0585963de7ab8b964",
              "ami-0259ce67309f76e0b",
              "ami-0b2f191b2ddb13526",
              "ami-08198f90fe8bc57f0",
              "ami-0d5628765ec5d0c5a",
              "ami-08739803f18dcc019",
              "ami-08352ed43d7bc1518",
              "ami-041b86e9358b803bf",
              "ami-012f98d2efa5d0c58",
              "ami-0a28dee56cab9b2b2",
              "ami-01d93e1646c51d0a1",
              "ami-0aa35670faada186f",
              "ami-00c20050348520a65",
              "ami-0b4c2aeb5febcdf02",
              "ami-07cf2fadbfc68e7c7",
              "ami-07373a162e651767f",
              "ami-0f9e149bdcfdf597b",
              "ami-0d610b91934b59f58",
              "ami-00f6dc64ab32c1c4a",
              "ami-02fd54be7e88e6bbb",
              "ami-0e6b85574cf9aa9c9",
              "ami-0fd9a0c83c38e20ec",
              "ami-05c0906a16b9af929",
              "ami-0938883eb939af0be",
              "ami-09adc0c8ce84dbb15",
              "ami-00b484909a9bacd9f",
              "ami-0da5089baf511b65f",
              "ami-04f6790aca59339c8",
              "ami-0dcb5b8b51421367e",
              "ami-0169d2f0f1549c29d",
              "ami-052019cf36e7ae092",
              "ami-04634e15833400ccf",
              "ami-06191d186b526c958",
              "ami-03e43ca3afc5d79a3",
              "ami-00a1164673faf2ac3",
              "ami-077381babe7660807",
              "ami-0b69ea66ff7391e80",
              "ami-088a68683c8ebd614",
              "ami-0da7caff8302f095b",
              "ami-09c61c4850b7465cb",
              "ami-048031cd8adbdf4ab",
              "ami-0c1dc4b8944904ad8",
              "ami-0d2ce5292c4022020",
              "ami-0cb1316b6d1ed51f0",
              "ami-015a95702da94c1a4",
              "ami-0de7b822de2652a5d",
              "ami-046f32530b7a708d6",
              "ami-08ce3adc062529a40",
              "ami-0c22a24155f24cc5d",
              "ami-094758153a5353868",
              "ami-08f01263c6695a578",
              "ami-06ef6cd98463f897e",
              "ami-015f09d0e6f8d51c3",
              "ami-01ef230ae4ee4a6c9",
              "ami-0066ea1a861b352f7",
              "ami-057d55a9912298290",
              "ami-060a0d9880e5bf6e6",
              "ami-04107e4cbe8432c72",
              "ami-0505d06b4a9b7886c",
              "ami-0ac8a419d951b9920",
              "ami-0081524d8e0babaee",
              "ami-0ff28cc7d26450968",
              "ami-0f790bd821e410d86",
              "ami-0b12b2eb6da1ca2d5",
              "ami-0938c065f4ed5f343",
              "ami-0df4cb8ff44eb0afa",
              "ami-0e040a3360f109603",
              "ami-02cb555e324696ced",
              "ami-064b7bb2321d2d81b",
              "ami-07dc8c4f4fb77bdb8",
              "ami-0373dcb8484690242",
              "ami-04b9300a85c0d867f",
              "ami-037153d152e66ecb4",
              "ami-0bdf72f9eb898aec5",
              "ami-00eb20669e0990cb4",
              "ami-0682580f6dfc04aaa",
              "ami-001efa431f19d816f",
              "ami-0ea69c718a8eed94a",
              "ami-05127195d9e7dee42",
              "ami-0029d218aacf7bccd",
              "ami-0ffc1f631da347f56",
              "ami-06de31b30de02e034",
              "ami-00cb8c7b58f4beafc",
              "ami-0fea309109cb34449",
              "ami-01dfb3d77de8d188a",
              "ami-072da37936f8c08e4",
              "ami-00da620a9ecc16ffe",
              "ami-094a29b8a706bdf90",
              "ami-07473b21bb7f70b35",
              "ami-0698df7f916ad5a9f",
              "ami-0bcef258fe3bed981",
              "ami-04dfac7e76297ec5b",
              "ami-0031442d33aa88b79",
              "ami-09297c7620a6f533c",
              "ami-0e9bafbad5eca4182",
              "ami-0180e79579e32b7e6",
              "ami-0b16d80945b1a9c7d",
              "ami-01a325c826e291b64",
              "ami-066ce9bb9f4cbb03d",
              "ami-088f7a17510b9f9c2",
              "ami-046d42920ca8ba1cf",
              "ami-095d9c2261e577d64",
              "ami-01e653e665822a56a",
              "ami-0e4cca4d28445d017",
              "ami-0b18eb59ff26c8393",
              "ami-09af1a0c7c9a40fa2",
              "ami-0421afe8059eaf884",
              "ami-03e7b0d5d034b478e",
              "ami-0c3d92683a7946ac3",
              "ami-08571c6cee1adbb62",
              "ami-0eb0119f55d589a03",
              "ami-01e370f796735b244",
              "ami-0484012ada3522476",
              "ami-0d3998d69ebe9b214",
              "ami-09469be1febc3ccaa",
              "ami-0d50009cca6b3931a",
              "ami-0d6d3657a839547fc",
              "ami-0264e8c9cd56835e5",
              "ami-010e3748f56b5d383",
              "ami-0afc41eee457447aa",
              "ami-03c6b78c829754420",
              "ami-04c07bbf74565a5bf",
              "ami-0a6f5f9c37351a490",
              "ami-021ce8df87964d25b",
              "ami-0ee6ed8d9f8cef42a",
              "ami-00a619d8e7699c263",
              "ami-07f9d9fbe7e50dde6",
              "ami-0dda31c07c303c093",
              "ami-075a23b7510f238a5",
              "ami-0a6f2ceb269c974fb",
              "ami-038f45d0565ea2bde",
              "ami-0a01aa2c705174018",
              "ami-01db3a3b3363491ad",
              "ami-0f8023926d75bf0c6",
              "ami-0516b9c0c131d33fd",
              "ami-079d4b892375e38bd",
              "ami-04cc409729ec379f3",
              "ami-09dea607c0dffd1b9",
              "ami-02f3fe4d8415df221",
              "ami-042cb8717d15565d3",
              "ami-0a2631e8be270135d",
              "ami-013944fd9b19100c5",
              "ami-0bad45c59c7581d37",
              "ami-0db47f1b196ddc2d1",
              "ami-0f73e72ff60649fc2",
              "ami-09dc97a9496169b58",
              "ami-06ea2dea85bf79fbc",
              "ami-039ecade7bb1c40f6",
              "ami-0fc432e50a25c1684",
              "ami-0bab9d6dffb52fef5",
              "ami-0f78b3f3f7c3d750a",
              "ami-0c9c6282dcec1fbb2",
              "ami-0ad635f293d01d672",
              "ami-0491a4669ab3fbe2d",
              "ami-04b69e31cf9230074",
              "ami-0c114b54d02827ae8",
              "ami-00448adafcd493ffd",
              "ami-0a422df1f8a5ce7a4",
              "ami-08826f7757af74c37",
              "ami-021ee54ed878e4556",
              "ami-0f748f2571bc32c12",
              "ami-01be52165747cf955",
              "ami-0b1a101be8a69bc49",
              "ami-0e4ed4a7c22fda47f",
              "ami-06c9ff30e5e3eba0e",
              "ami-09c5d2fc5886791e6",
              "ami-0b2220eb0212c8d66",
              "ami-0e858a20f0ffe5838",
              "ami-096ebef55e55fbee0",
              "ami-03411646d2bc2d4a3",
              "ami-08c7274dc79264f27",
              "ami-07c0bb3437337fb80",
              "ami-09036fcb477742eb6",
              "ami-06c2c729346a4ffc0",
              "ami-004852354728c0e51",
              "ami-0b5b391ed8ccaa538",
              "ami-0bdd095c2fbd0e692",
              "ami-0417b2646e1d2dc2a",
              "ami-0f1a8bbf72938c000",
              "ami-0a4d7e08ea5178c02",
              "ami-0fd18b144da8357b7",
              "ami-0c535eb8c5a80b962",
              "ami-016392fa0b61bde58",
              "ami-006da8413e239334a",
              "ami-03018cb15c1d8c2d8",
              "ami-0fc2d3999af754ea7",
              "ami-02a6356140ff4cb5e",
              "ami-0acab025ba296a4bd",
              "ami-0978646eea6551c7b",
              "ami-09ab00f8aa496dc8b",
              "ami-062b65f3a1372223d",
              "ami-084b80ab53457dd08",
              "ami-04a121d112e199e27",
              "ami-0b5265d1fe9857fc5",
              "ami-03bbb97e28dbb9259",
              "ami-04c42f7cd32678f93",
              "ami-001841570f72f0084",
              "ami-07296c6fc96a83776",
              "ami-032156b59fe72758b",
              "ami-0157c234f53c1a0e9",
              "ami-0058b03ae691e8341",
              "ami-0482857766847636f",
              "ami-0322947f0a6a9ed47",
              "ami-0fac5486e4cff37f4",
              "ami-0875a1e6c2db1cdc9",
              "ami-0c09d65d2051ada93",
              "ami-0b3b892651e52f03d",
              "ami-042702af6d35c19cf",
              "ami-0017d945a10387606",
              "ami-0f2e8e5663e16b436",
              "ami-06e46a15650294dfa",
              "ami-0e380e0a62d368837",
              "ami-07207754196c1a8fc",
              "ami-0a5f5d5b0f6f58199",
              "ami-0f1b9925c9ace2043",
              "ami-01c1c96b9aa69de37",
              "ami-04b2b21c2fb153b0a",
              "ami-0c721d6ec480e0b56",
              "ami-028f086ecb9b208e9",
              "ami-01b84e723afc11769",
              "ami-091a89827baba4a0b",
              "ami-0a1db81330a1a78ed",
              "ami-03a079b3de6758bb3",
              "ami-0246fcbf2afd9d8be",
              "ami-0dcd66b4651e9a8fc",
              "ami-06f0f9285b8a082de",
              "ami-0a73c693757fd8069",
              "ami-0ccc3eb11f32a53cb",
              "ami-041a69bc43dd9443a",
              "ami-0288ab9413a64bcdb",
              "ami-0b9f0c291599d82b7",
              "ami-092d1eddcb2e671f2",
              "ami-0bfe6e06e2d56b532",
              "ami-0072af0151fbe67b9",
              "ami-0c3ce932f8c5d4290",
              "ami-0c8452da4bb547c36",
              "ami-03a5eae522579fa5b",
              "ami-053c255d1b9c6c27e",
              "ami-03ee3b99425c35f80",
              "ami-0da4fc60917a23788",
              "ami-0f8d44f4286c4e6ff",
              "ami-06371c261e00ca6c7",
              "ami-092e8fd9cd1fdf0ba",
              "ami-03aae2f80abbf5cd8",
              "ami-0f8d23b8689752fe6",
              "ami-09dff65be2498ec4a",
              "ami-0b5372ab3202bd20b",
              "ami-04da10d9c465ddc96",
              "ami-0e94341e1499f3706",
              "ami-07c0246daa6745d78",
              "ami-0f864c1adf8fede4f",
              "ami-09a6472f1c96cbdae",
              "ami-0ab55442394b48f28",
              "ami-0b85dec54588aa1e7",
              "ami-086440016b615bd5f",
              "ami-01ae443a7c6143c19",
              "ami-0d61868a79bdf9a45",
              "ami-0c74e60a9e6009fcc",
              "ami-05d9633668afe0c58",
              "ami-0c48153ff7c370696",
              "ami-0b1764f3d7d2e2316",
              "ami-0dd19b0f74c77f044",
              "ami-00a96e0df6e200897",
              "ami-025ccdbd0535aaa2c",
              "ami-0757fc5a639fe7666",
              "ami-0d5602f9d86b96d42",
              "ami-0aaa3a0f6876b748c",
              "ami-0de4df2e0b68bccc8",
              "ami-07758d83078bf5e86",
              "ami-0ad82a384c06c911e",
              "ami-04c4b22bf59a18fe5",
              "ami-0b898040803850657",
              "ami-00b882ac5193044e4",
              "ami-02af865c0f3b337f2",
              "ami-0ae641b4b7ed88d72",
              "ami-06fb2eb20652dafea",
              "ami-0e261247a4b523354",
              "ami-07b2e2e6e4586930d",
              "ami-0651eb09bdaba0fed",
              "ami-035d7d4e805526d92",
              "ami-054c7523f88819252",
              "ami-0591f2bb7941334b4",
              "ami-09879ea5cc6c2e899",
              "ami-0c5d368e5a623a70e",
              "ami-0f9901f70b89a9fbd",
              "ami-02d6fe3428ff1a678",
              "ami-02429457561ab66af",
              "ami-07ae58c530821dc13",
              "ami-0def84ed7a98bb411",
              "ami-07854493ec9fe6402",
              "ami-067163231035289ca",
              "ami-0f478a3c518483a45",
              "ami-0ca309eacb93f38d6",
              "ami-0caaae106693e2075",
              "ami-0943a9147dad5d26d",
              "ami-0b2630f3f4ef13dc9",
              "ami-02de282323ca0863f",
              "ami-0608eebaa0cf5b00d",
              "ami-0bf9631e3ac8b7674",
              "ami-0e0760d162a4d2bd4",
              "ami-0ba15e491e39dcdef",
              "ami-067bcfc72ff7f44ce",
              "ami-06a79ef25cabfc1ef",
              "ami-0e28ca59a69274092",
              "ami-087b55492d64677e0",
              "ami-0df5862e6c4895797",
              "ami-0412873306f52f81b",
              "ami-06ae30187e87624cd",
              "ami-0756ed3b68a4f20fe",
              "ami-07e8e4048cb5b4578",
              "ami-0dfbb2df9f5fd796d",
              "ami-00bdbfc7fbe73870b",
              "ami-0c1076f21ae8d7159",
              "ami-037631db2176c8b9b",
              "ami-033783c0c0498da6c",
              "ami-0436c4b61d21a8e90",
              "ami-01517f43926c1d97f",
              "ami-0ff30d2fc06fa9c50",
              "ami-01e0dbf0f4407633d",
              "ami-092dfacf98cbfe77a",
              "ami-055f8bc23caeb6076",
              "ami-0163cb86891b869d9",
              "ami-06ce32f88be862af3",
              "ami-0d09143c6fc181fe3",
              "ami-05b28c5cf3188fa02",
              "ami-0dfd00a84f71d0e0e",
              "ami-0a55b648384dd48fc",
              "ami-08c4955bcc43b124e",
              "ami-0a6076b21f3d2941d",
              "ami-0200e65a38edfb7e1",
              "ami-024374d07c2d6603f",
              "ami-053e2ac42d872cc20",
              "ami-005548875cb3a3575",
              "ami-05c9fba3332ccbc43",
              "ami-0d334c42a27f3518a",
              "ami-02507631a9f7bc956",
              "ami-0cfe3ba108e6e3c7d",
              "ami-09b29fe183793d306",
              "ami-053f9b717a51a3a78",
              "ami-0c47b835d1590da5c",
              "ami-0848136f056c6c533",
              "ami-05750e07daf180dd7",
              "ami-07ce26e04b018d315",
              "ami-0920666c15c8d14df",
              "ami-0f637724b9de01b3a",
              "ami-031541bfc10a9a76a",
              "ami-0b3810dd95b48a575",
              "ami-005684c8dd6005530",
              "ami-04aa674a56f0a7627",
              "ami-059b247c2f693f654",
              "ami-085ead89685e13933",
              "ami-0ca4f7c3efd26cffb",
              "ami-0e7154089f667e3ea",
              "ami-0b4e2f7c72a4d5029",
              "ami-03d2308bba408c730",
              "ami-073084a0f42e7ec2b",
              "ami-08faa69f6729eaf1f",
              "ami-01b2298e394bef842",
              "ami-0f9814fe2ea159885",
              "ami-0bf271836325d7ccd",
              "ami-00a6ffe428007a433",
              "ami-01d60d427cafa18ea",
              "ami-0932f1d796b274cb0",
              "ami-0c1ccd2b3d795ee1d",
              "ami-0633542bd957a2a8d",
              "ami-09d9b21b0166aaa28",
              "ami-0c0c0824fd6ef87e3",
              "ami-068c6116e8e8154c0",
              "ami-0a438ad06b33632b2",
              "ami-0eee0b7e6fe9dfc6f",
              "ami-0742ab245a34f0c33",
              "ami-0293a1b220b858119",
              "ami-025cf9599c73d8951",
              "ami-06a46550686c39cc7",
              "ami-008ad2306bf61baff",
              "ami-0062deb7c3285bfdf",
              "ami-075c3245c7d51da49",
              "ami-06f1166b75f4c2965",
              "ami-000750b86ae489780",
              "ami-0ce1098a7f9ef6d67",
              "ami-0ba208e9491badd47",
              "ami-004cae71a8088c891",
              "ami-095cf8759898ee7a2",
              "ami-0804fafbfcf62139f",
              "ami-0ed10cc226dbad45f",
              "ami-076d3630f970aea33",
              "ami-0dd14f0b6f5ef11b7",
              "ami-0447bb355780578c6",
              "ami-0324ff3ee3bebb46a",
              "ami-0cc96feef8c6bbff3",
              "ami-06ddd6d23e1057885",
              "ami-0833d29454717ff52",
              "ami-00bc99694f0d8c0d2",
              "ami-04fd32edb4e0254e9",
              "ami-000ef209deed8f2f0",
              "ami-0ebe9f06394edcf7d",
              "ami-0eafe59d455c1671b",
              "ami-0b5397ae11d400256",
              "ami-035b3c7efe6d061d5",
              "ami-094023343f4ce95ff",
              "ami-0e70db31f7e942241",
              "ami-00e58f8044c7f8ad1",
              "ami-031eb9c5390c0f8f6",
              "ami-0d130bdfab2037f8a",
              "ami-091f37e900368fe1a",
              "ami-08e1d33a6a64499de",
              "ami-017bfe181606779d8",
              "ami-0cf21904bbdc31e86",
              "ami-01f1db40c7cbd1a37",
              "ami-0dde61416371df99a",
              "ami-036cea62390485c0b",
              "ami-08e5638fdf1e7d45f",
              "ami-080913e66aa933925",
              "ami-0efe60a8c6da161f6",
              "ami-075f66916f1b2c4bd",
              "ami-0455386c79cc657e3",
              "ami-05330560270527e07",
              "ami-0fccd2d62bce25967",
              "ami-05d519e5810a525e8",
              "ami-054a834a6f5841cbb",
              "ami-0aada7c357ad830de",
              "ami-04d28a845dc4d52dc",
              "ami-071a2902c1f3e36ea",
              "ami-0f812849f5bc97db5",
              "ami-081477ad0bee1101b",
              "ami-062da1c471a916aed",
              "ami-00c3ee50b6d0ff4a5",
              "ami-0ce76c644cd4ae2cb",
              "ami-0a5c1e0e9a1369701",
              "ami-0afe5bd9b93e37004",
              "ami-0434518d35a7eb53c",
              "ami-0cd0c66125d8619e5",
              "ami-0c47b776509549980",
              "ami-071e079e4f4a09ff3",
              "ami-05a4002eac9c0847f",
              "ami-0d927b2652503ed96",
              "ami-0bf0e496935d28ab7",
              "ami-043b0b85e841b3dd1",
              "ami-036f531df6bb232ff",
              "ami-0c4e82527c576912d",
              "ami-062f698af5c8dcfd8",
              "ami-00c3fc535b5003088",
              "ami-053d3d1f96eb02a01",
              "ami-0e1fd0727c17f4c66",
              "ami-02ebd87c3c2d5dde6",
              "ami-07b0bcbfbf38b7122",
              "ami-0255b8d4b603acc90",
              "ami-08fb4f90e290d7132",
              "ami-0caffe4d4f7ac4dda",
              "ami-086cd3055df11e8bc",
              "ami-01ac84e638195be8f",
              "ami-0600e42cbc2ff77b5",
              "ami-05b434b211531e2c1",
              "ami-066b079f862e048fe",
              "ami-0ddaacfb4076bed5d",
              "ami-037819cab8f2bd5e6",
              "ami-0a59b57ef08b7b176",
              "ami-0ab885484ec541883",
              "ami-0fc7dcfe12eac1c02",
              "ami-0cacf9ac854c0bb3d",
              "ami-0a702b128a44bbfeb",
              "ami-0e82a655bf9c18ab0",
              "ami-07639d12f995c73be",
              "ami-06054c8523a3a6679",
              "ami-0678e030fe9ab9ac4",
              "ami-05261d2c3850af9ec",
              "ami-0d3f0609703cfef00",
              "ami-06b7b9b94fd32c4ab",
              "ami-097636b050fa36501",
              "ami-08b71e219ffb17826",
              "ami-0a0504078d2f86e22",
              "ami-0c69c3abb09ba09b2",
              "ami-00ef5313a0e97e910",
              "ami-08d9c247d2f944dca",
              "ami-04bc1fe9ba7be22f3",
              "ami-08322e77c467cf557",
              "ami-0419bc991e90b82fd",
              "ami-0c0d2adc4882ae247",
              "ami-0c562f92a2121aacf",
              "ami-0cff37a35f8a79374",
              "ami-0d12f374fe4fc3626",
              "ami-06aedbdd316b56b11",
              "ami-003e1c48410ed0a92",
              "ami-034386c11cf558e3e",
              "ami-069b49d6315b8cdd7",
              "ami-003b78f18f246175e",
              "ami-0fdd55544e7d4cac7",
              "ami-0fd86d907c4c8fed1",
              "ami-0d40928957a4c83ab",
              "ami-0077cfcb445e1dfd4",
              "ami-00ab86e9adc60c1a1",
              "ami-0bc213dc857866046",
              "ami-09c9dfb849efa53f1",
              "ami-05ca11a79fafd6ebe",
              "ami-058436d7e072250b3",
              "ami-05627342e1b34e637",
              "ami-05acfd2a183f5ee8c",
              "ami-0207154c3b0089a5c",
              "ami-084cacfdea18809c2",
              "ami-09f7d7e8727f4004b",
              "ami-04352eea3fb45cc5f",
              "ami-0756fbca465a59a30",
              "ami-0f4463ddc92a7c816",
              "ami-0e05097610fae5559",
              "ami-06e441c14766d8bb7",
              "ami-0b0ae551a867891da",
              "ami-0750ab1027b6314c7",
              "ami-00cf4737e238866a3",
              "ami-0f7cc2a4e9cb93130",
              "ami-0e7126260e3c3f9b0",
              "ami-0fe343aab1a91e683",
              "ami-0dd387866de2504e4",
              "ami-0e0540a6e5c7d82c3",
              "ami-0a44b5d141a907c17",
              "ami-0febaa72062adfec9",
              "ami-0ff0b38862095aa49",
              "ami-0d3c6c4e0913a4c0b",
              "ami-0804f7afcaa5e8db1",
              "ami-0c6b1d09930fac512",
              "ami-0599cf11bd7f06277",
              "ami-09e031a3bd19e4f97",
              "ami-092fbe8c5a4d036e3",
              "ami-0dd806e83aa8a0109",
              "ami-02bf293f8576122d1",
              "ami-0ec9d4b8ce897bbfc",
              "ami-0d6a97756106acbb3",
              "ami-07a1313a5c3d40220",
              "ami-0720bea6ec9656f74",
              "ami-048e0d3e70bef2d34",
              "ami-09f8a574df9ff06e7",
              "ami-09f40743e83c1c55f",
              "ami-0bedac503bc5e0626",
              "ami-0dacb22182cf8f5f4",
              "ami-0a5f3853e61c6d7d9",
              "ami-0d9583e8f95c7bd7a",
              "ami-0c20ff9c60df35515",
              "ami-0bed4b436ab2a9136",
              "ami-0ca6540ad285ca85d",
              "ami-0222efb76f01fe498",
              "ami-029591943099c8b8d",
              "ami-0c7b75384c43ebafa",
              "ami-0222a2b5077341de1",
              "ami-0b3c962c4cdc69d34",
              "ami-01ba66322117957ab",
              "ami-01eddf3eb1a1899a4",
              "ami-0e4e3f9950ac52de6",
              "ami-0cb2dfc25a0bc1891",
              "ami-09dffbd6ad0cd6564",
              "ami-0e301e5363bd378e1",
              "ami-095c8d767827f903a",
              "ami-0b7bc9b8fb8d553f6",
              "ami-044330d27b8d7a6e7",
              "ami-09340d4e5fef50b1f",
              "ami-06bc585fc5516f89b",
              "ami-087ddfb16e3c8f331",
              "ami-0934cf5aa63cd9e4b",
              "ami-092848a7986a848be",
              "ami-038728233f7300734",
              "ami-079375011a2feb7cf",
              "ami-036b203c93f3de0b1",
              "ami-0602ab7c039d2a4f9",
              "ami-0aeafa924ccbbb7b1",
              "ami-0c85512e150bde0d2",
              "ami-070ab779e7090d770",
              "ami-0523ff1699c9ef3f5",
              "ami-0f942ac10a338af45",
              "ami-09b2b923ebde9c970",
              "ami-0e2b588a37264f1cb",
              "ami-02b5b8dab90e057c4",
              "ami-00144db1528d8942d",
              "ami-0d8d467ddca09f9ea",
              "ami-0163de2019ebc3352",
              "ami-0b2e5d7bc29e85492",
              "ami-051db8b4bc4e61645",
              "ami-088d300a97d033d44",
              "ami-0469e2cca686d90e7",
              "ami-0a90a818b2c4033b9",
              "ami-01c9fdba8bd8ae663",
              "ami-09f3c394663f55ceb",
              "ami-02c7b51e49089f996",
              "ami-03137f2c6a3656b65",
              "ami-0ab131013adcde190",
              "ami-0881c828b07358dc0",
              "ami-09fc1fdd5a12d852f",
              "ami-0f0313e174f222bb1",
              "ami-01c925ff0a3b39ae8",
              "ami-00da010bf2205a040",
              "ami-0f8d05a3eabb2929d",
              "ami-054a0ac054a30dd6c",
              "ami-09a4f29fc582dc058",
              "ami-0d85a77a93eb7c2b0",
              "ami-02ab719979bcfb9b9",
              "ami-005e68292eb398f58",
              "ami-0c90f800c341fc70b",
              "ami-05e9d23d24a872967",
              "ami-007a030e84c8b9650",
              "ami-0d14a67869a4bfd4d",
              "ami-0deb321f7b1c07d4c",
              "ami-069426c1ff056a4b4",
              "ami-0007cb5da3921cc1a",
              "ami-0dc5d70c85090aae3",
              "ami-0f4270e90e6306c97",
              "ami-06ea83d17fd424a25",
              "ami-01c4b145fe170c80a",
              "ami-04086adf9876be634",
              "ami-02bdf5cd9aad4e764",
              "ami-0f1a88adc8f9655c8",
              "ami-016ff58827a995bc0",
              "ami-02f29bfdbf332b7f3",
              "ami-04107056106561625",
              "ami-01c727dc2fa953a55",
              "ami-095c97eb2d2e856f8",
              "ami-02fc78501d8270941",
              "ami-03b0b8372fa2fbe17",
              "ami-077ec9cd981adea43",
              "ami-0d11bbcd0aa594f27",
              "ami-093afa6061e61931c",
              "ami-05673d809cbe59f27",
              "ami-0bc08634af113cccb",
              "ami-03e13a3b6e7815f1f",
              "ami-0be9e1908fe51a590",
              "ami-0a399f59161729e22",
              "ami-04f091ac7d83d960c",
              "ami-03bbb6da0d6b41323",
              "ami-06e7eb0b116104bbb",
              "ami-0a77e9d30f8814773",
              "ami-0913a9ba58426a5c8",
              "ami-0d5bf1fc4ebb7d899",
              "ami-0544f6cb0d2dd5771",
              "ami-07a6d937089acd60c",
              "ami-06ac426160a2a9e42",
              "ami-0c910f1e298584fae",
              "ami-0db3becc97b84a76e",
              "ami-0cb2e5382e8e47d18",
              "ami-0a09b61a607dc1c83",
              "ami-06d4ebec2ded19c6d",
              "ami-08d350f3b1646c90d",
              "ami-0fdd36f502abaa1f9",
              "ami-048e9696eb52caaf8",
              "ami-043751b64ef03b720",
              "ami-043c6cc8122e1a6af",
              "ami-081a9e9d3506bcf56",
              "ami-0ab93380d6e47701e",
              "ami-0658a809b3e89b0c9",
              "ami-00f71e3be938f3077",
              "ami-0422aa8ec2e452870",
              "ami-0f8b01b1377483305",
              "ami-0a8c4ea1bd1ff7651",
              "ami-09d52511913f2928a",
              "ami-0f10cac30829fef45",
              "ami-0d87592fa197f6b87",
              "ami-0c19e7b19c912c15b",
              "ami-00f9843a2e2ef50f6",
              "ami-0ceb503872d89cce3",
              "ami-06ac396b7de0e0047",
              "ami-0abcb9f9190e867ab",
              "ami-02c1de421df89c58d",
              "ami-03a1e71fb42fc37dd",
              "ami-085b216d8c6c356bc",
              "ami-030ef18f8c358c3a2",
              "ami-078b0186c671dbf4e",
              "ami-0b31ca20f57db5713",
              "ami-0f445e3943423609f",
              "ami-0195bb53e6b5d1a9e",
              "ami-0d19c5c9673b48d6e",
              "ami-0067e1123ddbf2733",
              "ami-001c4fbb7311b50b6",
              "ami-03329009ab48034ba",
              "ami-0c7b5f894cefed1f3",
              "ami-02dda87df87071c7f",
              "ami-03e17ab1b42d2853a",
              "ami-02d1625a9af32f584",
              "ami-0d9f458329e942f90",
              "ami-05fe3f841ac4df3bb",
              "ami-00c495fbee7666f8c",
              "ami-0cb7959f92429410a",
              "ami-06ec2ea207616c078",
              "ami-00f74c3728d4ca27d",
              "ami-09462ef5f2de6c3ba",
              "ami-0fa00e52833dec089",
              "ami-0f6af2c4c7444f2fc",
              "ami-080bee4b4d6e238c6",
              "ami-0f58e03c33527cbac",
              "ami-092ebdf94be12433d",
              "ami-03f6945aa882353b7",
              "ami-02501654a4742e2db",
              "ami-0356d77d44e836373",
              "ami-053d72e061c10f375",
              "ami-03d9a9942ca9a5a70",
              "ami-0e9ffebb06a61cfbe",
              "ami-044c8bc8deee53373",
              "ami-02e75bd93c0e15e37",
              "ami-06f40222144feafb0",
              "ami-0fd45eac9a59d24ea",
              "ami-04dc871ee272a06a5",
              "ami-0fe4daff69955c943",
              "ami-0f9537914954bddd1",
              "ami-0a8f10aeb95f59ca8",
              "ami-066b19578def46d8f",
              "ami-0333f3a0fe8cebf66",
              "ami-0bee434a4d37b0877",
              "ami-035d99b2ef1c5c9b2",
              "ami-079b84ba0a8cc329a",
              "ami-0429a8894eaae7171",
              "ami-02f11f5662acf9377",
              "ami-085a82fbdf5eb9422",
              "ami-0d2c4d0eb33f5deaa",
              "ami-090fcc66694b7a8a6",
              "ami-08bcb7ab34b6e62bf",
              "ami-0dfdeb4b6d47a87a2",
              "ami-0afe304ce95391469",
              "ami-01ac4e28da63bac3c",
              "ami-060865e8b5914b4c4",
              "ami-0ff00f007c727c376",
              "ami-0eb10af1c6d5dd2cb",
              "ami-0df9b757e7824e3e4",
              "ami-0d47f79272fe77514",
              "ami-0f9b20b9789585aa4",
              "ami-0295228f2225d55a9",
              "ami-016ddc817bedb3d8e",
              "ami-0787571b4033204ad",
              "ami-0479e57b885cde2eb",
              "ami-0d71296e149f197dc",
              "ami-0356ce218c7cfa1ef",
              "ami-0ca3c4a43ad3799b1",
              "ami-0d7279e0c13593cb7",
              "ami-056f55426510a9a18",
              "ami-0f26c5cd74a4707b4",
              "ami-00b21f32c4929a15b",
              "ami-0617c50b76e1c51f6",
              "ami-023d43ae1ad4240f1",
              "ami-0eb0639c480ec80d5",
              "ami-072781620705f5e3b",
              "ami-00002c141987d373c",
              "ami-026c8837477801d91",
              "ami-0b98c3bc6007ddf7a",
              "ami-06b382aba6c5a4f2c",
              "ami-0b22896cb30dba87f",
              "ami-0771c28c5580e5716",
              "ami-0de53d8956e8dcf80",
              "ami-02013ed1a71752ea7",
              "ami-0ed2f29599018e745",
              "ami-02896f7313884c705",
              "ami-0a6a36557ea3b9859",
              "ami-0b057fabf316140f8",
              "ami-0ebf2c738e66321e6",
              "ami-05aa6b8208c783529",
              "ami-007571470797b8ffa",
              "ami-03762ad4020ae5ec9",
              "ami-0212d67aed8b0542f",
              "ami-0e0d88d4d879dcc62",
              "ami-0426753cd2d6df7f0",
              "ami-09ec84ebae92ef6ec",
              "ami-02da3a138888ced85",
              "ami-04aa1bc9d1b9bfbe7",
              "ami-08b43bfe7a0d16eeb",
              "ami-0fd0ae64eb509cc23",
              "ami-00f8fb8ed06007c1f",
              "ami-096b5898281e68ea3",
              "ami-05f79ab77fc13e20a",
              "ami-058ce12ad1cf79908",
              "ami-01c3e1db051469f19",
              "ami-0a242674f3a845740",
              "ami-04c33c70150b24b7f",
              "ami-0ae06a5196c3efe0c",
              "ami-0f4d0952efe16321a",
              "ami-0947ab0aec035256c",
              "ami-06af24a741666b422",
              "ami-0df22313645fe08ff",
              "ami-03eb9a7509b22fc31",
              "ami-0e956bf907f65771c",
              "ami-009c007dc55e58300",
              "ami-003de9e9bc8648928",
              "ami-0822c2a7ced428401",
              "ami-00f6baad4e0330f28",
              "ami-011fbb7376313f1a2",
              "ami-0ed0f75160b80ab16",
              "ami-069c894b48d1e640e",
              "ami-09a50048ee40a9d14",
              "ami-067a732ff35bf3d73",
              "ami-0e31636bea21d1622",
              "ami-091f15206391b7f45",
              "ami-035e191fd3ba2de06",
              "ami-0f30fd4198a632873",
              "ami-00a4173a450c91328",
              "ami-076998907611bf205",
              "ami-0d06ad4b8a1b37381",
              "ami-0a9ac99928438b763",
              "ami-071feca45f79a1238",
              "ami-05433a3597c0b1c33",
              "ami-0cc4523d6ef9b51b0",
              "ami-01196f7c955a90496",
              "ami-056fd46101b1500fd",
              "ami-0a9a0ba7439ac9b41",
              "ami-09e6366b7fc487877",
              "ami-0d8587685f9bdcf47",
              "ami-0767a42a4d9197f04",
              "ami-095775a2445cb7ff7",
              "ami-0eeb334a4b083a5ea",
              "ami-08453d1e978f3b453",
              "ami-0d19f5402a2c1c6bc",
              "ami-09476f90cacc785c5",
              "ami-04bfee437f38a691e",
              "ami-09d61de62a73cbd3b",
              "ami-07bd11aeec8089ae7",
              "ami-0eeeef929db40543c",
              "ami-09a7630ca9ee4ee22",
              "ami-0697d3ce947a3fd0e",
              "ami-0b5fc9b94174bbc4b",
              "ami-00bdca0af4c09f41b",
              "ami-06ee898763ff92e43",
              "ami-0621e2b8a36646602",
              "ami-046e4dec07d9d301b",
              "ami-051f0397536f4094c",
              "ami-07df83c78b902ac8d",
              "ami-09ef42cc316457206",
              "ami-043401e0345cb2857",
              "ami-0fa386ca2df1a9fbc",
              "ami-08dfa3c0f30dfaf2f",
              "ami-074928df400a41fb4",
              "ami-0dc3ef27b96b41710",
              "ami-09248d19cc5e2b2eb",
              "ami-0b58b6bf910ef1dbb",
              "ami-0ba232cba8be272e3",
              "ami-069d73bef9e2b8fbb",
              "ami-019c98ba08df326ab",
              "ami-044e5d26edf54fb2a",
              "ami-0ce30c3177be68d5f",
              "ami-03666bc64cd3f076b",
              "ami-0e49af06b89c83113",
              "ami-0b3684e47e54e4650",
              "ami-0dffebfda40795cbe",
              "ami-03c889ade7dc7b8f0",
              "ami-0b459d142a48ea1ab",
              "ami-06a0f017fc728e785",
              "ami-04175a5fb0e95f225",
              "ami-048d27b3c5aaef1d3",
              "ami-0eee37e72dbdb1b22",
              "ami-063b980dcb08d8e09",
              "ami-01a7fe15d3fe4885f",
              "ami-06a7f990e4323f5cc",
              "ami-09ca3c85ab60fc71c",
              "ami-04a0ec64e098eb567",
              "ami-03b87957aead065ea",
              "ami-0dc68de2fa7e9b8c3",
              "ami-0c3cbcb60e1fb9037",
              "ami-071fe258b068f0669",
              "ami-0c4a713f5f603fe1d",
              "ami-071879dcfaa82ceaf",
              "ami-03f90b05be913cbdb",
              "ami-0d96d570269578cd7",
              "ami-003c401895188b246",
              "ami-0e83b9c9f477cbc34",
              "ami-087379093eeda94ae",
              "ami-01b43d86b8d626b47",
              "ami-0c79e6ba6d505cacd",
              "ami-00c75f237212125f5",
              "ami-0549fa4d1b8c389e5",
              "ami-039dcbdf93899a7ab",
              "ami-0c5b63ec54dd3fc38",
              "ami-0de0b13514617a168",
              "ami-0528d51adcaf1e087",
              "ami-04d78e68806ca4599",
              "ami-06adb7e40193b1bf3",
              "ami-0800297674ba361b6",
              "ami-09ed3fe662c592ce8",
              "ami-04b30c8f30506b433",
              "ami-0b727657945c49563",
              "ami-032564940f9afd5c0",
              "ami-0796380bc6e51157f",
              "ami-034004f11a6ca94ec",
              "ami-0e1e50d972622c30d",
              "ami-0927e2d4ee2019b17",
              "ami-0627f27e8926eb40b",
              "ami-011a85ba0ae2013bf",
              "ami-0bf2fb355727b7faf",
              "ami-0b580fabcc7e0e3af",
              "ami-0453f529bad531334",
              "ami-0b1e4e9f35ae8d9fd",
              "ami-0a5fc84f7b1bb9d18",
              "ami-00df49bfcfc4d2af3",
              "ami-07e4bd6fc613a8767",
              "ami-0cb819622dba7f5f8",
              "ami-0295471aeeea59fa7",
              "ami-09ea6563d66ac62cc",
              "ami-0f8776282f835efc5",
              "ami-031507b307be48f22",
              "ami-014810e050a2986e9",
              "ami-06d05688c3123fdbe",
              "ami-0e83400df42c7e3b0",
              "ami-0751c509c3884ab20",
              "ami-0cf6ddb8cae80f2b4",
              "ami-0557d3d9995d30c61",
              "ami-0c0a385a7931b62ef",
              "ami-0ed09707129320e93",
              "ami-0d94f68826ea2847f",
              "ami-04dbeff4a1c080b2d",
              "ami-0c4415bb829d65d47",
              "ami-0243013bb6125d872",
              "ami-09f491f8801a335f6",
              "ami-0f645fb50e0b74869",
              "ami-0f5788229b53809c9",
              "ami-084a0f59766bb77df",
              "ami-0ca768833476ebd38",
              "ami-0ee2c0acf7399a3a9",
              "ami-088c7a5abb4d82a8a",
              "ami-09aba1c7a0a12d25f",
              "ami-0ecbd746f6f223df2",
              "ami-0c928744fd8021b35",
              "ami-0e373a2446b389bf4",
              "ami-026316982cbea6b3f",
              "ami-0b95941aa287cc725",
              "ami-0f4fd163227644b72",
              "ami-0a565090c8f751743",
              "ami-048d87a5c953ad1b1",
              "ami-0ea1a8ab3926a92e4",
              "ami-09a706a24845d0723",
              "ami-019179082417a153a",
              "ami-02d257fff663eadda",
              "ami-091b9026f986065bc",
              "ami-0aa33414ba7cca728",
              "ami-073fac225bfbff8dc",
              "ami-0542c50e720e20d74",
              "ami-08b77cd874f8df8d6",
              "ami-0330a0faf28ec301e",
              "ami-0ce22649c8baf2736",
              "ami-07cd6d235dda303aa",
              "ami-08ff246905d61f152",
              "ami-083beca63b6044c57",
              "ami-046d0589c885f3ec8",
              "ami-0e1381a85f294679b",
              "ami-08567960b37e03209",
              "ami-0ea44dd06b096fe4e",
              "ami-09661863800858351",
              "ami-0cc8a41f778c35f75",
              "ami-062558bfb6957ece7",
              "ami-0633bfd80723eb16f",
              "ami-0e5656f0b21a96819",
              "ami-01b2af50f47712dbf",
              "ami-0903076e2192661bc",
              "ami-02d41727be96eaa98",
              "ami-09c346cdd3a1133e1",
              "ami-0ea83da52c9aac7ea",
              "ami-0efa668594ecf324e",
              "ami-026e3f65823c50068",
              "ami-0217d483951e4cec3",
              "ami-090bf1033991cc0de",
              "ami-035be7bafff33b6b6",
              "ami-074e79ff43d863acb",
              "ami-0550db5e10101490d",
              "ami-014490597273a0341",
              "ami-04358410d28eaab63",
              "ami-0c24db5df6badc35a",
              "ami-00a0ec1744b47e7e3",
              "ami-0305e6e556ba3247a",
              "ami-0871ae9e379c8be5b",
              "ami-050fdacbc39dffd05",
              "ami-06bec82fb46167b4f",
              "ami-06ccbf38203563067",
              "ami-01e3b8c3a51e88954",
              "ami-0f308e6a47992946e",
              "ami-09d092c1b054832df",
              "ami-0919d912e0e33d247",
              "ami-0cd2dd3198972a68c",
              "ami-095016c5ff0ab7ae6",
              "ami-098c8e582ca818cff",
              "ami-0c7ccaf5a9bdb7cfe",
              "ami-0dfb113ba32d3a0bb",
              "ami-0188dba142ccbb39a",
              "ami-020ceb446d001d0cf",
              "ami-0535f41948e183a50",
              "ami-05b1bf1ea0ce91f93",
              "ami-0bd7078773382dca8",
              "ami-06186aef97b2d2be6",
              "ami-0b054d5dcc6a929f9",
              "ami-05a96cb800b5e510f",
              "ami-08cd08fcdf478dd19",
              "ami-0e6831d662be271f9",
              "ami-0b46ad34061d76c46",
              "ami-0aec2450bfc8270ee",
              "ami-0c25c43252244a484",
              "ami-04b25ab87fc72c455",
              "ami-0b4a7221721882f69",
              "ami-0bcfc9e7c5f2f7fe4",
              "ami-00d5b274250c7dfb6",
              "ami-05957f1e8baad22de",
              "ami-09911178ee9fe7c44",
              "ami-01f01259619eac229",
              "ami-0ec04464220086161",
              "ami-0c36656e0bcffa486",
              "ami-04b3dcb64173810bb",
              "ami-055585fb55d05c134",
              "ami-00e95a9222311e8ed",
              "ami-01122d42970cb1d74",
              "ami-0c887dc24ef21caef",
              "ami-0900bdc9e743c27de",
              "ami-04c75c97122c0589a",
              "ami-056a9578240a0ed85",
              "ami-020180c69a1c35a8e",
              "ami-07e7211f28bc1130c",
              "ami-0ac82a55299eeb3f8",
              "ami-0a6fc313f5e20f902",
              "ami-0c5a94fcd0b8a17bf",
              "ami-08882c768debcf68a",
              "ami-0956066f38cb2d92c",
              "ami-0cef07b106129a311",
              "ami-084a682017040e931",
              "ami-0005c1ba532bc31e3",
              "ami-0fa907e11fe25489b",
              "ami-0ae1a30fb83074e39",
              "ami-0bd4c35d4ff86bf9a",
              "ami-0e70ca35833c965e9",
              "ami-0db402e45ef906a26",
              "ami-0a84fcdf67c188408",
              "ami-0179c6b52f3aa0ea2",
              "ami-04d2ebe06240a5a25",
              "ami-02f14f1e619244d79",
              "ami-0dd08c31071ba0915",
              "ami-072a695c4f7039b2a",
              "ami-04b54891fc395dfc6",
              "ami-0601b94d82dd34c33",
              "ami-0e6fe8064c979eea6",
              "ami-04d2ee0fe78b0fe56",
              "ami-0b48a00c415cd44b5",
              "ami-09d4b0433c3d08284",
              "ami-0ed9fbb6accaa70ba",
              "ami-025f4816964498a18",
              "ami-09ae02fc417765f4c",
              "ami-057dc350619a0bf58",
              "ami-0b68f331ef81ba777",
              "ami-045c1cd72792236cc",
              "ami-041aa2c90b2b3cfdc",
              "ami-0e9cb8fe0ed66344a",
              "ami-019ad80d651f0f1ea",
              "ami-0ca736932c8931783",
              "ami-0e24aee0334f94155",
              "ami-0beb4c77738e339cc",
              "ami-01852192cec7c4770",
              "ami-0f9e8c4a1305ecd22",
              "ami-0a4b759b63b333b0e",
              "ami-082a51998a2828b4a",
              "ami-012b19f1736b6aae8",
              "ami-0a478f0b7688b3f77",
              "ami-0e9adaba65fec394a",
              "ami-05a6fc42b2d69d3f3",
              "ami-0dfb76ccc8db336d4",
              "ami-0782242e79c83b213",
              "ami-023eb48c326923c46",
              "ami-01da3f1cd74812492",
              "ami-0096050c653edc9ba",
              "ami-027792c3cc6de7b5b",
              "ami-0b4eb1d8782fc3aea",
              "ami-0adb1f68b9940905a",
              "ami-06222a0796918817a",
              "ami-0ac39ffee0ccd5455",
              "ami-003ba7ba6bcc9f14d",
              "ami-04d361da2f45cc57e",
              "ami-01f709776cea92c89",
              "ami-0db6d495a5be4e8e0",
              "ami-0ec2a3d5613c236ae",
              "ami-01f6d3ba372a49c97",
              "ami-0dc4fc1e0b9bb7ed3",
              "ami-0c48bd194db5df0b0",
              "ami-0f78717cb15ab06bd",
              "ami-0f9911c5a9a3416aa",
              "ami-0a2a27fa9e44d813b",
              "ami-025b539fa1b4a64a6",
              "ami-0d398fc7d3a437f2a",
              "ami-0080e4c5bc078760e",
              "ami-053ecc0ca2efb4be1",
              "ami-02c6024b3d5467e4a",
              "ami-0eeed11370add96b1",
              "ami-0696427f28500d0ee",
              "ami-0d547c662ae592966",
              "ami-0bdcaaf5b35d5dcf0",
              "ami-06a991221bcbeb3c9",
              "ami-02691a4da8615f148",
              "ami-0f8c82faeb08f15da",
              "ami-00ffbd996ef2211e3",
              "ami-00fc7481b84be120b",
              "ami-092a151140d4e23d0",
              "ami-0d5b184ce246904dc",
              "ami-0ea41565c83bafbc4",
              "ami-0720eb742adb70b8b",
              "ami-072168a811de59402",
              "ami-01620a8c455b05ef8",
              "ami-04302bfce851831bb",
              "ami-0ba6ac5c89daac570",
              "ami-05cb8a67bb83229fa",
              "ami-09a765d7f1e35ed80",
              "ami-00ca07274420706f4",
              "ami-03acfbe63d572effe",
              "ami-058258c7a9179421f",
              "ami-07ea134ab0c6d299b",
              "ami-0e851dee3d33f685e",
              "ami-00a9d4a05375b2763",
              "ami-0585b833b27b71540",
              "ami-0250c6fd3e1aa7e85",
              "ami-0ed01d55057a93ab1",
              "ami-01d7bd713339f5d86",
              "ami-09f7aa555cb8a0114",
              "ami-0508e80afb7bc6711",
              "ami-09479453c5cde9639",
              "ami-01f9cf39c2e3ba774",
              "ami-0d19227302e8e4bb5",
              "ami-0d2b1c67235b6ca08",
              "ami-0d1b431e2be20b997",
              "ami-0bd56a9c61b95c760",
              "ami-04bac0759711624d7",
              "ami-09f163a36f77e19ef",
              "ami-0a880776c6af102a7",
              "ami-07b3e98ccf33657c4",
              "ami-069f4436ad85590f0",
              "ami-0d33428f65e372a6f",
              "ami-05208462700548a97",
              "ami-0f66dc1dddf4fb164",
              "ami-0dc3ee304278015f5",
              "ami-027c84bad1272c79c",
              "ami-0adfeaeafdf72a0a3",
              "ami-0824cdb8607c7efc6",
              "ami-02157978fdc014038",
              "ami-0111d10a63b1d706c",
              "ami-0fded22cfabccc092",
              "ami-04ea9176d35a0f750",
              "ami-0999e24469e9f1772",
              "ami-0aaabd7179ae0efd1",
              "ami-0a9c1f05aba5f1d78",
              "ami-0b43a86ca5818973e",
              "ami-06453272d427bd438",
              "ami-094853ef2ad78d2b2",
              "ami-07b49bf6de9082b4c",
              "ami-00d2a06d6dd390d70",
              "ami-0cdf00dcd2b77d124",
              "ami-009d6802948d06e52",
              "ami-0b8d0d6ac70e5750c",
              "ami-0010aba6944e97f9b",
              "ami-0484cefb8f48dafe8",
              "ami-0a6b7e0cc0b1f464f",
              "ami-045f1b3f87ed83659",
              "ami-0877672d78f1a99c6",
              "ami-00f08d1bc5e95ced3",
              "ami-031f00787b494f049",
              "ami-024a8ab8d13401d70",
              "ami-002f3e88c08d81ef6",
              "ami-038a24558e3a38586",
              "ami-051f53edf6c315d03",
              "ami-0ac41a7c2be2567e9",
              "ami-0ebe1a3d17882b588",
              "ami-0293be2c5f946916d",
              "ami-0447ea4437c05a436",
              "ami-0bcba7a1ec173801a",
              "ami-0b71c336a7091cfac",
              "ami-0dbf7f754ac7b812a",
              "ami-0b6be7d384b820458",
              "ami-0235c43f598eba373",
              "ami-03907f16c267348a9",
              "ami-0d9cb7ba04c4bbede",
              "ami-071dd743cb11df395",
              "ami-0ac1cd261b0bc4d3d",
              "ami-05e07d30f513f27a2",
              "ami-0b64b4f7022c87277",
              "ami-0eabc4464d7df5719",
              "ami-017b013ef58a362fb",
              "ami-0184675ff8c65c0bc",
              "ami-066db1295a21665ff",
              "ami-0a2c25a8172eec71c",
              "ami-0bbb9dca0032a126e",
              "ami-0fdb3737ee9d7f633",
              "ami-08641d8c287efe912",
              "ami-0957999ab59ab7cd6",
              "ami-07bbbc7a1246f4882",
              "ami-04c927cb6c7ac0932",
              "ami-032e0a48676164500",
              "ami-03e305e8b791e44b3",
              "ami-03c278388740274fc",
              "ami-08205c44812f15491",
              "ami-0fd619614eb7100d9",
              "ami-0fe2108e7298eeaf6",
              "ami-061c6e06a2815f2c8",
              "ami-07782e684fd8b9be2",
              "ami-06aca3d5396a7d4ad",
              "ami-0abcd3b26684b4c92",
              "ami-0c7143db5bdab247a",
              "ami-0b37ed31f20c95e3d",
              "ami-05d4c9092e05f469a",
              "ami-0d3348bce8bdde5a6",
              "ami-047daf3f2b162fc35",
              "ami-022315c01e6080e9d",
              "ami-0572339ae7c082185",
              "ami-067dbf37f93bdfe71",
              "ami-0ba1ad2e9131a430a",
              "ami-0e204fe2e3299c7d1",
              "ami-0bf399cdf35e4237a",
              "ami-09dd7c6be3d7c2a95",
              "ami-076a69c676faa86f3",
              "ami-09296301949bafa29",
              "ami-0d9e4916c30de5277",
              "ami-07fea26df21828bd2",
              "ami-09fd71bded3f00f5e",
              "ami-027b89864de1995bd",
              "ami-0c823128fdb097562",
              "ami-07aa4de8f700a770f",
              "ami-04b7c35c6698d6ccc",
              "ami-0138a863b82c61f65",
              "ami-0c2ad399d9c2d9db6",
              "ami-0f375e232f1029800",
              "ami-03be9b0021a65ad16",
              "ami-0c22ef071706d1aa9",
              "ami-0018056923823b87d",
              "ami-0ec74d6b6b29b5fa6",
              "ami-0ad5743816d822b81",
              "ami-0951af97cf4d55b69",
              "ami-046c19a3f3bbdcb5d",
              "ami-060392551cf46bf90",
              "ami-053419ed0f3fbd2b9",
              "ami-045f7be1680c9abba",
              "ami-0f5877b212b9257ba",
              "ami-02945975a7f8e4b83",
              "ami-00201cb7464443517",
              "ami-05aa25a9ea0734137",
              "ami-0a35964596574f4c8",
              "ami-0adead9a2243d84d3",
              "ami-0e5ec7c9dd6f717a3",
              "ami-074f561db88512bd1",
              "ami-0f86ba5b07ecca0b8",
              "ami-08756b7f1c9638587",
              "ami-0a1b0d32953d01da1",
              "ami-0baaa6e9f07aee6c3",
              "ami-013be31976ca2c322",
              "ami-020635c16bf5a82ad",
              "ami-0524a378ae0dfba5c",
              "ami-03ba4bfcdd4461ad2",
              "ami-012e2230d93afd210",
              "ami-01b701d1a348a0d00",
              "ami-0a0b913ef3249b655",
              "ami-0538d69ff91b76c98",
              "ami-0657ef58f812642c9",
              "ami-0b9a52174a7585995",
              "ami-03055ec82e10bc0ba",
              "ami-0e3aaef5d05ec1199",
              "ami-0ef2e08bccfedc10c",
              "ami-0a60924a101186864",
              "ami-0dbb518d3e400dd70",
              "ami-011ff830fdc4184aa",
              "ami-0406e41f93b9edcee",
              "ami-09b4921f0cb150a72",
              "ami-0b06eb65070df2a4b",
              "ami-0fb2dca992af734f2",
              "ami-044fd430f1fd3b163",
              "ami-0fd8b1245d1435bf3",
              "ami-07df96c1d8e62161d",
              "ami-0b9750a5856891754",
              "ami-0a6be20ed8ce1f055",
              "ami-094a8df7b15678100",
              "ami-0af8dc9d28a9aed78",
              "ami-0e0e0d5bbfb3508be",
              "ami-07a8025bf6c79b171",
              "ami-07eb698ce660402d2",
              "ami-0947e70b4757ca156",
              "ami-0822b8643faaec88a",
              "ami-0922553b7b0369273",
              "ami-0d4a357eea339d12d",
              "ami-0f4f9c270a69954b2",
              "ami-0376a5267e22cb8de",
              "ami-0136556060ebd873c",
              "ami-0e98cc49c548d97c4",
              "ami-0ea3d3b4703c3715e",
              "ami-03dbe154e98523e6d",
              "ami-028163689b209d39a",
              "ami-0e6d2e8684d4ccb3e",
              "ami-0aa9b70a12f8a24aa",
              "ami-09d6c00f1321aba54",
              "ami-0dd80e7d647f3c809",
              "ami-00958447b16ad1cf9",
              "ami-0d0286682a10a4f0a",
              "ami-0199bb092c525b783",
              "ami-0c9cbf93aaa4481eb",
              "ami-022d1ce4a28dd510a",
              "ami-054c75c8856d7e59d",
              "ami-061f4960cccce8088",
              "ami-05a6781fe1e534b06",
              "ami-01bf06955af6a54fd",
              "ami-0347423924d0ba2c5",
              "ami-0cade34ebdd01b19c",
              "ami-0b824702006417aaa",
              "ami-03a33752e538fe184",
              "ami-01a55aac338d94e86",
              "ami-0df95b280c28bc251",
              "ami-0178a3dd66e6ec234",
              "ami-0646e365b9fa5e04f",
              "ami-094501ef743526f6d",
              "ami-07c82425de5268c97",
              "ami-0f854910a1d8c9cf4",
              "ami-07928b1ed0e1ec954",
              "ami-0cd49453914f78a34",
              "ami-09fd99d9e97c18fa1",
              "ami-0ac1f3dd48cf88445",
              "ami-0ee60e67918b963a0",
              "ami-09f0be2e7a739216e",
              "ami-06ddeee5b31a0308f",
              "ami-01663b6796bf3503b",
              "ami-0f50b5cee6e530524",
              "ami-0bdf5693acd64ac39",
              "ami-087b925b85b96dd0b",
              "ami-015de42a5d13d5a95",
              "ami-0322ea08ad3fe7e17",
              "ami-04b8d2919599ba1c2",
              "ami-02a90fbefaee6b508",
              "ami-099c3f2c37736f698",
              "ami-0228dfc03193e0632",
              "ami-09a58c83094280982",
              "ami-09f66bc456eeeff6b",
              "ami-061ff1b8cc67bcd14",
              "ami-0644a3891aab70c49",
              "ami-0aaac75139dac3549",
              "ami-07ecc9bd36de77fe0",
              "ami-0cb3b6ceaf926000a",
              "ami-0d08839fb598a678d",
              "ami-0e330c03d6a0f7416",
              "ami-00d8c26f0d715712d",
              "ami-0c3c1af7b170d4fdd",
              "ami-08bbdc78484979385",
              "ami-0648aed4c757c6f83",
              "ami-079f90027a717decb",
              "ami-0ab65ab1bb5aace77",
              "ami-07599c5a7902edf54",
              "ami-0080df5248a027f8b",
              "ami-0711d16ae98c1422d",
              "ami-07fc810054af11209",
              "ami-08774ed3dc0c11c72",
              "ami-0f6d3377ec17e2dec",
              "ami-0b9a214f40c38d5eb",
              "ami-0871146076491b0db",
              "ami-07c3d0782019bdd61",
              "ami-06e8a403ff85bc4f6",
              "ami-0440e4f6b9713faf6",
              "ami-0ba2328ac2fd119a9",
              "ami-0879a9f9ddf32d97e",
              "ami-0e3eac5e7ecd4c917",
              "ami-0466e26ccc0e752c1",
              "ami-0f477bbc73442b1ba",
              "ami-0ebf60d991db0c2c8",
              "ami-08725d79ad15548c4",
              "ami-01b2a3ada92efc3cc",
              "ami-02ca3da51fcd4fe08",
              "ami-0b00317b6cebc6026",
              "ami-0c1e6836668353ff9",
              "ami-0254e5972ebcd132c",
              "ami-0815052d27fed3c8d",
              "ami-01b060445d8ba92ab",
              "ami-0a1b42430e00103d3",
              "ami-0b0e0e0b0bf53e8ed",
              "ami-0548f3b504c92b6b6",
              "ami-06c93be112f880acd",
              "ami-091bbc83b27f92634",
              "ami-0dfb1662fcc845c55",
              "ami-07f61c3e18538c70c",
              "ami-0920fa86d5a85a07a",
              "ami-07fddfb226ef19eba",
              "ami-008e6aeaf7c62303c",
              "ami-08754ab1cfa16262f",
              "ami-00580d4b60737260b",
              "ami-082bccab7bdc92ac6",
              "ami-04afc7230080fc13e",
              "ami-0f8da8d9ccb71f2f6",
              "ami-0c49f98b99864ce3d",
              "ami-0bc019c1f4c542bc1",
              "ami-0a6c5640206c3995d",
              "ami-0a3d21473ef37f5dd",
              "ami-09994a343440ce0cd",
              "ami-06aa50d8f3062885a",
              "ami-019d763d02ed9041e",
              "ami-0b2ae3c6bda8b5c06",
              "ami-0c9d808268b9e7a7e",
              "ami-00ae69e6778b687bf",
              "ami-0121da4ba8ac3392d",
              "ami-0e6c19a07b40eedbc",
              "ami-0e8db3d1e6ab9ff7e",
              "ami-0fb2a75a1f42f66e9",
              "ami-0f803ffc97af88319",
              "ami-00576d537c9fa337f",
              "ami-038f752e01b8fbf5f",
              "ami-0832902489da96471",
              "ami-08e9387763a8b1181",
              "ami-0e85d0e8b960c2a8c",
              "ami-043686cb47d1e9271",
              "ami-0d09c12db649f8716",
              "ami-0cbec5b13bb472a1a",
              "ami-06b7d0d256ca08d22",
              "ami-01a08c6ee16883980",
              "ami-06e79974637eba0af",
              "ami-0ae96aa56c4239e00",
              "ami-01a20e40e3bb839d8",
              "ami-085bf0bfc3f9daafd",
              "ami-066108aae77068869",
              "ami-01096d47d68256b54",
              "ami-00c929ec11f3d315b",
              "ami-04b3d6a6fb83f9c6e",
              "ami-02c836255530b07fa",
              "ami-0e4bcd382fa125031",
              "ami-0ec30fff7ff4f396e",
              "ami-0a42690ca13ea220d",
              "ami-09296237cb0c2dd83",
              "ami-0126d9013d9b4951b",
              "ami-0f5c6243ef3d9279f",
              "ami-0f53c963e9c36c555",
              "ami-0bafb6939daa04f47",
              "ami-0bb8e3226607b8732",
              "ami-0fa7226b7687bf24e",
              "ami-061091dbb2b1e27d2",
              "ami-09bf18f0d16a91566",
              "ami-0f20e9d327c5cb45a",
              "ami-0badcc32d038e76b6",
              "ami-06d2fe9ac46ae2eca",
              "ami-0f6b77eccb5d69368",
              "ami-02b52b2629b1aa48e",
              "ami-00bc61ffa36eeb774",
              "ami-0f99107f6cf10d86f",
              "ami-0b2dc6be20dc2840c",
              "ami-05b860f4a6b0211ae",
              "ami-019fde8ea5d28e9de",
              "ami-0374c1255361f6fe3",
              "ami-0830eaea5bccffcb8",
              "ami-08b89b71d66d0c5b4",
              "ami-032ae8a91d0e70905",
              "ami-01b915c2d1c5673d4",
              "ami-0751b0d36addf5e29",
              "ami-012f813349ba7771d",
              "ami-0593555f507485cc4",
              "ami-0cf9b8668c73140bc",
              "ami-085be108715abc9d1",
              "ami-062fb79cecb1436cc",
              "ami-039d8e69552fdf284",
              "ami-0a716f006d0e61fda",
              "ami-0ecc4ff50abebe3b2",
              "ami-091ec6d0be8af533f",
              "ami-07e1801a505c0acf0",
              "ami-04fd5d8a1d8ef3edc",
              "ami-02c3fdb7901ac341e",
              "ami-0b3acc7e53cfbc167",
              "ami-0d28bb449cbcd2fa2",
              "ami-0313c507ad7d7315d",
              "ami-06d137bb114f9a863",
              "ami-022c10692d7baf024",
              "ami-048486555686d18a0",
              "ami-00129b193dc81bc31",
              "ami-01dd400f7ec6878a2",
              "ami-04968491ae4e56fee",
              "ami-079861debaf8a1a97",
              "ami-0cf979277fbc17793",
              "ami-0a6f88e2b2f257591",
              "ami-018b69903df0473a1",
              "ami-0b704fca4cc82999e",
              "ami-0009c3f63fca71e34",
              "ami-0747e38435660668d",
              "ami-0159e1eda10345afe",
              "ami-0ed339d8998a60769",
              "ami-04b157a56e7e61e7a",
              "ami-0a4dda386472ffc83",
              "ami-07b0dd5fcc6bf95e7",
              "ami-0841def5b019c7bc4",
              "ami-0e33d65569cbfd9d3",
              "ami-0b03550e60a23172d",
              "ami-0f686c64c5fb9828c",
              "ami-04681a1dbd79675a5",
              "ami-00b94673edfccb7ca",
              "ami-0422d936d535c63b1",
              "ami-0130c3a072f3832ff",
              "ami-0c7d8678e345b414c",
              "ami-0ff8a91507f77f867",
              "ami-0df51bbdb09841968",
              "ami-0b709e0777e3fdf25",
              "ami-00f0abdef923519b0",
              "ami-0023040df18933030",
              "ami-0c356294eb7b51ee1",
              "ami-0c0860e99bb54b499",
              "ami-0f89ae81e11584305",
              "ami-0ff848ceff5b7474d",
              "ami-027fce40a8d37b16b",
              "ami-0748131363234b555",
              "ami-08a1ff7d53e80b772",
              "ami-0fef2bff3c2e2da93",
              "ami-0fbb2c4c2b6c88635",
              "ami-08ca0ea6a4ffd29dc",
              "ami-112e366e",
              "ami-596d7a26",
              "ami-a4252ddb",
              "ami-644a431b",
              "ami-884e41f7",
              "ami-5db3be22",
              "ami-1db2bf62",
              "ami-58b1bc27",
              "ami-96bfb2e9",
              "ami-e5a4a99a",
              "ami-440b083b",
              "ami-78000307",
              "ami-7101020e",
              "ami-437d7e3c",
              "ami-7d787b02",
              "ami-fbc1c684",
              "ami-d1c9cdae",
              "ami-cc0c08b3",
              "ami-a4c5c0db",
              "ami-a8c5c0d7",
              "ami-00976a3c38aaac1a2",
              "ami-0051f4828527649d0",
              "ami-0ba2fcbf9fa378762",
              "ami-0fd6854902340b407",
              "ami-05790a6a634720a0d",
              "ami-0cf7334021cf520cd",
              "ami-04aff6080778a2a2d",
              "ami-081cd886fcb7767df",
              "ami-0c3d250fc78e07254",
              "ami-0275bc895f149578c",
              "ami-6356761c",
              "ami-ca4464b5",
              "ami-05a9f37a",
              "ami-32bee74d",
              "ami-d20657ad",
              "ami-b70554c8",
              "ami-980554e7",
              "ami-7105540e",
              "ami-1019486f",
              "ami-cfe4b2b0",
              "ami-f316478c",
              "ami-e7174698",
              "ami-b41445cb",
              "ami-2411405b",
              "ami-7d114002",
              "ami-a9e9bfd6",
              "ami-92e9bfed",
              "ami-083465d0369f47a16",
              "ami-01ab0aa6fae82072c",
              "ami-077f25211c0568fdd",
              "ami-0631820bf25ed2dce",
              "ami-0ea6c35e1ba961dda",
              "ami-402e793f",
              "ami-493c6b36",
              "ami-822671fd",
              "ami-e3396e9c",
              "ami-1f316660",
              "ami-85386ffa",
              "ami-922f78ed",
              "ami-043b6c7b",
              "ami-dc2572a3",
              "ami-053b6c7a",
              "ami-153a6d6a",
              "ami-a52077da",
              "ami-832473fc",
              "ami-ad3d6ad2",
              "ami-892671f6",
              "ami-d43a6dab",
              "ami-c3386fbc",
              "ami-1e3a6d61",
              "ami-2f366150",
              "ami-6ed28611",
              "ami-51d2862e",
              "ami-ddb9eca2",
              "ami-c7beebb8",
              "ami-58b6e327",
              "ami-e6a7f299",
              "ami-cfb2e7b0",
              "ami-d781d4a8",
              "ami-b15603ce",
              "ami-74580d0b",
              "ami-75580d0a",
              "ami-704f1a0f",
              "ami-8d4f1af2",
              "ami-1a4c1965",
              "ami-194c1966",
              "ami-184c1967",
              "ami-465c0939",
              "ami-9fdf94e0",
              "ami-ddbdf6a2",
              "ami-18125a67",
              "ami-44155d3b",
              "ami-c4e4adbb",
              "ami-c58bc5ba",
              "ami-5488c62b",
              "ami-29783656",
              "ami-2d8ec052",
              "ami-dfca85a0",
              "ami-3b7d3244",
              "ami-caf2beb5",
              "ami-090b5303b54f5b35a",
              "ami-01a681672ca8e9de1",
              "ami-003db261b3fbed1e3",
              "ami-063f3448775e0f9eb",
              "ami-0f4de43b53d2f8210",
              "ami-0855dffb57fe73119",
              "ami-0ec0b5f31f5fb358c",
              "ami-0e3653a4aa00fe60f",
              "ami-6d720012",
              "ami-9d0d7fe2",
              "ami-dea4d5a1",
              "ami-6bc6ac14",
              "ami-e1cea49e",
              "ami-790b6306",
              "ami-ccfc9bb3",
              "ami-7bfc9b04",
              "ami-69f89f16",
              "ami-a0f793df",
              "ami-cceb8fb3",
              "ami-c7ea8eb8",
              "ami-93f490ec",
              "ami-0d71c6dd9557531ff",
              "ami-8130adfe",
              "ami-2c33ae53",
              "ami-7233ae0d",
              "ami-db3aa7a4",
              "ami-7237aa0d",
              "ami-4734a738",
              "ami-032cf8735721ff546",
              "ami-5253c32d",
              "ami-091e8876",
              "ami-bf1385c0",
              "ami-e216809d",
              "ami-5268fe2d",
              "ami-1415836b",
              "ami-5f35a120",
              "ami-5737a328",
              "ami-c21286bd",
              "ami-6b118514",
              "ami-f414808b",
              "ami-e5e7729a",
              "ami-dee772a1",
              "ami-15ab236a",
              "ami-3dab2342",
              "ami-3bab2344",
              "ami-35ab234a",
              "ami-36ab2349",
              "ami-30ab234f",
              "ami-c5aa22ba",
              "ami-aeaa22d1",
              "ami-80820aff",
              "ami-82820afd",
              "ami-9d820ae2",
              "ami-9e820ae1",
              "ami-66820a19",
              "ami-5b820a24",
              "ami-4ce06833",
              "ami-06966b3cef4aa5057",
              "ami-8024aaff",
              "ami-5f2fa120",
              "ami-ecac2293",
              "ami-e0f47a9f",
              "ami-bdf27cc2",
              "ami-80f57bff",
              "ami-87f57bf8",
              "ami-a3f678dc",
              "ami-223bb45d",
              "ami-5923ac26",
              "ami-457af53a",
              "ami-8378f7fc",
              "ami-9876f9e7",
              "ami-c976f9b6",
              "ami-afd15ed0",
              "ami-95ee61ea",
              "ami-f7d05f88",
              "ami-a93ab6d6",
              "ami-e91f9396",
              "ami-881e92f7",
              "ami-14119d6b",
              "ami-50830f2f",
              "ami-dee06ca1",
              "ami-54ca472b",
              "ami-abc845d4",
              "ami-36c44949",
              "ami-40ce433f",
              "ami-14c5486b",
              "ami-0fc44970",
              "ami-c63ebcb9",
              "ami-62cc411d",
              "ami-cf3dbfb0",
              "ami-12ce436d",
              "ami-46c77939",
              "ami-7cf14703",
              "ami-82f244fd",
              "ami-9109beee",
              "ami-dff741a0",
              "ami-3161cc4e",
              "ami-bbad00c4",
              "ami-45d5783a",
              "ami-3cd57843",
              "ami-6ed97411",
              "ami-71d9740e",
              "ami-030bb663400ef78b6",
              "ami-46359339",
              "ami-f021878f",
              "ami-a92680d6",
              "ami-2022845f",
              "ami-c95ef8b6",
              "ami-f078a38f",
              "ami-467ca739",
              "ami-d87ba0a7",
              "ami-6178a31e",
              "ami-cb7ba0b4",
              "ami-5679a229",
              "ami-827ba0fd",
              "ami-b3469dcc",
              "ami-b7419ac8",
              "ami-e9409b96",
              "ami-9738e3e8",
              "ami-139a476c",
              "ami-2fb71c52",
              "ami-66ac001b",
              "ami-aff65ad2",
              "ami-b52685c8",
              "ami-fe6ccf83",
              "ami-2a75d657",
              "ami-1576d568",
              "ami-d46ccfa9",
              "ami-076ac97a",
              "ami-d48e2da9",
              "ami-33ad0e4e",
              "ami-6faa0912",
              "ami-aba506d6",
              "ami-a3a300de",
              "ami-16a6056b",
              "ami-dadf7ca7",
              "ami-80da79fd",
              "ami-aca003d1",
              "ami-b4a003c9",
              "ami-55d97a28",
              "ami-afdc7fd2",
              "ami-3ba00346",
              "ami-70ee4f0d",
              "ami-a89532d5",
              "ami-2271d55f",
              "ami-b071d5cd",
              "ami-bd71d5c0",
              "ami-526bcf2f",
              "ami-c36acebe",
              "ami-5769cd2a",
              "ami-fabd1987",
              "ami-ebb71396",
              "ami-37bf1b4a",
              "ami-e4b71399",
              "ami-6eb01413",
              "ami-8fab0ff2",
              "ami-a70eabda",
              "ami-1b0bae66",
              "ami-620eab1f",
              "ami-8efa20f3",
              "ami-04ad7779",
              "ami-f973ab84",
              "ami-b270a8cf",
              "ami-3b74ac46",
              "ami-c014cbbd",
              "ami-6637e51b",
              "ami-bc09d9c1",
              "ami-991dcde4",
              "ami-afbb6ad2",
              "ami-45a27338",
              "ami-3138ef4c",
              "ami-f4fa2d89",
              "ami-3de63140",
              "ami-989a4de5",
              "ami-49f83234",
              "ami-c6ae64bb",
              "ami-2d935950",
              "ami-ee905a93",
              "ami-c139f6bc",
              "ami-703cf30d",
              "ami-553df228",
              "ami-fc23ec81",
              "ami-f626e98b",
              "ami-cb17d8b6",
              "ami-dd0ec1a0",
              "ami-28cb0755",
              "ami-1d13de60",
              "ami-2302cf5e",
              "ami-8b09c4f6",
              "ami-9406cbe9",
              "ami-8509c4f8",
              "ami-a56facd8",
              "ami-68a75915",
              "ami-07f163783dd09f8ad",
              "ami-c4a658b9",
              "ami-09265d59d258de122",
              "ami-0c637f8c22bb6bf8b",
              "ami-3aac5247",
              "ami-1ebd4363",
              "ami-0eafc19fa14624b15",
              "ami-05a7da722b24a1447",
              "ami-2bbe4056",
              "ami-0ab64877",
              "ami-0f3cb893da51f1127",
              "ami-ebbf4196",
              "ami-0a7e932c7de13d4fd",
              "ami-0228a541e802a4ae1",
              "ami-994db2e4",
              "ami-3c51ae41",
              "ami-07fc3cb791f32513e",
              "ami-1853ac65",
              "ami-0567a5d3768612fec",
              "ami-cad827b7",
              "ami-d89865a5",
              "ami-14cc2569",
              "ami-19be5364",
              "ami-a55ebdd8",
              "ami-f26b888f",
              "ami-0c12f171",
              "ami-d213f0af",
              "ami-7c15f601",
              "ami-d313f0ae",
              "ami-850fecf8",
              "ami-5211f22f",
              "ami-2e15f653",
              "ami-6a16f517",
              "ami-0213f07f",
              "ami-8305e6fe",
              "ami-bc09eac1",
              "ami-d20cefaf",
              "ami-550ae928",
              "ami-9706e5ea",
              "ami-1f3cdf62",
              "ami-173bd86a",
              "ami-4930d334",
              "ami-7336d50e",
              "ami-7d37d400",
              "ami-e6c4249b",
              "ami-a7a242da",
              "ami-dece2fa3",
              "ami-b7df39ca",
              "ami-d8c127a5",
              "ami-7b6e8906",
              "ami-3165824c",
              "ami-b28f69cf",
              "ami-bb8f69c6",
              "ami-ba8f69c7",
              "ami-bd8f69c0",
              "ami-be8f69c3",
              "ami-333eda4e",
              "ami-75d23608",
              "ami-58d03425",
              "ami-5cffe526",
              "ami-9ef8e2e4",
              "ami-b0fbe1ca",
              "ami-93fce6e9",
              "ami-fa120880",
              "ami-8a1d07f0",
              "ami-a41f05de",
              "ami-3ebda444",
              "ami-6cf7e916",
              "ami-12f9e768",
              "ami-d7c5dbad",
              "ami-23c5db59",
              "ami-e2c2dc98",
              "ami-0744587d",
              "ami-e84a5692",
              "ami-6f534f15",
              "ami-674e521d",
              "ami-19524e63",
              "ami-e07e779a",
              "ami-fd797087",
              "ami-5e414e24",
              "ami-18484862",
              "ami-e34c4c99",
              "ami-e09aa09a",
              "ami-6c9ea416",
              "ami-d0bd85aa",
              "ami-5c9aa926",
              "ami-0a9fac70",
              "ami-04f4c47e",
              "ami-96f9c9ec",
              "ami-33013649",
              "ami-930235e9",
              "ami-ca0136b0",
              "ami-4f1d2a35",
              "ami-26ecc45c",
              "ami-48351d32",
              "ami-8c361ef6",
              "ami-d60921ac",
              "ami-4b351d31",
              "ami-0530187f",
              "ami-984d63e2",
              "ami-88fed1f2",
              "ami-01103c7b",
              "ami-75eec20f",
              "ami-93eec2e9",
              "ami-67113d1d",
              "ami-8c371bf6",
              "ami-c30c20b9",
              "ami-bf0e22c5",
              "ami-7c486406",
              "ami-c082afba",
              "ami-469db03c",
              "ami-0c81ac76",
              "ami-4183ae3b",
              "ami-5980ad23",
              "ami-5880ad22",
              "ami-48d1fc32",
              "ami-ded0fda4",
              "ami-34d3fe4e",
              "ami-303f124a",
              "ami-28456852",
              "ami-428aa838",
              "ami-e18aa89b",
              "ami-6e83a114",
              "ami-ff81a385",
              "ami-f6795a8c",
              "ami-97785bed",
              "ami-ca7a59b0",
              "ami-a4795ade",
              "ami-c87053b2",
              "ami-8d7655f7",
              "ami-7572510f",
              "ami-c46c4fbe",
              "ami-6173501b",
              "ami-d67152ac",
              "ami-86795cfc",
              "ami-7e785d04",
              "ami-3e456044",
              "ami-3a456040",
              "ami-567e5b2c",
              "ami-4a471c30",
              "ami-09401b73",
              "ami-c5401bbf",
              "ami-7d4d1607",
              "ami-a84c17d2",
              "ami-68431812",
              "ami-ac4f14d6",
              "ami-214d165b",
              "ami-ce4219b4",
              "ami-9e4f14e4",
              "ami-4442193e",
              "ami-324f1448",
              "ami-cd4219b7",
              "ami-52431828",
              "ami-184a1162",
              "ami-e24f1498",
              "ami-834813f9",
              "ami-5d4a1127",
              "ami-b0550eca",
              "ami-8f4912f5",
              "ami-454f143f",
              "ami-8d4912f7",
              "ami-8c4912f6",
              "ami-ab550ed1",
              "ami-ec346f96",
              "ami-7602590c",
              "ami-74da830e",
              "ami-4dd18837",
              "ami-21db825b",
              "ami-c9dd84b3",
              "ami-0bda8371",
              "ami-52da8328",
              "ami-ccdd84b6",
              "ami-6292cb18",
              "ami-2095cc5a",
              "ami-0c94cd76",
              "ami-8d97cef7",
              "ami-2597ce5f",
              "ami-6592cb1f",
              "ami-04722b7e",
              "ami-fa722b80",
              "ami-be7128c4",
              "ami-60752c1a",
              "ami-5b772e21",
              "ami-1a732a60",
              "ami-90772eea",
              "ami-63752c19",
              "ami-7b732a01",
              "ami-00742d7a",
              "ami-30257c4a",
              "ami-b9227bc3",
              "ami-98247de2",
              "ami-f2277e88",
              "ami-a1277edb",
              "ami-be227bc4",
              "ami-4a580130",
              "ami-16247d6c",
              "ami-4c590036",
              "ami-4b580131",
              "ami-fb237a81",
              "ami-f6247d8c",
              "ami-58267f22",
              "ami-58227b22",
              "ami-91217feb",
              "ami-64227c1e",
              "ami-97e0bfed",
              "ami-eb1c4291",
              "ami-c8d18eb2",
              "ami-c6d18ebc",
              "ami-01623d7b",
              "ami-ba623dc0",
              "ami-429fc038",
              "ami-cb9ec1b1",
              "ami-91633ceb",
              "ami-f29fc088",
              "ami-3566394f",
              "ami-e4633c9e",
              "ami-8c623df6",
              "ami-e3623d99",
              "ami-ba722dc0",
              "ami-6cc49616",
              "ami-43c19339",
              "ami-62b2e018",
              "ami-8ab0e2f0",
              "ami-b4b2e0ce",
              "ami-b089dbca",
              "ami-0bb2e071",
              "ami-08b2e072",
              "ami-b189dbcb",
              "ami-188cde62",
              "ami-09b2e073",
              "ami-a2b2e0d8",
              "ami-0cb2e076",
              "ami-8eb0e2f4",
              "ami-57b0e22d",
              "ami-a0b2e0da",
              "ami-f7b3e18d",
              "ami-aa8ddfd0",
              "ami-a58ddfdf",
              "ami-5db0e227",
              "ami-a88ddfd2",
              "ami-68b2e012",
              "ami-01b3e17b",
              "ami-388fdd42",
              "ami-04b3e17e",
              "ami-a8b2e0d2",
              "ami-ae85d7d4",
              "ami-198ad863",
              "ami-0a84d670",
              "ami-d38ad8a9",
              "ami-bb81d3c1",
              "ami-2e86d454",
              "ami-db8ad8a1",
              "ami-0b85d771",
              "ami-4585d73f",
              "ami-9587d5ef",
              "ami-a886d4d2",
              "ami-6584d61f",
              "ami-d78bd9ad",
              "ami-6c84d616",
              "ami-93cb9be9",
              "ami-bdc898c7",
              "ami-46ce9e3c",
              "ami-2cc99956",
              "ami-5aca9a20",
              "ami-e4cb9b9e",
              "ami-36c8984c",
              "ami-4fce9e35",
              "ami-e5cb9b9f",
              "ami-9bcd9de1",
              "ami-bab6e6c0",
              "ami-07b8e87d",
              "ami-a17b2bdb",
              "ami-08772772",
              "ami-3b560641",
              "ami-ae5101d4",
              "ami-c21c4cb8",
              "ami-2e184854",
              "ami-33164649",
              "ami-461b4b3c",
              "ami-59174723",
              "ami-0719497d",
              "ami-0ef4a574",
              "ami-bff3a2c5",
              "ami-70f3a20a",
              "ami-19f2a363",
              "ami-86f2a3fc",
              "ami-80f5a4fa",
              "ami-2af3a250",
              "ami-43f7a639",
              "ami-f3f3a289",
              "ami-d9f4a5a3",
              "ami-70ce9f0a",
              "ami-93cf9ee9",
              "ami-a46b3ade",
              "ami-cb6d3cb1",
              "ami-ee6a3b94",
              "ami-e76d3c9d",
              "ami-267e2f5c",
              "ami-347d2c4e",
              "ami-13401669",
              "ami-3d1a4c47",
              "ami-3e83d444",
              "ami-1881d662",
              "ami-5583d42f",
              "ami-6a82d510",
              "ami-8683d4fc",
              "ami-b49acdce",
              "ami-e099ce9a",
              "ami-b99ec9c3",
              "ami-609ccb1a",
              "ami-309dca4a",
              "ami-a20078d8",
              "ami-190c7463",
              "ami-bb3e46c1",
              "ami-063c447c",
              "ami-3d3d4547",
              "ami-c13e46bb",
              "ami-2bc7be51",
              "ami-09c5bc73",
              "ami-fed6a784",
              "ami-0ad3a270",
              "ami-2ad3a250",
              "ami-3ad2a340",
              "ami-10d1a06a",
              "ami-5cd0a126",
              "ami-c0d4a5ba",
              "ami-99d3a2e3",
              "ami-17d0a16d",
              "ami-56d4a52c",
              "ami-fcd2a386",
              "ami-bbee9fc1",
              "ami-51d1a02b",
              "ami-f9d3a283",
              "ami-e7d2a39d",
              "ami-b6ed9ccc",
              "ami-b9ed9cc3",
              "ami-a5ee9fdf",
              "ami-2de29357",
              "ami-7ee69704",
              "ami-aeabdad4",
              "ami-bda4d5c7",
              "ami-677c0d1d",
              "ami-03790879",
              "ami-532c5d29",
              "ami-d01061aa",
              "ami-742e5f0e",
              "ami-772e5f0d",
              "ami-1b2d5c61",
              "ami-792e5f03",
              "ami-3f2f5e45",
              "ami-4110613b",
              "ami-632f5e19",
              "ami-fe2c5d84",
              "ami-642f5e1e",
              "ami-672f5e1d",
              "ami-831264f9",
              "ami-e413659e",
              "ami-72c8bf08",
              "ami-dfcdbaa5",
              "ami-b8592ec2",
              "ami-b65a2dcc",
              "ami-2e5a2d54",
              "ami-ad5a2dd7",
              "ami-2a5e2950",
              "ami-d45f28ae",
              "ami-72502708",
              "ami-ab5027d1",
              "ami-1a522560",
              "ami-d95126a3",
              "ami-2452275e",
              "ami-e752279d",
              "ami-7d502507",
              "ami-ab0569d1",
              "ami-c4701dbe",
              "ami-10ef8d6a",
              "ami-55e7852f",
              "ami-9ba7c4e1",
              "ami-3a533040",
              "ami-c291f7b8",
              "ami-218fe95b",
              "ami-744c2b0e",
              "ami-714c2b0b",
              "ami-00f3687a",
              "ami-f8f96282",
              "ami-09059d73",
              "ami-ed009897",
              "ami-31029a4b",
              "ami-b30199c9",
              "ami-02009878",
              "ami-b20e96c8",
              "ami-6d0f9717",
              "ami-6b0d9511",
              "ami-8e0a92f4",
              "ami-0d0d9577",
              "ami-2d4ed357",
              "ami-c24ed3b8",
              "ami-3d49d447",
              "ami-c652cfbc",
              "ami-6353ce19",
              "ami-9f1182e5",
              "ami-6f911b15",
              "ami-fad25980",
              "ami-c4ea63be",
              "ami-55ef662f",
              "ami-25ef665f",
              "ami-f6ed648c",
              "ami-f0ea638a",
              "ami-7aec6500",
              "ami-b4ea63ce",
              "ami-46ea633c",
              "ami-bfec65c5",
              "ami-6feb6215",
              "ami-16c64f6c",
              "ami-77d8510d",
              "ami-65c44d1f",
              "ami-76d8510c",
              "ami-2cc74e56",
              "ami-67c54c1d",
              "ami-d21b98a8",
              "ami-9d199ae7",
              "ami-d71a99ad",
              "ami-c3199ab9",
              "ami-00189b7a",
              "ami-07189b7d",
              "ami-b8b033c2",
              "ami-2faf2c55",
              "ami-49af2c33",
              "ami-80a320fa",
              "ami-45a2213f",
              "ami-79a62503",
              "ami-47a1223d",
              "ami-d7a122ad",
              "ami-e29c1f98",
              "ami-a39c1fd9",
              "ami-6944c513",
              "ami-32cd4b48",
              "ami-3fcd4b45",
              "ami-b02cabca",
              "ami-6b2daa11",
              "ami-1b2aad61",
              "ami-692daa13",
              "ami-e52ea99f",
              "ami-ca2daab0",
              "ami-0124a37b",
              "ami-6c23a416",
              "ami-b07ff8ca",
              "ami-377dfa4d",
              "ami-4c70f736",
              "ami-4b70f731",
              "ami-0f7ef975",
              "ami-5c70f726",
              "ami-c170f7bb",
              "ami-707ff80a",
              "ami-547dfa2e",
              "ami-537dfa29",
              "ami-887ff8f2",
              "ami-897ff8f3",
              "ami-4074f33a",
              "ami-2871f652",
              "ami-0d72f577",
              "ami-3771f64d",
              "ami-dd76f1a7",
              "ami-0972f573",
              "ami-6875f212",
              "ami-7e73f404",
              "ami-6172f51b",
              "ami-e376f199",
              "ami-9652d5ec",
              "ami-3451d64e",
              "ami-9252d5e8",
              "ami-6652d51c",
              "ami-f84bcc82",
              "ami-5949ce23",
              "ami-895adef3",
              "ami-405ade3a",
              "ami-5c42c626",
              "ami-f346c289",
              "ami-9307bce9",
              "ami-4a07bc30",
              "ami-f9fa4183",
              "ami-a0f843da",
              "ami-784cf402",
              "ami-e84bf392",
              "ami-f74bf38d",
              "ami-cb49f1b1",
              "ami-0b4df571",
              "ami-6b4bf311",
              "ami-0c4df576",
              "ami-cc49f1b6",
              "ami-7c54ec06",
              "ami-0954ec73",
              "ami-ea5ae290",
              "ami-e15ae29b",
              "ami-2b67de51",
              "ami-4b65dc31",
              "ami-5664dd2c",
              "ami-9860d9e2",
              "ami-2b66df51",
              "ami-9362dbe9",
              "ami-e065dc9a",
              "ami-9462dbee",
              "ami-a867ded2",
              "ami-9662dbec",
              "ami-71ef560b",
              "ami-9ff841e5",
              "ami-6dff4617",
              "ami-d113adab",
              "ami-190eb063",
              "ami-9d10aee7",
              "ami-700cb20a",
              "ami-9710aeed",
              "ami-ce13adb4",
              "ami-d942fca3",
              "ami-ff40fe85",
              "ami-c641ffbc",
              "ami-1f41ff65",
              "ami-e9ad1393",
              "ami-efac1295",
              "ami-fcbc0386",
              "ami-90bc03ea",
              "ami-0efe4174",
              "ami-47ff403d",
              "ami-6d50e517",
              "ami-8b57e2f1",
              "ami-d86adfa2",
              "ami-6057e21a",
              "ami-c555e0bf",
              "ami-8e55e0f4",
              "ami-ff55e085",
              "ami-dc54e1a6",
              "ami-f957e283",
              "ami-aa56e3d0",
              "ami-20ff515a",
              "ami-15ce6c6f",
              "ami-58c86a22",
              "ami-0cc96876",
              "ami-0fc96875",
              "ami-4716b23d",
              "ami-5af95d20",
              "ami-b3c560c9",
              "ami-5de63c27",
              "ami-72e03a08",
              "ami-faec3680",
              "ami-f9ec3683",
              "ami-7ee13b04",
              "ami-cce339b6",
              "ami-41e3393b",
              "ami-7de33907",
              "ami-3bee3441",
              "ami-2cef3556",
              "ami-44c81b3e",
              "ami-d9c91aa3",
              "ami-9c8e5de6",
              "ami-eb8c5f91",
              "ami-2f1ccc55",
              "ami-291aca53",
              "ami-8218c8f8",
              "ami-3718c84d",
              "ami-de16c6a4",
              "ami-b111c1cb",
              "ami-1014c46a",
              "ami-9210c0e8",
              "ami-1414c46e",
              "ami-0114c47b",
              "ami-bd66b0c7",
              "ami-2767b15d",
              "ami-4365b339",
              "ami-0e64b274",
              "ami-a179afdb",
              "ami-3979af43",
              "ami-ea78ae90",
              "ami-2479af5e",
              "ami-1066b06a",
              "ami-6d78ae17",
              "ami-04f0267e",
              "ami-a466b1de",
              "ami-3f66b145",
              "ami-2b66b151",
              "ami-cf65b2b5",
              "ami-2065b25a",
              "ami-7e66b104",
              "ami-4164b33b",
              "ami-f378af89",
              "ami-5865b222",
              "ami-eb7aad91",
              "ami-78994d02",
              "ami-0318d279",
              "ami-e305cf99",
              "ami-b104cecb",
              "ami-f105cf8b",
              "ami-3207cd48",
              "ami-9704ceed",
              "ami-4c05cf36",
              "ami-4305cf39",
              "ami-9207cde8",
              "ami-9707cded",
              "ami-37bb714d",
              "ami-8a3ef5f0",
              "ami-d8c60fa2",
              "ami-67c60f1d",
              "ami-63c70e19",
              "ami-77c50c0d",
              "ami-4bc50c31",
              "ami-c8c108b2",
              "ami-63c20b19",
              "ami-43c50c39",
              "ami-5dc20b27",
              "ami-61c1081b",
              "ami-7ccc0506",
              "ami-e4cb029e",
              "ami-47ba433d",
              "ami-ae41bfd4",
              "ami-67bb421d",
              "ami-fe43bd84",
              "ami-fe16e884",
              "ami-b419e7ce",
              "ami-ec19e796",
              "ami-8c1be5f6",
              "ami-c017e9ba",
              "ami-a518e6df",
              "ami-ec33cc96",
              "ami-d855a2a2",
              "ami-7851a602",
              "ami-bb0ef9c1",
              "ami-2a0cfb50",
              "ami-df0ef9a5",
              "ami-f20ff888",
              "ami-e90bfc93",
              "ami-b90ef9c3",
              "ami-040ef97e",
              "ami-0e0ef974",
              "ami-dc0ff8a6",
              "ami-2e00f754",
              "ami-eb00f791",
              "ami-ea00f790",
              "ami-a213e4d8",
              "ami-8b12e5f1",
              "ami-e112e59b",
              "ami-c710e7bd",
              "ami-9721caed",
              "ami-c6f31dbc",
              "ami-fff21c85",
              "ami-b3f51bc9",
              "ami-85f618ff",
              "ami-6af51b10",
              "ami-f9f41a83",
              "ami-69f41a13",
              "ami-b6f719cc",
              "ami-01f41a7b",
              "ami-62f41a18",
              "ami-39759a43",
              "ami-827b94f8",
              "ami-a4749bde",
              "ami-9c7699e6",
              "ami-cd759ab7",
              "ami-cb759ab1",
              "ami-42658a38",
              "ami-29678853",
              "ami-d56788af",
              "ami-19648b63",
              "ami-c41af5be",
              "ami-231af559",
              "ami-5b1cf321",
              "ami-c01cf3ba",
              "ami-581cf322",
              "ami-c81ff0b2",
              "ami-5c00ef26",
              "ami-5b00ef21",
              "ami-841ff0fe",
              "ami-261bf45c",
              "ami-251bf45f",
              "ami-db1ff0a1",
              "ami-c605eabc",
              "ami-c00ae5ba",
              "ami-da1ff0a0",
              "ami-361bf44c",
              "ami-e735da9d",
              "ami-5b35da21",
              "ami-5ee10024",
              "ami-679c7d1d",
              "ami-42987938",
              "ami-319d7c4b",
              "ami-d79776ad",
              "ami-f194758b",
              "ami-9b9071e1",
              "ami-e697769c",
              "ami-e58e6f9f",
              "ami-53947529",
              "ami-bde90fc7",
              "ami-06e80e7c",
              "ami-81a3b9fa",
              "ami-3d8d9746",
              "ami-378d974c",
              "ami-5e8c9625",
              "ami-9c8298e7",
              "ami-e98f9592",
              "ami-ab8c96d0",
              "ami-2b8f9550",
              "ami-d48e94af",
              "ami-1f8d9764",
              "ami-57e3f22c",
              "ami-71e1f00a",
              "ami-10e3f26b",
              "ami-71e0f10a",
              "ami-c66d66bd",
              "ami-c06269bb",
              "ami-126c6769",
              "ami-7c626907",
              "ami-91616aea",
              "ami-96616aed",
              "ami-2163685a",
              "ami-a16269da",
              "ami-d0606bab",
              "ami-d6606bad",
              "ami-d86269a3",
              "ami-8b6269f0",
              "ami-39636842",
              "ami-0b6e6570",
              "ami-e36c6798",
              "ami-aa6368d1",
              "ami-626d6619",
              "ami-636d6618",
              "ami-7063680b",
              "ami-a66368dd",
              "ami-b86269c3",
              "ami-7163680a",
              "ami-e0fdf49b",
              "ami-a5a4a8de",
              "ami-04aaa67f",
              "ami-6ae3ef11",
              "ami-1cfff367",
              "ami-8bfdf1f0",
              "ami-03fcf078",
              "ami-3dd2de46",
              "ami-32ece049",
              "ami-90eee2eb",
              "ami-1fd3df64",
              "ami-1ed3df65",
              "ami-e0ede19b",
              "ami-bfede1c4",
              "ami-beede1c5",
              "ami-2b0b0750",
              "ami-9b0408e0",
              "ami-43797538",
              "ami-1d7f7366",
              "ami-52909d29",
              "ami-76969b0d",
              "ami-99939ee2",
              "ami-3e919c45",
              "ami-50939e2b",
              "ami-d9909da2",
              "ami-6bfcf110",
              "ami-19f9f462",
              "ami-c8fff2b3",
              "ami-c4fff2bf",
              "ami-c5fff2be",
              "ami-31fef34a",
              "ami-fe222f85",
              "ami-3d3d3046",
              "ami-ccb6b4b7",
              "ami-1cb6b467",
              "ami-e8828093",
              "ami-4bfffd30",
              "ami-bc9e98c7",
              "ami-bf9096c4",
              "ami-32949249",
              "ami-ea959391",
              "ami-4a959331",
              "ami-e597919e",
              "ami-0c929477",
              "ami-0a898f71",
              "ami-a78b8ddc",
              "ami-9eb4b1e5",
              "ami-d57845ae",
              "ami-277b465c",
              "ami-207b465b",
              "ami-fe754885",
              "ami-197a4762",
              "ami-897449f2",
              "ami-b17548ca",
              "ami-c27b46b9",
              "ami-35ebd84e",
              "ami-d74a7aac",
              "ami-a64e7edd",
              "ami-f34c7c88",
              "ami-634b7b18",
              "ami-4149793a",
              "ami-324a7a49",
              "ami-374a7a4c",
              "ami-fe4c7c85",
              "ami-53487828",
              "ami-13487868",
              "ami-254a7a5e",
              "ami-ff497984",
              "ami-a44a7adf",
              "ami-4b477730",
              "ami-faebdd81",
              "ami-b3eddbc8",
              "ami-5d063026",
              "ami-8b0731f0",
              "ami-29053352",
              "ami-940432ef",
              "ami-a00533db",
              "ami-ad0533d6",
              "ami-f95a6c82",
              "ami-465f693d",
              "ami-d8685ea3",
              "ami-bc5462c7",
              "ami-32685e49",
              "ami-416b5d3a",
              "ami-dd6a5ca6",
              "ami-e7685e9c",
              "ami-056b5d7e",
              "ami-ee685e95",
              "ami-cb9aadb0",
              "ami-2f98af54",
              "ami-6391a618",
              "ami-e491a69f",
              "ami-99e1d6e2",
              "ami-2ae0d751",
              "ami-ecfccb97",
              "ami-3cfdca47",
              "ami-4fffc834",
              "ami-a7fdcadc",
              "ami-8cfec9f7",
              "ami-21ffc85a",
              "ami-3af1c641",
              "ami-3af0c741",
              "ami-38f0c743",
              "ami-03f3c478",
              "ami-6bf6c110",
              "ami-3ff6c144",
              "ami-750b3c0e",
              "ami-460c3b3d",
              "ami-170d3a6c",
              "ami-630b3c18",
              "ami-1c0d3a67",
              "ami-870a3dfc",
              "ami-d61027ad",
              "ami-042e197f",
              "ami-962017ed",
              "ami-d22116a9",
              "ami-722e1909",
              "ami-f7f4dc8c",
              "ami-8df0d8f6",
              "ami-8ef0d8f5",
              "ami-3be7cf40",
              "ami-22f8d059",
              "ami-a2f9d1d9",
              "ami-eef9d195",
              "ami-05e3cb7e",
              "ami-58e3cb23",
              "ami-7b5e7e00",
              "ami-dd5e7ea6",
              "ami-745b7b0f",
              "ami-d95a7aa2",
              "ami-5759792c",
              "ami-cc5777b7",
              "ami-8b5a7af0",
              "ami-bc5b7bc7",
              "ami-42577739",
              "ami-d65676ad",
              "ami-c75170bc",
              "ami-ee507195",
              "ami-f8517083",
              "ami-2c4c6d57",
              "ami-364a6b4d",
              "ami-e2446599",
              "ami-2447665f",
              "ami-ad4263d6",
              "ami-4e416035",
              "ami-5441602f",
              "ami-23ccea58",
              "ami-02cee879",
              "ami-a5cceade",
              "ami-4ac3e531",
              "ami-d8c0e6a3",
              "ami-70c3e50b",
              "ami-03c3e578",
              "ami-33cee848",
              "ami-9cc3e5e7",
              "ami-0cc7e177",
              "ami-24ddfa5f",
              "ami-d1def9aa",
              "ami-60d4f31b",
              "ami-5bc0e720",
              "ami-26cfe85d",
              "ami-95c2e5ee",
              "ami-23c1e658",
              "ami-84c4e3ff",
              "ami-34c1e64f",
              "ami-56c4e32d",
              "ami-43b1e838",
              "ami-bebce5c5",
              "ami-8a91c8f1",
              "ami-d39ec7a8",
              "ami-5e762f25",
              "ami-f6752c8d",
              "ami-3eb5a728",
              "ami-60849676",
              "ami-a08092b6",
              "ami-a98795bf",
              "ami-42879554",
              "ami-a48795b2",
              "ami-24869432",
              "ami-10839106",
              "ami-ef8193f9",
              "ami-73819365",
              "ami-59f5e54f",
              "ami-cff7e7d9",
              "ami-2edccb38",
              "ami-70717b66",
              "ami-cd7278db",
              "ami-747c7662",
              "ami-727f7564",
              "ami-937a7085",
              "ami-f87b71ee",
              "ami-ba616bac",
              "ami-39666c2f",
              "ami-46666c50",
              "ami-82666c94",
              "ami-40454e56",
              "ami-3c474c2a",
              "ami-57404b41",
              "ami-46474c50",
              "ami-57474c41",
              "ami-02404b14",
              "ami-17404b01",
              "ami-f5474ce3",
              "ami-249b9332",
              "ami-599c944f",
              "ami-59151d4f",
              "ami-7a171f6c",
              "ami-75151d63",
              "ami-de161ec8",
              "ami-d0141cc6",
              "ami-1a121a0c",
              "ami-480a025e",
              "ami-f70901e1",
              "ami-b8767eae",
              "ami-bb767ead",
              "ami-36757d20",
              "ami-7b777f6d",
              "ami-0e8d8418",
              "ami-078a8311",
              "ami-6cdbd27a",
              "ami-78dcd56e",
              "ami-f9ddd4ef",
              "ami-cfdad3d9",
              "ami-9e161f88",
              "ami-54171e42",
              "ami-9f767889",
              "ami-90777986",
              "ami-26e0ef30",
              "ami-41fff057",
              "ami-7dd3dc6b",
              "ami-86d6d990",
              "ami-50f6f246",
              "ami-ed2420fb",
              "ami-4e030758",
              "ami-d75e6dc1",
              "ami-ae586bb8",
              "ami-4f586b59",
              "ami-665a6970",
              "ami-4b5a695d",
              "ami-0d54671b",
              "ami-9a55668c",
              "ami-97556681",
              "ami-df5665c9",
              "ami-95556683",
              "ami-bb5063ad",
              "ami-42546754",
              "ami-b66c5fa0",
              "ami-5f536049",
              "ami-d55360c3",
              "ami-f05360e6",
              "ami-696e5d7f",
              "ami-af6f5cb9",
              "ami-8f6f5c99",
              "ami-30685b26",
              "ami-4b44745d",
              "ami-da8ebfcc",
              "ami-ec7040fa",
              "ami-b78cbda1",
              "ami-058cbd13",
              "ami-e18fbef7",
              "ami-308dbc26",
              "ami-c18fbed7",
              "ami-6088b976",
              "ami-2d89b83b",
              "ami-228dbc34",
              "ami-9d8cbd8b",
              "ami-84ddeb92",
              "ami-85dee893",
              "ami-2a380e3c",
              "ami-a03b0db6",
              "ami-34003722",
              "ami-d90037cf",
              "ami-31023527",
              "ami-0b03341d",
              "ami-cc4e79da",
              "ami-62407774",
              "ami-1a42750c",
              "ami-454e7953",
              "ami-8d6f589b",
              "ami-bd6354ab",
              "ami-866f5890",
              "ami-846f5892",
              "ami-f56156e3",
              "ami-46605750",
              "ami-2964533f",
              "ami-fb6354ed",
              "ami-cc6255da",
              "ami-be6453a8",
              "ami-45635453",
              "ami-f56354e3",
              "ami-2872453e",
              "ami-807d4a96",
              "ami-aa7641bc",
              "ami-17774001",
              "ami-4977405f",
              "ami-f47740e2",
              "ami-0e754218",
              "ami-4a76415c",
              "ami-0f774019",
              "ami-4c74435a",
              "ami-02f1c514",
              "ami-22f6c234",
              "ami-80a09596",
              "ami-82a09594",
              "ami-09b3861f",
              "ami-4fb08559",
              "ami-cab184dc",
              "ami-51b38647",
              "ami-d4c5efc2",
              "ami-a4c7edb2",
              "ami-44c0ea52",
              "ami-34c0ea22",
              "ami-abc1ebbd",
              "ami-50c0ea46",
              "ami-3ac1eb2c",
              "ami-97c7ed81",
              "ami-48c6ec5e",
              "ami-bcc0eaaa",
              "ami-04351e12",
              "ami-5c0b254a",
              "ami-a20f21b4",
              "ami-9939178f",
              "ami-133a1405",
              "ami-c63c12d0",
              "ami-79210f6f",
              "ami-83af8395",
              "ami-533d1f45",
              "ami-293a183f",
              "ami-513d1f47",
              "ami-643b1972",
              "ami-473a1851",
              "ami-843e1c92",
              "ami-453a1853",
              "ami-cb391bdd",
              "ami-c8391bde",
              "ami-76381a60",
              "ami-ca7157dc",
              "ami-25725433",
              "ami-6f735579",
              "ami-2e755338",
              "ami-1973550f",
              "ami-12735504",
              "ami-a293c9b4",
              "ami-d29cc6c4",
              "ami-2492c832",
              "ami-a192c8b7",
              "ami-8c9fc59a",
              "ami-0e297018",
              "ami-7b40176d",
              "ami-b67e2aa0",
              "ami-e47723f2",
              "ami-0989f51f",
              "ami-e392eef5",
              "ami-539be745",
              "ami-009be716",
              "ami-d49ae6c2",
              "ami-5b9be74d",
              "ami-c09be7d6",
              "ami-b49ae6a2",
              "ami-fe9ae6e8",
              "ami-259be733",
              "ami-cf9be7d9",
              "ami-a19be7b7",
              "ami-3a9de12c",
              "ami-149fe302",
              "ami-a39fe3b5",
              "ami-c59de1d3",
              "ami-c5aed2d3",
              "ami-ebafd3fd",
              "ami-23acd035",
              "ami-d8acd0ce",
              "ami-22add134",
              "ami-60b3cf76",
              "ami-26097530",
              "ami-2809753e",
              "ami-951a6683",
              "ami-ee1e62f8",
              "ami-6f364a79",
              "ami-60364a76",
              "ami-8a93ee9c",
              "ami-0190ed17",
              "ami-5094e946",
              "ami-ec96ebfa",
              "ami-5f94e949",
              "ami-2696eb30",
              "ami-0d97ea1b",
              "ami-ca97eadc",
              "ami-1d96eb0b",
              "ami-b397eaa5",
              "ami-344e3322",
              "ami-464c3150",
              "ami-64146672",
              "ami-61146677",
              "ami-1ffd9f09",
              "ami-8fc2a099",
              "ami-92f19384",
              "ami-1af2900c",
              "ami-409bf956",
              "ami-5d9bf94b",
              "ami-ba2e4cac",
              "ami-b62e4ca0",
              "ami-b6294ba0",
              "ami-e12e4cf7",
              "ami-4f284a59",
              "ami-82294b94",
              "ami-a3b3d4b5",
              "ami-87118e91",
              "ami-2f108f39",
              "ami-8237aa94",
              "ami-c137aad7",
              "ami-30b12026",
              "ami-258e1f33",
              "ami-668f1e70",
              "ami-898b1a9f",
              "ami-c58c1dd3",
              "ami-6f8c1d79",
              "ami-fd8617eb",
              "ami-c38a1bd5",
              "ami-178c1d01",
              "ami-cf8918d9",
              "ami-fb8e19ed",
              "ami-3d50d02b",
              "ami-064fcf10",
              "ami-3aaa2a2c",
              "ami-1aa9290c",
              "ami-b18909a7",
              "ami-74880862",
              "ami-98ea6a8e",
              "ami-21ec6c37",
              "ami-07b63711",
              "ami-b5b736a3",
              "ami-7cb7366a",
              "ami-75b63763",
              "ami-3eb43528",
              "ami-3ab5342c",
              "ami-40b53456",
              "ami-54b53442",
              "ami-79c7466f",
              "ami-6ec34278",
              "ami-0521a713",
              "ami-8323a595",
              "ami-62159374",
              "ami-b30a8ca5",
              "ami-f20385e4",
              "ami-7801876e",
              "ami-d50385c3",
              "ami-03008615",
              "ami-5c02844a",
              "ami-e10284f7",
              "ami-6974f27f",
              "ami-6c74f27a",
              "ami-bd76f0ab",
              "ami-b076f0a6",
              "ami-3f68ee29",
              "ami-c568eed3",
              "ami-945adc82",
              "ami-945bdd82",
              "ami-9b56d08d",
              "ami-4957d15f",
              "ami-a748ceb1",
              "ami-974bcd81",
              "ami-6eea6c78",
              "ami-bdee68ab",
              "ami-60ef6976",
              "ami-7aef696c",
              "ami-e4e167f2",
              "ami-a3e563b5",
              "ami-a7e563b1",
              "ami-cbe264dd",
              "ami-d5cf48c3",
              "ami-76cb4c60",
              "ami-22ce4934",
              "ami-eccf48fa",
              "ami-20ce4936",
              "ami-27ce4931",
              "ami-38cd4a2e",
              "ami-75cc4b63",
              "ami-1fcf4809",
              "ami-1ecf4808",
              "ami-b975cbaf",
              "ami-bf72cca9",
              "ami-e975cbff",
              "ami-2172cc37",
              "ami-2a72cc3c",
              "ami-a672ccb0",
              "ami-5a71cf4c",
              "ami-4c71cf5a",
              "ami-0573cd13",
              "ami-c275cbd4",
              "ami-b83689ae",
              "ami-f73788e1",
              "ami-6356e975",
              "ami-365ae520",
              "ami-db71cecd",
              "ami-9b75ca8d",
              "ami-27942331",
              "ami-64932472",
              "ami-5b94234d",
              "ami-33962125",
              "ami-0994231f",
              "ami-31962127",
              "ami-5e972048",
              "ami-faa91eec",
              "ami-00942316",
              "ami-60952276",
              "ami-9f50f989",
              "ami-9548e783",
              "ami-e7c96af1",
              "ami-14e74402",
              "ami-7ee24168",
              "ami-70e24166",
              "ami-bd1dbdab",
              "ami-54e24142",
              "ami-b81ebeae",
              "ami-275ffe31",
              "ami-f92e88ef",
              "ami-b12187a7",
              "ami-a52086b3",
              "ami-2820863e",
              "ami-d52e88c3",
              "ami-032e8815",
              "ami-045cfa12",
              "ami-d25dfbc4",
              "ami-e850f6fe",
              "ami-da5ef8cc",
              "ami-2751f731",
              "ami-555cfa43",
              "ami-3557f123",
              "ami-4456f052",
              "ami-f377d1e5",
              "ami-8776d091",
              "ami-c269cfd4",
              "ami-af6bcdb9",
              "ami-1b77d10d",
              "ami-9769cf81",
              "ami-9b68ce8d",
              "ami-fa6dcbec",
              "ami-3a68ce2c",
              "ami-1f6bcd09",
              "ami-b36ec8a5",
              "ami-236ec835",
              "ami-066fc910",
              "ami-de6ccac8",
              "ami-5cc6604a",
              "ami-d3c660c5",
              "ami-f211b6e4",
              "ami-111eb907",
              "ami-cbae09dd",
              "ami-92855f84",
              "ami-d3855fc5",
              "ami-1b61b90d",
              "ami-ec70a8fa",
              "ami-8fc21599",
              "ami-3fc11629",
              "ami-d4c413c2",
              "ami-86c31490",
              "ami-c8c611de",
              "ami-bfc215a9",
              "ami-53c41345",
              "ami-aac215bc",
              "ami-e8c512fe",
              "ami-61c31477",
              "ami-b8c611ae",
              "ami-33c51225",
              "ami-99d80f8f",
              "ami-10c41306",
              "ami-7cc5126a",
              "ami-33c41325",
              "ami-79c6116f",
              "ami-6bc5127d",
              "ami-9dd90e8b",
              "ami-9cd90e8a",
              "ami-6fc51279",
              "ami-71c61167",
              "ami-d1da0dc7",
              "ami-a6c710b0",
              "ami-c9d90edf",
              "ami-c5d80fd3",
              "ami-8ddb0c9b",
              "ami-42db0c54",
              "ami-40db0c56",
              "ami-bfdb0ca9",
              "ami-70da0d66",
              "ami-89dc0b9f",
              "ami-56dd0a40",
              "ami-f1dd0ae7",
              "ami-4edd0a58",
              "ami-cfde09d9",
              "ami-7eae7a68",
              "ami-0dae7a1b",
              "ami-e60bc0f0",
              "ami-b20bc0a4",
              "ami-b40ac1a2",
              "ami-050bc013",
              "ami-f1f53ee7",
              "ami-09f53e1f",
              "ami-b0f63da6",
              "ami-2af53e3c",
              "ami-2af63d3c",
              "ami-95f23983",
              "ami-39f63d2f",
              "ami-63f73c75",
              "ami-e6f239f0",
              "ami-8cf03b9a",
              "ami-abf13abd",
              "ami-72f73c64",
              "ami-2ef13a38",
              "ami-96f33880",
              "ami-e4cf04f2",
              "ami-c0c902d6",
              "ami-cfc902d9",
              "ami-e9ca01ff",
              "ami-e59c57f3",
              "ami-e49c57f2",
              "ami-17915a01",
              "ami-499d565f",
              "ami-eb9c57fd",
              "ami-519c5747",
              "ami-39915a2f",
              "ami-e99f54ff",
              "ami-829d5694",
              "ami-6f9d5679",
              "ami-13935805",
              "ami-cb9952dd",
              "ami-3568a023",
              "ami-011fd717",
              "ami-841ad292",
              "ami-69d1127f",
              "ami-a324e2b5",
              "ami-e318def5",
              "ami-6027e176",
              "ami-1927e10f",
              "ami-4618de50",
              "ami-ba27e1ac",
              "ami-5719df41",
              "ami-2927e13f",
              "ami-2e27e138",
              "ami-2327e135",
              "ami-04718212",
              "ami-8d0cff9b",
              "ami-290dfe3f",
              "ami-e509faf3",
              "ami-4f0cff59",
              "ami-d209fac4",
              "ami-3a0ffc2c",
              "ami-b70af9a1",
              "ami-2513e033",
              "ami-a42eddb2",
              "ami-8f3ccf99",
              "ami-f03fcce6",
              "ami-c33dced5",
              "ami-bf3ecda9",
              "ami-0a3dce1c",
              "ami-893fcc9f",
              "ami-b739caa1",
              "ami-273fcc31",
              "ami-7f3fcc69",
              "ami-0b3ecd1d",
              "ami-4ec33058",
              "ami-d3de2dc5",
              "ami-acdd2eba",
              "ami-1ec23108",
              "ami-1dc2310b",
              "ami-fedf2ce8",
              "ami-57dc2f41",
              "ami-3ddd2e2b",
              "ami-41dc2f57",
              "ami-acdc2fba",
              "ami-aadc2fbc",
              "ami-84c33092",
              "ami-b2df2ca4",
              "ami-fed023e8",
              "ami-15d52603",
              "ami-dd3dd7cb",
              "ami-4a3cd65c",
              "ami-7a3dd76c",
              "ami-0b33d91d",
              "ami-8d3fd59b",
              "ami-f73cd6e1",
              "ami-1d32d80b",
              "ami-eb3ed4fd",
              "ami-e83ed4fe",
              "ami-543dd742",
              "ami-d69c74c0",
              "ami-d7c92bc1",
              "ami-24cf2d32",
              "ami-24f51732",
              "ami-97f61481",
              "ami-58e6044e",
              "ami-f4e002e2",
              "ami-73bc5f65",
              "ami-e4ba59f2",
              "ami-76b65560",
              "ami-3abb582c",
              "ami-a58760b3",
              "ami-24e7f233",
              "ami-33e4f124",
              "ami-9be6f38c",
              "ami-4de4f15a",
              "ami-c7e7f2d0",
              "ami-f8e7f2ef",
              "ami-48e7f25f",
              "ami-5df8ed4a",
              "ami-6ffbee78",
              "ami-4fe1f458",
              "ami-72dcd765",
              "ami-71dcd766",
              "ami-72545f65",
              "ami-06565d11",
              "ami-335e5524",
              "ami-245f5433",
              "ami-5b5c574c",
              "ami-6b53587c",
              "ami-c25d56d5",
              "ami-b25f54a5",
              "ami-af5e55b8",
              "ami-cb5d56dc",
              "ami-3a5f542d",
              "ami-ee5d56f9",
              "ami-965d5681",
              "ami-3d5f542a",
              "ami-ce5f54d9",
              "ami-0d58531a",
              "ami-955d5682",
              "ami-4a5f545d",
              "ami-4b5f545c",
              "ami-925d5685",
              "ami-05595212",
              "ami-d45f54c3",
              "ami-d25f54c5",
              "ami-00595217",
              "ami-cc5853db",
              "ami-fe5d56e9",
              "ami-d05f54c7",
              "ami-13585304",
              "ami-b25952a5",
              "ami-085a511f",
              "ami-47585350",
              "ami-295a513e",
              "ami-852d2492",
              "ami-e92e27fe",
              "ami-d2020bc5",
              "ami-bf020ba8",
              "ami-ae7f76b9",
              "ami-237d7434",
              "ami-097f721e",
              "ami-c37974d4",
              "ami-c8e7e5df",
              "ami-8ee4e699",
              "ami-6df8fe7a",
              "ami-b71328a0",
              "ami-a7112ab0",
              "ami-5e122949",
              "ami-12132805",
              "ami-bab28aad",
              "ami-41b58d56",
              "ami-4ec3fb59",
              "ami-27c1f930",
              "ami-79d1e96e",
              "ami-2fd0e838",
              "ami-97e4dc80",
              "ami-cde6deda",
              "ami-31e2da26",
              "ami-b8e3dbaf",
              "ami-3be0d82c",
              "ami-e9e3dbfe",
              "ami-25e0d832",
              "ami-d5e3dbc2",
              "ami-eca289fb",
              "ami-18072c0f",
              "ami-e40d26f3",
              "ami-b2240fa5",
              "ami-cf250ed8",
              "ami-c0507bd7",
              "ami-ae5378b9",
              "ami-863b6391",
              "ami-b73b63a0",
              "ami-3c3b632b",
              "ami-17396100",
              "ami-ca075fdd",
              "ami-9f396188",
              "ami-7c38606b",
              "ami-de3860c9",
              "ami-55065e42",
              "ami-963a6281",
              "ami-4946185e",
              "ami-0b48161c",
              "ami-0f481618",
              "ami-b14719a6",
              "ami-84376993",
              "ami-523b6545",
              "ami-94396783",
              "ami-63366874",
              "ami-f43668e3",
              "ami-953b6582",
              "ami-0b38661c",
              "ami-e73668f0",
              "ami-b53967a2",
              "ami-e23b65f5",
              "ami-823b6595",
              "ami-3a3b652d",
              "ami-223b6535",
              "ami-cb3c62dc",
              "ami-531f4144",
              "ami-b11d43a6",
              "ami-c21f41d5",
              "ami-e61d43f1",
              "ami-341e4023",
              "ami-11e0bf06",
              "ami-2e2d7239",
              "ami-6f316e78",
              "ami-62306f75",
              "ami-a22e71b5",
              "ami-05336c12",
              "ami-d8356acf",
              "ami-5a015e4d",
              "ami-783f606f",
              "ami-1ec09c09",
              "ami-03c09c14",
              "ami-1924770e",
              "ami-ae5307b9",
              "ami-21530736",
              "ami-2e297d39",
              "ami-a32a7eb4",
              "ami-b02672a7",
              "ami-25277332",
              "ami-2ac4843d",
              "ami-45c18152",
              "ami-9dc3838a",
              "ami-b7c484a0",
              "ami-40286957",
              "aki-04206613",
              "aki-5c21674b",
              "ami-d2ee95c5",
              "ami-c481fad3",
              "ami-bd86fdaa",
              "ami-4487fc53",
              "ami-4287fc55",
              "ami-4d87fc5a",
              "ami-c981fade",
              "ami-ee80fbf9",
              "ami-b386fda4",
              "ami-ed80fbfa",
              "ami-6b0f747c",
              "ami-570f7440",
              "ami-71126966",
              "ami-46116a51",
              "ami-bc1a61ab",
              "ami-15245f02",
              "ami-91295586",
              "ami-3c28542b",
              "ami-3d55272a",
              "ami-17dab000",
              "ami-12dab005",
              "ami-28dab03f",
              "ami-3bc5af2c",
              "ami-addbb1ba",
              "ami-45c4ae52",
              "ami-b1dab0a6",
              "ami-cadab0dd",
              "ami-e94328fe",
              "ami-504b2047",
              "ami-d6751ec1",
              "ami-d5751ec2",
              "ami-ba4a21ad",
              "ami-6b2f4d7c",
              "ami-f93250ee",
              "ami-3d2c4e2a",
              "ami-f82f4def",
              "ami-342c4e23",
              "ami-25573732",
              "ami-ee5737f9",
              "ami-957b1b82",
              "ami-6a79197d",
              "ami-57771740",
              "ami-a97919be",
              "ami-d57717c2",
              "ami-84791993",
              "ami-f67515e1",
              "ami-cd7515da",
              "ami-6fea8b78",
              "ami-79eb8a6e",
              "ami-64bcdd73",
              "ami-51bbda46",
              "ami-d4bddcc3",
              "ami-91bcdd86",
              "ami-8e7f1e99",
              "ami-fc7a1beb",
              "ami-337f1e24",
              "ami-f37a1be4",
              "ami-f37d1ce4",
              "ami-1c7f1e0b",
              "ami-9c90f68b",
              "ami-e293f5f5",
              "ami-f595f3e2",
              "ami-bf92f4a8",
              "ami-fa6e08ed",
              "ami-a66c0ab1",
              "ami-07345210",
              "ami-4d34525a",
              "ami-6bb2d67c",
              "ami-06315511",
              "ami-af3054b8",
              "ami-a5d9bcb2",
              "ami-17d9bc00",
              "ami-adc2a7ba",
              "ami-a8c1a4bf",
              "ami-52cd5445",
              "ami-c17ce0d6",
              "ami-99db478e",
              "ami-2cd5493b",
              "ami-92db4785",
              "ami-95db4782",
              "ami-eadb47fd",
              "ami-54d54943",
              "ami-1bd74b0c",
              "ami-32db4725",
              "ami-fa0c8fed",
              "ami-df0d8ec8",
              "ami-990e8d8e",
              "ami-900e8d87",
              "ami-520d8e45",
              "ami-f60d8ee1",
              "ami-55870742",
              "ami-2fa46b42",
              "ami-5ca26d31",
              "ami-486ea225",
              "ami-896ca0e4",
              "ami-e7529e8a",
              "ami-c36da1ae",
              "ami-d3539fbe",
              "ami-8e6ca0e3",
              "ami-d9529eb4",
              "ami-21529e4c",
              "ami-d1529ebc",
              "ami-796da114",
              "ami-b7519dda",
              "ami-b0509cdd",
              "ami-07539f6a",
              "ami-bb579bd6",
              "ami-73529e1e",
              "ami-146ca079",
              "ami-0b6ca066",
              "ami-a6519dcb",
              "ami-466da12b",
              "ami-62539f0f",
              "ami-9f5599f2",
              "ami-9d5599f0",
              "ami-9d5a96f0",
              "ami-a95498c4",
              "ami-995498f4",
              "ami-2a559947",
              "ami-b85f93d5",
              "ami-bd5f93d0",
              "ami-4f38f422",
              "ami-bf23efd2",
              "ami-a88a46c5",
              "ami-4868ab25",
              "ami-7f6aa912",
              "ami-2a69aa47",
              "ami-6869aa05",
              "ami-ed6aa980",
              "ami-806ba8ed",
              "ami-8e6ba8e3",
              "ami-dc6aa9b1",
              "ami-e364a78e",
              "ami-376ba85a",
              "ami-c2db1aaf",
              "ami-58df1e35",
              "ami-07d8196a",
              "ami-a7d415ca",
              "ami-dfd415b2",
              "ami-9bd312f6",
              "ami-a4827dc9",
              "ami-b58679d8",
              "ami-8a8778e7",
              "ami-8d8976e0",
              "ami-0188776c",
              "ami-1186797c",
              "ami-41857a2c",
              "ami-8f8976e2",
              "ami-928877ff",
              "ami-05887768",
              "ami-8f7687e2",
              "ami-41e1162c",
              "ami-f1e1169c",
              "ami-42f90e2f",
              "ami-09fb0c64",
              "ami-b4f106d9",
              "ami-04f00769",
              "ami-b51cf3d8",
              "ami-af1cf3c2",
              "ami-dccc23b1",
              "ami-64c92609",
              "ami-98cf20f5",
              "ami-74ca2519",
              "ami-17ce217a",
              "ami-57cc233a",
              "ami-b3bc5fde",
              "ami-b7be5dda",
              "ami-afbe5dc2",
              "ami-b5b85bd8",
              "ami-5ebe5d33",
              "ami-c0b85bad",
              "ami-7db85b10",
              "ami-66b95a0b",
              "ami-d7ba59ba",
              "ami-73bd5e1e",
              "ami-b7b457da",
              "ami-81b556ec",
              "ami-59b75434",
              "ami-b8b053d5",
              "ami-eab75487",
              "ami-ebb75486",
              "ami-8f47a7e2",
              "ami-c849a9a5",
              "ami-18719175",
              "ami-e06e8e8d",
              "ami-a1fa1acc",
              "ami-f5f41398",
              "ami-8ff710e2",
              "ami-bae80fd7",
              "ami-c3f611ae",
              "ami-54f71039",
              "ami-69f41304",
              "ami-6cf41301",
              "ami-78f41315",
              "ami-70f6111d",
              "ami-92e90eff",
              "ami-c94e56a3",
              "ami-2a4b5340",
              "ami-fd534b97",
              "ami-7550481f",
              "ami-77a5bc1d",
              "ami-6ba2bb01",
              "ami-67a3a90d",
              "ami-d84e44b2",
              "ami-434c4629",
              "ami-9e4f45f4",
              "ami-1149437b",
              "ami-db4842b1",
              "ami-2b4e4441",
              "ami-b94842d3",
              "ami-be4842d4",
              "ami-b04842da",
              "ami-4a494320",
              "ami-c14f45ab",
              "ami-ea4b4180",
              "ami-09bfb463",
              "ami-d2bbb0b8",
              "ami-adb9b2c7",
              "ami-9db9b2f7",
              "ami-06bfb46c",
              "ami-93b9b2f9",
              "ami-8cb8b3e6",
              "ami-54bab13e",
              "ami-36a4af5c",
              "ami-e9bab183",
              "ami-b7bab1dd",
              "ami-c3bbb0a9",
              "ami-c2bbb0a8",
              "ami-4fbab125",
              "ami-5fbbb035",
              "ami-12a4af78",
              "ami-83b9b2e9",
              "ami-7bbbb011",
              "ami-a8bab1c2",
              "ami-afbab1c5",
              "ami-13fff279",
              "ami-24fef34e",
              "ami-c6e5e8ac",
              "ami-75ebe61f",
              "ami-a3efe2c9",
              "ami-07d2df6d",
              "ami-311a1a5b",
              "ami-e010108a",
              "ami-4f111125",
              "ami-22111148",
              "ami-08111162",
              "ami-1b141471",
              "ami-1d141477",
              "ami-861313ec",
              "ami-8b1313e1",
              "ami-3112125b",
              "ami-33b48a59",
              "ami-3bb38e51",
              "ami-e7b18c8d",
              "ami-7bb88511",
              "ami-a7b885cd",
              "ami-9abe83f0",
              "ami-c2b885a8",
              "ami-1ac2ff70",
              "ami-45bf822f",
              "ami-debd80b4",
              "ami-d8bd80b2",
              "ami-25c2ff4f",
              "ami-bdbd80d7",
              "ami-e9c6fb83",
              "ami-3fc1fc55",
              "ami-15c7fa7f",
              "ami-f0c0fd9a",
              "ami-a2c0fdc8",
              "ami-23c6fb49",
              "ami-3cc6fb56",
              "ami-fbc1fc91",
              "ami-fec7fa94",
              "ami-58cff232",
              "ami-4acdf020",
              "ami-54caf73e",
              "ami-9ac9f4f0",
              "ami-91cdf0fb",
              "ami-bf506dd5",
              "ami-9e566bf4",
              "ami-8e5568e4",
              "ami-cd5a67a7",
              "ami-c05b66aa",
              "ami-d45a67be",
              "ami-075a676d",
              "ami-065a676c",
              "ami-365c615c",
              "ami-725d6018",
              "ami-8f5d60e5",
              "ami-0c5d6066",
              "ami-43043329",
              "ami-35def45f",
              "ami-0bd8f261",
              "ami-84d9f3ee",
              "ami-26d8f24c",
              "ami-c1c5efab",
              "ami-abdbf1c1",
              "ami-8bc6ece1",
              "ami-49c0ea23",
              "ami-0dc6ec67",
              "ami-fcc1eb96",
              "ami-90c3e9fa",
              "ami-a5c6eccf",
              "ami-17c9e37d",
              "ami-61cfe50b",
              "ami-a6cce6cc",
              "ami-cacfe5a0",
              "ami-8fcee4e5",
              "ami-b8cfe5d2",
              "ami-c0cfe5aa",
              "ami-11cee47b",
              "ami-86cee4ec",
              "ami-87cee4ed",
              "ami-84cee4ee",
              "ami-46c8e22c",
              "ami-5ccbe136",
              "ami-89c9e3e3",
              "ami-03c8e269",
              "ami-bbc8e2d1",
              "ami-91cbe1fb",
              "ami-63cbe109",
              "ami-f8cbe192",
              "ami-29f5df43",
              "ami-d6f7ddbc",
              "ami-d4f7ddbe",
              "ami-a7f5dfcd",
              "ami-2df5df47",
              "ami-c8f7dda2",
              "ami-b0f4deda",
              "ami-0ef6dc64",
              "ami-c3f6dca9",
              "ami-f3133199",
              "ami-530c2e39",
              "ami-68062402",
              "ami-bf0a28d5",
              "ami-6605270c",
              "ami-6705270d",
              "ami-cb2305a1",
              "ami-2b3b6041",
              "ami-a6431fcc",
              "ami-5578243f",
              "ami-7448141e",
              "ami-da4915b0",
              "ami-800559ea",
              "ami-3b0b5751",
              "ami-5e055934",
              "ami-4f045825",
              "ami-b30a56d9",
              "ami-650b570f",
              "ami-d9e7bab3",
              "ami-41e6bb2b",
              "ami-7deab717",
              "ami-7eeab714",
              "ami-62cc9e08",
              "ami-1bf2a071",
              "ami-43cd9f29",
              "ami-3cce9c56",
              "ami-5ec89a34",
              "ami-35ca985f",
              "ami-79c99b13",
              "ami-98c89af2",
              "ami-3fd98b55",
              "ami-ecde8c86",
              "ami-80de8cea",
              "ami-68d88a02",
              "ami-e2d88a88",
              "ami-5ade8c30",
              "ami-afd587c5",
              "ami-58db8932",
              "ami-aea8fac4",
              "ami-27affd4d",
              "ami-3c1d4956",
              "ami-041e4a6e",
              "ami-68115b02",
              "ami-1679317c",
              "ami-ed793187",
              "ami-c9632ba3",
              "ami-74622a1e",
              "ami-ca541ca0",
              "ami-af5119c5",
              "ami-6ff4bd05",
              "ami-93a4e2f9",
              "ami-1449327e",
              "ami-804a31ea",
              "ami-0a512a60",
              "ami-b4562dde",
              "ami-655d260f",
              "ami-c35f24a9",
              "ami-e01a638a",
              "ami-5b1b6231",
              "ami-3f225b55",
              "ami-4b275e21",
              "ami-a02158ca",
              "ami-bb2f56d1",
              "ami-f61d639c",
              "ami-e11c628b",
              "ami-75205e1f",
              "ami-f21f6198",
              "ami-19245a73",
              "ami-82255be8",
              "ami-62027e08",
              "ami-dc7d01b6",
              "ami-fa770590",
              "ami-fb770591",
              "ami-55ef9c3f",
              "ami-b1ef9cdb",
              "ami-ebfd8e81",
              "ami-bcff8cd6",
              "ami-628cff08",
              "ami-09f28163",
              "ami-850172ef",
              "ami-fe057694",
              "ami-3e007354",
              "ami-5006753a",
              "ami-611c6f0b",
              "ami-f3007399",
              "ami-a01d6eca",
              "ami-62037008",
              "ami-621e6d08",
              "ami-3e1c6f54",
              "ami-fc027196",
              "ami-b91d6ed3",
              "ami-d32d5eb9",
              "ami-59136033",
              "ami-692e5d03",
              "ami-4b2b5821",
              "ami-c7295aad",
              "ami-582b5832",
              "ami-6b2b5801",
              "ami-982b58f2",
              "ami-8f2a59e5",
              "ami-76285b1c",
              "ami-a22a59c8",
              "ami-ec295a86",
              "ami-842556ee",
              "ami-ff295a95",
              "ami-2c2b5846",
              "ami-1426557e",
              "ami-60b6c60a",
              "ami-40b7c72a",
              "ami-5fb8c835",
              "ami-30b6c65a",
              "ami-66b6c60c",
              "ami-fbb9c991",
              "ami-93b7c7f9",
              "ami-dab7c7b0",
              "ami-01b4c46b",
              "ami-ddc7b6b7",
              "ami-35bfe050",
              "ami-27bfe042",
              "ami-358ad550",
              "ami-a18bd4c4",
              "ami-a39cc3c6",
              "ami-159cc370",
              "ami-11c69a74",
              "ami-35c59950",
              "ami-a9d18dcc",
              "ami-0fd18d6a",
              "ami-29a3ff4c",
              "ami-5fa3ff3a",
              "ami-dd4f12b8",
              "ami-fd4f1298",
              "ami-055b0660",
              "ami-c75805a2",
              "ami-a52b76c0",
              "ami-332b7656",
              "ami-7981d31c",
              "ami-9b80d2fe",
              "ami-9195c7f4",
              "ami-9f96c4fa",
              "ami-05693b60",
              "ami-63683a06",
              "ami-3394c756",
              "ami-d190c3b4",
              "ami-7965361c",
              "ami-4f63302a",
              "ami-cb7724ae",
              "ami-c97724ac",
              "ami-61194e04",
              "ami-9f1c4bfa",
              "ami-591c4b3c",
              "ami-c16422a4",
              "ami-55116b30",
              "ami-7f116b1a",
              "ami-55196330",
              "ami-4f19632a",
              "ami-6d621908",
              "ami-9f6318fa",
              "ami-7da9d918",
              "ami-99a8d8fc",
              "ami-1fa6d67a",
              "ami-4da6d628",
              "ami-87a4d4e2",
              "ami-bba4d4de",
              "ami-1da3d378",
              "ami-03a3d366",
              "ami-454f3f20",
              "ami-734f3f16",
              "ami-173c4c72",
              "ami-0f3c4c6a",
              "ami-953949f0",
              "ami-a73949c2",
              "ami-fb34449e",
              "ami-f1344494",
              "ami-8792e4e2",
              "ami-8592e4e0",
              "ami-fba1d79e",
              "ami-ffa1d79a",
              "ami-ada3d5c8",
              "ami-d9a3d5bc",
              "ami-d9a5d3bc",
              "ami-c9a5d3ac",
              "ami-65116700",
              "ami-971066f2",
              "ami-d71066b2",
              "ami-cf1066aa",
              "ami-e3106686",
              "ami-6d106608",
              "ami-61106604",
              "ami-bb1365de",
              "ami-b31365d6",
              "ami-5997e03c",
              "ami-d1a8dfb4",
              "ami-f7a8df92",
              "ami-5da8df38",
              "ami-4ba8df2e",
              "ami-4da8df28",
              "ami-55224c30",
              "ami-1ddcb378",
              "ami-e1e28d84",
              "ami-4fe4852a",
              "ami-47a2122c",
              "ami-61a1110a",
              "ami-2df44446",
              "ami-1b4cfd70",
              "ami-0d4cfd66",
              "ami-0f4cfd64",
              "ami-094cfd62",
              "ami-0b4cfd60",
              "ami-354cfd5e",
              "ami-314cfd5a",
              "ami-d34dfcb8",
              "ami-c74dfcac",
              "ami-b540eade",
              "ami-ff7ed294",
              "ami-fb7ed290",
              "ami-397ed252",
              "ami-2b7ed240",
              "ami-c37dd1a8",
              "ami-fd7dd196",
              "ami-fb7dd190",
              "ami-797dd112",
              "ami-e97cd082",
              "ami-eb7cd080",
              "ami-5b63cf30",
              "ami-4763cf2c",
              "ami-bd62ced6",
              "ami-d362ceb8",
              "ami-5b60cc30",
              "ami-4f60cc24",
              "ami-af65c9c4",
              "ami-d165c9ba",
              "ami-c36bc7a8",
              "ami-e76bc78c",
              "ami-176ec27c",
              "ami-156ec27e",
              "ami-656dc10e",
              "ami-676dc10c",
              "ami-51933f3a",
              "ami-53933f38",
              "ami-85b91bee",
              "ami-c5fa5aae",
              "ami-bb61c4d0",
              "ami-0d61c466",
              "ami-f366c398",
              "ami-e966c382",
              "ami-5f67c234",
              "ami-1964c172",
              "ami-23ec3648",
              "ami-a5ef35ce",
              "ami-31bb615a",
              "ami-59ba6032",
              "ami-8f875de4",
              "ami-a7875dcc",
              "ami-578c563c",
              "ami-a166bdca",
              "ami-c766bdac",
              "ami-f977ac92",
              "ami-ef77ac84",
              "ami-97538bfc",
              "ami-b3538bd8",
              "ami-43a77828",
              "ami-85a975ee",
              "ami-1d8c5e76",
              "ami-4d8a5826",
              "ami-d38557b8",
              "ami-a9f324c2",
              "ami-d5f324be",
              "ami-5f64a834",
              "ami-876ba7ec",
              "ami-8da458e6",
              "ami-853bcbee",
              "ami-013aca6a",
              "ami-033aca68",
              "ami-6538c80e",
              "ami-3332c258",
              "ami-3932c252",
              "ami-3d629556",
              "ami-2d629546",
              "ami-4f916624",
              "ami-7191661a",
              "ami-879760ec",
              "ami-fba85f90",
              "ami-2bba4d40",
              "ami-57ba4d3c",
              "ami-e7bc4b8c",
              "ami-85bd4aee",
              "ami-c3b047a8",
              "ami-e7b0478c",
              "ami-fdb14696",
              "ami-e3b14688",
              "ami-3db34456",
              "ami-2fb34444",
              "ami-7bb64110",
              "ami-91b740fa",
              "ami-1f4bbf74",
              "ami-0d4bbf66",
              "ami-5f59ac34",
              "ami-23ff0a48",
              "ami-f593669e",
              "ami-f778929c",
              "ami-e226388a",
              "ami-e0263888",
              "ami-ca2a34a2",
              "ami-ee2a3486",
              "ami-0a302e62",
              "ami-08302e60",
              "ami-56322c3e",
              "ami-52322c3a",
              "ami-ae3729c6",
              "ami-ac3729c4",
              "ami-ea3b2582",
              "ami-143b257c",
              "ami-163a247e",
              "ami-143a247c",
              "ami-7a3a2412",
              "ami-9a3d23f2",
              "ami-643c220c",
              "ami-6e3c2206",
              "ami-b03e20d8",
              "ami-a03e20c8",
              "ami-be011fd6",
              "ami-a2011fca",
              "ami-de001eb6",
              "ami-dc001eb4",
              "ami-d8021cb0",
              "ami-e0021c88",
              "ami-4ea5b526",
              "ami-98beaef0",
              "ami-b6b5a5de",
              "ami-d0b9acb8",
              "ami-bae3f6d2",
              "ami-aae3f6c2",
              "ami-46c9dc2e",
              "ami-40c9dc28",
              "ami-2c3a3744",
              "ami-2a3a3742",
              "ami-c43835ac",
              "ami-c23835aa",
              "ami-70383518",
              "ami-78383510",
              "ami-5495923c",
              "ami-58959230",
              "ami-f696919e",
              "ami-f0969198",
              "ami-68969100",
              "ami-8a9790e2",
              "ami-bc0f08d4",
              "ami-96407afe",
              "ami-94407afc",
              "ami-f8aa9190",
              "ami-100f3478",
              "ami-ee093286",
              "ami-0e8fb766",
              "ami-088fb760",
              "ami-dcb78fb4",
              "ami-fc390194",
              "ami-7438001c",
              "ami-e8477f80",
              "ami-f4437b9c",
              "ami-f8437b90",
              "ami-f8427a90",
              "ami-e6427a8e",
              "ami-e8427a80",
              "ami-7a427a12",
              "ami-2441794c",
              "ami-9c4078f4",
              "ami-ecd5e884",
              "ami-f457679c",
              "ami-f257679a",
              "ami-08566660",
              "ami-3256665a",
              "ami-2a566642",
              "ami-5a566632",
              "ami-845565ec",
              "ami-805565e8",
              "ami-2c556544",
              "ami-5655653e",
              "ami-50556538",
              "ami-7c556514",
              "ami-4e546426",
              "ami-48546420",
              "ami-6652620e",
              "ami-6252620a",
              "ami-5a506032",
              "ami-4250602a",
              "ami-0c6f5f64",
              "ami-346f5f5c",
              "ami-d2301fba",
              "ami-f6331c9e",
              "ami-f2331c9a",
              "ami-e2331c8a",
              "ami-303b1458",
              "ami-b0210ed8",
              "ami-c02b04a8",
              "ami-10cae778",
              "ami-1ecae776",
              "ami-1ccae774",
              "ami-2ccae744",
              "ami-28cae740",
              "ami-5ccae734",
              "ami-40cae728",
              "ami-4ccae724",
              "ami-94cbe6fc",
              "ami-286b4640",
              "ami-c06944a8",
              "ami-f269449a",
              "ami-fc694494",
              "ami-f24d6f9a",
              "ami-e64d6f8e",
              "ami-e04d6f88",
              "ami-801544e8",
              "ami-4ab3f722",
              "ami-72b3f71a",
              "ami-62b3f70a",
              "ami-dc94d0b4",
              "ami-1a83c772",
              "ami-0883c760",
              "ami-3483c75c",
              "ami-3e83c756",
              "ami-7083c718",
              "ami-ec82c684",
              "ami-0e82c666",
              "ami-8e682ce6",
              "ami-b0682cd8",
              "ami-02682c6a",
              "ami-0c682c64",
              "ami-086f2b60",
              "ami-306f2b58",
              "ami-ee6e2a86",
              "ami-ea6e2a82",
              "ami-146e2a7c",
              "ami-8a6d29e2",
              "ami-886d29e0",
              "ami-a06d29c8",
              "ami-846c28ec",
              "ami-8e6c28e6",
              "ami-8c6c28e4",
              "ami-9c6327f4",
              "ami-986327f0",
              "ami-8e6327e6",
              "ami-6663270e",
              "ami-946226fc",
              "ami-926226fa",
              "ami-70622618",
              "ami-7e622616",
              "ami-966125fe",
              "ami-906125f8",
              "ami-9a6125f2",
              "ami-846125ec",
              "ami-7e612516",
              "ami-78612510",
              "ami-6461250c",
              "ami-ec602484",
              "ami-e8602480",
              "ami-10602478",
              "ami-b66723de",
              "ami-b86723d0",
              "ami-a66723ce",
              "ami-6e672306",
              "ami-b46622dc",
              "ami-bc6622d4",
              "ami-10bfc778",
              "ami-86bdc5ee",
              "ami-d0bdc5b8",
              "ami-38532d50",
              "ami-88710ce0",
              "ami-9a760bf2",
              "ami-a8f280c0",
              "ami-248dff4c",
              "ami-34ddbe5c",
              "ami-6673100e",
              "ami-10bbdd78",
              "ami-9cbddbf4",
              "ami-8ebddbe6",
              "ami-50e97538",
              "ami-5ce97534",
              "ami-5ae97532",
              "ami-94e879fc",
              "ami-50e87938",
              "ami-a2e978ca",
              "ami-a2a12eca",
              "ami-aea12ec6",
              "ami-aaa12ec2",
              "ami-a81599c0",
              "ami-c01599a8",
              "ami-3a159952",
              "ami-e295178a",
              "ami-ee951786",
              "ami-1695177e",
              "ami-8848c9e0",
              "ami-d848c9b0",
              "ami-0048c968",
              "ami-c421a7ac",
              "ami-784fc910",
              "ami-0a860062",
              "ami-08a22560",
              "ami-34a2255c",
              "ami-32a2255a",
              "ami-e4a3248c",
              "ami-eea32486",
              "ami-eca32484",
              "ami-184dc970",
              "ami-224dc94a",
              "ami-d204bcba",
              "ami-d004bcb8",
              "ami-e009b188",
              "ami-ea09b182",
              "ami-ba1ca4d2",
              "ami-a01ca4c8",
              "ami-de1ca4b6",
              "ami-6c1ca404",
              "ami-901ba3f8",
              "ami-9e1ba3f6",
              "ami-9a1ba3f2",
              "ami-8c1ba3e4",
              "ami-8a1ba3e2",
              "ami-4e1aa226",
              "ami-721aa21a",
              "ami-7c1aa214",
              "ami-ce19a1a6",
              "ami-cc19a1a4",
              "ami-f619a19e",
              "ami-fc19a194",
              "ami-f819a190",
              "ami-e019a188",
              "ami-766bd61e",
              "ami-ec68d584",
              "ami-0268d56a",
              "ami-9a6ed3f2",
              "ami-886ed3e0",
              "ami-b66ed3de",
              "ami-b06ed3d8",
              "ami-246ed34c",
              "ami-5c6ed334",
              "ami-7c6ed314",
              "ami-a06fd2c8",
              "ami-ba6cd1d2",
              "ami-f46cd19c",
              "ami-d6cc7abe",
              "ami-f8cf7990",
              "ami-eecf7986",
              "ami-34ce785c",
              "ami-26ce784e",
              "ami-94c177fc",
              "ami-b2c177da",
              "ami-bec177d6",
              "ami-18c17770",
              "ami-00c17768",
              "ami-0cc17764",
              "ami-08c17760",
              "ami-36c1775e",
              "ami-34c1775c",
              "ami-3ec17756",
              "ami-3cc17754",
              "ami-50c17738",
              "ami-5cc17734",
              "ami-42982d2a",
              "ami-4e982d26",
              "ami-4a982d22",
              "ami-5232983a",
              "ami-623d960a",
              "ami-3c228954",
              "ami-0c842d64",
              "ami-08842d60",
              "ami-34842d5c",
              "ami-50842d38",
              "ami-5a842d32",
              "ami-40842d28",
              "ami-92852cfa",
              "ami-82852cea",
              "ami-8e852ce6",
              "ami-be852cd6",
              "ami-ba852cd2",
              "ami-e6852c8e",
              "ami-16852c7e",
              "ami-3879a450",
              "ami-5e79a436",
              "ami-487ea320",
              "ami-cca775a4",
              "ami-8ebf6de6",
              "ami-4c9e4b24",
              "ami-6e9e4b06",
              "ami-809f4ae8",
              "ami-1e4c8476",
              "ami-8e4981e6",
              "ami-904880f8",
              "aki-f4bc469c",
              "ami-56d62a3e",
              "ami-8cd529e4",
              "ami-b2d529da",
              "ami-aaf408c2",
              "ami-1a619c72",
              "ami-54807d3c",
              "ami-7c807d14",
              "ami-d2817cba",
              "ami-20817c48",
              "ami-58817c30",
              "ami-4e817c26",
              "ami-76817c1e",
              "ami-82867bea",
              "ami-a6867bce",
              "ami-a2867bca",
              "ami-16867b7e",
              "ami-64867b0c",
              "ami-b46190dc",
              "ami-ac6190c4",
              "ami-d26190ba",
              "ami-709e7b18",
              "ami-11b1a978",
              "ami-19b1a970",
              "ami-395a4250",
              "ami-277a634e",
              "ami-fb8e9292",
              "ami-ed8e9284",
              "ami-178e927e",
              "ami-658e920c",
              "ami-978d91fe",
              "ami-8b8d91e2",
              "ami-d58d91bc",
              "ami-f78d919e",
              "ami-098d9160",
              "ami-318d9158",
              "ami-3576645c",
              "ami-a99685c0",
              "ami-0d392e64",
              "ami-2f726546",
              "ami-4b726522",
              "ami-6b726502",
              "ami-f9736490",
              "ami-5573643c",
              "ami-51736438",
              "ami-877463ee",
              "ami-897463e0",
              "ami-c77463ae",
              "ami-f1746398",
              "ami-834d45ea",
              "ami-354a4c5c",
              "ami-5d487534",
              "ami-3d4c7154",
              "ami-21341f48",
              "ami-b7a38fde",
              "ami-bba18dd2",
              "ami-d7a18dbe",
              "ami-e9a18d80",
              "ami-1ba18d72",
              "ami-31a18d58",
              "ami-53a18d3a",
              "ami-85a08cec",
              "ami-c3a08caa",
              "ami-eba08c82",
              "ami-73290b1a",
              "ami-87dcfdee",
              "ami-d1bfe4b8",
              "ami-dfbfe4b6",
              "ami-83e4bcea",
              "ami-cde4bca4",
              "ami-3be4bc52",
              "ami-5be4bc32",
              "ami-b5e3bbdc",
              "ami-abe3bbc2",
              "ami-dbe3bbb2",
              "ami-13e3bb7a",
              "ami-ad227cc4",
              "ami-09055560",
              "ami-4f732226",
              "aki-499ccb20",
              "aki-659ccb0c",
              "aki-919dcaf8",
              "aki-8f9dcae6",
              "ami-3565305c",
              "ami-7365301a",
              "ami-35792c5c",
              "ami-51792c38",
              "ami-5b792c32",
              "ami-65792c0c",
              "ami-6f792c06",
              "ami-69792c00",
              "ami-3b7e2b52",
              "ami-89216ae0",
              "ami-ea93ec83",
              "ami-86d8a5ef",
              "ami-4f9fee26",
              "ami-0503726c",
              "ami-c5066eac",
              "ami-570f603e",
              "ami-b3345bda",
              "ami-05355a6c",
              "ami-3b355a52",
              "ami-7f355a16",
              "ami-933659fa",
              "ami-bd3659d4",
              "ami-c73659ae",
              "ami-a73758ce",
              "ami-f494f19d",
              "ami-8edb41e7",
              "ami-e024bf89",
              "ami-fc75ee95",
              "ami-3275ee5b",
              "ami-3875ee51",
              "ami-5675ee3f",
              "ami-6a75ee03",
              "ami-6875ee01",
              "ami-8a76ede3",
              "ami-da76edb3",
              "ami-d876edb1",
              "ami-60a03d09",
              "ami-0cbe2d65",
              "ami-04cf5c6d",
              "ami-2ccf5c45",
              "ami-54cf5c3d",
              "ami-7ecf5c17",
              "ami-aec85bc7",
              "ami-a8c85bc1",
              "ami-c0c85ba9",
              "ami-f4c85b9d",
              "ami-16c85b7f",
              "ami-9f72f1f6",
              "ami-964ef4ff",
              "ami-e8249881",
              "ami-1624987f",
              "ami-10249879",
              "ami-1a249873",
              "ami-08249861",
              "ami-20249849",
              "ami-2a249843",
              "ami-70249819",
              "ami-922b97fb",
              "ami-49ec5a20",
              "ami-75ec5a1c",
              "ami-0380356a",
              "ami-3380355a",
              "ami-ff812b96",
              "ami-15812b7c",
              "ami-976dc3fe",
              "ami-916dc3f8",
              "ami-6702ad0e",
              "ami-cb0ca3a2",
              "ami-6d842b04",
              "ami-bf8d22d6",
              "ami-418d2228",
              "ami-8bb21de2",
              "ami-e9d27d80",
              "ami-cbd47ba2",
              "ami-8dd778e4",
              "ami-5bd97632",
              "ami-1d852974",
              "ami-2b852942",
              "ami-94cd60fd",
              "ami-b6cd60df",
              "ami-a0cd60c9",
              "ami-aecd60c7",
              "ami-a8cd60c1",
              "ami-a83f9dc1",
              "ami-de3f9db7",
              "ami-0278da6b",
              "ami-0078da69",
              "ami-6678da0f",
              "ami-6078da09",
              "ami-6e78da07",
              "ami-ccca69a5",
              "ami-f4ca699d",
              "ami-e6ca698f",
              "ami-e2ca698b",
              "ami-f619c29f",
              "ami-2e1bc047",
              "ami-cf5987a6",
              "ami-f759879e",
              "ami-db65bab2",
              "ami-f565ba9c",
              "ami-e565ba8c",
              "ami-ed65ba84",
              "ami-e965ba80",
              "ami-dc3ee1b5",
              "ami-d83ee1b1",
              "aki-88aa75e1",
              "aki-b6aa75df",
              "aki-b4aa75dd",
              "aki-b2aa75db",
              "ami-b9ec3cd0",
              "ami-adec3cc4",
              "ami-abec3cc2",
              "ami-d5ec3cbc",
              "ami-cb7bb1a2",
              "ami-e77bb18e",
              "ami-e57bb18c",
              "ami-ef7bb186",
              "ami-97ed27fe",
              "ami-ef0fc686",
              "ami-130fc67a",
              "ami-1b0fc672",
              "ami-0b0fc662",
              "ami-174c827e",
              "ami-0da96764",
              "ami-1b814f72",
              "ami-31814f58",
              "ami-41814f28",
              "ami-4b814f22",
              "ami-81a768e8",
              "ami-aba768c2",
              "ami-cfab67a6",
              "ami-cbab67a2",
              "ami-f7ab679e",
              "ami-3fa96556",
              "ami-df4183b6",
              "ami-7341831a",
              "ami-7f418316",
              "ami-954082fc",
              "ami-9f4082f6",
              "ami-05c0026c",
              "ami-53c0023a",
              "ami-318e4c58",
              "ami-278e4c4e",
              "ami-518e4c38",
              "ami-4f8e4c26",
              "ami-39de1f50",
              "ami-23de1f4a",
              "ami-79de1f10",
              "ami-6dde1f04",
              "ami-454c8a2c",
              "ami-4f4c8a26",
              "ami-0737f16e",
              "ami-2537f14c",
              "ami-8ba96fe2",
              "ami-b7a96fde",
              "ami-83ad6bea",
              "ami-ffac6a96",
              "ami-01965068",
              "ami-f9814790",
              "ami-3783455e",
              "ami-3383455a",
              "ami-c762a5ae",
              "ami-c963a4a0",
              "ami-25f0374c",
              "ami-53f0373a",
              "ami-adf334c4",
              "ami-1ff33476",
              "ami-6bf53202",
              "ami-9df631f4",
              "ami-33f6315a",
              "ami-31f63158",
              "ami-9df730f4",
              "ami-99f730f0",
              "ami-f331f59a",
              "ami-f131f598",
              "ami-1330f47a",
              "ami-1b30f472",
              "ari-e6bc478f",
              "aki-eabc4783",
              "aki-825ea7eb",
              "aki-805ea7e9",
              "aki-8e5ea7e7",
              "aki-525ea73b",
              "ami-524db23b",
              "ami-5e4db237",
              "ami-424db22b",
              "ami-404db229",
              "ami-b8c539d1",
              "ami-a4c539cd",
              "ami-80c438e9",
              "ami-4ad72b23",
              "ami-cabd41a3",
              "ami-eebd4187",
              "ami-005daf69",
              "ami-385daf51",
              "ami-d8699bb1",
              "ami-c6699baf",
              "ami-aa8476c3",
              "ami-d08476b9",
              "ami-2a58ab43",
              "ami-b659aadf",
              "ami-2463904d",
              "ami-20639049",
              "ami-321eed5b",
              "ami-8e1fece7",
              "ami-8c1fece5",
              "ami-221fec4b",
              "ami-2a1fec43",
              "ami-3014e759",
              "ami-3e14e757",
              "ami-f617e49f",
              "ami-f417e49d",
              "ami-7017e419",
              "ami-6e17e407",
              "ami-b210e3db",
              "ami-ac10e3c5",
              "ami-8211e2eb",
              "ami-8e11e2e7",
              "ami-d411e2bd",
              "ami-da11e2b3",
              "ami-7a11e213",
              "ami-6411e20d",
              "ami-c213e0ab",
              "ami-c813e0a1",
              "ami-2613e04f",
              "ami-2213e04b",
              "ami-7813e011",
              "ami-6213e00b",
              "ami-b425d6dd",
              "ami-4825d621",
              "ami-100fff79",
              "ami-060fff6f",
              "ami-2412e24d",
              "ami-fefd0d97",
              "ami-fafd0d93",
              "ami-b209f8db",
              "ami-7609f81f",
              "ami-42a2532b",
              "ami-76f0061f",
              "ami-74f0061d",
              "ami-a99d6bc0",
              "ami-d59d6bbc",
              "ami-aa30c7c3",
              "ami-08728661",
              "ami-2272864b",
              "ami-987185f1",
              "ami-827185eb",
              "ari-0ccd3965",
              "aki-1c669375",
              "ari-580bfe31",
              "aki-460bfe2f",
              "aki-cc06f3a5",
              "ari-f606f39f",
              "ari-f406f39d",
              "aki-f006f399",
              "ami-3ac33653",
              "ami-38c33651",
              "ami-8ec035e7",
              "ami-8cc035e5",
              "ami-0af30663",
              "ami-30f30659",
              "ami-daf005b3",
              "ami-d8f005b1",
              "ari-868174ef",
              "ari-888174e1",
              "aki-b28174db",
              "aki-9ed53ff7",
              "ari-42907a2b",
              "aki-4a907a23",
              "aki-427d952b",
              "aki-407d9529",
              "aki-4e7d9527",
              "aki-4c7d9525",
              "ami-7ea24a17",
              "ari-024aa86b",
              "aki-0a4aa863",
              "ari-604aa809",
              "aki-9645a7ff",
              "ari-2242a04b",
              "ari-2c42a045",
              "aki-2a42a043",
              "aki-5642a03f",
              "ari-3238da5b",
              "aki-3038da59",
              "ami-b232d0db",
              "ami-86db39ef",
              "ami-84db39ed",
              "ari-56ce2c3f",
              "aki-54ce2c3d",
              "ami-215fba48",
              "ami-48aa4921",
              "ami-26b6534f",
              "ami-225fba4b",
              "ami-d1ca2db8",
              "aki-e5c1218c",
              "aki-12f0127b",
              "aki-d4ca2dbd",
              "aki-46e7002f",
              "ami-5647a33f",
              "ami-22b6534b",
              "aki-b9e707d0",
              "ami-2b5fba42",
              "ami-2f5fba46",
              "ami-235fba4a",
              "aki-4d58b924",
              "aki-b51cf9dc",
              "ami-2e5fba47",
              "ami-205fba49",
              "ami-25b6534c",
              "aki-f5c1219c",
              "aki-a71cf9ce",
              "aki-6248a80b",
              "ami-20b65349",
              "ami-f61dfd9f",
              "ami-2d5fba44",
              "ami-23b6534a",
              "aki-6eaa4907",
              "ami-11ca2d78",
              "aki-a6f210cf",
              "aki-6f917106",
              "ami-3c47a355",
              "aki-a53adfcc",
              "ami-f51aff9c",
              "aki-a3d737ca",
              "ari-42b95a2b",
              "ari-4f58b926",
              "ari-4fdf3f26",
              "ami-36ff1a5f",
              "ami-2547a34c",
              "ami-2a5fba43",
              "ari-64b95e0d",
              "ari-6591710c",
              "ari-67b95e0e",
              "ari-7cb95a15",
              "ami-255fba4c",
              "aki-9b00e5f2",
              "ari-96c527ff",
              "ari-a23adfcb",
              "ari-a51cf9cc",
              "ari-b31cf9da",
              "ari-baf210d3",
              "ari-bde707d4",
              "ari-dbc121b2",
              "ari-e3c1218a",
              "ami-f21aff9b",
              "ari-e7dc3c8e",
              "aki-9800e5f1",
              "aki-94c527fd"
            ],
            "name_regex": null,
            "owners": [
              "amazon"
            ],
            "sort_ascending": false
          },
          "sensitive_attributes": []
        }
      ]
    },
    {
      "mode": "data",
      "type": "aws_subnets",
      "name": "default_subnets",
      "provider": "provider[\"registry.terraform.io/hashicorp/aws\"]",
      "instances": [
        {
          "schema_version": 0,
          "attributes": {
            "filter": [
              {
                "name": "vpc-id",
                "values": [
                  "vpc-07347224f92fd6768"
                ]
              }
            ],
            "id": "us-east-1",
            "ids": [
              "subnet-0eb5d9e1100500b48",
              "subnet-0cb6b62cf601c7053",
              "subnet-07ae4e5a0cc5d9c4f",
              "subnet-0b1dd531c148d8788",
              "subnet-06c64263cf9ef035d",
              "subnet-050798e67cdc76fbf"
            ],
            "tags": null
          },
          "sensitive_attributes": []
        }
      ]
    },
    {
      "mode": "managed",
      "type": "aws_default_vpc",
      "name": "default",
      "provider": "provider[\"registry.terraform.io/hashicorp/aws\"]",
      "instances": [
        {
          "schema_version": 1,
          "attributes": {
            "arn": "arn:aws:ec2:us-east-1:480147011371:vpc/vpc-07347224f92fd6768",
            "assign_generated_ipv6_cidr_block": false,
            "cidr_block": "172.31.0.0/16",
            "default_network_acl_id": "acl-09d1c6899cc22d765",
            "default_route_table_id": "rtb-0313020d3029698fa",
            "default_security_group_id": "sg-0f40baf1c1ea985e5",
            "dhcp_options_id": "dopt-0951f7ae445da7250",
            "enable_classiclink": false,
            "enable_classiclink_dns_support": false,
            "enable_dns_hostnames": true,
            "enable_dns_support": true,
            "existing_default_vpc": true,
            "force_destroy": false,
            "id": "vpc-07347224f92fd6768",
            "instance_tenancy": "default",
            "ipv6_association_id": "",
            "ipv6_cidr_block": "",
            "ipv6_cidr_block_network_border_group": "",
            "ipv6_ipam_pool_id": "",
            "ipv6_netmask_length": 0,
            "main_route_table_id": "rtb-0313020d3029698fa",
            "owner_id": "480147011371",
            "tags": null,
            "tags_all": {}
          },
          "sensitive_attributes": [],
          "private": "eyJzY2hlbWFfdmVyc2lvbiI6IjEifQ=="
        }
      ]
    },
    {
      "mode": "managed",
      "type": "aws_instance",
      "name": "http_server",
      "provider": "provider[\"registry.terraform.io/hashicorp/aws\"]",
      "instances": [
        {
          "index_key": 0,
          "schema_version": 1,
          "attributes": {
            "ami": "ami-06eecef118bbf9259",
            "arn": "arn:aws:ec2:us-east-1:480147011371:instance/i-065af8ca1a0e7144c",
            "associate_public_ip_address": true,
            "availability_zone": "us-east-1e",
            "capacity_reservation_specification": [
              {
                "capacity_reservation_preference": "open",
                "capacity_reservation_target": []
              }
            ],
            "cpu_core_count": 1,
            "cpu_threads_per_core": 1,
            "credit_specification": [
              {
                "cpu_credits": "standard"
              }
            ],
            "disable_api_termination": false,
            "ebs_block_device": [],
            "ebs_optimized": false,
            "enclave_options": [
              {
                "enabled": false
              }
            ],
            "ephemeral_block_device": [],
            "get_password_data": false,
            "hibernation": false,
            "host_id": null,
            "iam_instance_profile": "",
            "id": "i-065af8ca1a0e7144c",
            "instance_initiated_shutdown_behavior": "stop",
            "instance_state": "running",
            "instance_type": "t2.micro",
            "ipv6_address_count": 0,
            "ipv6_addresses": [],
            "key_name": "default-ec2",
            "launch_template": [],
            "maintenance_options": [
              {
                "auto_recovery": "default"
              }
            ],
            "metadata_options": [
              {
                "http_endpoint": "enabled",
                "http_put_response_hop_limit": 1,
                "http_tokens": "optional",
                "instance_metadata_tags": "disabled"
              }
            ],
            "monitoring": false,
            "network_interface": [],
            "outpost_arn": "",
            "password_data": "",
            "placement_group": "",
            "placement_partition_number": null,
            "primary_network_interface_id": "eni-01e052f018795310d",
            "private_dns": "ip-172-31-62-138.ec2.internal",
            "private_ip": "172.31.62.138",
            "public_dns": "ec2-54-237-103-37.compute-1.amazonaws.com",
            "public_ip": "54.237.103.37",
            "root_block_device": [
              {
                "delete_on_termination": true,
                "device_name": "/dev/xvda",
                "encrypted": false,
                "iops": 100,
                "kms_key_id": "",
                "tags": {},
                "throughput": 0,
                "volume_id": "vol-0b0bee361ff983214",
                "volume_size": 8,
                "volume_type": "gp2"
              }
            ],
            "secondary_private_ips": [],
            "security_groups": [
              "http_server_sg"
            ],
            "source_dest_check": true,
            "subnet_id": "subnet-0eb5d9e1100500b48",
            "tags": null,
            "tags_all": {},
            "tenancy": "default",
            "timeouts": null,
            "user_data": null,
            "user_data_base64": null,
            "user_data_replace_on_change": false,
            "volume_tags": null,
            "vpc_security_group_ids": [
              "sg-0d6b44b09286e6e53"
            ]
          },
          "sensitive_attributes": [],
          "private": "eyJlMmJmYjczMC1lY2FhLTExZTYtOGY4OC0zNDM2M2JjN2M0YzAiOnsiY3JlYXRlIjo2MDAwMDAwMDAwMDAsImRlbGV0ZSI6MTIwMDAwMDAwMDAwMCwidXBkYXRlIjo2MDAwMDAwMDAwMDB9LCJzY2hlbWFfdmVyc2lvbiI6IjEifQ==",
          "dependencies": [
            "aws_default_vpc.default",
            "aws_security_group.http_server_sg",
            "data.aws_ami.aws_linux_2_latest",
            "data.aws_subnets.default_subnets"
          ]
        },
        {
          "index_key": 1,
          "schema_version": 1,
          "attributes": {
            "ami": "ami-06eecef118bbf9259",
            "arn": "arn:aws:ec2:us-east-1:480147011371:instance/i-0beb61257c6703f8c",
            "associate_public_ip_address": true,
            "availability_zone": "us-east-1e",
            "capacity_reservation_specification": [
              {
                "capacity_reservation_preference": "open",
                "capacity_reservation_target": []
              }
            ],
            "cpu_core_count": 1,
            "cpu_threads_per_core": 1,
            "credit_specification": [
              {
                "cpu_credits": "standard"
              }
            ],
            "disable_api_termination": false,
            "ebs_block_device": [],
            "ebs_optimized": false,
            "enclave_options": [
              {
                "enabled": false
              }
            ],
            "ephemeral_block_device": [],
            "get_password_data": false,
            "hibernation": false,
            "host_id": null,
            "iam_instance_profile": "",
            "id": "i-0beb61257c6703f8c",
            "instance_initiated_shutdown_behavior": "stop",
            "instance_state": "running",
            "instance_type": "t2.micro",
            "ipv6_address_count": 0,
            "ipv6_addresses": [],
            "key_name": "default-ec2",
            "launch_template": [],
            "maintenance_options": [
              {
                "auto_recovery": "default"
              }
            ],
            "metadata_options": [
              {
                "http_endpoint": "enabled",
                "http_put_response_hop_limit": 1,
                "http_tokens": "optional",
                "instance_metadata_tags": "disabled"
              }
            ],
            "monitoring": false,
            "network_interface": [],
            "outpost_arn": "",
            "password_data": "",
            "placement_group": "",
            "placement_partition_number": null,
            "primary_network_interface_id": "eni-08ed24e395cd955ca",
            "private_dns": "ip-172-31-57-15.ec2.internal",
            "private_ip": "172.31.57.15",
            "public_dns": "ec2-54-161-239-192.compute-1.amazonaws.com",
            "public_ip": "54.161.239.192",
            "root_block_device": [
              {
                "delete_on_termination": true,
                "device_name": "/dev/xvda",
                "encrypted": false,
                "iops": 100,
                "kms_key_id": "",
                "tags": {},
                "throughput": 0,
                "volume_id": "vol-06b7f9323e177028e",
                "volume_size": 8,
                "volume_type": "gp2"
              }
            ],
            "secondary_private_ips": [],
            "security_groups": [
              "http_server_sg"
            ],
            "source_dest_check": true,
            "subnet_id": "subnet-0eb5d9e1100500b48",
            "tags": null,
            "tags_all": {},
            "tenancy": "default",
            "timeouts": null,
            "user_data": null,
            "user_data_base64": null,
            "user_data_replace_on_change": false,
            "volume_tags": null,
            "vpc_security_group_ids": [
              "sg-0d6b44b09286e6e53"
            ]
          },
          "sensitive_attributes": [],
          "private": "eyJlMmJmYjczMC1lY2FhLTExZTYtOGY4OC0zNDM2M2JjN2M0YzAiOnsiY3JlYXRlIjo2MDAwMDAwMDAwMDAsImRlbGV0ZSI6MTIwMDAwMDAwMDAwMCwidXBkYXRlIjo2MDAwMDAwMDAwMDB9LCJzY2hlbWFfdmVyc2lvbiI6IjEifQ==",
          "dependencies": [
            "aws_default_vpc.default",
            "aws_security_group.http_server_sg",
            "data.aws_ami.aws_linux_2_latest",
            "data.aws_subnets.default_subnets"
          ]
        }
      ]
    },
    {
      "mode": "managed",
      "type": "aws_security_group",
      "name": "http_server_sg",
      "provider": "provider[\"registry.terraform.io/hashicorp/aws\"]",
      "instances": [
        {
          "schema_version": 1,
          "attributes": {
            "arn": "arn:aws:ec2:us-east-1:480147011371:security-group/sg-0d6b44b09286e6e53",
            "description": "Managed by Terraform",
            "egress": [
              {
                "cidr_blocks": [
                  "0.0.0.0/0"
                ],
                "description": "",
                "from_port": 0,
                "ipv6_cidr_blocks": [],
                "prefix_list_ids": [],
                "protocol": "-1",
                "security_groups": [],
                "self": false,
                "to_port": 0
              }
            ],
            "id": "sg-0d6b44b09286e6e53",
            "ingress": [
              {
                "cidr_blocks": [
                  "0.0.0.0/0"
                ],
                "description": "",
                "from_port": 22,
                "ipv6_cidr_blocks": [],
                "prefix_list_ids": [],
                "protocol": "tcp",
                "security_groups": [],
                "self": false,
                "to_port": 22
              },
              {
                "cidr_blocks": [
                  "0.0.0.0/0"
                ],
                "description": "",
                "from_port": 80,
                "ipv6_cidr_blocks": [],
                "prefix_list_ids": [],
                "protocol": "tcp",
                "security_groups": [],
                "self": false,
                "to_port": 80
              }
            ],
            "name": "http_server_sg",
            "name_prefix": "",
            "owner_id": "480147011371",
            "revoke_rules_on_delete": false,
            "tags": {
              "name": "http_server_sg"
            },
            "tags_all": {
              "name": "http_server_sg"
            },
            "timeouts": null,
            "vpc_id": "vpc-07347224f92fd6768"
          },
          "sensitive_attributes": [],
          "private": "eyJlMmJmYjczMC1lY2FhLTExZTYtOGY4OC0zNDM2M2JjN2M0YzAiOnsiY3JlYXRlIjo2MDAwMDAwMDAwMDAsImRlbGV0ZSI6OTAwMDAwMDAwMDAwfSwic2NoZW1hX3ZlcnNpb24iOiIxIn0=",
          "dependencies": [
            "aws_default_vpc.default"
          ]
        }
      ]
    }
  ]
}
